{
  "version": 4,
  "terraform_version": "1.9.3",
  "serial": 31,
  "lineage": "a6e366ba-0e84-4a3f-467f-b13f9729f65a",
  "outputs": {},
  "resources": [
    {
      "mode": "data",
      "type": "aws_caller_identity",
      "name": "this",
      "provider": "provider[\"registry.terraform.io/hashicorp/aws\"]",
      "instances": [
        {
          "schema_version": 0,
          "attributes": {
            "account_id": "381492289756",
            "arn": "arn:aws:iam::381492289756:user/cch1006Admin",
            "id": "381492289756",
            "user_id": "AIDAVRUVWMDOLHIFZHZFA"
          },
          "sensitive_attributes": []
        }
      ]
    },
    {
      "mode": "data",
      "type": "aws_ecr_authorization_token",
      "name": "token",
      "provider": "provider[\"registry.terraform.io/hashicorp/aws\"]",
      "instances": [
        {
          "schema_version": 0,
          "attributes": {
            "authorization_token": "QVdTOmV5SndZWGxzYjJGa0lqb2lPVXRLUVZkRVRVdENSRk5CUldWMmFWRXZNV051T1dVNWQweFhUR0ZDTjNoaWFWcFlORzh5TUNzd2FFSkthbXBETUZKSmR6TTFNRWswUkd0M01YcHBhRVF4U25wWGIzaHpTVmc1TDFsVGFFMXFVRVpyYVV4VGIxTkhXWGwyTmt0MWNHMWlUVWRTTW5KbFFuUnpjbGxzZGxNME1rUldha0Z2YkhVNFdUbHVZM2hJVTJaeVFYQjNObFpLV0ZWb2FWZGphbGx2YkZwdGNsbFdVR2hsVWxwWk1tRlJURWhZVjFCQ1JteHZPVEpxUWpKTVZVWTRVbU1yYlRZdlpWbEdiV1l5VUZoUFUwWk9aVzVSUXpJNWFVOWtNR0ZvVGsxWllVdERiV0Y2UWtjM1dUQlphbTVETmtvMVZsVXZiMnAyVm05c01EaFFlV1V3TUdaYVYwc3pSMEZ1Y25BMFowZFFVMG81U210cGVtcDFObkEzVDBoalRETlRkWEl4Y214Q1dGcFZjVzl4WW1SS2JrVndOV2g1YlZneFpGWlZVMDl5VlZGVVIxSllPQzl6TUc0M1NVeEVWMHhQUzNOU2IwTmFiRXBJTld4WVZHbGlhbTlEVVhwMFpqVktURm93V1dwWWJFaEZkekkwUnpGaFIxSk9LM0pIZDBGblFtUkthM2xhSzNoU01tcHVkRFpoZW1oUFptVjBaRUZoU2t3MmFtdENPVEI0YjBSWmIzRnlMM2hpU1VKU1FtNXZRakJJU2prMVMybHZTMDVPUWpOeGFFSmxjREpSYVUxNlkzbFdObmR4Y2tSak0zaHRUR0p5ZFVJNVdtdFJXbXhCTVVSNFQwRkZhekZ3WjBabWNWRk5UVVJVY2t0UVIwOXZTMlEzY25WTGQzTnNUMmw1UTBjeFIyYzVlV0lyWlUxeVdIWXJkbUZtWVVOb1JGbFJNMnRtYVdsMGFGRmpSbVY1ZGpSb2Mzb3ZSRTg1TDNNMVNVOTJkSFZMWnpWU2MxUXlUbTB5T0cxalZIa3lWbWxYVm14cE9EaFFjalZ2YlVkRk5VOUNaRWRpZEhJd1MxUXhkMU5IYm1sWGVHaDNWMmRVUlU1Q2IydDVVWHB3TmtzeVYzbE1jR2gwVVZGUVduaGhNMjVvSzFGMmJFSkZaSGczYmpRdlNVeHFRWFozY0Vvck5FeFVjbEF3ZFhGeFZHTmxkVVpEZDAxUFpuSlNOMk5uVG5vd2NrMWlXbEpXTkhodE4ycENXR2xRVG01aWRrVlZhVGx1ZFdjek1sWk5lR1pqVjNCRWJWZGphVk41UVd0R1pIUmxUREpyYzFCSmJHa3dVemhGS3k5eVNFOUlOblI0Ym1ScFUzWXZZbnA2Vm5CeFl6RjVjMnM0Y0RkMFltUmlVVEFyUkVRdlZEazVPVFpCYzIwNFUxbE1TbkJ0V0hWR2EybGxZWFZOTm5RMFF6QklOa2g0ZURKeGRXVXpaekp4WWxWR2MwTTBkRlkxWjJaVFNub3pZWGRwVmtwTVlTOVNka3BKTHpGNE5GUm1jWGR3WWtRMlMwTTJiMmxFWWpJd1p6QlJVVkZXTmswelVEaFpPVU5wVEdZMFFVUkxkMkl5UkhSR1FXdzBWMXB6Tm5OeU5rdE9NVWxRT0hOd1dGaFhUbHBRUWtwbGNHeEdUWEZTUVZGNVZXZ3pTakZsYmswclkxSktOR3BhVG5CSmFXWkRSMWRpVEV4Q2FqUkpNVEJJYjJSV1JGUnlOMnhMU3k5blZ6UjFZVGgyTjIxSlZtNHdXa3BNYUhOMWVYQjFlWEl5Vlc5NGMzaE1hRmxpWkVabE0zaDRka3BpY1dWamRFNHhVbGN2WVhWMUsxaGFjakk1ZGxKMlpFY2lMQ0prWVhSaGEyVjVJam9pUVZGRlFrRklaMEZOWmt0RWJFbHZjRU0yZW5Nd1lrMWtVbkpaVTBoaEwwTXpPV3REY21OUU9HdFdjSEpGT1dZcmExRkJRVUZJTkhkbVFWbEtTMjlhU1doMlkwNUJVV05IYjBjNGQySlJTVUpCUkVKdlFtZHJjV2hyYVVjNWR6QkNRbmRGZDBobldVcFpTVnBKUVZkVlJFSkJSWFZOUWtWRlJFdGFUamQ0UmpKUFNrb3ZjblpaU0haM1NVSkZTVUUzT0ZSTGJWRnFhemM0S3l0MUsyZDJRbXg1YkdsRFdUZE5lbWh5VlhaclRXWnpVbGxJYW5SUVVWVlBaMk5RVG1SdlZWTkZXbTlyYkhkNmFEWmxUblpITm5oVlZteHNkekJhWTBWclRGUTBhejBpTENKMlpYSnphVzl1SWpvaU1pSXNJblI1Y0dVaU9pSkVRVlJCWDB0RldTSXNJbVY0Y0dseVlYUnBiMjRpT2pFM016Y3pNekV4TXpWOQ==",
            "expires_at": "2025-01-19T23:58:55Z",
            "id": "ap-northeast-1",
            "password": "eyJwYXlsb2FkIjoiOUtKQVdETUtCRFNBRWV2aVEvMWNuOWU5d0xXTGFCN3hiaVpYNG8yMCswaEJKampDMFJJdzM1MEk0RGt3MXppaEQxSnpXb3hzSVg5L1lTaE1qUEZraUxTb1NHWXl2Nkt1cG1iTUdSMnJlQnRzcllsdlM0MkRWakFvbHU4WTluY3hIU2ZyQXB3NlZKWFVoaVdjallvbFptcllWUGhlUlpZMmFRTEhYV1BCRmxvOTJqQjJMVUY4UmMrbTYvZVlGbWYyUFhPU0ZOZW5RQzI5aU9kMGFoTk1ZYUtDbWF6Qkc3WTBZam5DNko1VlUvb2p2Vm9sMDhQeWUwMGZaV0szR0FucnA0Z0dQU0o5Smtpemp1NnA3T0hjTDNTdXIxcmxCWFpVcW9xYmRKbkVwNWh5bVgxZFZVU09yVVFUR1JYOC9zMG43SUxEV0xPS3NSb0NabEpINWxYVGliam9DUXp0ZjVKTFowWWpYbEhFdzI0RzFhR1JOK3JHd0FnQmRKa3laK3hSMmpudDZhemhPZmV0ZEFhSkw2amtCOTB4b0RZb3FyL3hiSUJSQm5vQjBISjk1S2lvS05OQjNxaEJlcDJRaU16Y3lWNndxckRjM3htTGJydUI5WmtRWmxBMUR4T0FFazFwZ0ZmcVFNTURUcktQR09vS2Q3cnVLd3NsT2l5Q0cxR2c5eWIrZU1yWHYrdmFmYUNoRFlRM2tmaWl0aFFjRmV5djRoc3ovRE85L3M1SU92dHVLZzVSc1QyTm0yOG1jVHkyVmlXVmxpODhQcjVvbUdFNU9CZEdidHIwS1Qxd1NHbmlXeGh3V2dURU5Cb2t5UXpwNksyV3lMcGh0UVFQWnhhM25oK1F2bEJFZHg3bjQvSUxqQXZ3cEorNExUclAwdXFxVGNldUZDd01PZnJSN2NnTnowck1iWlJWNHhtN2pCWGlQTm5idkVVaTludWczMlZNeGZjV3BEbVdjaVN5QWtGZHRlTDJrc1BJbGkwUzhFKy9ySE9INnR4bmRpU3YvYnp6VnBxYzF5c2s4cDd0YmRiUTArREQvVDk5OTZBc204U1lMSnBtWHVGa2llYXVNNnQ0QzBINkh4eDJxdWUzZzJxYlVGc0M0dFY1Z2ZTSnozYXdpVkpMYS9SdkpJLzF4NFRmcXdwYkQ2S0M2b2lEYjIwZzBRUVFWNk0zUDhZOUNpTGY0QURLd2IyRHRGQWw0V1pzNnNyNktOMUlQOHNwWFhXTlpQQkplcGxGTXFSQVF5VWgzSjFlbk0rY1JKNGpaTnBJaWZDR1diTExCajRJMTBIb2RWRFRyN2xLSy9nVzR1YTh2N21JVm4wWkpMaHN1eXB1eXIyVW94c3hMaFliZEZlM3h4dkpicWVjdE4xUlcvYXV1K1hacjI5dlJ2ZEciLCJkYXRha2V5IjoiQVFFQkFIZ0FNZktEbElvcEM2enMwYk1kUnJZU0hhL0MzOWtDcmNQOGtWcHJFOWYra1FBQUFINHdmQVlKS29aSWh2Y05BUWNHb0c4d2JRSUJBREJvQmdrcWhraUc5dzBCQndFd0hnWUpZSVpJQVdVREJBRXVNQkVFREtaTjd4RjJPSkovcnZZSHZ3SUJFSUE3OFRLbVFqazc4Kyt1K2d2Qmx5bGlDWTdNemhyVXZrTWZzUllIanRQUVVPZ2NQTmRvVVNFWm9rbHd6aDZlTnZHNnhVVmxsdzBaY0VrTFQ0az0iLCJ2ZXJzaW9uIjoiMiIsInR5cGUiOiJEQVRBX0tFWSIsImV4cGlyYXRpb24iOjE3MzczMzExMzV9",
            "proxy_endpoint": "https://381492289756.dkr.ecr.ap-northeast-1.amazonaws.com",
            "registry_id": null,
            "user_name": "AWS"
          },
          "sensitive_attributes": [
            [
              {
                "type": "get_attr",
                "value": "password"
              }
            ],
            [
              {
                "type": "get_attr",
                "value": "authorization_token"
              }
            ]
          ]
        }
      ]
    },
    {
      "mode": "managed",
      "type": "aws_dynamodb_table",
      "name": "pokemon_table",
      "provider": "provider[\"registry.terraform.io/hashicorp/aws\"]",
      "instances": [
        {
          "schema_version": 1,
          "attributes": {
            "arn": "arn:aws:dynamodb:ap-northeast-1:381492289756:table/pokemon_table",
            "attribute": [
              {
                "name": "ID",
                "type": "S"
              }
            ],
            "billing_mode": "PAY_PER_REQUEST",
            "deletion_protection_enabled": false,
            "global_secondary_index": [],
            "hash_key": "ID",
            "id": "pokemon_table",
            "import_table": [],
            "local_secondary_index": [],
            "name": "pokemon_table",
            "point_in_time_recovery": [
              {
                "enabled": false
              }
            ],
            "range_key": null,
            "read_capacity": 0,
            "replica": [],
            "restore_date_time": null,
            "restore_source_name": null,
            "restore_to_latest_time": null,
            "server_side_encryption": [],
            "stream_arn": "",
            "stream_enabled": false,
            "stream_label": "",
            "stream_view_type": "",
            "table_class": "STANDARD",
            "tags": {
              "Name": "Pokemon Master"
            },
            "tags_all": {
              "Name": "Pokemon Master",
              "Project": "Pokemon Master",
              "Terraform": "true"
            },
            "timeouts": null,
            "ttl": [
              {
                "attribute_name": "",
                "enabled": false
              }
            ],
            "write_capacity": 0
          },
          "sensitive_attributes": [],
          "private": "eyJlMmJmYjczMC1lY2FhLTExZTYtOGY4OC0zNDM2M2JjN2M0YzAiOnsiY3JlYXRlIjoxODAwMDAwMDAwMDAwLCJkZWxldGUiOjYwMDAwMDAwMDAwMCwidXBkYXRlIjozNjAwMDAwMDAwMDAwfSwic2NoZW1hX3ZlcnNpb24iOiIxIn0="
        }
      ]
    },
    {
      "mode": "managed",
      "type": "random_string",
      "name": "this",
      "provider": "provider[\"registry.terraform.io/hashicorp/random\"]",
      "instances": [
        {
          "schema_version": 2,
          "attributes": {
            "id": "tch3",
            "keepers": null,
            "length": 4,
            "lower": true,
            "min_lower": 0,
            "min_numeric": 0,
            "min_special": 0,
            "min_upper": 0,
            "number": true,
            "numeric": true,
            "override_special": null,
            "result": "tch3",
            "special": false,
            "upper": false
          },
          "sensitive_attributes": [],
          "create_before_destroy": true
        }
      ]
    },
    {
      "module": "module.search_pokemon_docker_image",
      "mode": "data",
      "type": "aws_caller_identity",
      "name": "this",
      "provider": "provider[\"registry.terraform.io/hashicorp/aws\"]",
      "instances": [
        {
          "schema_version": 0,
          "attributes": {
            "account_id": "381492289756",
            "arn": "arn:aws:iam::381492289756:user/cch1006Admin",
            "id": "381492289756",
            "user_id": "AIDAVRUVWMDOLHIFZHZFA"
          },
          "sensitive_attributes": []
        }
      ]
    },
    {
      "module": "module.search_pokemon_docker_image",
      "mode": "data",
      "type": "aws_region",
      "name": "current",
      "provider": "provider[\"registry.terraform.io/hashicorp/aws\"]",
      "instances": [
        {
          "schema_version": 0,
          "attributes": {
            "description": "Asia Pacific (Tokyo)",
            "endpoint": "ec2.ap-northeast-1.amazonaws.com",
            "id": "ap-northeast-1",
            "name": "ap-northeast-1"
          },
          "sensitive_attributes": []
        }
      ]
    },
    {
      "module": "module.search_pokemon_docker_image",
      "mode": "managed",
      "type": "aws_ecr_lifecycle_policy",
      "name": "this",
      "provider": "provider[\"registry.terraform.io/hashicorp/aws\"]",
      "instances": [
        {
          "index_key": 0,
          "schema_version": 0,
          "attributes": {
            "id": "search_pokemon-tch3",
            "policy": "{\"rules\":[{\"action\":{\"type\":\"expire\"},\"description\":\"Keep only the last 10 images\",\"rulePriority\":1,\"selection\":{\"countNumber\":10,\"countType\":\"imageCountMoreThan\",\"tagStatus\":\"any\"}}]}",
            "registry_id": "381492289756",
            "repository": "search_pokemon-tch3"
          },
          "sensitive_attributes": [],
          "private": "bnVsbA==",
          "dependencies": [
            "module.search_pokemon_docker_image.aws_ecr_repository.this",
            "random_string.this"
          ]
        }
      ]
    },
    {
      "module": "module.search_pokemon_docker_image",
      "mode": "managed",
      "type": "aws_ecr_repository",
      "name": "this",
      "provider": "provider[\"registry.terraform.io/hashicorp/aws\"]",
      "instances": [
        {
          "index_key": 0,
          "schema_version": 0,
          "attributes": {
            "arn": "arn:aws:ecr:ap-northeast-1:381492289756:repository/search_pokemon-tch3",
            "encryption_configuration": [
              {
                "encryption_type": "AES256",
                "kms_key": ""
              }
            ],
            "force_delete": true,
            "id": "search_pokemon-tch3",
            "image_scanning_configuration": [
              {
                "scan_on_push": false
              }
            ],
            "image_tag_mutability": "MUTABLE",
            "name": "search_pokemon-tch3",
            "registry_id": "381492289756",
            "repository_url": "381492289756.dkr.ecr.ap-northeast-1.amazonaws.com/search_pokemon-tch3",
            "tags": {},
            "tags_all": {
              "Project": "Pokemon Master",
              "Terraform": "true"
            },
            "timeouts": null
          },
          "sensitive_attributes": [],
          "private": "eyJlMmJmYjczMC1lY2FhLTExZTYtOGY4OC0zNDM2M2JjN2M0YzAiOnsiZGVsZXRlIjoxMjAwMDAwMDAwMDAwfX0=",
          "dependencies": [
            "random_string.this"
          ],
          "create_before_destroy": true
        }
      ]
    },
    {
      "module": "module.search_pokemon_docker_image",
      "mode": "managed",
      "type": "docker_image",
      "name": "this",
      "provider": "provider[\"registry.terraform.io/kreuzwerker/docker\"]",
      "instances": [
        {
          "schema_version": 0,
          "attributes": {
            "build": [
              {
                "auth_config": [],
                "build_arg": null,
                "build_args": null,
                "build_id": "",
                "cache_from": [],
                "cgroup_parent": "",
                "context": "./../search_pokemon/",
                "cpu_period": null,
                "cpu_quota": null,
                "cpu_set_cpus": "",
                "cpu_set_mems": "",
                "cpu_shares": null,
                "dockerfile": "Dockerfile",
                "extra_hosts": [],
                "force_remove": null,
                "isolation": "",
                "label": null,
                "labels": null,
                "memory": null,
                "memory_swap": null,
                "network_mode": "",
                "no_cache": null,
                "platform": "",
                "pull_parent": null,
                "remote_context": "",
                "remove": true,
                "security_opt": [],
                "session_id": "",
                "shm_size": null,
                "squash": null,
                "suppress_output": null,
                "tag": [],
                "target": "",
                "ulimit": [],
                "version": ""
              }
            ],
            "force_remove": false,
            "id": "sha256:2329093ecd2e598e37b8ff4b9dbc396b4cb88e75db22300d74bd730c169f607f381492289756.dkr.ecr.ap-northeast-1.amazonaws.com/search_pokemon-tch3",
            "image_id": "sha256:2329093ecd2e598e37b8ff4b9dbc396b4cb88e75db22300d74bd730c169f607f",
            "keep_locally": false,
            "name": "381492289756.dkr.ecr.ap-northeast-1.amazonaws.com/search_pokemon-tch3",
            "platform": null,
            "pull_triggers": null,
            "repo_digest": "",
            "triggers": {
              "dir_sha": "0e0f5abfa68be790c004034ab325cfc2564f4c27"
            }
          },
          "sensitive_attributes": [],
          "private": "bnVsbA==",
          "dependencies": [
            "data.aws_caller_identity.this",
            "data.aws_ecr_authorization_token.token",
            "module.search_pokemon_docker_image.aws_ecr_repository.this",
            "module.search_pokemon_docker_image.data.aws_caller_identity.this",
            "module.search_pokemon_docker_image.data.aws_region.current",
            "random_string.this"
          ]
        }
      ]
    },
    {
      "module": "module.search_pokemon_docker_image",
      "mode": "managed",
      "type": "docker_registry_image",
      "name": "this",
      "provider": "provider[\"registry.terraform.io/kreuzwerker/docker\"]",
      "instances": [
        {
          "schema_version": 0,
          "attributes": {
            "id": "sha256:43ef1d91c8119727f517c7a1370fbd3c5d8bec9105263cf9148370a47f1494d1",
            "insecure_skip_verify": false,
            "keep_remotely": true,
            "name": "381492289756.dkr.ecr.ap-northeast-1.amazonaws.com/search_pokemon-tch3",
            "sha256_digest": "sha256:43ef1d91c8119727f517c7a1370fbd3c5d8bec9105263cf9148370a47f1494d1",
            "triggers": {
              "dir_sha": "0e0f5abfa68be790c004034ab325cfc2564f4c27"
            }
          },
          "sensitive_attributes": [],
          "private": "bnVsbA==",
          "dependencies": [
            "data.aws_caller_identity.this",
            "data.aws_ecr_authorization_token.token",
            "module.search_pokemon_docker_image.aws_ecr_repository.this",
            "module.search_pokemon_docker_image.data.aws_caller_identity.this",
            "module.search_pokemon_docker_image.data.aws_region.current",
            "module.search_pokemon_docker_image.docker_image.this",
            "random_string.this"
          ]
        }
      ]
    },
    {
      "module": "module.search_pokemon_lambda",
      "mode": "data",
      "type": "aws_caller_identity",
      "name": "current",
      "provider": "provider[\"registry.terraform.io/hashicorp/aws\"]",
      "instances": [
        {
          "schema_version": 0,
          "attributes": {
            "account_id": "381492289756",
            "arn": "arn:aws:iam::381492289756:user/cch1006Admin",
            "id": "381492289756",
            "user_id": "AIDAVRUVWMDOLHIFZHZFA"
          },
          "sensitive_attributes": []
        }
      ]
    },
    {
      "module": "module.search_pokemon_lambda",
      "mode": "data",
      "type": "aws_iam_policy_document",
      "name": "additional_inline",
      "provider": "provider[\"registry.terraform.io/hashicorp/aws\"]",
      "instances": [
        {
          "index_key": 0,
          "schema_version": 0,
          "attributes": {
            "id": "180282574",
            "json": "{\n  \"Version\": \"2012-10-17\",\n  \"Statement\": [\n    {\n      \"Sid\": \"dynamodbcrud\",\n      \"Effect\": \"Allow\",\n      \"Action\": [\n        \"dynamodb:UpdateItem\",\n        \"dynamodb:Scan\",\n        \"dynamodb:Query\",\n        \"dynamodb:PutItem\",\n        \"dynamodb:GetItem\",\n        \"dynamodb:DeleteItem\",\n        \"dynamodb:BatchWriteItem\",\n        \"dynamodb:BatchGetItem\"\n      ],\n      \"Resource\": \"arn:aws:dynamodb:ap-northeast-1:381492289756:table/pokemon_table\"\n    }\n  ]\n}",
            "minified_json": "{\"Version\":\"2012-10-17\",\"Statement\":[{\"Sid\":\"dynamodbcrud\",\"Effect\":\"Allow\",\"Action\":[\"dynamodb:UpdateItem\",\"dynamodb:Scan\",\"dynamodb:Query\",\"dynamodb:PutItem\",\"dynamodb:GetItem\",\"dynamodb:DeleteItem\",\"dynamodb:BatchWriteItem\",\"dynamodb:BatchGetItem\"],\"Resource\":\"arn:aws:dynamodb:ap-northeast-1:381492289756:table/pokemon_table\"}]}",
            "override_json": null,
            "override_policy_documents": null,
            "policy_id": null,
            "source_json": null,
            "source_policy_documents": null,
            "statement": [
              {
                "actions": [
                  "dynamodb:BatchGetItem",
                  "dynamodb:BatchWriteItem",
                  "dynamodb:DeleteItem",
                  "dynamodb:GetItem",
                  "dynamodb:PutItem",
                  "dynamodb:Query",
                  "dynamodb:Scan",
                  "dynamodb:UpdateItem"
                ],
                "condition": [],
                "effect": "Allow",
                "not_actions": [],
                "not_principals": [],
                "not_resources": [],
                "principals": [],
                "resources": [
                  "arn:aws:dynamodb:ap-northeast-1:381492289756:table/pokemon_table"
                ],
                "sid": "dynamodbcrud"
              }
            ],
            "version": "2012-10-17"
          },
          "sensitive_attributes": []
        }
      ]
    },
    {
      "module": "module.search_pokemon_lambda",
      "mode": "data",
      "type": "aws_iam_policy_document",
      "name": "assume_role",
      "provider": "provider[\"registry.terraform.io/hashicorp/aws\"]",
      "instances": [
        {
          "index_key": 0,
          "schema_version": 0,
          "attributes": {
            "id": "2690255455",
            "json": "{\n  \"Version\": \"2012-10-17\",\n  \"Statement\": [\n    {\n      \"Effect\": \"Allow\",\n      \"Action\": \"sts:AssumeRole\",\n      \"Principal\": {\n        \"Service\": \"lambda.amazonaws.com\"\n      }\n    }\n  ]\n}",
            "minified_json": "{\"Version\":\"2012-10-17\",\"Statement\":[{\"Effect\":\"Allow\",\"Action\":\"sts:AssumeRole\",\"Principal\":{\"Service\":\"lambda.amazonaws.com\"}}]}",
            "override_json": null,
            "override_policy_documents": null,
            "policy_id": null,
            "source_json": null,
            "source_policy_documents": null,
            "statement": [
              {
                "actions": [
                  "sts:AssumeRole"
                ],
                "condition": [],
                "effect": "Allow",
                "not_actions": [],
                "not_principals": [],
                "not_resources": [],
                "principals": [
                  {
                    "identifiers": [
                      "lambda.amazonaws.com"
                    ],
                    "type": "Service"
                  }
                ],
                "resources": [],
                "sid": ""
              }
            ],
            "version": "2012-10-17"
          },
          "sensitive_attributes": []
        }
      ]
    },
    {
      "module": "module.search_pokemon_lambda",
      "mode": "data",
      "type": "aws_iam_policy_document",
      "name": "logs",
      "provider": "provider[\"registry.terraform.io/hashicorp/aws\"]",
      "instances": [
        {
          "index_key": 0,
          "schema_version": 0,
          "attributes": {
            "id": "3259856856",
            "json": "{\n  \"Version\": \"2012-10-17\",\n  \"Statement\": [\n    {\n      \"Effect\": \"Allow\",\n      \"Action\": [\n        \"logs:PutLogEvents\",\n        \"logs:CreateLogStream\",\n        \"logs:CreateLogGroup\"\n      ],\n      \"Resource\": [\n        \"arn:aws:logs:ap-northeast-1:381492289756:log-group:/aws/lambda/search_pokemon-tch3:*:*\",\n        \"arn:aws:logs:ap-northeast-1:381492289756:log-group:/aws/lambda/search_pokemon-tch3:*\"\n      ]\n    }\n  ]\n}",
            "minified_json": "{\"Version\":\"2012-10-17\",\"Statement\":[{\"Effect\":\"Allow\",\"Action\":[\"logs:PutLogEvents\",\"logs:CreateLogStream\",\"logs:CreateLogGroup\"],\"Resource\":[\"arn:aws:logs:ap-northeast-1:381492289756:log-group:/aws/lambda/search_pokemon-tch3:*:*\",\"arn:aws:logs:ap-northeast-1:381492289756:log-group:/aws/lambda/search_pokemon-tch3:*\"]}]}",
            "override_json": null,
            "override_policy_documents": null,
            "policy_id": null,
            "source_json": null,
            "source_policy_documents": null,
            "statement": [
              {
                "actions": [
                  "logs:CreateLogGroup",
                  "logs:CreateLogStream",
                  "logs:PutLogEvents"
                ],
                "condition": [],
                "effect": "Allow",
                "not_actions": [],
                "not_principals": [],
                "not_resources": [],
                "principals": [],
                "resources": [
                  "arn:aws:logs:ap-northeast-1:381492289756:log-group:/aws/lambda/search_pokemon-tch3:*",
                  "arn:aws:logs:ap-northeast-1:381492289756:log-group:/aws/lambda/search_pokemon-tch3:*:*"
                ],
                "sid": ""
              }
            ],
            "version": "2012-10-17"
          },
          "sensitive_attributes": []
        }
      ]
    },
    {
      "module": "module.search_pokemon_lambda",
      "mode": "data",
      "type": "aws_partition",
      "name": "current",
      "provider": "provider[\"registry.terraform.io/hashicorp/aws\"]",
      "instances": [
        {
          "schema_version": 0,
          "attributes": {
            "dns_suffix": "amazonaws.com",
            "id": "aws",
            "partition": "aws",
            "reverse_dns_prefix": "com.amazonaws"
          },
          "sensitive_attributes": []
        }
      ]
    },
    {
      "module": "module.search_pokemon_lambda",
      "mode": "data",
      "type": "aws_region",
      "name": "current",
      "provider": "provider[\"registry.terraform.io/hashicorp/aws\"]",
      "instances": [
        {
          "schema_version": 0,
          "attributes": {
            "description": "Asia Pacific (Tokyo)",
            "endpoint": "ec2.ap-northeast-1.amazonaws.com",
            "id": "ap-northeast-1",
            "name": "ap-northeast-1"
          },
          "sensitive_attributes": []
        }
      ]
    },
    {
      "module": "module.search_pokemon_lambda",
      "mode": "managed",
      "type": "aws_cloudwatch_log_group",
      "name": "lambda",
      "provider": "provider[\"registry.terraform.io/hashicorp/aws\"]",
      "instances": [
        {
          "index_key": 0,
          "schema_version": 0,
          "attributes": {
            "arn": "arn:aws:logs:ap-northeast-1:381492289756:log-group:/aws/lambda/search_pokemon-tch3",
            "id": "/aws/lambda/search_pokemon-tch3",
            "kms_key_id": "",
            "log_group_class": "STANDARD",
            "name": "/aws/lambda/search_pokemon-tch3",
            "name_prefix": "",
            "retention_in_days": 0,
            "skip_destroy": false,
            "tags": {
              "Terraform": "true"
            },
            "tags_all": {
              "Project": "Pokemon Master",
              "Terraform": "true"
            }
          },
          "sensitive_attributes": [],
          "private": "bnVsbA==",
          "dependencies": [
            "random_string.this"
          ],
          "create_before_destroy": true
        }
      ]
    },
    {
      "module": "module.search_pokemon_lambda",
      "mode": "managed",
      "type": "aws_iam_policy",
      "name": "additional_inline",
      "provider": "provider[\"registry.terraform.io/hashicorp/aws\"]",
      "instances": [
        {
          "index_key": 0,
          "schema_version": 0,
          "attributes": {
            "arn": "arn:aws:iam::381492289756:policy/search_pokemon-tch3-inline",
            "attachment_count": 1,
            "description": "",
            "id": "arn:aws:iam::381492289756:policy/search_pokemon-tch3-inline",
            "name": "search_pokemon-tch3-inline",
            "name_prefix": "",
            "path": "/",
            "policy": "{\"Statement\":[{\"Action\":[\"dynamodb:UpdateItem\",\"dynamodb:Scan\",\"dynamodb:Query\",\"dynamodb:PutItem\",\"dynamodb:GetItem\",\"dynamodb:DeleteItem\",\"dynamodb:BatchWriteItem\",\"dynamodb:BatchGetItem\"],\"Effect\":\"Allow\",\"Resource\":\"arn:aws:dynamodb:ap-northeast-1:381492289756:table/pokemon_table\",\"Sid\":\"dynamodbcrud\"}],\"Version\":\"2012-10-17\"}",
            "policy_id": "ANPAVRUVWMDOBSLQERIW3",
            "tags": {
              "Terraform": "true"
            },
            "tags_all": {
              "Project": "Pokemon Master",
              "Terraform": "true"
            }
          },
          "sensitive_attributes": [],
          "private": "bnVsbA==",
          "dependencies": [
            "data.aws_caller_identity.this",
            "module.search_pokemon_lambda.data.aws_iam_policy_document.additional_inline",
            "random_string.this"
          ],
          "create_before_destroy": true
        }
      ]
    },
    {
      "module": "module.search_pokemon_lambda",
      "mode": "managed",
      "type": "aws_iam_policy",
      "name": "logs",
      "provider": "provider[\"registry.terraform.io/hashicorp/aws\"]",
      "instances": [
        {
          "index_key": 0,
          "schema_version": 0,
          "attributes": {
            "arn": "arn:aws:iam::381492289756:policy/search_pokemon-tch3-logs",
            "attachment_count": 1,
            "description": "",
            "id": "arn:aws:iam::381492289756:policy/search_pokemon-tch3-logs",
            "name": "search_pokemon-tch3-logs",
            "name_prefix": "",
            "path": "/",
            "policy": "{\"Statement\":[{\"Action\":[\"logs:PutLogEvents\",\"logs:CreateLogStream\",\"logs:CreateLogGroup\"],\"Effect\":\"Allow\",\"Resource\":[\"arn:aws:logs:ap-northeast-1:381492289756:log-group:/aws/lambda/search_pokemon-tch3:*:*\",\"arn:aws:logs:ap-northeast-1:381492289756:log-group:/aws/lambda/search_pokemon-tch3:*\"]}],\"Version\":\"2012-10-17\"}",
            "policy_id": "ANPAVRUVWMDOFSL63IWXX",
            "tags": {
              "Terraform": "true"
            },
            "tags_all": {
              "Project": "Pokemon Master",
              "Terraform": "true"
            }
          },
          "sensitive_attributes": [],
          "private": "bnVsbA==",
          "dependencies": [
            "module.search_pokemon_lambda.aws_cloudwatch_log_group.lambda",
            "module.search_pokemon_lambda.data.aws_arn.log_group_arn",
            "module.search_pokemon_lambda.data.aws_cloudwatch_log_group.lambda",
            "module.search_pokemon_lambda.data.aws_iam_policy_document.logs",
            "random_string.this"
          ],
          "create_before_destroy": true
        }
      ]
    },
    {
      "module": "module.search_pokemon_lambda",
      "mode": "managed",
      "type": "aws_iam_role",
      "name": "lambda",
      "provider": "provider[\"registry.terraform.io/hashicorp/aws\"]",
      "instances": [
        {
          "index_key": 0,
          "schema_version": 0,
          "attributes": {
            "arn": "arn:aws:iam::381492289756:role/search_pokemon-tch3",
            "assume_role_policy": "{\"Statement\":[{\"Action\":\"sts:AssumeRole\",\"Effect\":\"Allow\",\"Principal\":{\"Service\":\"lambda.amazonaws.com\"}}],\"Version\":\"2012-10-17\"}",
            "create_date": "2025-01-19T11:48:12Z",
            "description": "",
            "force_detach_policies": true,
            "id": "search_pokemon-tch3",
            "inline_policy": [],
            "managed_policy_arns": [
              "arn:aws:iam::381492289756:policy/search_pokemon-tch3-inline",
              "arn:aws:iam::381492289756:policy/search_pokemon-tch3-logs"
            ],
            "max_session_duration": 3600,
            "name": "search_pokemon-tch3",
            "name_prefix": "",
            "path": "/",
            "permissions_boundary": "",
            "tags": {
              "Terraform": "true"
            },
            "tags_all": {
              "Project": "Pokemon Master",
              "Terraform": "true"
            },
            "unique_id": "AROAVRUVWMDOLYZWPJFTY"
          },
          "sensitive_attributes": [],
          "private": "bnVsbA==",
          "dependencies": [
            "module.search_pokemon_lambda.data.aws_iam_policy_document.assume_role",
            "random_string.this"
          ],
          "create_before_destroy": true
        }
      ]
    },
    {
      "module": "module.search_pokemon_lambda",
      "mode": "managed",
      "type": "aws_iam_role_policy_attachment",
      "name": "additional_inline",
      "provider": "provider[\"registry.terraform.io/hashicorp/aws\"]",
      "instances": [
        {
          "index_key": 0,
          "schema_version": 0,
          "attributes": {
            "id": "search_pokemon-tch3-20250119114814109900000001",
            "policy_arn": "arn:aws:iam::381492289756:policy/search_pokemon-tch3-inline",
            "role": "search_pokemon-tch3"
          },
          "sensitive_attributes": [],
          "private": "bnVsbA==",
          "dependencies": [
            "data.aws_caller_identity.this",
            "module.search_pokemon_lambda.aws_iam_policy.additional_inline",
            "module.search_pokemon_lambda.aws_iam_role.lambda",
            "module.search_pokemon_lambda.data.aws_iam_policy_document.additional_inline",
            "module.search_pokemon_lambda.data.aws_iam_policy_document.assume_role",
            "random_string.this"
          ],
          "create_before_destroy": true
        }
      ]
    },
    {
      "module": "module.search_pokemon_lambda",
      "mode": "managed",
      "type": "aws_iam_role_policy_attachment",
      "name": "logs",
      "provider": "provider[\"registry.terraform.io/hashicorp/aws\"]",
      "instances": [
        {
          "index_key": 0,
          "schema_version": 0,
          "attributes": {
            "id": "search_pokemon-tch3-20250119114814135800000002",
            "policy_arn": "arn:aws:iam::381492289756:policy/search_pokemon-tch3-logs",
            "role": "search_pokemon-tch3"
          },
          "sensitive_attributes": [],
          "private": "bnVsbA==",
          "dependencies": [
            "module.search_pokemon_lambda.aws_cloudwatch_log_group.lambda",
            "module.search_pokemon_lambda.aws_iam_policy.logs",
            "module.search_pokemon_lambda.aws_iam_role.lambda",
            "module.search_pokemon_lambda.data.aws_arn.log_group_arn",
            "module.search_pokemon_lambda.data.aws_cloudwatch_log_group.lambda",
            "module.search_pokemon_lambda.data.aws_iam_policy_document.assume_role",
            "module.search_pokemon_lambda.data.aws_iam_policy_document.logs",
            "random_string.this"
          ],
          "create_before_destroy": true
        }
      ]
    },
    {
      "module": "module.search_pokemon_lambda",
      "mode": "managed",
      "type": "aws_lambda_function",
      "name": "this",
      "provider": "provider[\"registry.terraform.io/hashicorp/aws\"]",
      "instances": [
        {
          "index_key": 0,
          "schema_version": 0,
          "attributes": {
            "architectures": [
              "arm64"
            ],
            "arn": "arn:aws:lambda:ap-northeast-1:381492289756:function:search_pokemon-tch3",
            "code_sha256": "43ef1d91c8119727f517c7a1370fbd3c5d8bec9105263cf9148370a47f1494d1",
            "code_signing_config_arn": "",
            "dead_letter_config": [],
            "description": "Pokemon Master: POST /pokemon/{pokemon_name} ",
            "environment": [
              {
                "variables": {
                  "DYNAMODB_TABLE": "pokemon_table"
                }
              }
            ],
            "ephemeral_storage": [
              {
                "size": 512
              }
            ],
            "file_system_config": [],
            "filename": null,
            "function_name": "search_pokemon-tch3",
            "handler": "",
            "id": "search_pokemon-tch3",
            "image_config": [],
            "image_uri": "381492289756.dkr.ecr.ap-northeast-1.amazonaws.com/search_pokemon-tch3@sha256:43ef1d91c8119727f517c7a1370fbd3c5d8bec9105263cf9148370a47f1494d1",
            "invoke_arn": "arn:aws:apigateway:ap-northeast-1:lambda:path/2015-03-31/functions/arn:aws:lambda:ap-northeast-1:381492289756:function:search_pokemon-tch3/invocations",
            "kms_key_arn": "",
            "last_modified": "2025-01-19T11:59:12.000+0000",
            "layers": [],
            "logging_config": [
              {
                "application_log_level": "",
                "log_format": "Text",
                "log_group": "/aws/lambda/search_pokemon-tch3",
                "system_log_level": ""
              }
            ],
            "memory_size": 128,
            "package_type": "Image",
            "publish": true,
            "qualified_arn": "arn:aws:lambda:ap-northeast-1:381492289756:function:search_pokemon-tch3:3",
            "qualified_invoke_arn": "arn:aws:apigateway:ap-northeast-1:lambda:path/2015-03-31/functions/arn:aws:lambda:ap-northeast-1:381492289756:function:search_pokemon-tch3:3/invocations",
            "replace_security_groups_on_destroy": null,
            "replacement_security_group_ids": null,
            "reserved_concurrent_executions": -1,
            "role": "arn:aws:iam::381492289756:role/search_pokemon-tch3",
            "runtime": "",
            "s3_bucket": null,
            "s3_key": null,
            "s3_object_version": null,
            "signing_job_arn": "",
            "signing_profile_version_arn": "",
            "skip_destroy": false,
            "snap_start": [],
            "source_code_hash": "",
            "source_code_size": 0,
            "tags": {
              "Terraform": "true",
              "terraform-aws-modules": "lambda"
            },
            "tags_all": {
              "Project": "Pokemon Master",
              "Terraform": "true",
              "terraform-aws-modules": "lambda"
            },
            "timeout": 30,
            "timeouts": null,
            "tracing_config": [
              {
                "mode": "PassThrough"
              }
            ],
            "version": "3",
            "vpc_config": []
          },
          "sensitive_attributes": [],
          "private": "eyJlMmJmYjczMC1lY2FhLTExZTYtOGY4OC0zNDM2M2JjN2M0YzAiOnsiY3JlYXRlIjo2MDAwMDAwMDAwMDAsImRlbGV0ZSI6NjAwMDAwMDAwMDAwLCJ1cGRhdGUiOjYwMDAwMDAwMDAwMH19",
          "dependencies": [
            "data.aws_caller_identity.this",
            "data.aws_ecr_authorization_token.token",
            "module.search_pokemon_docker_image.aws_ecr_repository.this",
            "module.search_pokemon_docker_image.data.aws_caller_identity.this",
            "module.search_pokemon_docker_image.data.aws_region.current",
            "module.search_pokemon_docker_image.docker_image.this",
            "module.search_pokemon_docker_image.docker_registry_image.this",
            "module.search_pokemon_lambda.aws_cloudwatch_log_group.lambda",
            "module.search_pokemon_lambda.aws_iam_policy.additional_inline",
            "module.search_pokemon_lambda.aws_iam_policy.additional_json",
            "module.search_pokemon_lambda.aws_iam_policy.additional_jsons",
            "module.search_pokemon_lambda.aws_iam_policy.async",
            "module.search_pokemon_lambda.aws_iam_policy.dead_letter",
            "module.search_pokemon_lambda.aws_iam_policy.logs",
            "module.search_pokemon_lambda.aws_iam_policy.tracing",
            "module.search_pokemon_lambda.aws_iam_policy.vpc",
            "module.search_pokemon_lambda.aws_iam_role.lambda",
            "module.search_pokemon_lambda.aws_iam_role_policy_attachment.additional_inline",
            "module.search_pokemon_lambda.aws_iam_role_policy_attachment.additional_json",
            "module.search_pokemon_lambda.aws_iam_role_policy_attachment.additional_jsons",
            "module.search_pokemon_lambda.aws_iam_role_policy_attachment.additional_many",
            "module.search_pokemon_lambda.aws_iam_role_policy_attachment.additional_one",
            "module.search_pokemon_lambda.aws_iam_role_policy_attachment.async",
            "module.search_pokemon_lambda.aws_iam_role_policy_attachment.dead_letter",
            "module.search_pokemon_lambda.aws_iam_role_policy_attachment.logs",
            "module.search_pokemon_lambda.aws_iam_role_policy_attachment.tracing",
            "module.search_pokemon_lambda.aws_iam_role_policy_attachment.vpc",
            "module.search_pokemon_lambda.aws_s3_object.lambda_package",
            "module.search_pokemon_lambda.data.aws_arn.log_group_arn",
            "module.search_pokemon_lambda.data.aws_cloudwatch_log_group.lambda",
            "module.search_pokemon_lambda.data.aws_iam_policy.tracing",
            "module.search_pokemon_lambda.data.aws_iam_policy.vpc",
            "module.search_pokemon_lambda.data.aws_iam_policy_document.additional_inline",
            "module.search_pokemon_lambda.data.aws_iam_policy_document.assume_role",
            "module.search_pokemon_lambda.data.aws_iam_policy_document.async",
            "module.search_pokemon_lambda.data.aws_iam_policy_document.dead_letter",
            "module.search_pokemon_lambda.data.aws_iam_policy_document.logs",
            "module.search_pokemon_lambda.data.aws_partition.current",
            "module.search_pokemon_lambda.data.external.archive_prepare",
            "module.search_pokemon_lambda.local_file.archive_plan",
            "module.search_pokemon_lambda.null_resource.archive",
            "random_string.this"
          ]
        }
      ]
    }
  ],
  "check_results": null
}
