{
  "version": 4,
  "terraform_version": "1.9.3",
  "serial": 290,
  "lineage": "de8409a6-0e03-2ecb-184e-0ef99554f9c6",
  "outputs": {
    "invoke_url": {
      "value": "https://nmrvguqda2.execute-api.ap-northeast-1.amazonaws.com",
      "type": "string"
    }
  },
  "resources": [
    {
      "mode": "data",
      "type": "aws_caller_identity",
      "name": "this",
      "provider": "provider[\"registry.terraform.io/hashicorp/aws\"]",
      "instances": [
        {
          "schema_version": 0,
          "attributes": {
            "account_id": "381492289756",
            "arn": "arn:aws:iam::381492289756:user/cch1006Admin",
            "id": "381492289756",
            "user_id": "AIDAVRUVWMDOLHIFZHZFA"
          },
          "sensitive_attributes": []
        }
      ]
    },
    {
      "mode": "data",
      "type": "aws_ecr_authorization_token",
      "name": "token",
      "provider": "provider[\"registry.terraform.io/hashicorp/aws\"]",
      "instances": [
        {
          "schema_version": 0,
          "attributes": {
            "authorization_token": "QVdTOmV5SndZWGxzYjJGa0lqb2lLM0JYY25NemNqWjNhbHBPWVhCSVQzaHZWV3N3Y1ZscVFXb3pOSHBvUlU5UWREWklRWGg1Y1ZWT1pXMHdOMGxSV1ZWdVdTdGFRMU5pSzJrdk1ESkdOR2tyVHpBeGFFc3djRGRLYWtKdVZFOXhTVUZFWjNVMWFIRlVkRFJJYzBORVIwOUpSMG81VlZKWWRXNTBVMWtyYTJWUFdVcExSemRzV2padldWQndVa2N5VFRkTGVXZElSVk51TTFKNFprdExLMjVTY1RJeE1qY3ZZMGRST1Zsb1UyWk5SM2RZVm0xclFrMU5aMHA0YTNreVRtazJRV1ZRTVVWVllsZEljbmc0TW1ZNWNHOW5RalJvVG5ST09WTmlNamR6YlVkd05XODVlSFpvZGtaWE1qSllWakJhVDNGc1pVbFRhbEpEUmpCelVEYzFXa0o2UkRGVFQwaHJNRXBLVnpCdlNERnhWR3gxVFVGc05VMDVSV3gwWWxWcFNXdEJkbVJqTUZnclVrRkdXWGgzZFVKdFVUVkJiRFJNZVZabksycEhNM0pyUVUxeGRsRklVRW8xTkhKNE1GaENPVzVSV0RRNVJ6bHlZVU5GUzFaTlNqSjFORzVwTjBacVRUbFVNV1pPV1hsdk9GQmxUMHRCTDNaRGJ6RlBiemhyT0hwaFZHVnhhVzUyVmpSb1VXNWllamRvU2xkRVlXOTFiWEEwZVVRM1EwVkZVM0JoVDNsSGJsUXlVWGRRYVc1dEwwUkVTREp2UzJJeVdrZFlWRVpYVFhaVFIzZE1Wa1pXZVM4MFRrNVZSSGd4U2pkalRtVlNVVkE0UXpVcldWUlhPRE5JVlZCTGFtb3ZRVU5SYUhobVFsVjZkelpoV2pNeVowZHlaMFJXYVVOVWRGTlRaVzUzY25kalNpdFVMME5zYmtGbU1IVjBiWG8xY2psb1RWZHJTM0ZQZDFwSVdIUndWMWN3Vkc1UGRubHNOV1pxWm1WQ1NXcFdZVmxWVG1OaGIwc3lVV1pXWjJWRlJEaExNRlZGZVdVdmJITmpkRFEzTlRST2F6a3lMek5ZTDJGNVVtOUpVWElyUWpSaWJDdE5SRU01T1RoR05YbzJORkZ6WjA1VloydDVNR3R6VmtWTVdYTnlSbXRIUTFCcWREQnlVekprYWxSWU5TODJibmxzTjJOQ1VGbDVOWFZoWlVGUFVtOTFiMGRuUTI5UE5UQmpRMmd5TVVNNE1tRkJaeTlMWjFkak4yUnJWR1Z3Y1dsM0wxQkRaVk4zTjFScE9GWXdOVGMxWm05R09IUldZek5YU2xOeVR6UXZhWEZwTm5nelR6TkJWamd2VUhsSmJqRm1OV0ZOTWtNM05tWnpaSGN5YVc5a2JFNDJlVEoyYXpBek1DOUlPSFJ4VW5aaE9FcGhTRXhuVTFCc2VIZDZRVUpoTld4elJUQTVhMmgwYnpkd05rNURMM2hLYzNObFVHeFlRMEpXUmtsRFZVMDBRaTg0TmpoU04ycHhSSEpUYkRCSlFYUnFSM2hUTDJWSWVqVkVORk5MYTFGalFWQXlhVlJVT0ZCWWFtbFJPVEpJSzFSeFJrVkhabEJUUzFGS05YTllSRXRyYlRWQ1IzVk5ZMHhDYjNSUldYWkRPVk5HT0dwT2VFUTRkRzVxVmxGelVGSnFRMWxSV0RNMWQwWktiakpaY1ZKWFNFVXdka2xOUVdkQmFXdDZUM1l2WVhsb1RIcFJWMHR6Y1U0NWJFOWtZVXBpTTJKbFF6QnNUWEEzT1VSVVVFRnFabmQ0WVZOa1FrRmxRMFp0Tm5nelJGVlVUbkZ3T0RSUldWWlRTekZYV1RRelVtbDRWU0lzSW1SaGRHRnJaWGtpT2lKQlVVVkNRVWhuUVUxbVMwUnNTVzl3UXpaNmN6QmlUV1JTY2xsVFNHRXZRek01YTBOeVkxQTRhMVp3Y2tVNVppdHJVVUZCUVVnMGQyWkJXVXBMYjFwSmFIWmpUa0ZSWTBkdlJ6aDNZbEZKUWtGRVFtOUNaMnR4YUd0cFJ6bDNNRUpDZDBWM1NHZFpTbGxKV2tsQlYxVkVRa0ZGZFUxQ1JVVkVTemRUWTNKWGFubHVWVXhHUmxkVFdrRkpRa1ZKUVRkV1FrMUdNWEZPV0VselNqUm5VbTFTV1dOMVIyUTNORzlKY0hCMlZGcGlWR1kwUzAxVFMyNHZhMmhuZDFGbWRuQnlaQzk0WVZBMGVEZFpNRzR3TVdGdk5uSjNWVGRHWWt0ME1WWldlV2d3UFNJc0luWmxjbk5wYjI0aU9pSXlJaXdpZEhsd1pTSTZJa1JCVkVGZlMwVlpJaXdpWlhod2FYSmhkR2x2YmlJNk1UY3pOelkzTXprMk1YMD0=",
            "expires_at": "2025-01-23T23:12:41Z",
            "id": "ap-northeast-1",
            "password": "eyJwYXlsb2FkIjoiK3BXcnMzcjZ3alpOYXBIT3hvVWswcVlqQWozNHpoRU9QdDZIQXh5cVVOZW0wN0lRWVVuWStaQ1NiK2kvMDJGNGkrTzAxaEswcDdKakJuVE9xSUFEZ3U1aHFUdDRIc0NER09JR0o5VVJYdW50U1kra2VPWUpLRzdsWjZvWVBwUkcyTTdLeWdIRVNuM1J4ZktLK25ScTIxMjcvY0dROVloU2ZNR3dYVm1rQk1NZ0p4a3kyTmk2QWVQMUVVYldIcng4MmY5cG9nQjRoTnROOVNiMjdzbUdwNW85eHZodkZXMjJYVjBaT3FsZUlTalJDRjBzUDc1WkJ6RDFTT0hrMEpKVzBvSDFxVGx1TUFsNU05RWx0YlVpSWtBdmRjMFgrUkFGWXh3dUJtUTVBbDRMeVZnK2pHM3JrQU1xdlFIUEo1NHJ4MFhCOW5RWDQ5RzlyYUNFS1ZNSjJ1NG5pN0ZqTTlUMWZOWXlvOFBlT0tBL3ZDbzFPbzhrOHphVGVxaW52VjRoUW5iejdoSldEYW91bXA0eUQ3Q0VFU3BhT3lHblQyUXdQaW5tL0RESDJvS2IyWkdYVEZXTXZTR3dMVkZWeS80Tk5VRHgxSjdjTmVSUVA4QzUrWVRXODNIVVBLamovQUNRaHhmQlV6dzZhWjMyZ0dyZ0RWaUNUdFNTZW53cndjSitUL0NsbkFmMHV0bXo1cjloTVdrS3FPd1pIWHRwV1cwVG5PdnlsNWZqZmVCSWpWYVlVTmNhb0syUWZWZ2VFRDhLMFVFeWUvbHNjdDQ3NTROazkyLzNYL2F5Um9JUXIrQjRibCtNREM5OThGNXo2NFFzZ05VZ2t5MGtzVkVMWXNyRmtHQ1BqdDByUzJkalRYNS82bnlsN2NCUFl5NXVhZUFPUm91b0dnQ29PNTBjQ2gyMUM4MmFBZy9LZ1djN2RrVGVwcWl3L1BDZVN3N1RpOFYwNTc1Zm9GOHRWYzNXSlNyTzQvaXFpNngzTzNBVjgvUHlJbjFmNWFNMkM3NmZzZHcyaW9kbE42eTJ2azAzMC9IOHRxUnZhOEphSExnU1BseHd6QUJhNWxzRTA5a2h0bzdwNk5DL3hKc3NlUGxYQ0JWRklDVU00Qi84NjhSN2pxRHJTbDBJQXRqR3hTL2VIejVENFNLa1FjQVAyaVRUOFBYamlROTJIK1RxRkVHZlBTS1FKNXNYREtrbTVCR3VNY0xCb3RRWXZDOVNGOGpOeEQ4dG5qVlFzUFJqQ1lRWDM1d0ZKbjJZcVJXSEUwdklNQWdBaWt6T3YvYXloTHpRV0tzcU45bE9kYUpiM2JlQzBsTXA3OURUUEFqZnd4YVNkQkFlQ0ZtNngzRFVUTnFwODRRWVZTSzFXWTQzUml4VSIsImRhdGFrZXkiOiJBUUVCQUhnQU1mS0RsSW9wQzZ6czBiTWRScllTSGEvQzM5a0NyY1A4a1ZwckU5ZitrUUFBQUg0d2ZBWUpLb1pJaHZjTkFRY0dvRzh3YlFJQkFEQm9CZ2txaGtpRzl3MEJCd0V3SGdZSllJWklBV1VEQkFFdU1CRUVESzdTY3JXanluVUxGRldTWkFJQkVJQTdWQk1GMXFOWElzSjRnUm1SWWN1R2Q3NG9JcHB2VFpiVGY0S01TS24va2hnd1FmdnByZC94YVA0eDdZMG4wMWFvNnJ3VTdGYkt0MVZWeWgwPSIsInZlcnNpb24iOiIyIiwidHlwZSI6IkRBVEFfS0VZIiwiZXhwaXJhdGlvbiI6MTczNzY3Mzk2MX0=",
            "proxy_endpoint": "https://381492289756.dkr.ecr.ap-northeast-1.amazonaws.com",
            "registry_id": null,
            "user_name": "AWS"
          },
          "sensitive_attributes": [
            [
              {
                "type": "get_attr",
                "value": "authorization_token"
              }
            ],
            [
              {
                "type": "get_attr",
                "value": "password"
              }
            ]
          ]
        }
      ]
    },
    {
      "mode": "managed",
      "type": "aws_dynamodb_table",
      "name": "pokemon_table",
      "provider": "provider[\"registry.terraform.io/hashicorp/aws\"]",
      "instances": [
        {
          "schema_version": 1,
          "attributes": {
            "arn": "arn:aws:dynamodb:ap-northeast-1:381492289756:table/pokemon_table",
            "attribute": [
              {
                "name": "ID",
                "type": "S"
              },
              {
                "name": "timestamp",
                "type": "S"
              }
            ],
            "billing_mode": "PAY_PER_REQUEST",
            "deletion_protection_enabled": false,
            "global_secondary_index": [],
            "hash_key": "ID",
            "id": "pokemon_table",
            "import_table": [],
            "local_secondary_index": [],
            "name": "pokemon_table",
            "point_in_time_recovery": [
              {
                "enabled": false
              }
            ],
            "range_key": "timestamp",
            "read_capacity": 0,
            "replica": [],
            "restore_date_time": null,
            "restore_source_name": null,
            "restore_to_latest_time": null,
            "server_side_encryption": [],
            "stream_arn": "",
            "stream_enabled": false,
            "stream_label": "",
            "stream_view_type": "",
            "table_class": "STANDARD",
            "tags": {
              "Name": "Pokemon Master"
            },
            "tags_all": {
              "Name": "Pokemon Master",
              "Project": "Pokemon Master",
              "Terraform": "true"
            },
            "timeouts": null,
            "ttl": [
              {
                "attribute_name": "",
                "enabled": false
              }
            ],
            "write_capacity": 0
          },
          "sensitive_attributes": [],
          "private": "eyJlMmJmYjczMC1lY2FhLTExZTYtOGY4OC0zNDM2M2JjN2M0YzAiOnsiY3JlYXRlIjoxODAwMDAwMDAwMDAwLCJkZWxldGUiOjYwMDAwMDAwMDAwMCwidXBkYXRlIjozNjAwMDAwMDAwMDAwfSwic2NoZW1hX3ZlcnNpb24iOiIxIn0="
        }
      ]
    },
    {
      "mode": "managed",
      "type": "random_string",
      "name": "this",
      "provider": "provider[\"registry.terraform.io/hashicorp/random\"]",
      "instances": [
        {
          "schema_version": 2,
          "attributes": {
            "id": "3jyb",
            "keepers": null,
            "length": 4,
            "lower": true,
            "min_lower": 0,
            "min_numeric": 0,
            "min_special": 0,
            "min_upper": 0,
            "number": true,
            "numeric": true,
            "override_special": null,
            "result": "3jyb",
            "special": false,
            "upper": false
          },
          "sensitive_attributes": [],
          "create_before_destroy": true
        }
      ]
    },
    {
      "module": "module.api_gateway",
      "mode": "managed",
      "type": "aws_apigatewayv2_api",
      "name": "this",
      "provider": "provider[\"registry.terraform.io/hashicorp/aws\"]",
      "instances": [
        {
          "index_key": 0,
          "schema_version": 0,
          "attributes": {
            "api_endpoint": "https://nmrvguqda2.execute-api.ap-northeast-1.amazonaws.com",
            "api_key_selection_expression": "$request.header.x-api-key",
            "arn": "arn:aws:apigateway:ap-northeast-1::/apis/nmrvguqda2",
            "body": null,
            "cors_configuration": [
              {
                "allow_credentials": true,
                "allow_headers": [
                  "authorization",
                  "content-type",
                  "x-amz-date",
                  "x-amz-security-token",
                  "x-amz-user-agent",
                  "x-api-key"
                ],
                "allow_methods": [
                  "*"
                ],
                "allow_origins": [
                  "http://*",
                  "http://localhost:3000",
                  "http://localhost:5500",
                  "https://*"
                ],
                "expose_headers": [],
                "max_age": 0
              }
            ],
            "credentials_arn": null,
            "description": "Pokemon Master api gateway to lambda container image",
            "disable_execute_api_endpoint": false,
            "execution_arn": "arn:aws:execute-api:ap-northeast-1:381492289756:nmrvguqda2",
            "fail_on_warnings": false,
            "id": "nmrvguqda2",
            "name": "pokemon",
            "protocol_type": "HTTP",
            "route_key": null,
            "route_selection_expression": "$request.method $request.path",
            "tags": {
              "Service": "pokemon",
              "terraform-aws-modules": "apigateway-v2"
            },
            "tags_all": {
              "Project": "Pokemon Master",
              "Service": "pokemon",
              "Terraform": "true",
              "terraform-aws-modules": "apigateway-v2"
            },
            "target": null,
            "version": ""
          },
          "sensitive_attributes": [],
          "private": "bnVsbA==",
          "create_before_destroy": true
        }
      ]
    },
    {
      "module": "module.api_gateway",
      "mode": "managed",
      "type": "aws_apigatewayv2_integration",
      "name": "this",
      "provider": "provider[\"registry.terraform.io/hashicorp/aws\"]",
      "instances": [
        {
          "index_key": "GET /pokemons",
          "schema_version": 0,
          "attributes": {
            "api_id": "nmrvguqda2",
            "connection_id": "",
            "connection_type": "INTERNET",
            "content_handling_strategy": "",
            "credentials_arn": "",
            "description": "",
            "id": "2edyc2h",
            "integration_method": "POST",
            "integration_response_selection_expression": "",
            "integration_subtype": "",
            "integration_type": "AWS_PROXY",
            "integration_uri": "arn:aws:lambda:ap-northeast-1:381492289756:function:list_pokemons-3jyb",
            "passthrough_behavior": "",
            "payload_format_version": "1.0",
            "request_parameters": {},
            "request_templates": {},
            "response_parameters": [],
            "template_selection_expression": "",
            "timeout_milliseconds": 29000,
            "tls_config": []
          },
          "sensitive_attributes": [],
          "private": "bnVsbA==",
          "dependencies": [
            "data.aws_caller_identity.this",
            "data.aws_ecr_authorization_token.token",
            "module.api_gateway.aws_apigatewayv2_api.this",
            "module.api_gateway.aws_apigatewayv2_vpc_link.this",
            "module.list_pokemons_docker_image.aws_ecr_repository.this",
            "module.list_pokemons_docker_image.data.aws_caller_identity.this",
            "module.list_pokemons_docker_image.data.aws_region.current",
            "module.list_pokemons_docker_image.docker_image.this",
            "module.list_pokemons_docker_image.docker_registry_image.this",
            "module.list_pokemons_lambda.aws_cloudwatch_log_group.lambda",
            "module.list_pokemons_lambda.aws_iam_policy.additional_inline",
            "module.list_pokemons_lambda.aws_iam_policy.additional_json",
            "module.list_pokemons_lambda.aws_iam_policy.additional_jsons",
            "module.list_pokemons_lambda.aws_iam_policy.async",
            "module.list_pokemons_lambda.aws_iam_policy.dead_letter",
            "module.list_pokemons_lambda.aws_iam_policy.logs",
            "module.list_pokemons_lambda.aws_iam_policy.tracing",
            "module.list_pokemons_lambda.aws_iam_policy.vpc",
            "module.list_pokemons_lambda.aws_iam_role.lambda",
            "module.list_pokemons_lambda.aws_iam_role_policy_attachment.additional_inline",
            "module.list_pokemons_lambda.aws_iam_role_policy_attachment.additional_json",
            "module.list_pokemons_lambda.aws_iam_role_policy_attachment.additional_jsons",
            "module.list_pokemons_lambda.aws_iam_role_policy_attachment.additional_many",
            "module.list_pokemons_lambda.aws_iam_role_policy_attachment.additional_one",
            "module.list_pokemons_lambda.aws_iam_role_policy_attachment.async",
            "module.list_pokemons_lambda.aws_iam_role_policy_attachment.dead_letter",
            "module.list_pokemons_lambda.aws_iam_role_policy_attachment.logs",
            "module.list_pokemons_lambda.aws_iam_role_policy_attachment.tracing",
            "module.list_pokemons_lambda.aws_iam_role_policy_attachment.vpc",
            "module.list_pokemons_lambda.aws_lambda_function.this",
            "module.list_pokemons_lambda.aws_s3_object.lambda_package",
            "module.list_pokemons_lambda.data.aws_arn.log_group_arn",
            "module.list_pokemons_lambda.data.aws_cloudwatch_log_group.lambda",
            "module.list_pokemons_lambda.data.aws_iam_policy.tracing",
            "module.list_pokemons_lambda.data.aws_iam_policy.vpc",
            "module.list_pokemons_lambda.data.aws_iam_policy_document.additional_inline",
            "module.list_pokemons_lambda.data.aws_iam_policy_document.assume_role",
            "module.list_pokemons_lambda.data.aws_iam_policy_document.async",
            "module.list_pokemons_lambda.data.aws_iam_policy_document.dead_letter",
            "module.list_pokemons_lambda.data.aws_iam_policy_document.logs",
            "module.list_pokemons_lambda.data.aws_partition.current",
            "module.list_pokemons_lambda.data.external.archive_prepare",
            "module.list_pokemons_lambda.local_file.archive_plan",
            "module.list_pokemons_lambda.null_resource.archive",
            "module.search_pokemon_docker_image.aws_ecr_repository.this",
            "module.search_pokemon_docker_image.data.aws_caller_identity.this",
            "module.search_pokemon_docker_image.data.aws_region.current",
            "module.search_pokemon_docker_image.docker_image.this",
            "module.search_pokemon_docker_image.docker_registry_image.this",
            "module.search_pokemon_lambda.aws_cloudwatch_log_group.lambda",
            "module.search_pokemon_lambda.aws_iam_policy.additional_inline",
            "module.search_pokemon_lambda.aws_iam_policy.additional_json",
            "module.search_pokemon_lambda.aws_iam_policy.additional_jsons",
            "module.search_pokemon_lambda.aws_iam_policy.async",
            "module.search_pokemon_lambda.aws_iam_policy.dead_letter",
            "module.search_pokemon_lambda.aws_iam_policy.logs",
            "module.search_pokemon_lambda.aws_iam_policy.tracing",
            "module.search_pokemon_lambda.aws_iam_policy.vpc",
            "module.search_pokemon_lambda.aws_iam_role.lambda",
            "module.search_pokemon_lambda.aws_iam_role_policy_attachment.additional_inline",
            "module.search_pokemon_lambda.aws_iam_role_policy_attachment.additional_json",
            "module.search_pokemon_lambda.aws_iam_role_policy_attachment.additional_jsons",
            "module.search_pokemon_lambda.aws_iam_role_policy_attachment.additional_many",
            "module.search_pokemon_lambda.aws_iam_role_policy_attachment.additional_one",
            "module.search_pokemon_lambda.aws_iam_role_policy_attachment.async",
            "module.search_pokemon_lambda.aws_iam_role_policy_attachment.dead_letter",
            "module.search_pokemon_lambda.aws_iam_role_policy_attachment.logs",
            "module.search_pokemon_lambda.aws_iam_role_policy_attachment.tracing",
            "module.search_pokemon_lambda.aws_iam_role_policy_attachment.vpc",
            "module.search_pokemon_lambda.aws_lambda_function.this",
            "module.search_pokemon_lambda.aws_s3_object.lambda_package",
            "module.search_pokemon_lambda.data.aws_arn.log_group_arn",
            "module.search_pokemon_lambda.data.aws_cloudwatch_log_group.lambda",
            "module.search_pokemon_lambda.data.aws_iam_policy.tracing",
            "module.search_pokemon_lambda.data.aws_iam_policy.vpc",
            "module.search_pokemon_lambda.data.aws_iam_policy_document.additional_inline",
            "module.search_pokemon_lambda.data.aws_iam_policy_document.assume_role",
            "module.search_pokemon_lambda.data.aws_iam_policy_document.async",
            "module.search_pokemon_lambda.data.aws_iam_policy_document.dead_letter",
            "module.search_pokemon_lambda.data.aws_iam_policy_document.logs",
            "module.search_pokemon_lambda.data.aws_partition.current",
            "module.search_pokemon_lambda.data.external.archive_prepare",
            "module.search_pokemon_lambda.local_file.archive_plan",
            "module.search_pokemon_lambda.null_resource.archive",
            "random_string.this"
          ],
          "create_before_destroy": true
        },
        {
          "index_key": "POST /pokemon/{pokemon_name}",
          "schema_version": 0,
          "attributes": {
            "api_id": "nmrvguqda2",
            "connection_id": "",
            "connection_type": "INTERNET",
            "content_handling_strategy": "",
            "credentials_arn": "",
            "description": "",
            "id": "lj7mk2j",
            "integration_method": "POST",
            "integration_response_selection_expression": "",
            "integration_subtype": "",
            "integration_type": "AWS_PROXY",
            "integration_uri": "arn:aws:lambda:ap-northeast-1:381492289756:function:search_pokemon-3jyb",
            "passthrough_behavior": "",
            "payload_format_version": "1.0",
            "request_parameters": {},
            "request_templates": {},
            "response_parameters": [],
            "template_selection_expression": "",
            "timeout_milliseconds": 29000,
            "tls_config": []
          },
          "sensitive_attributes": [],
          "private": "bnVsbA==",
          "dependencies": [
            "data.aws_caller_identity.this",
            "data.aws_ecr_authorization_token.token",
            "module.api_gateway.aws_apigatewayv2_api.this",
            "module.api_gateway.aws_apigatewayv2_vpc_link.this",
            "module.list_pokemons_docker_image.aws_ecr_repository.this",
            "module.list_pokemons_docker_image.data.aws_caller_identity.this",
            "module.list_pokemons_docker_image.data.aws_region.current",
            "module.list_pokemons_docker_image.docker_image.this",
            "module.list_pokemons_docker_image.docker_registry_image.this",
            "module.list_pokemons_lambda.aws_cloudwatch_log_group.lambda",
            "module.list_pokemons_lambda.aws_iam_policy.additional_inline",
            "module.list_pokemons_lambda.aws_iam_policy.additional_json",
            "module.list_pokemons_lambda.aws_iam_policy.additional_jsons",
            "module.list_pokemons_lambda.aws_iam_policy.async",
            "module.list_pokemons_lambda.aws_iam_policy.dead_letter",
            "module.list_pokemons_lambda.aws_iam_policy.logs",
            "module.list_pokemons_lambda.aws_iam_policy.tracing",
            "module.list_pokemons_lambda.aws_iam_policy.vpc",
            "module.list_pokemons_lambda.aws_iam_role.lambda",
            "module.list_pokemons_lambda.aws_iam_role_policy_attachment.additional_inline",
            "module.list_pokemons_lambda.aws_iam_role_policy_attachment.additional_json",
            "module.list_pokemons_lambda.aws_iam_role_policy_attachment.additional_jsons",
            "module.list_pokemons_lambda.aws_iam_role_policy_attachment.additional_many",
            "module.list_pokemons_lambda.aws_iam_role_policy_attachment.additional_one",
            "module.list_pokemons_lambda.aws_iam_role_policy_attachment.async",
            "module.list_pokemons_lambda.aws_iam_role_policy_attachment.dead_letter",
            "module.list_pokemons_lambda.aws_iam_role_policy_attachment.logs",
            "module.list_pokemons_lambda.aws_iam_role_policy_attachment.tracing",
            "module.list_pokemons_lambda.aws_iam_role_policy_attachment.vpc",
            "module.list_pokemons_lambda.aws_lambda_function.this",
            "module.list_pokemons_lambda.aws_s3_object.lambda_package",
            "module.list_pokemons_lambda.data.aws_arn.log_group_arn",
            "module.list_pokemons_lambda.data.aws_cloudwatch_log_group.lambda",
            "module.list_pokemons_lambda.data.aws_iam_policy.tracing",
            "module.list_pokemons_lambda.data.aws_iam_policy.vpc",
            "module.list_pokemons_lambda.data.aws_iam_policy_document.additional_inline",
            "module.list_pokemons_lambda.data.aws_iam_policy_document.assume_role",
            "module.list_pokemons_lambda.data.aws_iam_policy_document.async",
            "module.list_pokemons_lambda.data.aws_iam_policy_document.dead_letter",
            "module.list_pokemons_lambda.data.aws_iam_policy_document.logs",
            "module.list_pokemons_lambda.data.aws_partition.current",
            "module.list_pokemons_lambda.data.external.archive_prepare",
            "module.list_pokemons_lambda.local_file.archive_plan",
            "module.list_pokemons_lambda.null_resource.archive",
            "module.search_pokemon_docker_image.aws_ecr_repository.this",
            "module.search_pokemon_docker_image.data.aws_caller_identity.this",
            "module.search_pokemon_docker_image.data.aws_region.current",
            "module.search_pokemon_docker_image.docker_image.this",
            "module.search_pokemon_docker_image.docker_registry_image.this",
            "module.search_pokemon_lambda.aws_cloudwatch_log_group.lambda",
            "module.search_pokemon_lambda.aws_iam_policy.additional_inline",
            "module.search_pokemon_lambda.aws_iam_policy.additional_json",
            "module.search_pokemon_lambda.aws_iam_policy.additional_jsons",
            "module.search_pokemon_lambda.aws_iam_policy.async",
            "module.search_pokemon_lambda.aws_iam_policy.dead_letter",
            "module.search_pokemon_lambda.aws_iam_policy.logs",
            "module.search_pokemon_lambda.aws_iam_policy.tracing",
            "module.search_pokemon_lambda.aws_iam_policy.vpc",
            "module.search_pokemon_lambda.aws_iam_role.lambda",
            "module.search_pokemon_lambda.aws_iam_role_policy_attachment.additional_inline",
            "module.search_pokemon_lambda.aws_iam_role_policy_attachment.additional_json",
            "module.search_pokemon_lambda.aws_iam_role_policy_attachment.additional_jsons",
            "module.search_pokemon_lambda.aws_iam_role_policy_attachment.additional_many",
            "module.search_pokemon_lambda.aws_iam_role_policy_attachment.additional_one",
            "module.search_pokemon_lambda.aws_iam_role_policy_attachment.async",
            "module.search_pokemon_lambda.aws_iam_role_policy_attachment.dead_letter",
            "module.search_pokemon_lambda.aws_iam_role_policy_attachment.logs",
            "module.search_pokemon_lambda.aws_iam_role_policy_attachment.tracing",
            "module.search_pokemon_lambda.aws_iam_role_policy_attachment.vpc",
            "module.search_pokemon_lambda.aws_lambda_function.this",
            "module.search_pokemon_lambda.aws_s3_object.lambda_package",
            "module.search_pokemon_lambda.data.aws_arn.log_group_arn",
            "module.search_pokemon_lambda.data.aws_cloudwatch_log_group.lambda",
            "module.search_pokemon_lambda.data.aws_iam_policy.tracing",
            "module.search_pokemon_lambda.data.aws_iam_policy.vpc",
            "module.search_pokemon_lambda.data.aws_iam_policy_document.additional_inline",
            "module.search_pokemon_lambda.data.aws_iam_policy_document.assume_role",
            "module.search_pokemon_lambda.data.aws_iam_policy_document.async",
            "module.search_pokemon_lambda.data.aws_iam_policy_document.dead_letter",
            "module.search_pokemon_lambda.data.aws_iam_policy_document.logs",
            "module.search_pokemon_lambda.data.aws_partition.current",
            "module.search_pokemon_lambda.data.external.archive_prepare",
            "module.search_pokemon_lambda.local_file.archive_plan",
            "module.search_pokemon_lambda.null_resource.archive",
            "random_string.this"
          ],
          "create_before_destroy": true
        }
      ]
    },
    {
      "module": "module.api_gateway",
      "mode": "managed",
      "type": "aws_apigatewayv2_route",
      "name": "this",
      "provider": "provider[\"registry.terraform.io/hashicorp/aws\"]",
      "instances": [
        {
          "index_key": "GET /pokemons",
          "schema_version": 0,
          "attributes": {
            "api_id": "nmrvguqda2",
            "api_key_required": false,
            "authorization_scopes": [],
            "authorization_type": "NONE",
            "authorizer_id": "",
            "id": "y74yx63",
            "model_selection_expression": "",
            "operation_name": "",
            "request_models": {},
            "request_parameter": [],
            "route_key": "GET /pokemons",
            "route_response_selection_expression": "",
            "target": "integrations/2edyc2h"
          },
          "sensitive_attributes": [],
          "private": "bnVsbA==",
          "dependencies": [
            "data.aws_caller_identity.this",
            "data.aws_ecr_authorization_token.token",
            "module.api_gateway.aws_apigatewayv2_api.this",
            "module.api_gateway.aws_apigatewayv2_authorizer.this",
            "module.api_gateway.aws_apigatewayv2_integration.this",
            "module.api_gateway.aws_apigatewayv2_vpc_link.this",
            "module.list_pokemons_docker_image.aws_ecr_repository.this",
            "module.list_pokemons_docker_image.data.aws_caller_identity.this",
            "module.list_pokemons_docker_image.data.aws_region.current",
            "module.list_pokemons_docker_image.docker_image.this",
            "module.list_pokemons_docker_image.docker_registry_image.this",
            "module.list_pokemons_lambda.aws_cloudwatch_log_group.lambda",
            "module.list_pokemons_lambda.aws_iam_policy.additional_inline",
            "module.list_pokemons_lambda.aws_iam_policy.additional_json",
            "module.list_pokemons_lambda.aws_iam_policy.additional_jsons",
            "module.list_pokemons_lambda.aws_iam_policy.async",
            "module.list_pokemons_lambda.aws_iam_policy.dead_letter",
            "module.list_pokemons_lambda.aws_iam_policy.logs",
            "module.list_pokemons_lambda.aws_iam_policy.tracing",
            "module.list_pokemons_lambda.aws_iam_policy.vpc",
            "module.list_pokemons_lambda.aws_iam_role.lambda",
            "module.list_pokemons_lambda.aws_iam_role_policy_attachment.additional_inline",
            "module.list_pokemons_lambda.aws_iam_role_policy_attachment.additional_json",
            "module.list_pokemons_lambda.aws_iam_role_policy_attachment.additional_jsons",
            "module.list_pokemons_lambda.aws_iam_role_policy_attachment.additional_many",
            "module.list_pokemons_lambda.aws_iam_role_policy_attachment.additional_one",
            "module.list_pokemons_lambda.aws_iam_role_policy_attachment.async",
            "module.list_pokemons_lambda.aws_iam_role_policy_attachment.dead_letter",
            "module.list_pokemons_lambda.aws_iam_role_policy_attachment.logs",
            "module.list_pokemons_lambda.aws_iam_role_policy_attachment.tracing",
            "module.list_pokemons_lambda.aws_iam_role_policy_attachment.vpc",
            "module.list_pokemons_lambda.aws_lambda_function.this",
            "module.list_pokemons_lambda.aws_s3_object.lambda_package",
            "module.list_pokemons_lambda.data.aws_arn.log_group_arn",
            "module.list_pokemons_lambda.data.aws_cloudwatch_log_group.lambda",
            "module.list_pokemons_lambda.data.aws_iam_policy.tracing",
            "module.list_pokemons_lambda.data.aws_iam_policy.vpc",
            "module.list_pokemons_lambda.data.aws_iam_policy_document.additional_inline",
            "module.list_pokemons_lambda.data.aws_iam_policy_document.assume_role",
            "module.list_pokemons_lambda.data.aws_iam_policy_document.async",
            "module.list_pokemons_lambda.data.aws_iam_policy_document.dead_letter",
            "module.list_pokemons_lambda.data.aws_iam_policy_document.logs",
            "module.list_pokemons_lambda.data.aws_partition.current",
            "module.list_pokemons_lambda.data.external.archive_prepare",
            "module.list_pokemons_lambda.local_file.archive_plan",
            "module.list_pokemons_lambda.null_resource.archive",
            "module.search_pokemon_docker_image.aws_ecr_repository.this",
            "module.search_pokemon_docker_image.data.aws_caller_identity.this",
            "module.search_pokemon_docker_image.data.aws_region.current",
            "module.search_pokemon_docker_image.docker_image.this",
            "module.search_pokemon_docker_image.docker_registry_image.this",
            "module.search_pokemon_lambda.aws_cloudwatch_log_group.lambda",
            "module.search_pokemon_lambda.aws_iam_policy.additional_inline",
            "module.search_pokemon_lambda.aws_iam_policy.additional_json",
            "module.search_pokemon_lambda.aws_iam_policy.additional_jsons",
            "module.search_pokemon_lambda.aws_iam_policy.async",
            "module.search_pokemon_lambda.aws_iam_policy.dead_letter",
            "module.search_pokemon_lambda.aws_iam_policy.logs",
            "module.search_pokemon_lambda.aws_iam_policy.tracing",
            "module.search_pokemon_lambda.aws_iam_policy.vpc",
            "module.search_pokemon_lambda.aws_iam_role.lambda",
            "module.search_pokemon_lambda.aws_iam_role_policy_attachment.additional_inline",
            "module.search_pokemon_lambda.aws_iam_role_policy_attachment.additional_json",
            "module.search_pokemon_lambda.aws_iam_role_policy_attachment.additional_jsons",
            "module.search_pokemon_lambda.aws_iam_role_policy_attachment.additional_many",
            "module.search_pokemon_lambda.aws_iam_role_policy_attachment.additional_one",
            "module.search_pokemon_lambda.aws_iam_role_policy_attachment.async",
            "module.search_pokemon_lambda.aws_iam_role_policy_attachment.dead_letter",
            "module.search_pokemon_lambda.aws_iam_role_policy_attachment.logs",
            "module.search_pokemon_lambda.aws_iam_role_policy_attachment.tracing",
            "module.search_pokemon_lambda.aws_iam_role_policy_attachment.vpc",
            "module.search_pokemon_lambda.aws_lambda_function.this",
            "module.search_pokemon_lambda.aws_s3_object.lambda_package",
            "module.search_pokemon_lambda.data.aws_arn.log_group_arn",
            "module.search_pokemon_lambda.data.aws_cloudwatch_log_group.lambda",
            "module.search_pokemon_lambda.data.aws_iam_policy.tracing",
            "module.search_pokemon_lambda.data.aws_iam_policy.vpc",
            "module.search_pokemon_lambda.data.aws_iam_policy_document.additional_inline",
            "module.search_pokemon_lambda.data.aws_iam_policy_document.assume_role",
            "module.search_pokemon_lambda.data.aws_iam_policy_document.async",
            "module.search_pokemon_lambda.data.aws_iam_policy_document.dead_letter",
            "module.search_pokemon_lambda.data.aws_iam_policy_document.logs",
            "module.search_pokemon_lambda.data.aws_partition.current",
            "module.search_pokemon_lambda.data.external.archive_prepare",
            "module.search_pokemon_lambda.local_file.archive_plan",
            "module.search_pokemon_lambda.null_resource.archive",
            "random_string.this"
          ],
          "create_before_destroy": true
        },
        {
          "index_key": "POST /pokemon/{pokemon_name}",
          "schema_version": 0,
          "attributes": {
            "api_id": "nmrvguqda2",
            "api_key_required": false,
            "authorization_scopes": [],
            "authorization_type": "NONE",
            "authorizer_id": "",
            "id": "gbvni63",
            "model_selection_expression": "",
            "operation_name": "",
            "request_models": {},
            "request_parameter": [],
            "route_key": "POST /pokemon/{pokemon_name}",
            "route_response_selection_expression": "",
            "target": "integrations/lj7mk2j"
          },
          "sensitive_attributes": [],
          "private": "bnVsbA==",
          "dependencies": [
            "data.aws_caller_identity.this",
            "data.aws_ecr_authorization_token.token",
            "module.api_gateway.aws_apigatewayv2_api.this",
            "module.api_gateway.aws_apigatewayv2_authorizer.this",
            "module.api_gateway.aws_apigatewayv2_integration.this",
            "module.api_gateway.aws_apigatewayv2_vpc_link.this",
            "module.list_pokemons_docker_image.aws_ecr_repository.this",
            "module.list_pokemons_docker_image.data.aws_caller_identity.this",
            "module.list_pokemons_docker_image.data.aws_region.current",
            "module.list_pokemons_docker_image.docker_image.this",
            "module.list_pokemons_docker_image.docker_registry_image.this",
            "module.list_pokemons_lambda.aws_cloudwatch_log_group.lambda",
            "module.list_pokemons_lambda.aws_iam_policy.additional_inline",
            "module.list_pokemons_lambda.aws_iam_policy.additional_json",
            "module.list_pokemons_lambda.aws_iam_policy.additional_jsons",
            "module.list_pokemons_lambda.aws_iam_policy.async",
            "module.list_pokemons_lambda.aws_iam_policy.dead_letter",
            "module.list_pokemons_lambda.aws_iam_policy.logs",
            "module.list_pokemons_lambda.aws_iam_policy.tracing",
            "module.list_pokemons_lambda.aws_iam_policy.vpc",
            "module.list_pokemons_lambda.aws_iam_role.lambda",
            "module.list_pokemons_lambda.aws_iam_role_policy_attachment.additional_inline",
            "module.list_pokemons_lambda.aws_iam_role_policy_attachment.additional_json",
            "module.list_pokemons_lambda.aws_iam_role_policy_attachment.additional_jsons",
            "module.list_pokemons_lambda.aws_iam_role_policy_attachment.additional_many",
            "module.list_pokemons_lambda.aws_iam_role_policy_attachment.additional_one",
            "module.list_pokemons_lambda.aws_iam_role_policy_attachment.async",
            "module.list_pokemons_lambda.aws_iam_role_policy_attachment.dead_letter",
            "module.list_pokemons_lambda.aws_iam_role_policy_attachment.logs",
            "module.list_pokemons_lambda.aws_iam_role_policy_attachment.tracing",
            "module.list_pokemons_lambda.aws_iam_role_policy_attachment.vpc",
            "module.list_pokemons_lambda.aws_lambda_function.this",
            "module.list_pokemons_lambda.aws_s3_object.lambda_package",
            "module.list_pokemons_lambda.data.aws_arn.log_group_arn",
            "module.list_pokemons_lambda.data.aws_cloudwatch_log_group.lambda",
            "module.list_pokemons_lambda.data.aws_iam_policy.tracing",
            "module.list_pokemons_lambda.data.aws_iam_policy.vpc",
            "module.list_pokemons_lambda.data.aws_iam_policy_document.additional_inline",
            "module.list_pokemons_lambda.data.aws_iam_policy_document.assume_role",
            "module.list_pokemons_lambda.data.aws_iam_policy_document.async",
            "module.list_pokemons_lambda.data.aws_iam_policy_document.dead_letter",
            "module.list_pokemons_lambda.data.aws_iam_policy_document.logs",
            "module.list_pokemons_lambda.data.aws_partition.current",
            "module.list_pokemons_lambda.data.external.archive_prepare",
            "module.list_pokemons_lambda.local_file.archive_plan",
            "module.list_pokemons_lambda.null_resource.archive",
            "module.search_pokemon_docker_image.aws_ecr_repository.this",
            "module.search_pokemon_docker_image.data.aws_caller_identity.this",
            "module.search_pokemon_docker_image.data.aws_region.current",
            "module.search_pokemon_docker_image.docker_image.this",
            "module.search_pokemon_docker_image.docker_registry_image.this",
            "module.search_pokemon_lambda.aws_cloudwatch_log_group.lambda",
            "module.search_pokemon_lambda.aws_iam_policy.additional_inline",
            "module.search_pokemon_lambda.aws_iam_policy.additional_json",
            "module.search_pokemon_lambda.aws_iam_policy.additional_jsons",
            "module.search_pokemon_lambda.aws_iam_policy.async",
            "module.search_pokemon_lambda.aws_iam_policy.dead_letter",
            "module.search_pokemon_lambda.aws_iam_policy.logs",
            "module.search_pokemon_lambda.aws_iam_policy.tracing",
            "module.search_pokemon_lambda.aws_iam_policy.vpc",
            "module.search_pokemon_lambda.aws_iam_role.lambda",
            "module.search_pokemon_lambda.aws_iam_role_policy_attachment.additional_inline",
            "module.search_pokemon_lambda.aws_iam_role_policy_attachment.additional_json",
            "module.search_pokemon_lambda.aws_iam_role_policy_attachment.additional_jsons",
            "module.search_pokemon_lambda.aws_iam_role_policy_attachment.additional_many",
            "module.search_pokemon_lambda.aws_iam_role_policy_attachment.additional_one",
            "module.search_pokemon_lambda.aws_iam_role_policy_attachment.async",
            "module.search_pokemon_lambda.aws_iam_role_policy_attachment.dead_letter",
            "module.search_pokemon_lambda.aws_iam_role_policy_attachment.logs",
            "module.search_pokemon_lambda.aws_iam_role_policy_attachment.tracing",
            "module.search_pokemon_lambda.aws_iam_role_policy_attachment.vpc",
            "module.search_pokemon_lambda.aws_lambda_function.this",
            "module.search_pokemon_lambda.aws_s3_object.lambda_package",
            "module.search_pokemon_lambda.data.aws_arn.log_group_arn",
            "module.search_pokemon_lambda.data.aws_cloudwatch_log_group.lambda",
            "module.search_pokemon_lambda.data.aws_iam_policy.tracing",
            "module.search_pokemon_lambda.data.aws_iam_policy.vpc",
            "module.search_pokemon_lambda.data.aws_iam_policy_document.additional_inline",
            "module.search_pokemon_lambda.data.aws_iam_policy_document.assume_role",
            "module.search_pokemon_lambda.data.aws_iam_policy_document.async",
            "module.search_pokemon_lambda.data.aws_iam_policy_document.dead_letter",
            "module.search_pokemon_lambda.data.aws_iam_policy_document.logs",
            "module.search_pokemon_lambda.data.aws_partition.current",
            "module.search_pokemon_lambda.data.external.archive_prepare",
            "module.search_pokemon_lambda.local_file.archive_plan",
            "module.search_pokemon_lambda.null_resource.archive",
            "random_string.this"
          ],
          "create_before_destroy": true
        }
      ]
    },
    {
      "module": "module.api_gateway",
      "mode": "managed",
      "type": "aws_apigatewayv2_stage",
      "name": "this",
      "provider": "provider[\"registry.terraform.io/hashicorp/aws\"]",
      "instances": [
        {
          "index_key": 0,
          "schema_version": 0,
          "attributes": {
            "access_log_settings": [
              {
                "destination_arn": "arn:aws:logs:ap-northeast-1:381492289756:log-group:/aws/apigateway/pokemon/default",
                "format": "{\"context\":{\"domainName\":\"$context.domainName\",\"error\":{\"message\":\"$context.error.message\",\"responseType\":\"$context.error.responseType\"},\"identity\":{\"sourceIP\":\"$context.identity.sourceIp\"},\"integration\":{\"error\":\"$context.integration.error\",\"integrationStatus\":\"$context.integration.integrationStatus\"},\"integrationErrorMessage\":\"$context.integrationErrorMessage\",\"protocol\":\"$context.protocol\",\"requestId\":\"$context.requestId\",\"requestTime\":\"$context.requestTime\",\"responseLength\":\"$context.responseLength\",\"routeKey\":\"$context.routeKey\",\"stage\":\"$context.stage\",\"status\":\"$context.status\"}}"
              }
            ],
            "api_id": "nmrvguqda2",
            "arn": "arn:aws:apigateway:ap-northeast-1::/apis/nmrvguqda2/stages/$default",
            "auto_deploy": true,
            "client_certificate_id": "",
            "default_route_settings": [
              {
                "data_trace_enabled": false,
                "detailed_metrics_enabled": true,
                "logging_level": "",
                "throttling_burst_limit": 100,
                "throttling_rate_limit": 100
              }
            ],
            "deployment_id": "9mlr1g",
            "description": "",
            "execution_arn": "arn:aws:execute-api:ap-northeast-1:381492289756:nmrvguqda2/$default",
            "id": "$default",
            "invoke_url": "https://nmrvguqda2.execute-api.ap-northeast-1.amazonaws.com/",
            "name": "$default",
            "route_settings": [
              {
                "data_trace_enabled": false,
                "detailed_metrics_enabled": true,
                "logging_level": "",
                "route_key": "GET /pokemons",
                "throttling_burst_limit": 40,
                "throttling_rate_limit": 80
              },
              {
                "data_trace_enabled": false,
                "detailed_metrics_enabled": true,
                "logging_level": "",
                "route_key": "POST /pokemon/{pokemon_name}",
                "throttling_burst_limit": 40,
                "throttling_rate_limit": 80
              }
            ],
            "stage_variables": {},
            "tags": {
              "Service": "pokemon"
            },
            "tags_all": {
              "Project": "Pokemon Master",
              "Service": "pokemon",
              "Terraform": "true"
            }
          },
          "sensitive_attributes": [],
          "private": "bnVsbA==",
          "dependencies": [
            "data.aws_caller_identity.this",
            "data.aws_ecr_authorization_token.token",
            "module.api_gateway.aws_apigatewayv2_api.this",
            "module.api_gateway.aws_apigatewayv2_authorizer.this",
            "module.api_gateway.aws_apigatewayv2_deployment.this",
            "module.api_gateway.aws_apigatewayv2_integration.this",
            "module.api_gateway.aws_apigatewayv2_route.this",
            "module.api_gateway.aws_apigatewayv2_route_response.this",
            "module.api_gateway.aws_apigatewayv2_vpc_link.this",
            "module.api_gateway.aws_cloudwatch_log_group.this",
            "module.list_pokemons_docker_image.aws_ecr_repository.this",
            "module.list_pokemons_docker_image.data.aws_caller_identity.this",
            "module.list_pokemons_docker_image.data.aws_region.current",
            "module.list_pokemons_docker_image.docker_image.this",
            "module.list_pokemons_docker_image.docker_registry_image.this",
            "module.list_pokemons_lambda.aws_cloudwatch_log_group.lambda",
            "module.list_pokemons_lambda.aws_iam_policy.additional_inline",
            "module.list_pokemons_lambda.aws_iam_policy.additional_json",
            "module.list_pokemons_lambda.aws_iam_policy.additional_jsons",
            "module.list_pokemons_lambda.aws_iam_policy.async",
            "module.list_pokemons_lambda.aws_iam_policy.dead_letter",
            "module.list_pokemons_lambda.aws_iam_policy.logs",
            "module.list_pokemons_lambda.aws_iam_policy.tracing",
            "module.list_pokemons_lambda.aws_iam_policy.vpc",
            "module.list_pokemons_lambda.aws_iam_role.lambda",
            "module.list_pokemons_lambda.aws_iam_role_policy_attachment.additional_inline",
            "module.list_pokemons_lambda.aws_iam_role_policy_attachment.additional_json",
            "module.list_pokemons_lambda.aws_iam_role_policy_attachment.additional_jsons",
            "module.list_pokemons_lambda.aws_iam_role_policy_attachment.additional_many",
            "module.list_pokemons_lambda.aws_iam_role_policy_attachment.additional_one",
            "module.list_pokemons_lambda.aws_iam_role_policy_attachment.async",
            "module.list_pokemons_lambda.aws_iam_role_policy_attachment.dead_letter",
            "module.list_pokemons_lambda.aws_iam_role_policy_attachment.logs",
            "module.list_pokemons_lambda.aws_iam_role_policy_attachment.tracing",
            "module.list_pokemons_lambda.aws_iam_role_policy_attachment.vpc",
            "module.list_pokemons_lambda.aws_lambda_function.this",
            "module.list_pokemons_lambda.aws_s3_object.lambda_package",
            "module.list_pokemons_lambda.data.aws_arn.log_group_arn",
            "module.list_pokemons_lambda.data.aws_cloudwatch_log_group.lambda",
            "module.list_pokemons_lambda.data.aws_iam_policy.tracing",
            "module.list_pokemons_lambda.data.aws_iam_policy.vpc",
            "module.list_pokemons_lambda.data.aws_iam_policy_document.additional_inline",
            "module.list_pokemons_lambda.data.aws_iam_policy_document.assume_role",
            "module.list_pokemons_lambda.data.aws_iam_policy_document.async",
            "module.list_pokemons_lambda.data.aws_iam_policy_document.dead_letter",
            "module.list_pokemons_lambda.data.aws_iam_policy_document.logs",
            "module.list_pokemons_lambda.data.aws_partition.current",
            "module.list_pokemons_lambda.data.external.archive_prepare",
            "module.list_pokemons_lambda.local_file.archive_plan",
            "module.list_pokemons_lambda.null_resource.archive",
            "module.search_pokemon_docker_image.aws_ecr_repository.this",
            "module.search_pokemon_docker_image.data.aws_caller_identity.this",
            "module.search_pokemon_docker_image.data.aws_region.current",
            "module.search_pokemon_docker_image.docker_image.this",
            "module.search_pokemon_docker_image.docker_registry_image.this",
            "module.search_pokemon_lambda.aws_cloudwatch_log_group.lambda",
            "module.search_pokemon_lambda.aws_iam_policy.additional_inline",
            "module.search_pokemon_lambda.aws_iam_policy.additional_json",
            "module.search_pokemon_lambda.aws_iam_policy.additional_jsons",
            "module.search_pokemon_lambda.aws_iam_policy.async",
            "module.search_pokemon_lambda.aws_iam_policy.dead_letter",
            "module.search_pokemon_lambda.aws_iam_policy.logs",
            "module.search_pokemon_lambda.aws_iam_policy.tracing",
            "module.search_pokemon_lambda.aws_iam_policy.vpc",
            "module.search_pokemon_lambda.aws_iam_role.lambda",
            "module.search_pokemon_lambda.aws_iam_role_policy_attachment.additional_inline",
            "module.search_pokemon_lambda.aws_iam_role_policy_attachment.additional_json",
            "module.search_pokemon_lambda.aws_iam_role_policy_attachment.additional_jsons",
            "module.search_pokemon_lambda.aws_iam_role_policy_attachment.additional_many",
            "module.search_pokemon_lambda.aws_iam_role_policy_attachment.additional_one",
            "module.search_pokemon_lambda.aws_iam_role_policy_attachment.async",
            "module.search_pokemon_lambda.aws_iam_role_policy_attachment.dead_letter",
            "module.search_pokemon_lambda.aws_iam_role_policy_attachment.logs",
            "module.search_pokemon_lambda.aws_iam_role_policy_attachment.tracing",
            "module.search_pokemon_lambda.aws_iam_role_policy_attachment.vpc",
            "module.search_pokemon_lambda.aws_lambda_function.this",
            "module.search_pokemon_lambda.aws_s3_object.lambda_package",
            "module.search_pokemon_lambda.data.aws_arn.log_group_arn",
            "module.search_pokemon_lambda.data.aws_cloudwatch_log_group.lambda",
            "module.search_pokemon_lambda.data.aws_iam_policy.tracing",
            "module.search_pokemon_lambda.data.aws_iam_policy.vpc",
            "module.search_pokemon_lambda.data.aws_iam_policy_document.additional_inline",
            "module.search_pokemon_lambda.data.aws_iam_policy_document.assume_role",
            "module.search_pokemon_lambda.data.aws_iam_policy_document.async",
            "module.search_pokemon_lambda.data.aws_iam_policy_document.dead_letter",
            "module.search_pokemon_lambda.data.aws_iam_policy_document.logs",
            "module.search_pokemon_lambda.data.aws_partition.current",
            "module.search_pokemon_lambda.data.external.archive_prepare",
            "module.search_pokemon_lambda.local_file.archive_plan",
            "module.search_pokemon_lambda.null_resource.archive",
            "random_string.this"
          ]
        }
      ]
    },
    {
      "module": "module.api_gateway",
      "mode": "managed",
      "type": "aws_cloudwatch_log_group",
      "name": "this",
      "provider": "provider[\"registry.terraform.io/hashicorp/aws\"]",
      "instances": [
        {
          "index_key": "this",
          "schema_version": 0,
          "attributes": {
            "arn": "arn:aws:logs:ap-northeast-1:381492289756:log-group:/aws/apigateway/pokemon/default",
            "id": "/aws/apigateway/pokemon/default",
            "kms_key_id": "",
            "log_group_class": "STANDARD",
            "name": "/aws/apigateway/pokemon/default",
            "name_prefix": "",
            "retention_in_days": 7,
            "skip_destroy": false,
            "tags": {
              "Service": "pokemon"
            },
            "tags_all": {
              "Project": "Pokemon Master",
              "Service": "pokemon",
              "Terraform": "true"
            }
          },
          "sensitive_attributes": [],
          "private": "bnVsbA=="
        }
      ]
    },
    {
      "module": "module.list_pokemons_docker_image",
      "mode": "data",
      "type": "aws_caller_identity",
      "name": "this",
      "provider": "provider[\"registry.terraform.io/hashicorp/aws\"]",
      "instances": [
        {
          "schema_version": 0,
          "attributes": {
            "account_id": "381492289756",
            "arn": "arn:aws:iam::381492289756:user/cch1006Admin",
            "id": "381492289756",
            "user_id": "AIDAVRUVWMDOLHIFZHZFA"
          },
          "sensitive_attributes": []
        }
      ]
    },
    {
      "module": "module.list_pokemons_docker_image",
      "mode": "data",
      "type": "aws_region",
      "name": "current",
      "provider": "provider[\"registry.terraform.io/hashicorp/aws\"]",
      "instances": [
        {
          "schema_version": 0,
          "attributes": {
            "description": "Asia Pacific (Tokyo)",
            "endpoint": "ec2.ap-northeast-1.amazonaws.com",
            "id": "ap-northeast-1",
            "name": "ap-northeast-1"
          },
          "sensitive_attributes": []
        }
      ]
    },
    {
      "module": "module.list_pokemons_docker_image",
      "mode": "managed",
      "type": "aws_ecr_lifecycle_policy",
      "name": "this",
      "provider": "provider[\"registry.terraform.io/hashicorp/aws\"]",
      "instances": [
        {
          "index_key": 0,
          "schema_version": 0,
          "attributes": {
            "id": "list_pokemons-3jyb",
            "policy": "{\"rules\":[{\"action\":{\"type\":\"expire\"},\"description\":\"Keep only the last 10 images\",\"rulePriority\":1,\"selection\":{\"countNumber\":10,\"countType\":\"imageCountMoreThan\",\"tagStatus\":\"any\"}}]}",
            "registry_id": "381492289756",
            "repository": "list_pokemons-3jyb"
          },
          "sensitive_attributes": [],
          "private": "bnVsbA==",
          "dependencies": [
            "module.list_pokemons_docker_image.aws_ecr_repository.this",
            "random_string.this"
          ]
        }
      ]
    },
    {
      "module": "module.list_pokemons_docker_image",
      "mode": "managed",
      "type": "aws_ecr_repository",
      "name": "this",
      "provider": "provider[\"registry.terraform.io/hashicorp/aws\"]",
      "instances": [
        {
          "index_key": 0,
          "schema_version": 0,
          "attributes": {
            "arn": "arn:aws:ecr:ap-northeast-1:381492289756:repository/list_pokemons-3jyb",
            "encryption_configuration": [
              {
                "encryption_type": "AES256",
                "kms_key": ""
              }
            ],
            "force_delete": true,
            "id": "list_pokemons-3jyb",
            "image_scanning_configuration": [
              {
                "scan_on_push": false
              }
            ],
            "image_tag_mutability": "MUTABLE",
            "name": "list_pokemons-3jyb",
            "registry_id": "381492289756",
            "repository_url": "381492289756.dkr.ecr.ap-northeast-1.amazonaws.com/list_pokemons-3jyb",
            "tags": {},
            "tags_all": {
              "Project": "Pokemon Master",
              "Terraform": "true"
            },
            "timeouts": null
          },
          "sensitive_attributes": [],
          "private": "eyJlMmJmYjczMC1lY2FhLTExZTYtOGY4OC0zNDM2M2JjN2M0YzAiOnsiZGVsZXRlIjoxMjAwMDAwMDAwMDAwfX0=",
          "dependencies": [
            "random_string.this"
          ],
          "create_before_destroy": true
        }
      ]
    },
    {
      "module": "module.list_pokemons_docker_image",
      "mode": "managed",
      "type": "docker_image",
      "name": "this",
      "provider": "provider[\"registry.terraform.io/kreuzwerker/docker\"]",
      "instances": [
        {
          "schema_version": 0,
          "attributes": {
            "build": [
              {
                "auth_config": [],
                "build_arg": null,
                "build_args": null,
                "build_id": "",
                "cache_from": [],
                "cgroup_parent": "",
                "context": "./../list_pokemons/",
                "cpu_period": null,
                "cpu_quota": null,
                "cpu_set_cpus": "",
                "cpu_set_mems": "",
                "cpu_shares": null,
                "dockerfile": "Dockerfile",
                "extra_hosts": [],
                "force_remove": null,
                "isolation": "",
                "label": null,
                "labels": null,
                "memory": null,
                "memory_swap": null,
                "network_mode": "",
                "no_cache": null,
                "platform": "",
                "pull_parent": null,
                "remote_context": "",
                "remove": true,
                "security_opt": [],
                "session_id": "",
                "shm_size": null,
                "squash": null,
                "suppress_output": null,
                "tag": [],
                "target": "",
                "ulimit": [],
                "version": ""
              }
            ],
            "force_remove": false,
            "id": "sha256:1c0f17c7e4bd936ae1f2c8bf5369d1bd800ea8bf911036c6f37926effa0bf92e381492289756.dkr.ecr.ap-northeast-1.amazonaws.com/list_pokemons-3jyb",
            "image_id": "sha256:1c0f17c7e4bd936ae1f2c8bf5369d1bd800ea8bf911036c6f37926effa0bf92e",
            "keep_locally": false,
            "name": "381492289756.dkr.ecr.ap-northeast-1.amazonaws.com/list_pokemons-3jyb",
            "platform": null,
            "pull_triggers": null,
            "repo_digest": "",
            "triggers": {
              "dir_sha": "63e80b3e789b0ca71589cacb4f2d81a1e0b107f1"
            }
          },
          "sensitive_attributes": [],
          "private": "bnVsbA==",
          "dependencies": [
            "data.aws_caller_identity.this",
            "data.aws_ecr_authorization_token.token",
            "module.list_pokemons_docker_image.aws_ecr_repository.this",
            "module.list_pokemons_docker_image.data.aws_caller_identity.this",
            "module.list_pokemons_docker_image.data.aws_region.current",
            "random_string.this"
          ],
          "create_before_destroy": true
        }
      ]
    },
    {
      "module": "module.list_pokemons_docker_image",
      "mode": "managed",
      "type": "docker_registry_image",
      "name": "this",
      "provider": "provider[\"registry.terraform.io/kreuzwerker/docker\"]",
      "instances": [
        {
          "schema_version": 0,
          "attributes": {
            "id": "sha256:b22ac2dc3e909a33b9888b4b1153154aad195ee52a668ddccebf45f2c3ba62b7",
            "insecure_skip_verify": false,
            "keep_remotely": true,
            "name": "381492289756.dkr.ecr.ap-northeast-1.amazonaws.com/list_pokemons-3jyb",
            "sha256_digest": "sha256:b22ac2dc3e909a33b9888b4b1153154aad195ee52a668ddccebf45f2c3ba62b7",
            "triggers": {
              "dir_sha": "63e80b3e789b0ca71589cacb4f2d81a1e0b107f1"
            }
          },
          "sensitive_attributes": [],
          "private": "bnVsbA==",
          "dependencies": [
            "data.aws_caller_identity.this",
            "data.aws_ecr_authorization_token.token",
            "module.list_pokemons_docker_image.aws_ecr_repository.this",
            "module.list_pokemons_docker_image.data.aws_caller_identity.this",
            "module.list_pokemons_docker_image.data.aws_region.current",
            "module.list_pokemons_docker_image.docker_image.this",
            "random_string.this"
          ],
          "create_before_destroy": true
        }
      ]
    },
    {
      "module": "module.list_pokemons_lambda",
      "mode": "data",
      "type": "aws_caller_identity",
      "name": "current",
      "provider": "provider[\"registry.terraform.io/hashicorp/aws\"]",
      "instances": [
        {
          "schema_version": 0,
          "attributes": {
            "account_id": "381492289756",
            "arn": "arn:aws:iam::381492289756:user/cch1006Admin",
            "id": "381492289756",
            "user_id": "AIDAVRUVWMDOLHIFZHZFA"
          },
          "sensitive_attributes": []
        }
      ]
    },
    {
      "module": "module.list_pokemons_lambda",
      "mode": "data",
      "type": "aws_iam_policy_document",
      "name": "additional_inline",
      "provider": "provider[\"registry.terraform.io/hashicorp/aws\"]",
      "instances": [
        {
          "index_key": 0,
          "schema_version": 0,
          "attributes": {
            "id": "180282574",
            "json": "{\n  \"Version\": \"2012-10-17\",\n  \"Statement\": [\n    {\n      \"Sid\": \"dynamodbcrud\",\n      \"Effect\": \"Allow\",\n      \"Action\": [\n        \"dynamodb:UpdateItem\",\n        \"dynamodb:Scan\",\n        \"dynamodb:Query\",\n        \"dynamodb:PutItem\",\n        \"dynamodb:GetItem\",\n        \"dynamodb:DeleteItem\",\n        \"dynamodb:BatchWriteItem\",\n        \"dynamodb:BatchGetItem\"\n      ],\n      \"Resource\": \"arn:aws:dynamodb:ap-northeast-1:381492289756:table/pokemon_table\"\n    }\n  ]\n}",
            "minified_json": "{\"Version\":\"2012-10-17\",\"Statement\":[{\"Sid\":\"dynamodbcrud\",\"Effect\":\"Allow\",\"Action\":[\"dynamodb:UpdateItem\",\"dynamodb:Scan\",\"dynamodb:Query\",\"dynamodb:PutItem\",\"dynamodb:GetItem\",\"dynamodb:DeleteItem\",\"dynamodb:BatchWriteItem\",\"dynamodb:BatchGetItem\"],\"Resource\":\"arn:aws:dynamodb:ap-northeast-1:381492289756:table/pokemon_table\"}]}",
            "override_json": null,
            "override_policy_documents": null,
            "policy_id": null,
            "source_json": null,
            "source_policy_documents": null,
            "statement": [
              {
                "actions": [
                  "dynamodb:BatchGetItem",
                  "dynamodb:BatchWriteItem",
                  "dynamodb:DeleteItem",
                  "dynamodb:GetItem",
                  "dynamodb:PutItem",
                  "dynamodb:Query",
                  "dynamodb:Scan",
                  "dynamodb:UpdateItem"
                ],
                "condition": [],
                "effect": "Allow",
                "not_actions": [],
                "not_principals": [],
                "not_resources": [],
                "principals": [],
                "resources": [
                  "arn:aws:dynamodb:ap-northeast-1:381492289756:table/pokemon_table"
                ],
                "sid": "dynamodbcrud"
              }
            ],
            "version": "2012-10-17"
          },
          "sensitive_attributes": []
        }
      ]
    },
    {
      "module": "module.list_pokemons_lambda",
      "mode": "data",
      "type": "aws_iam_policy_document",
      "name": "assume_role",
      "provider": "provider[\"registry.terraform.io/hashicorp/aws\"]",
      "instances": [
        {
          "index_key": 0,
          "schema_version": 0,
          "attributes": {
            "id": "2690255455",
            "json": "{\n  \"Version\": \"2012-10-17\",\n  \"Statement\": [\n    {\n      \"Effect\": \"Allow\",\n      \"Action\": \"sts:AssumeRole\",\n      \"Principal\": {\n        \"Service\": \"lambda.amazonaws.com\"\n      }\n    }\n  ]\n}",
            "minified_json": "{\"Version\":\"2012-10-17\",\"Statement\":[{\"Effect\":\"Allow\",\"Action\":\"sts:AssumeRole\",\"Principal\":{\"Service\":\"lambda.amazonaws.com\"}}]}",
            "override_json": null,
            "override_policy_documents": null,
            "policy_id": null,
            "source_json": null,
            "source_policy_documents": null,
            "statement": [
              {
                "actions": [
                  "sts:AssumeRole"
                ],
                "condition": [],
                "effect": "Allow",
                "not_actions": [],
                "not_principals": [],
                "not_resources": [],
                "principals": [
                  {
                    "identifiers": [
                      "lambda.amazonaws.com"
                    ],
                    "type": "Service"
                  }
                ],
                "resources": [],
                "sid": ""
              }
            ],
            "version": "2012-10-17"
          },
          "sensitive_attributes": []
        }
      ]
    },
    {
      "module": "module.list_pokemons_lambda",
      "mode": "data",
      "type": "aws_iam_policy_document",
      "name": "logs",
      "provider": "provider[\"registry.terraform.io/hashicorp/aws\"]",
      "instances": [
        {
          "index_key": 0,
          "schema_version": 0,
          "attributes": {
            "id": "811140634",
            "json": "{\n  \"Version\": \"2012-10-17\",\n  \"Statement\": [\n    {\n      \"Effect\": \"Allow\",\n      \"Action\": [\n        \"logs:PutLogEvents\",\n        \"logs:CreateLogStream\",\n        \"logs:CreateLogGroup\"\n      ],\n      \"Resource\": [\n        \"arn:aws:logs:ap-northeast-1:381492289756:log-group:/aws/lambda/list_pokemons-3jyb:*:*\",\n        \"arn:aws:logs:ap-northeast-1:381492289756:log-group:/aws/lambda/list_pokemons-3jyb:*\"\n      ]\n    }\n  ]\n}",
            "minified_json": "{\"Version\":\"2012-10-17\",\"Statement\":[{\"Effect\":\"Allow\",\"Action\":[\"logs:PutLogEvents\",\"logs:CreateLogStream\",\"logs:CreateLogGroup\"],\"Resource\":[\"arn:aws:logs:ap-northeast-1:381492289756:log-group:/aws/lambda/list_pokemons-3jyb:*:*\",\"arn:aws:logs:ap-northeast-1:381492289756:log-group:/aws/lambda/list_pokemons-3jyb:*\"]}]}",
            "override_json": null,
            "override_policy_documents": null,
            "policy_id": null,
            "source_json": null,
            "source_policy_documents": null,
            "statement": [
              {
                "actions": [
                  "logs:CreateLogGroup",
                  "logs:CreateLogStream",
                  "logs:PutLogEvents"
                ],
                "condition": [],
                "effect": "Allow",
                "not_actions": [],
                "not_principals": [],
                "not_resources": [],
                "principals": [],
                "resources": [
                  "arn:aws:logs:ap-northeast-1:381492289756:log-group:/aws/lambda/list_pokemons-3jyb:*",
                  "arn:aws:logs:ap-northeast-1:381492289756:log-group:/aws/lambda/list_pokemons-3jyb:*:*"
                ],
                "sid": ""
              }
            ],
            "version": "2012-10-17"
          },
          "sensitive_attributes": []
        }
      ]
    },
    {
      "module": "module.list_pokemons_lambda",
      "mode": "data",
      "type": "aws_partition",
      "name": "current",
      "provider": "provider[\"registry.terraform.io/hashicorp/aws\"]",
      "instances": [
        {
          "schema_version": 0,
          "attributes": {
            "dns_suffix": "amazonaws.com",
            "id": "aws",
            "partition": "aws",
            "reverse_dns_prefix": "com.amazonaws"
          },
          "sensitive_attributes": []
        }
      ]
    },
    {
      "module": "module.list_pokemons_lambda",
      "mode": "data",
      "type": "aws_region",
      "name": "current",
      "provider": "provider[\"registry.terraform.io/hashicorp/aws\"]",
      "instances": [
        {
          "schema_version": 0,
          "attributes": {
            "description": "Asia Pacific (Tokyo)",
            "endpoint": "ec2.ap-northeast-1.amazonaws.com",
            "id": "ap-northeast-1",
            "name": "ap-northeast-1"
          },
          "sensitive_attributes": []
        }
      ]
    },
    {
      "module": "module.list_pokemons_lambda",
      "mode": "managed",
      "type": "aws_cloudwatch_log_group",
      "name": "lambda",
      "provider": "provider[\"registry.terraform.io/hashicorp/aws\"]",
      "instances": [
        {
          "index_key": 0,
          "schema_version": 0,
          "attributes": {
            "arn": "arn:aws:logs:ap-northeast-1:381492289756:log-group:/aws/lambda/list_pokemons-3jyb",
            "id": "/aws/lambda/list_pokemons-3jyb",
            "kms_key_id": "",
            "log_group_class": "STANDARD",
            "name": "/aws/lambda/list_pokemons-3jyb",
            "name_prefix": "",
            "retention_in_days": 0,
            "skip_destroy": false,
            "tags": {
              "Terraform": "true"
            },
            "tags_all": {
              "Project": "Pokemon Master",
              "Terraform": "true"
            }
          },
          "sensitive_attributes": [],
          "private": "bnVsbA==",
          "dependencies": [
            "random_string.this"
          ],
          "create_before_destroy": true
        }
      ]
    },
    {
      "module": "module.list_pokemons_lambda",
      "mode": "managed",
      "type": "aws_iam_policy",
      "name": "additional_inline",
      "provider": "provider[\"registry.terraform.io/hashicorp/aws\"]",
      "instances": [
        {
          "index_key": 0,
          "schema_version": 0,
          "attributes": {
            "arn": "arn:aws:iam::381492289756:policy/list_pokemons-3jyb-inline",
            "attachment_count": 1,
            "description": "",
            "id": "arn:aws:iam::381492289756:policy/list_pokemons-3jyb-inline",
            "name": "list_pokemons-3jyb-inline",
            "name_prefix": "",
            "path": "/",
            "policy": "{\"Statement\":[{\"Action\":[\"dynamodb:UpdateItem\",\"dynamodb:Scan\",\"dynamodb:Query\",\"dynamodb:PutItem\",\"dynamodb:GetItem\",\"dynamodb:DeleteItem\",\"dynamodb:BatchWriteItem\",\"dynamodb:BatchGetItem\"],\"Effect\":\"Allow\",\"Resource\":\"arn:aws:dynamodb:ap-northeast-1:381492289756:table/pokemon_table\",\"Sid\":\"dynamodbcrud\"}],\"Version\":\"2012-10-17\"}",
            "policy_id": "ANPAVRUVWMDOPP2XOS3EY",
            "tags": {
              "Terraform": "true"
            },
            "tags_all": {
              "Project": "Pokemon Master",
              "Terraform": "true"
            }
          },
          "sensitive_attributes": [],
          "private": "bnVsbA==",
          "dependencies": [
            "data.aws_caller_identity.this",
            "module.list_pokemons_lambda.data.aws_iam_policy_document.additional_inline",
            "random_string.this"
          ],
          "create_before_destroy": true
        }
      ]
    },
    {
      "module": "module.list_pokemons_lambda",
      "mode": "managed",
      "type": "aws_iam_policy",
      "name": "logs",
      "provider": "provider[\"registry.terraform.io/hashicorp/aws\"]",
      "instances": [
        {
          "index_key": 0,
          "schema_version": 0,
          "attributes": {
            "arn": "arn:aws:iam::381492289756:policy/list_pokemons-3jyb-logs",
            "attachment_count": 1,
            "description": "",
            "id": "arn:aws:iam::381492289756:policy/list_pokemons-3jyb-logs",
            "name": "list_pokemons-3jyb-logs",
            "name_prefix": "",
            "path": "/",
            "policy": "{\"Statement\":[{\"Action\":[\"logs:PutLogEvents\",\"logs:CreateLogStream\",\"logs:CreateLogGroup\"],\"Effect\":\"Allow\",\"Resource\":[\"arn:aws:logs:ap-northeast-1:381492289756:log-group:/aws/lambda/list_pokemons-3jyb:*:*\",\"arn:aws:logs:ap-northeast-1:381492289756:log-group:/aws/lambda/list_pokemons-3jyb:*\"]}],\"Version\":\"2012-10-17\"}",
            "policy_id": "ANPAVRUVWMDOIFFK3WUOE",
            "tags": {
              "Terraform": "true"
            },
            "tags_all": {
              "Project": "Pokemon Master",
              "Terraform": "true"
            }
          },
          "sensitive_attributes": [],
          "private": "bnVsbA==",
          "dependencies": [
            "module.list_pokemons_lambda.aws_cloudwatch_log_group.lambda",
            "module.list_pokemons_lambda.data.aws_arn.log_group_arn",
            "module.list_pokemons_lambda.data.aws_cloudwatch_log_group.lambda",
            "module.list_pokemons_lambda.data.aws_iam_policy_document.logs",
            "random_string.this"
          ],
          "create_before_destroy": true
        }
      ]
    },
    {
      "module": "module.list_pokemons_lambda",
      "mode": "managed",
      "type": "aws_iam_role",
      "name": "lambda",
      "provider": "provider[\"registry.terraform.io/hashicorp/aws\"]",
      "instances": [
        {
          "index_key": 0,
          "schema_version": 0,
          "attributes": {
            "arn": "arn:aws:iam::381492289756:role/list_pokemons-3jyb",
            "assume_role_policy": "{\"Statement\":[{\"Action\":\"sts:AssumeRole\",\"Effect\":\"Allow\",\"Principal\":{\"Service\":\"lambda.amazonaws.com\"}}],\"Version\":\"2012-10-17\"}",
            "create_date": "2025-01-19T13:27:00Z",
            "description": "",
            "force_detach_policies": true,
            "id": "list_pokemons-3jyb",
            "inline_policy": [],
            "managed_policy_arns": [
              "arn:aws:iam::381492289756:policy/list_pokemons-3jyb-inline",
              "arn:aws:iam::381492289756:policy/list_pokemons-3jyb-logs"
            ],
            "max_session_duration": 3600,
            "name": "list_pokemons-3jyb",
            "name_prefix": "",
            "path": "/",
            "permissions_boundary": "",
            "tags": {
              "Terraform": "true"
            },
            "tags_all": {
              "Project": "Pokemon Master",
              "Terraform": "true"
            },
            "unique_id": "AROAVRUVWMDOKWI33MML2"
          },
          "sensitive_attributes": [],
          "private": "bnVsbA==",
          "dependencies": [
            "module.list_pokemons_lambda.data.aws_iam_policy_document.assume_role",
            "random_string.this"
          ],
          "create_before_destroy": true
        }
      ]
    },
    {
      "module": "module.list_pokemons_lambda",
      "mode": "managed",
      "type": "aws_iam_role_policy_attachment",
      "name": "additional_inline",
      "provider": "provider[\"registry.terraform.io/hashicorp/aws\"]",
      "instances": [
        {
          "index_key": 0,
          "schema_version": 0,
          "attributes": {
            "id": "list_pokemons-3jyb-20250119132701826400000002",
            "policy_arn": "arn:aws:iam::381492289756:policy/list_pokemons-3jyb-inline",
            "role": "list_pokemons-3jyb"
          },
          "sensitive_attributes": [],
          "private": "bnVsbA==",
          "dependencies": [
            "data.aws_caller_identity.this",
            "module.list_pokemons_lambda.aws_iam_policy.additional_inline",
            "module.list_pokemons_lambda.aws_iam_role.lambda",
            "module.list_pokemons_lambda.data.aws_iam_policy_document.additional_inline",
            "module.list_pokemons_lambda.data.aws_iam_policy_document.assume_role",
            "random_string.this"
          ],
          "create_before_destroy": true
        }
      ]
    },
    {
      "module": "module.list_pokemons_lambda",
      "mode": "managed",
      "type": "aws_iam_role_policy_attachment",
      "name": "logs",
      "provider": "provider[\"registry.terraform.io/hashicorp/aws\"]",
      "instances": [
        {
          "index_key": 0,
          "schema_version": 0,
          "attributes": {
            "id": "list_pokemons-3jyb-20250119132701819000000001",
            "policy_arn": "arn:aws:iam::381492289756:policy/list_pokemons-3jyb-logs",
            "role": "list_pokemons-3jyb"
          },
          "sensitive_attributes": [],
          "private": "bnVsbA==",
          "dependencies": [
            "module.list_pokemons_lambda.aws_cloudwatch_log_group.lambda",
            "module.list_pokemons_lambda.aws_iam_policy.logs",
            "module.list_pokemons_lambda.aws_iam_role.lambda",
            "module.list_pokemons_lambda.data.aws_arn.log_group_arn",
            "module.list_pokemons_lambda.data.aws_cloudwatch_log_group.lambda",
            "module.list_pokemons_lambda.data.aws_iam_policy_document.assume_role",
            "module.list_pokemons_lambda.data.aws_iam_policy_document.logs",
            "random_string.this"
          ],
          "create_before_destroy": true
        }
      ]
    },
    {
      "module": "module.list_pokemons_lambda",
      "mode": "managed",
      "type": "aws_lambda_function",
      "name": "this",
      "provider": "provider[\"registry.terraform.io/hashicorp/aws\"]",
      "instances": [
        {
          "index_key": 0,
          "schema_version": 0,
          "attributes": {
            "architectures": [
              "arm64"
            ],
            "arn": "arn:aws:lambda:ap-northeast-1:381492289756:function:list_pokemons-3jyb",
            "code_sha256": "b22ac2dc3e909a33b9888b4b1153154aad195ee52a668ddccebf45f2c3ba62b7",
            "code_signing_config_arn": "",
            "dead_letter_config": [],
            "description": "Pokemon Master: GET /pokemons ",
            "environment": [
              {
                "variables": {
                  "DYNAMODB_TABLE": "pokemon_table"
                }
              }
            ],
            "ephemeral_storage": [
              {
                "size": 512
              }
            ],
            "file_system_config": [],
            "filename": null,
            "function_name": "list_pokemons-3jyb",
            "handler": "",
            "id": "list_pokemons-3jyb",
            "image_config": [],
            "image_uri": "381492289756.dkr.ecr.ap-northeast-1.amazonaws.com/list_pokemons-3jyb@sha256:b22ac2dc3e909a33b9888b4b1153154aad195ee52a668ddccebf45f2c3ba62b7",
            "invoke_arn": "arn:aws:apigateway:ap-northeast-1:lambda:path/2015-03-31/functions/arn:aws:lambda:ap-northeast-1:381492289756:function:list_pokemons-3jyb/invocations",
            "kms_key_arn": "",
            "last_modified": "2025-01-23T11:12:55.000+0000",
            "layers": [],
            "logging_config": [
              {
                "application_log_level": "",
                "log_format": "Text",
                "log_group": "/aws/lambda/list_pokemons-3jyb",
                "system_log_level": ""
              }
            ],
            "memory_size": 128,
            "package_type": "Image",
            "publish": true,
            "qualified_arn": "arn:aws:lambda:ap-northeast-1:381492289756:function:list_pokemons-3jyb:3",
            "qualified_invoke_arn": "arn:aws:apigateway:ap-northeast-1:lambda:path/2015-03-31/functions/arn:aws:lambda:ap-northeast-1:381492289756:function:list_pokemons-3jyb:3/invocations",
            "replace_security_groups_on_destroy": null,
            "replacement_security_group_ids": null,
            "reserved_concurrent_executions": -1,
            "role": "arn:aws:iam::381492289756:role/list_pokemons-3jyb",
            "runtime": "",
            "s3_bucket": null,
            "s3_key": null,
            "s3_object_version": null,
            "signing_job_arn": "",
            "signing_profile_version_arn": "",
            "skip_destroy": false,
            "snap_start": [],
            "source_code_hash": "",
            "source_code_size": 0,
            "tags": {
              "Terraform": "true",
              "terraform-aws-modules": "lambda"
            },
            "tags_all": {
              "Project": "Pokemon Master",
              "Terraform": "true",
              "terraform-aws-modules": "lambda"
            },
            "timeout": 30,
            "timeouts": null,
            "tracing_config": [
              {
                "mode": "PassThrough"
              }
            ],
            "version": "3",
            "vpc_config": []
          },
          "sensitive_attributes": [],
          "private": "eyJlMmJmYjczMC1lY2FhLTExZTYtOGY4OC0zNDM2M2JjN2M0YzAiOnsiY3JlYXRlIjo2MDAwMDAwMDAwMDAsImRlbGV0ZSI6NjAwMDAwMDAwMDAwLCJ1cGRhdGUiOjYwMDAwMDAwMDAwMH19",
          "dependencies": [
            "data.aws_caller_identity.this",
            "data.aws_ecr_authorization_token.token",
            "module.list_pokemons_docker_image.aws_ecr_repository.this",
            "module.list_pokemons_docker_image.data.aws_caller_identity.this",
            "module.list_pokemons_docker_image.data.aws_region.current",
            "module.list_pokemons_docker_image.docker_image.this",
            "module.list_pokemons_docker_image.docker_registry_image.this",
            "module.list_pokemons_lambda.aws_cloudwatch_log_group.lambda",
            "module.list_pokemons_lambda.aws_iam_policy.additional_inline",
            "module.list_pokemons_lambda.aws_iam_policy.additional_json",
            "module.list_pokemons_lambda.aws_iam_policy.additional_jsons",
            "module.list_pokemons_lambda.aws_iam_policy.async",
            "module.list_pokemons_lambda.aws_iam_policy.dead_letter",
            "module.list_pokemons_lambda.aws_iam_policy.logs",
            "module.list_pokemons_lambda.aws_iam_policy.tracing",
            "module.list_pokemons_lambda.aws_iam_policy.vpc",
            "module.list_pokemons_lambda.aws_iam_role.lambda",
            "module.list_pokemons_lambda.aws_iam_role_policy_attachment.additional_inline",
            "module.list_pokemons_lambda.aws_iam_role_policy_attachment.additional_json",
            "module.list_pokemons_lambda.aws_iam_role_policy_attachment.additional_jsons",
            "module.list_pokemons_lambda.aws_iam_role_policy_attachment.additional_many",
            "module.list_pokemons_lambda.aws_iam_role_policy_attachment.additional_one",
            "module.list_pokemons_lambda.aws_iam_role_policy_attachment.async",
            "module.list_pokemons_lambda.aws_iam_role_policy_attachment.dead_letter",
            "module.list_pokemons_lambda.aws_iam_role_policy_attachment.logs",
            "module.list_pokemons_lambda.aws_iam_role_policy_attachment.tracing",
            "module.list_pokemons_lambda.aws_iam_role_policy_attachment.vpc",
            "module.list_pokemons_lambda.aws_s3_object.lambda_package",
            "module.list_pokemons_lambda.data.aws_arn.log_group_arn",
            "module.list_pokemons_lambda.data.aws_cloudwatch_log_group.lambda",
            "module.list_pokemons_lambda.data.aws_iam_policy.tracing",
            "module.list_pokemons_lambda.data.aws_iam_policy.vpc",
            "module.list_pokemons_lambda.data.aws_iam_policy_document.additional_inline",
            "module.list_pokemons_lambda.data.aws_iam_policy_document.assume_role",
            "module.list_pokemons_lambda.data.aws_iam_policy_document.async",
            "module.list_pokemons_lambda.data.aws_iam_policy_document.dead_letter",
            "module.list_pokemons_lambda.data.aws_iam_policy_document.logs",
            "module.list_pokemons_lambda.data.aws_partition.current",
            "module.list_pokemons_lambda.data.external.archive_prepare",
            "module.list_pokemons_lambda.local_file.archive_plan",
            "module.list_pokemons_lambda.null_resource.archive",
            "random_string.this"
          ],
          "create_before_destroy": true
        }
      ]
    },
    {
      "module": "module.list_pokemons_lambda",
      "mode": "managed",
      "type": "aws_lambda_permission",
      "name": "current_version_triggers",
      "provider": "provider[\"registry.terraform.io/hashicorp/aws\"]",
      "instances": [
        {
          "index_key": "AllowExecutionFromAPIGateway",
          "schema_version": 0,
          "attributes": {
            "action": "lambda:InvokeFunction",
            "event_source_token": null,
            "function_name": "list_pokemons-3jyb",
            "function_url_auth_type": null,
            "id": "AllowExecutionFromAPIGateway20250123111315094700000002",
            "principal": "apigateway.amazonaws.com",
            "principal_org_id": null,
            "qualifier": "3",
            "source_account": null,
            "source_arn": "arn:aws:execute-api:ap-northeast-1:381492289756:nmrvguqda2/*/*",
            "statement_id": "AllowExecutionFromAPIGateway20250123111315094700000002",
            "statement_id_prefix": "AllowExecutionFromAPIGateway"
          },
          "sensitive_attributes": [],
          "private": "bnVsbA==",
          "dependencies": [
            "data.aws_caller_identity.this",
            "data.aws_ecr_authorization_token.token",
            "module.api_gateway.aws_apigatewayv2_api.this",
            "module.list_pokemons_docker_image.aws_ecr_repository.this",
            "module.list_pokemons_docker_image.data.aws_caller_identity.this",
            "module.list_pokemons_docker_image.data.aws_region.current",
            "module.list_pokemons_docker_image.docker_image.this",
            "module.list_pokemons_docker_image.docker_registry_image.this",
            "module.list_pokemons_lambda.aws_cloudwatch_log_group.lambda",
            "module.list_pokemons_lambda.aws_iam_policy.additional_inline",
            "module.list_pokemons_lambda.aws_iam_policy.additional_json",
            "module.list_pokemons_lambda.aws_iam_policy.additional_jsons",
            "module.list_pokemons_lambda.aws_iam_policy.async",
            "module.list_pokemons_lambda.aws_iam_policy.dead_letter",
            "module.list_pokemons_lambda.aws_iam_policy.logs",
            "module.list_pokemons_lambda.aws_iam_policy.tracing",
            "module.list_pokemons_lambda.aws_iam_policy.vpc",
            "module.list_pokemons_lambda.aws_iam_role.lambda",
            "module.list_pokemons_lambda.aws_iam_role_policy_attachment.additional_inline",
            "module.list_pokemons_lambda.aws_iam_role_policy_attachment.additional_json",
            "module.list_pokemons_lambda.aws_iam_role_policy_attachment.additional_jsons",
            "module.list_pokemons_lambda.aws_iam_role_policy_attachment.additional_many",
            "module.list_pokemons_lambda.aws_iam_role_policy_attachment.additional_one",
            "module.list_pokemons_lambda.aws_iam_role_policy_attachment.async",
            "module.list_pokemons_lambda.aws_iam_role_policy_attachment.dead_letter",
            "module.list_pokemons_lambda.aws_iam_role_policy_attachment.logs",
            "module.list_pokemons_lambda.aws_iam_role_policy_attachment.tracing",
            "module.list_pokemons_lambda.aws_iam_role_policy_attachment.vpc",
            "module.list_pokemons_lambda.aws_lambda_function.this",
            "module.list_pokemons_lambda.aws_s3_object.lambda_package",
            "module.list_pokemons_lambda.data.aws_arn.log_group_arn",
            "module.list_pokemons_lambda.data.aws_cloudwatch_log_group.lambda",
            "module.list_pokemons_lambda.data.aws_iam_policy.tracing",
            "module.list_pokemons_lambda.data.aws_iam_policy.vpc",
            "module.list_pokemons_lambda.data.aws_iam_policy_document.additional_inline",
            "module.list_pokemons_lambda.data.aws_iam_policy_document.assume_role",
            "module.list_pokemons_lambda.data.aws_iam_policy_document.async",
            "module.list_pokemons_lambda.data.aws_iam_policy_document.dead_letter",
            "module.list_pokemons_lambda.data.aws_iam_policy_document.logs",
            "module.list_pokemons_lambda.data.aws_partition.current",
            "module.list_pokemons_lambda.data.external.archive_prepare",
            "module.list_pokemons_lambda.local_file.archive_plan",
            "module.list_pokemons_lambda.null_resource.archive",
            "random_string.this"
          ],
          "create_before_destroy": true
        }
      ]
    },
    {
      "module": "module.list_pokemons_lambda",
      "mode": "managed",
      "type": "aws_lambda_permission",
      "name": "unqualified_alias_triggers",
      "provider": "provider[\"registry.terraform.io/hashicorp/aws\"]",
      "instances": [
        {
          "index_key": "AllowExecutionFromAPIGateway",
          "schema_version": 0,
          "attributes": {
            "action": "lambda:InvokeFunction",
            "event_source_token": null,
            "function_name": "list_pokemons-3jyb",
            "function_url_auth_type": null,
            "id": "AllowExecutionFromAPIGateway20250119132806571300000003",
            "principal": "apigateway.amazonaws.com",
            "principal_org_id": null,
            "qualifier": "",
            "source_account": null,
            "source_arn": "arn:aws:execute-api:ap-northeast-1:381492289756:nmrvguqda2/*/*",
            "statement_id": "AllowExecutionFromAPIGateway20250119132806571300000003",
            "statement_id_prefix": "AllowExecutionFromAPIGateway"
          },
          "sensitive_attributes": [],
          "private": "bnVsbA==",
          "dependencies": [
            "data.aws_caller_identity.this",
            "data.aws_ecr_authorization_token.token",
            "module.api_gateway.aws_apigatewayv2_api.this",
            "module.list_pokemons_docker_image.aws_ecr_repository.this",
            "module.list_pokemons_docker_image.data.aws_caller_identity.this",
            "module.list_pokemons_docker_image.data.aws_region.current",
            "module.list_pokemons_docker_image.docker_image.this",
            "module.list_pokemons_docker_image.docker_registry_image.this",
            "module.list_pokemons_lambda.aws_cloudwatch_log_group.lambda",
            "module.list_pokemons_lambda.aws_iam_policy.additional_inline",
            "module.list_pokemons_lambda.aws_iam_policy.additional_json",
            "module.list_pokemons_lambda.aws_iam_policy.additional_jsons",
            "module.list_pokemons_lambda.aws_iam_policy.async",
            "module.list_pokemons_lambda.aws_iam_policy.dead_letter",
            "module.list_pokemons_lambda.aws_iam_policy.logs",
            "module.list_pokemons_lambda.aws_iam_policy.tracing",
            "module.list_pokemons_lambda.aws_iam_policy.vpc",
            "module.list_pokemons_lambda.aws_iam_role.lambda",
            "module.list_pokemons_lambda.aws_iam_role_policy_attachment.additional_inline",
            "module.list_pokemons_lambda.aws_iam_role_policy_attachment.additional_json",
            "module.list_pokemons_lambda.aws_iam_role_policy_attachment.additional_jsons",
            "module.list_pokemons_lambda.aws_iam_role_policy_attachment.additional_many",
            "module.list_pokemons_lambda.aws_iam_role_policy_attachment.additional_one",
            "module.list_pokemons_lambda.aws_iam_role_policy_attachment.async",
            "module.list_pokemons_lambda.aws_iam_role_policy_attachment.dead_letter",
            "module.list_pokemons_lambda.aws_iam_role_policy_attachment.logs",
            "module.list_pokemons_lambda.aws_iam_role_policy_attachment.tracing",
            "module.list_pokemons_lambda.aws_iam_role_policy_attachment.vpc",
            "module.list_pokemons_lambda.aws_lambda_function.this",
            "module.list_pokemons_lambda.aws_s3_object.lambda_package",
            "module.list_pokemons_lambda.data.aws_arn.log_group_arn",
            "module.list_pokemons_lambda.data.aws_cloudwatch_log_group.lambda",
            "module.list_pokemons_lambda.data.aws_iam_policy.tracing",
            "module.list_pokemons_lambda.data.aws_iam_policy.vpc",
            "module.list_pokemons_lambda.data.aws_iam_policy_document.additional_inline",
            "module.list_pokemons_lambda.data.aws_iam_policy_document.assume_role",
            "module.list_pokemons_lambda.data.aws_iam_policy_document.async",
            "module.list_pokemons_lambda.data.aws_iam_policy_document.dead_letter",
            "module.list_pokemons_lambda.data.aws_iam_policy_document.logs",
            "module.list_pokemons_lambda.data.aws_partition.current",
            "module.list_pokemons_lambda.data.external.archive_prepare",
            "module.list_pokemons_lambda.local_file.archive_plan",
            "module.list_pokemons_lambda.null_resource.archive",
            "random_string.this"
          ],
          "create_before_destroy": true
        }
      ]
    },
    {
      "module": "module.search_pokemon_docker_image",
      "mode": "data",
      "type": "aws_caller_identity",
      "name": "this",
      "provider": "provider[\"registry.terraform.io/hashicorp/aws\"]",
      "instances": [
        {
          "schema_version": 0,
          "attributes": {
            "account_id": "381492289756",
            "arn": "arn:aws:iam::381492289756:user/cch1006Admin",
            "id": "381492289756",
            "user_id": "AIDAVRUVWMDOLHIFZHZFA"
          },
          "sensitive_attributes": []
        }
      ]
    },
    {
      "module": "module.search_pokemon_docker_image",
      "mode": "data",
      "type": "aws_region",
      "name": "current",
      "provider": "provider[\"registry.terraform.io/hashicorp/aws\"]",
      "instances": [
        {
          "schema_version": 0,
          "attributes": {
            "description": "Asia Pacific (Tokyo)",
            "endpoint": "ec2.ap-northeast-1.amazonaws.com",
            "id": "ap-northeast-1",
            "name": "ap-northeast-1"
          },
          "sensitive_attributes": []
        }
      ]
    },
    {
      "module": "module.search_pokemon_docker_image",
      "mode": "managed",
      "type": "aws_ecr_lifecycle_policy",
      "name": "this",
      "provider": "provider[\"registry.terraform.io/hashicorp/aws\"]",
      "instances": [
        {
          "index_key": 0,
          "schema_version": 0,
          "attributes": {
            "id": "search_pokemon-3jyb",
            "policy": "{\"rules\":[{\"action\":{\"type\":\"expire\"},\"description\":\"Keep only the last 10 images\",\"rulePriority\":1,\"selection\":{\"countNumber\":10,\"countType\":\"imageCountMoreThan\",\"tagStatus\":\"any\"}}]}",
            "registry_id": "381492289756",
            "repository": "search_pokemon-3jyb"
          },
          "sensitive_attributes": [],
          "private": "bnVsbA==",
          "dependencies": [
            "module.search_pokemon_docker_image.aws_ecr_repository.this",
            "random_string.this"
          ]
        }
      ]
    },
    {
      "module": "module.search_pokemon_docker_image",
      "mode": "managed",
      "type": "aws_ecr_repository",
      "name": "this",
      "provider": "provider[\"registry.terraform.io/hashicorp/aws\"]",
      "instances": [
        {
          "index_key": 0,
          "schema_version": 0,
          "attributes": {
            "arn": "arn:aws:ecr:ap-northeast-1:381492289756:repository/search_pokemon-3jyb",
            "encryption_configuration": [
              {
                "encryption_type": "AES256",
                "kms_key": ""
              }
            ],
            "force_delete": true,
            "id": "search_pokemon-3jyb",
            "image_scanning_configuration": [
              {
                "scan_on_push": false
              }
            ],
            "image_tag_mutability": "MUTABLE",
            "name": "search_pokemon-3jyb",
            "registry_id": "381492289756",
            "repository_url": "381492289756.dkr.ecr.ap-northeast-1.amazonaws.com/search_pokemon-3jyb",
            "tags": {},
            "tags_all": {
              "Project": "Pokemon Master",
              "Terraform": "true"
            },
            "timeouts": null
          },
          "sensitive_attributes": [],
          "private": "eyJlMmJmYjczMC1lY2FhLTExZTYtOGY4OC0zNDM2M2JjN2M0YzAiOnsiZGVsZXRlIjoxMjAwMDAwMDAwMDAwfX0=",
          "dependencies": [
            "random_string.this"
          ],
          "create_before_destroy": true
        }
      ]
    },
    {
      "module": "module.search_pokemon_docker_image",
      "mode": "managed",
      "type": "docker_image",
      "name": "this",
      "provider": "provider[\"registry.terraform.io/kreuzwerker/docker\"]",
      "instances": [
        {
          "schema_version": 0,
          "attributes": {
            "build": [
              {
                "auth_config": [],
                "build_arg": null,
                "build_args": null,
                "build_id": "",
                "cache_from": [],
                "cgroup_parent": "",
                "context": "./../search_pokemon/",
                "cpu_period": null,
                "cpu_quota": null,
                "cpu_set_cpus": "",
                "cpu_set_mems": "",
                "cpu_shares": null,
                "dockerfile": "Dockerfile",
                "extra_hosts": [],
                "force_remove": null,
                "isolation": "",
                "label": null,
                "labels": null,
                "memory": null,
                "memory_swap": null,
                "network_mode": "",
                "no_cache": null,
                "platform": "",
                "pull_parent": null,
                "remote_context": "",
                "remove": true,
                "security_opt": [],
                "session_id": "",
                "shm_size": null,
                "squash": null,
                "suppress_output": null,
                "tag": [],
                "target": "",
                "ulimit": [],
                "version": ""
              }
            ],
            "force_remove": false,
            "id": "sha256:6e81b06dd4124b664bd4e4cfeb2174e19c64f98493ef13ae5c29f506e06b77f6381492289756.dkr.ecr.ap-northeast-1.amazonaws.com/search_pokemon-3jyb",
            "image_id": "sha256:6e81b06dd4124b664bd4e4cfeb2174e19c64f98493ef13ae5c29f506e06b77f6",
            "keep_locally": false,
            "name": "381492289756.dkr.ecr.ap-northeast-1.amazonaws.com/search_pokemon-3jyb",
            "platform": null,
            "pull_triggers": null,
            "repo_digest": "",
            "triggers": {
              "dir_sha": "63e80b3e789b0ca71589cacb4f2d81a1e0b107f1"
            }
          },
          "sensitive_attributes": [],
          "private": "bnVsbA==",
          "dependencies": [
            "data.aws_caller_identity.this",
            "data.aws_ecr_authorization_token.token",
            "module.search_pokemon_docker_image.aws_ecr_repository.this",
            "module.search_pokemon_docker_image.data.aws_caller_identity.this",
            "module.search_pokemon_docker_image.data.aws_region.current",
            "random_string.this"
          ],
          "create_before_destroy": true
        }
      ]
    },
    {
      "module": "module.search_pokemon_docker_image",
      "mode": "managed",
      "type": "docker_registry_image",
      "name": "this",
      "provider": "provider[\"registry.terraform.io/kreuzwerker/docker\"]",
      "instances": [
        {
          "schema_version": 0,
          "attributes": {
            "id": "sha256:ea161bd5a417349ebb4d53a78e1fc2214d55ef1f09c86d89ad6ac0bd96576778",
            "insecure_skip_verify": false,
            "keep_remotely": true,
            "name": "381492289756.dkr.ecr.ap-northeast-1.amazonaws.com/search_pokemon-3jyb",
            "sha256_digest": "sha256:ea161bd5a417349ebb4d53a78e1fc2214d55ef1f09c86d89ad6ac0bd96576778",
            "triggers": {
              "dir_sha": "63e80b3e789b0ca71589cacb4f2d81a1e0b107f1"
            }
          },
          "sensitive_attributes": [],
          "private": "bnVsbA==",
          "dependencies": [
            "data.aws_caller_identity.this",
            "data.aws_ecr_authorization_token.token",
            "module.search_pokemon_docker_image.aws_ecr_repository.this",
            "module.search_pokemon_docker_image.data.aws_caller_identity.this",
            "module.search_pokemon_docker_image.data.aws_region.current",
            "module.search_pokemon_docker_image.docker_image.this",
            "random_string.this"
          ],
          "create_before_destroy": true
        }
      ]
    },
    {
      "module": "module.search_pokemon_lambda",
      "mode": "data",
      "type": "aws_caller_identity",
      "name": "current",
      "provider": "provider[\"registry.terraform.io/hashicorp/aws\"]",
      "instances": [
        {
          "schema_version": 0,
          "attributes": {
            "account_id": "381492289756",
            "arn": "arn:aws:iam::381492289756:user/cch1006Admin",
            "id": "381492289756",
            "user_id": "AIDAVRUVWMDOLHIFZHZFA"
          },
          "sensitive_attributes": []
        }
      ]
    },
    {
      "module": "module.search_pokemon_lambda",
      "mode": "data",
      "type": "aws_iam_policy_document",
      "name": "additional_inline",
      "provider": "provider[\"registry.terraform.io/hashicorp/aws\"]",
      "instances": [
        {
          "index_key": 0,
          "schema_version": 0,
          "attributes": {
            "id": "180282574",
            "json": "{\n  \"Version\": \"2012-10-17\",\n  \"Statement\": [\n    {\n      \"Sid\": \"dynamodbcrud\",\n      \"Effect\": \"Allow\",\n      \"Action\": [\n        \"dynamodb:UpdateItem\",\n        \"dynamodb:Scan\",\n        \"dynamodb:Query\",\n        \"dynamodb:PutItem\",\n        \"dynamodb:GetItem\",\n        \"dynamodb:DeleteItem\",\n        \"dynamodb:BatchWriteItem\",\n        \"dynamodb:BatchGetItem\"\n      ],\n      \"Resource\": \"arn:aws:dynamodb:ap-northeast-1:381492289756:table/pokemon_table\"\n    }\n  ]\n}",
            "minified_json": "{\"Version\":\"2012-10-17\",\"Statement\":[{\"Sid\":\"dynamodbcrud\",\"Effect\":\"Allow\",\"Action\":[\"dynamodb:UpdateItem\",\"dynamodb:Scan\",\"dynamodb:Query\",\"dynamodb:PutItem\",\"dynamodb:GetItem\",\"dynamodb:DeleteItem\",\"dynamodb:BatchWriteItem\",\"dynamodb:BatchGetItem\"],\"Resource\":\"arn:aws:dynamodb:ap-northeast-1:381492289756:table/pokemon_table\"}]}",
            "override_json": null,
            "override_policy_documents": null,
            "policy_id": null,
            "source_json": null,
            "source_policy_documents": null,
            "statement": [
              {
                "actions": [
                  "dynamodb:BatchGetItem",
                  "dynamodb:BatchWriteItem",
                  "dynamodb:DeleteItem",
                  "dynamodb:GetItem",
                  "dynamodb:PutItem",
                  "dynamodb:Query",
                  "dynamodb:Scan",
                  "dynamodb:UpdateItem"
                ],
                "condition": [],
                "effect": "Allow",
                "not_actions": [],
                "not_principals": [],
                "not_resources": [],
                "principals": [],
                "resources": [
                  "arn:aws:dynamodb:ap-northeast-1:381492289756:table/pokemon_table"
                ],
                "sid": "dynamodbcrud"
              }
            ],
            "version": "2012-10-17"
          },
          "sensitive_attributes": []
        }
      ]
    },
    {
      "module": "module.search_pokemon_lambda",
      "mode": "data",
      "type": "aws_iam_policy_document",
      "name": "assume_role",
      "provider": "provider[\"registry.terraform.io/hashicorp/aws\"]",
      "instances": [
        {
          "index_key": 0,
          "schema_version": 0,
          "attributes": {
            "id": "2690255455",
            "json": "{\n  \"Version\": \"2012-10-17\",\n  \"Statement\": [\n    {\n      \"Effect\": \"Allow\",\n      \"Action\": \"sts:AssumeRole\",\n      \"Principal\": {\n        \"Service\": \"lambda.amazonaws.com\"\n      }\n    }\n  ]\n}",
            "minified_json": "{\"Version\":\"2012-10-17\",\"Statement\":[{\"Effect\":\"Allow\",\"Action\":\"sts:AssumeRole\",\"Principal\":{\"Service\":\"lambda.amazonaws.com\"}}]}",
            "override_json": null,
            "override_policy_documents": null,
            "policy_id": null,
            "source_json": null,
            "source_policy_documents": null,
            "statement": [
              {
                "actions": [
                  "sts:AssumeRole"
                ],
                "condition": [],
                "effect": "Allow",
                "not_actions": [],
                "not_principals": [],
                "not_resources": [],
                "principals": [
                  {
                    "identifiers": [
                      "lambda.amazonaws.com"
                    ],
                    "type": "Service"
                  }
                ],
                "resources": [],
                "sid": ""
              }
            ],
            "version": "2012-10-17"
          },
          "sensitive_attributes": []
        }
      ]
    },
    {
      "module": "module.search_pokemon_lambda",
      "mode": "data",
      "type": "aws_iam_policy_document",
      "name": "logs",
      "provider": "provider[\"registry.terraform.io/hashicorp/aws\"]",
      "instances": [
        {
          "index_key": 0,
          "schema_version": 0,
          "attributes": {
            "id": "1240780268",
            "json": "{\n  \"Version\": \"2012-10-17\",\n  \"Statement\": [\n    {\n      \"Effect\": \"Allow\",\n      \"Action\": [\n        \"logs:PutLogEvents\",\n        \"logs:CreateLogStream\",\n        \"logs:CreateLogGroup\"\n      ],\n      \"Resource\": [\n        \"arn:aws:logs:ap-northeast-1:381492289756:log-group:/aws/lambda/search_pokemon-3jyb:*:*\",\n        \"arn:aws:logs:ap-northeast-1:381492289756:log-group:/aws/lambda/search_pokemon-3jyb:*\"\n      ]\n    }\n  ]\n}",
            "minified_json": "{\"Version\":\"2012-10-17\",\"Statement\":[{\"Effect\":\"Allow\",\"Action\":[\"logs:PutLogEvents\",\"logs:CreateLogStream\",\"logs:CreateLogGroup\"],\"Resource\":[\"arn:aws:logs:ap-northeast-1:381492289756:log-group:/aws/lambda/search_pokemon-3jyb:*:*\",\"arn:aws:logs:ap-northeast-1:381492289756:log-group:/aws/lambda/search_pokemon-3jyb:*\"]}]}",
            "override_json": null,
            "override_policy_documents": null,
            "policy_id": null,
            "source_json": null,
            "source_policy_documents": null,
            "statement": [
              {
                "actions": [
                  "logs:CreateLogGroup",
                  "logs:CreateLogStream",
                  "logs:PutLogEvents"
                ],
                "condition": [],
                "effect": "Allow",
                "not_actions": [],
                "not_principals": [],
                "not_resources": [],
                "principals": [],
                "resources": [
                  "arn:aws:logs:ap-northeast-1:381492289756:log-group:/aws/lambda/search_pokemon-3jyb:*",
                  "arn:aws:logs:ap-northeast-1:381492289756:log-group:/aws/lambda/search_pokemon-3jyb:*:*"
                ],
                "sid": ""
              }
            ],
            "version": "2012-10-17"
          },
          "sensitive_attributes": []
        }
      ]
    },
    {
      "module": "module.search_pokemon_lambda",
      "mode": "data",
      "type": "aws_partition",
      "name": "current",
      "provider": "provider[\"registry.terraform.io/hashicorp/aws\"]",
      "instances": [
        {
          "schema_version": 0,
          "attributes": {
            "dns_suffix": "amazonaws.com",
            "id": "aws",
            "partition": "aws",
            "reverse_dns_prefix": "com.amazonaws"
          },
          "sensitive_attributes": []
        }
      ]
    },
    {
      "module": "module.search_pokemon_lambda",
      "mode": "data",
      "type": "aws_region",
      "name": "current",
      "provider": "provider[\"registry.terraform.io/hashicorp/aws\"]",
      "instances": [
        {
          "schema_version": 0,
          "attributes": {
            "description": "Asia Pacific (Tokyo)",
            "endpoint": "ec2.ap-northeast-1.amazonaws.com",
            "id": "ap-northeast-1",
            "name": "ap-northeast-1"
          },
          "sensitive_attributes": []
        }
      ]
    },
    {
      "module": "module.search_pokemon_lambda",
      "mode": "managed",
      "type": "aws_cloudwatch_log_group",
      "name": "lambda",
      "provider": "provider[\"registry.terraform.io/hashicorp/aws\"]",
      "instances": [
        {
          "index_key": 0,
          "schema_version": 0,
          "attributes": {
            "arn": "arn:aws:logs:ap-northeast-1:381492289756:log-group:/aws/lambda/search_pokemon-3jyb",
            "id": "/aws/lambda/search_pokemon-3jyb",
            "kms_key_id": "",
            "log_group_class": "STANDARD",
            "name": "/aws/lambda/search_pokemon-3jyb",
            "name_prefix": "",
            "retention_in_days": 0,
            "skip_destroy": false,
            "tags": {
              "Terraform": "true"
            },
            "tags_all": {
              "Project": "Pokemon Master",
              "Terraform": "true"
            }
          },
          "sensitive_attributes": [],
          "private": "bnVsbA==",
          "dependencies": [
            "random_string.this"
          ],
          "create_before_destroy": true
        }
      ]
    },
    {
      "module": "module.search_pokemon_lambda",
      "mode": "managed",
      "type": "aws_iam_policy",
      "name": "additional_inline",
      "provider": "provider[\"registry.terraform.io/hashicorp/aws\"]",
      "instances": [
        {
          "index_key": 0,
          "schema_version": 0,
          "attributes": {
            "arn": "arn:aws:iam::381492289756:policy/search_pokemon-3jyb-inline",
            "attachment_count": 1,
            "description": "",
            "id": "arn:aws:iam::381492289756:policy/search_pokemon-3jyb-inline",
            "name": "search_pokemon-3jyb-inline",
            "name_prefix": "",
            "path": "/",
            "policy": "{\"Statement\":[{\"Action\":[\"dynamodb:UpdateItem\",\"dynamodb:Scan\",\"dynamodb:Query\",\"dynamodb:PutItem\",\"dynamodb:GetItem\",\"dynamodb:DeleteItem\",\"dynamodb:BatchWriteItem\",\"dynamodb:BatchGetItem\"],\"Effect\":\"Allow\",\"Resource\":\"arn:aws:dynamodb:ap-northeast-1:381492289756:table/pokemon_table\",\"Sid\":\"dynamodbcrud\"}],\"Version\":\"2012-10-17\"}",
            "policy_id": "ANPAVRUVWMDONX6TTOLG3",
            "tags": {
              "Terraform": "true"
            },
            "tags_all": {
              "Project": "Pokemon Master",
              "Terraform": "true"
            }
          },
          "sensitive_attributes": [],
          "private": "bnVsbA==",
          "dependencies": [
            "data.aws_caller_identity.this",
            "module.search_pokemon_lambda.data.aws_iam_policy_document.additional_inline",
            "random_string.this"
          ],
          "create_before_destroy": true
        }
      ]
    },
    {
      "module": "module.search_pokemon_lambda",
      "mode": "managed",
      "type": "aws_iam_policy",
      "name": "logs",
      "provider": "provider[\"registry.terraform.io/hashicorp/aws\"]",
      "instances": [
        {
          "index_key": 0,
          "schema_version": 0,
          "attributes": {
            "arn": "arn:aws:iam::381492289756:policy/search_pokemon-3jyb-logs",
            "attachment_count": 1,
            "description": "",
            "id": "arn:aws:iam::381492289756:policy/search_pokemon-3jyb-logs",
            "name": "search_pokemon-3jyb-logs",
            "name_prefix": "",
            "path": "/",
            "policy": "{\"Statement\":[{\"Action\":[\"logs:PutLogEvents\",\"logs:CreateLogStream\",\"logs:CreateLogGroup\"],\"Effect\":\"Allow\",\"Resource\":[\"arn:aws:logs:ap-northeast-1:381492289756:log-group:/aws/lambda/search_pokemon-3jyb:*:*\",\"arn:aws:logs:ap-northeast-1:381492289756:log-group:/aws/lambda/search_pokemon-3jyb:*\"]}],\"Version\":\"2012-10-17\"}",
            "policy_id": "ANPAVRUVWMDOLXA7GB6PU",
            "tags": {
              "Terraform": "true"
            },
            "tags_all": {
              "Project": "Pokemon Master",
              "Terraform": "true"
            }
          },
          "sensitive_attributes": [],
          "private": "bnVsbA==",
          "dependencies": [
            "module.search_pokemon_lambda.aws_cloudwatch_log_group.lambda",
            "module.search_pokemon_lambda.data.aws_arn.log_group_arn",
            "module.search_pokemon_lambda.data.aws_cloudwatch_log_group.lambda",
            "module.search_pokemon_lambda.data.aws_iam_policy_document.logs",
            "random_string.this"
          ],
          "create_before_destroy": true
        }
      ]
    },
    {
      "module": "module.search_pokemon_lambda",
      "mode": "managed",
      "type": "aws_iam_role",
      "name": "lambda",
      "provider": "provider[\"registry.terraform.io/hashicorp/aws\"]",
      "instances": [
        {
          "index_key": 0,
          "schema_version": 0,
          "attributes": {
            "arn": "arn:aws:iam::381492289756:role/search_pokemon-3jyb",
            "assume_role_policy": "{\"Statement\":[{\"Action\":\"sts:AssumeRole\",\"Effect\":\"Allow\",\"Principal\":{\"Service\":\"lambda.amazonaws.com\"}}],\"Version\":\"2012-10-17\"}",
            "create_date": "2025-01-19T12:53:56Z",
            "description": "",
            "force_detach_policies": true,
            "id": "search_pokemon-3jyb",
            "inline_policy": [],
            "managed_policy_arns": [
              "arn:aws:iam::381492289756:policy/search_pokemon-3jyb-inline",
              "arn:aws:iam::381492289756:policy/search_pokemon-3jyb-logs"
            ],
            "max_session_duration": 3600,
            "name": "search_pokemon-3jyb",
            "name_prefix": "",
            "path": "/",
            "permissions_boundary": "",
            "tags": {
              "Terraform": "true"
            },
            "tags_all": {
              "Project": "Pokemon Master",
              "Terraform": "true"
            },
            "unique_id": "AROAVRUVWMDOMMPI4746Y"
          },
          "sensitive_attributes": [],
          "private": "bnVsbA==",
          "dependencies": [
            "module.search_pokemon_lambda.data.aws_iam_policy_document.assume_role",
            "random_string.this"
          ],
          "create_before_destroy": true
        }
      ]
    },
    {
      "module": "module.search_pokemon_lambda",
      "mode": "managed",
      "type": "aws_iam_role_policy_attachment",
      "name": "additional_inline",
      "provider": "provider[\"registry.terraform.io/hashicorp/aws\"]",
      "instances": [
        {
          "index_key": 0,
          "schema_version": 0,
          "attributes": {
            "id": "search_pokemon-3jyb-20250119125357511100000002",
            "policy_arn": "arn:aws:iam::381492289756:policy/search_pokemon-3jyb-inline",
            "role": "search_pokemon-3jyb"
          },
          "sensitive_attributes": [],
          "private": "bnVsbA==",
          "dependencies": [
            "data.aws_caller_identity.this",
            "module.search_pokemon_lambda.aws_iam_policy.additional_inline",
            "module.search_pokemon_lambda.aws_iam_role.lambda",
            "module.search_pokemon_lambda.data.aws_iam_policy_document.additional_inline",
            "module.search_pokemon_lambda.data.aws_iam_policy_document.assume_role",
            "random_string.this"
          ],
          "create_before_destroy": true
        }
      ]
    },
    {
      "module": "module.search_pokemon_lambda",
      "mode": "managed",
      "type": "aws_iam_role_policy_attachment",
      "name": "logs",
      "provider": "provider[\"registry.terraform.io/hashicorp/aws\"]",
      "instances": [
        {
          "index_key": 0,
          "schema_version": 0,
          "attributes": {
            "id": "search_pokemon-3jyb-20250119125357510600000001",
            "policy_arn": "arn:aws:iam::381492289756:policy/search_pokemon-3jyb-logs",
            "role": "search_pokemon-3jyb"
          },
          "sensitive_attributes": [],
          "private": "bnVsbA==",
          "dependencies": [
            "module.search_pokemon_lambda.aws_cloudwatch_log_group.lambda",
            "module.search_pokemon_lambda.aws_iam_policy.logs",
            "module.search_pokemon_lambda.aws_iam_role.lambda",
            "module.search_pokemon_lambda.data.aws_arn.log_group_arn",
            "module.search_pokemon_lambda.data.aws_cloudwatch_log_group.lambda",
            "module.search_pokemon_lambda.data.aws_iam_policy_document.assume_role",
            "module.search_pokemon_lambda.data.aws_iam_policy_document.logs",
            "random_string.this"
          ],
          "create_before_destroy": true
        }
      ]
    },
    {
      "module": "module.search_pokemon_lambda",
      "mode": "managed",
      "type": "aws_lambda_function",
      "name": "this",
      "provider": "provider[\"registry.terraform.io/hashicorp/aws\"]",
      "instances": [
        {
          "index_key": 0,
          "schema_version": 0,
          "attributes": {
            "architectures": [
              "arm64"
            ],
            "arn": "arn:aws:lambda:ap-northeast-1:381492289756:function:search_pokemon-3jyb",
            "code_sha256": "ea161bd5a417349ebb4d53a78e1fc2214d55ef1f09c86d89ad6ac0bd96576778",
            "code_signing_config_arn": "",
            "dead_letter_config": [],
            "description": "Pokemon Master: POST /pokemon/{pokemon_name} ",
            "environment": [
              {
                "variables": {
                  "DYNAMODB_TABLE": "pokemon_table"
                }
              }
            ],
            "ephemeral_storage": [
              {
                "size": 512
              }
            ],
            "file_system_config": [],
            "filename": null,
            "function_name": "search_pokemon-3jyb",
            "handler": "",
            "id": "search_pokemon-3jyb",
            "image_config": [],
            "image_uri": "381492289756.dkr.ecr.ap-northeast-1.amazonaws.com/search_pokemon-3jyb@sha256:ea161bd5a417349ebb4d53a78e1fc2214d55ef1f09c86d89ad6ac0bd96576778",
            "invoke_arn": "arn:aws:apigateway:ap-northeast-1:lambda:path/2015-03-31/functions/arn:aws:lambda:ap-northeast-1:381492289756:function:search_pokemon-3jyb/invocations",
            "kms_key_arn": "",
            "last_modified": "2025-01-23T09:12:07.000+0000",
            "layers": [],
            "logging_config": [
              {
                "application_log_level": "",
                "log_format": "Text",
                "log_group": "/aws/lambda/search_pokemon-3jyb",
                "system_log_level": ""
              }
            ],
            "memory_size": 128,
            "package_type": "Image",
            "publish": true,
            "qualified_arn": "arn:aws:lambda:ap-northeast-1:381492289756:function:search_pokemon-3jyb:10",
            "qualified_invoke_arn": "arn:aws:apigateway:ap-northeast-1:lambda:path/2015-03-31/functions/arn:aws:lambda:ap-northeast-1:381492289756:function:search_pokemon-3jyb:10/invocations",
            "replace_security_groups_on_destroy": null,
            "replacement_security_group_ids": null,
            "reserved_concurrent_executions": -1,
            "role": "arn:aws:iam::381492289756:role/search_pokemon-3jyb",
            "runtime": "",
            "s3_bucket": null,
            "s3_key": null,
            "s3_object_version": null,
            "signing_job_arn": "",
            "signing_profile_version_arn": "",
            "skip_destroy": false,
            "snap_start": [],
            "source_code_hash": "",
            "source_code_size": 0,
            "tags": {
              "Terraform": "true",
              "terraform-aws-modules": "lambda"
            },
            "tags_all": {
              "Project": "Pokemon Master",
              "Terraform": "true",
              "terraform-aws-modules": "lambda"
            },
            "timeout": 30,
            "timeouts": null,
            "tracing_config": [
              {
                "mode": "PassThrough"
              }
            ],
            "version": "10",
            "vpc_config": []
          },
          "sensitive_attributes": [],
          "private": "eyJlMmJmYjczMC1lY2FhLTExZTYtOGY4OC0zNDM2M2JjN2M0YzAiOnsiY3JlYXRlIjo2MDAwMDAwMDAwMDAsImRlbGV0ZSI6NjAwMDAwMDAwMDAwLCJ1cGRhdGUiOjYwMDAwMDAwMDAwMH19",
          "dependencies": [
            "data.aws_caller_identity.this",
            "data.aws_ecr_authorization_token.token",
            "module.search_pokemon_docker_image.aws_ecr_repository.this",
            "module.search_pokemon_docker_image.data.aws_caller_identity.this",
            "module.search_pokemon_docker_image.data.aws_region.current",
            "module.search_pokemon_docker_image.docker_image.this",
            "module.search_pokemon_docker_image.docker_registry_image.this",
            "module.search_pokemon_lambda.aws_cloudwatch_log_group.lambda",
            "module.search_pokemon_lambda.aws_iam_policy.additional_inline",
            "module.search_pokemon_lambda.aws_iam_policy.additional_json",
            "module.search_pokemon_lambda.aws_iam_policy.additional_jsons",
            "module.search_pokemon_lambda.aws_iam_policy.async",
            "module.search_pokemon_lambda.aws_iam_policy.dead_letter",
            "module.search_pokemon_lambda.aws_iam_policy.logs",
            "module.search_pokemon_lambda.aws_iam_policy.tracing",
            "module.search_pokemon_lambda.aws_iam_policy.vpc",
            "module.search_pokemon_lambda.aws_iam_role.lambda",
            "module.search_pokemon_lambda.aws_iam_role_policy_attachment.additional_inline",
            "module.search_pokemon_lambda.aws_iam_role_policy_attachment.additional_json",
            "module.search_pokemon_lambda.aws_iam_role_policy_attachment.additional_jsons",
            "module.search_pokemon_lambda.aws_iam_role_policy_attachment.additional_many",
            "module.search_pokemon_lambda.aws_iam_role_policy_attachment.additional_one",
            "module.search_pokemon_lambda.aws_iam_role_policy_attachment.async",
            "module.search_pokemon_lambda.aws_iam_role_policy_attachment.dead_letter",
            "module.search_pokemon_lambda.aws_iam_role_policy_attachment.logs",
            "module.search_pokemon_lambda.aws_iam_role_policy_attachment.tracing",
            "module.search_pokemon_lambda.aws_iam_role_policy_attachment.vpc",
            "module.search_pokemon_lambda.aws_s3_object.lambda_package",
            "module.search_pokemon_lambda.data.aws_arn.log_group_arn",
            "module.search_pokemon_lambda.data.aws_cloudwatch_log_group.lambda",
            "module.search_pokemon_lambda.data.aws_iam_policy.tracing",
            "module.search_pokemon_lambda.data.aws_iam_policy.vpc",
            "module.search_pokemon_lambda.data.aws_iam_policy_document.additional_inline",
            "module.search_pokemon_lambda.data.aws_iam_policy_document.assume_role",
            "module.search_pokemon_lambda.data.aws_iam_policy_document.async",
            "module.search_pokemon_lambda.data.aws_iam_policy_document.dead_letter",
            "module.search_pokemon_lambda.data.aws_iam_policy_document.logs",
            "module.search_pokemon_lambda.data.aws_partition.current",
            "module.search_pokemon_lambda.data.external.archive_prepare",
            "module.search_pokemon_lambda.local_file.archive_plan",
            "module.search_pokemon_lambda.null_resource.archive",
            "random_string.this"
          ],
          "create_before_destroy": true
        }
      ]
    },
    {
      "module": "module.search_pokemon_lambda",
      "mode": "managed",
      "type": "aws_lambda_permission",
      "name": "current_version_triggers",
      "provider": "provider[\"registry.terraform.io/hashicorp/aws\"]",
      "instances": [
        {
          "index_key": "AllowExecutionFromAPIGateway",
          "schema_version": 0,
          "attributes": {
            "action": "lambda:InvokeFunction",
            "event_source_token": null,
            "function_name": "search_pokemon-3jyb",
            "function_url_auth_type": null,
            "id": "AllowExecutionFromAPIGateway20250123111252332800000001",
            "principal": "apigateway.amazonaws.com",
            "principal_org_id": null,
            "qualifier": "10",
            "source_account": null,
            "source_arn": "arn:aws:execute-api:ap-northeast-1:381492289756:nmrvguqda2/*/*",
            "statement_id": "AllowExecutionFromAPIGateway20250123111252332800000001",
            "statement_id_prefix": "AllowExecutionFromAPIGateway"
          },
          "sensitive_attributes": [],
          "private": "bnVsbA==",
          "dependencies": [
            "data.aws_caller_identity.this",
            "data.aws_ecr_authorization_token.token",
            "module.api_gateway.aws_apigatewayv2_api.this",
            "module.search_pokemon_docker_image.aws_ecr_repository.this",
            "module.search_pokemon_docker_image.data.aws_caller_identity.this",
            "module.search_pokemon_docker_image.data.aws_region.current",
            "module.search_pokemon_docker_image.docker_image.this",
            "module.search_pokemon_docker_image.docker_registry_image.this",
            "module.search_pokemon_lambda.aws_cloudwatch_log_group.lambda",
            "module.search_pokemon_lambda.aws_iam_policy.additional_inline",
            "module.search_pokemon_lambda.aws_iam_policy.additional_json",
            "module.search_pokemon_lambda.aws_iam_policy.additional_jsons",
            "module.search_pokemon_lambda.aws_iam_policy.async",
            "module.search_pokemon_lambda.aws_iam_policy.dead_letter",
            "module.search_pokemon_lambda.aws_iam_policy.logs",
            "module.search_pokemon_lambda.aws_iam_policy.tracing",
            "module.search_pokemon_lambda.aws_iam_policy.vpc",
            "module.search_pokemon_lambda.aws_iam_role.lambda",
            "module.search_pokemon_lambda.aws_iam_role_policy_attachment.additional_inline",
            "module.search_pokemon_lambda.aws_iam_role_policy_attachment.additional_json",
            "module.search_pokemon_lambda.aws_iam_role_policy_attachment.additional_jsons",
            "module.search_pokemon_lambda.aws_iam_role_policy_attachment.additional_many",
            "module.search_pokemon_lambda.aws_iam_role_policy_attachment.additional_one",
            "module.search_pokemon_lambda.aws_iam_role_policy_attachment.async",
            "module.search_pokemon_lambda.aws_iam_role_policy_attachment.dead_letter",
            "module.search_pokemon_lambda.aws_iam_role_policy_attachment.logs",
            "module.search_pokemon_lambda.aws_iam_role_policy_attachment.tracing",
            "module.search_pokemon_lambda.aws_iam_role_policy_attachment.vpc",
            "module.search_pokemon_lambda.aws_lambda_function.this",
            "module.search_pokemon_lambda.aws_s3_object.lambda_package",
            "module.search_pokemon_lambda.data.aws_arn.log_group_arn",
            "module.search_pokemon_lambda.data.aws_cloudwatch_log_group.lambda",
            "module.search_pokemon_lambda.data.aws_iam_policy.tracing",
            "module.search_pokemon_lambda.data.aws_iam_policy.vpc",
            "module.search_pokemon_lambda.data.aws_iam_policy_document.additional_inline",
            "module.search_pokemon_lambda.data.aws_iam_policy_document.assume_role",
            "module.search_pokemon_lambda.data.aws_iam_policy_document.async",
            "module.search_pokemon_lambda.data.aws_iam_policy_document.dead_letter",
            "module.search_pokemon_lambda.data.aws_iam_policy_document.logs",
            "module.search_pokemon_lambda.data.aws_partition.current",
            "module.search_pokemon_lambda.data.external.archive_prepare",
            "module.search_pokemon_lambda.local_file.archive_plan",
            "module.search_pokemon_lambda.null_resource.archive",
            "random_string.this"
          ],
          "create_before_destroy": true
        }
      ]
    },
    {
      "module": "module.search_pokemon_lambda",
      "mode": "managed",
      "type": "aws_lambda_permission",
      "name": "unqualified_alias_triggers",
      "provider": "provider[\"registry.terraform.io/hashicorp/aws\"]",
      "instances": [
        {
          "index_key": "AllowExecutionFromAPIGateway",
          "schema_version": 0,
          "attributes": {
            "action": "lambda:InvokeFunction",
            "event_source_token": null,
            "function_name": "search_pokemon-3jyb",
            "function_url_auth_type": null,
            "id": "AllowExecutionFromAPIGateway20250119131011186500000001",
            "principal": "apigateway.amazonaws.com",
            "principal_org_id": null,
            "qualifier": "",
            "source_account": null,
            "source_arn": "arn:aws:execute-api:ap-northeast-1:381492289756:nmrvguqda2/*/*",
            "statement_id": "AllowExecutionFromAPIGateway20250119131011186500000001",
            "statement_id_prefix": "AllowExecutionFromAPIGateway"
          },
          "sensitive_attributes": [],
          "private": "bnVsbA==",
          "dependencies": [
            "data.aws_caller_identity.this",
            "data.aws_ecr_authorization_token.token",
            "module.api_gateway.aws_apigatewayv2_api.this",
            "module.search_pokemon_docker_image.aws_ecr_repository.this",
            "module.search_pokemon_docker_image.data.aws_caller_identity.this",
            "module.search_pokemon_docker_image.data.aws_region.current",
            "module.search_pokemon_docker_image.docker_image.this",
            "module.search_pokemon_docker_image.docker_registry_image.this",
            "module.search_pokemon_lambda.aws_cloudwatch_log_group.lambda",
            "module.search_pokemon_lambda.aws_iam_policy.additional_inline",
            "module.search_pokemon_lambda.aws_iam_policy.additional_json",
            "module.search_pokemon_lambda.aws_iam_policy.additional_jsons",
            "module.search_pokemon_lambda.aws_iam_policy.async",
            "module.search_pokemon_lambda.aws_iam_policy.dead_letter",
            "module.search_pokemon_lambda.aws_iam_policy.logs",
            "module.search_pokemon_lambda.aws_iam_policy.tracing",
            "module.search_pokemon_lambda.aws_iam_policy.vpc",
            "module.search_pokemon_lambda.aws_iam_role.lambda",
            "module.search_pokemon_lambda.aws_iam_role_policy_attachment.additional_inline",
            "module.search_pokemon_lambda.aws_iam_role_policy_attachment.additional_json",
            "module.search_pokemon_lambda.aws_iam_role_policy_attachment.additional_jsons",
            "module.search_pokemon_lambda.aws_iam_role_policy_attachment.additional_many",
            "module.search_pokemon_lambda.aws_iam_role_policy_attachment.additional_one",
            "module.search_pokemon_lambda.aws_iam_role_policy_attachment.async",
            "module.search_pokemon_lambda.aws_iam_role_policy_attachment.dead_letter",
            "module.search_pokemon_lambda.aws_iam_role_policy_attachment.logs",
            "module.search_pokemon_lambda.aws_iam_role_policy_attachment.tracing",
            "module.search_pokemon_lambda.aws_iam_role_policy_attachment.vpc",
            "module.search_pokemon_lambda.aws_lambda_function.this",
            "module.search_pokemon_lambda.aws_s3_object.lambda_package",
            "module.search_pokemon_lambda.data.aws_arn.log_group_arn",
            "module.search_pokemon_lambda.data.aws_cloudwatch_log_group.lambda",
            "module.search_pokemon_lambda.data.aws_iam_policy.tracing",
            "module.search_pokemon_lambda.data.aws_iam_policy.vpc",
            "module.search_pokemon_lambda.data.aws_iam_policy_document.additional_inline",
            "module.search_pokemon_lambda.data.aws_iam_policy_document.assume_role",
            "module.search_pokemon_lambda.data.aws_iam_policy_document.async",
            "module.search_pokemon_lambda.data.aws_iam_policy_document.dead_letter",
            "module.search_pokemon_lambda.data.aws_iam_policy_document.logs",
            "module.search_pokemon_lambda.data.aws_partition.current",
            "module.search_pokemon_lambda.data.external.archive_prepare",
            "module.search_pokemon_lambda.local_file.archive_plan",
            "module.search_pokemon_lambda.null_resource.archive",
            "random_string.this"
          ],
          "create_before_destroy": true
        }
      ]
    }
  ],
  "check_results": [
    {
      "object_kind": "var",
      "config_addr": "module.api_gateway.module.acm.var.validation_method",
      "status": "pass",
      "objects": [
        {
          "object_addr": "module.api_gateway.module.acm.var.validation_method",
          "status": "pass"
        }
      ]
    }
  ]
}
