{
  "version": 4,
  "terraform_version": "1.9.3",
  "serial": 148,
  "lineage": "de8409a6-0e03-2ecb-184e-0ef99554f9c6",
  "outputs": {
    "invoke_url": {
      "value": "https://nmrvguqda2.execute-api.ap-northeast-1.amazonaws.com",
      "type": "string"
    }
  },
  "resources": [
    {
      "mode": "data",
      "type": "aws_caller_identity",
      "name": "this",
      "provider": "provider[\"registry.terraform.io/hashicorp/aws\"]",
      "instances": [
        {
          "schema_version": 0,
          "attributes": {
            "account_id": "381492289756",
            "arn": "arn:aws:iam::381492289756:user/cch1006Admin",
            "id": "381492289756",
            "user_id": "AIDAVRUVWMDOLHIFZHZFA"
          },
          "sensitive_attributes": []
        }
      ]
    },
    {
      "mode": "data",
      "type": "aws_ecr_authorization_token",
      "name": "token",
      "provider": "provider[\"registry.terraform.io/hashicorp/aws\"]",
      "instances": [
        {
          "schema_version": 0,
          "attributes": {
            "authorization_token": "QVdTOmV5SndZWGxzYjJGa0lqb2lkV0psYkROalZscGhZMU5JYm5aMFYyRmlRM0ZHUjFWV2VGQkpVVXgzZDFkVlpHVXZXVFk0VmxsM2VtcGFNUzgxWkVSbFExRXZPVk5qZVdWMVluTlNhRGRDYUdSa2EzTnpTV1JyYm5FeVoyMVVla1ZITTFWVGFEWkdXbnBIYmpnM1NGaE1XRmhrTTJOVVYwTXJkWEpGVTNkTlNVa3ZTbGwxWkZoUEswVlJNV1I2VW1wM2FUbHFNMGRwY0hCVlduTTFVMVJGVmtGNFNFUTFWRWhEYUZkeVltTXZkSFpFV0dSWWJVaG5UM2xhZGxwT1NuTnRWbTQyYldGelNXUXlNbGRXZDFjeVVIQTVlSFl2TUhOdlJVRnpXVkJ5UkVaV1FVRnFWRkJaVFhZeU5IQXlSVVp6VVVaWlRXUXhMM3AzUmtkUFRYUjRlaTlwV1dzMlEyZzVSa0pqYWtNelVWQjRVVTlNYjBkRU1FbHRaMm8wVXpab2NuVmFjMVZ6U2t0aFpqbHRkWGxMTldaNmRWTmpWVFJuYUVSUlprb3Zka2hoYkRsSWJHNU1TV1p6UmxwdGNXWk5LMjVSUldoalVuRkZla0p4UzNwWU1UWndSM1F5TW5SR2FqWnhZbmRIWnpaVk9VMWpVVXRGU0dNNGVUbFpZMFpUTW1OaGNqRnhjWGxKTTJaT2RtNVZkQ3ROUnpadWVXdzJNa0ZaWVVsME4wUXdaVTlKWTNOWVpXMWFTa2hsVEZSdU1ESjBWa2s1U1RoSFkwMUJZVzQxYzJaQ1YwWkNSV0ZVYW1kQmFrbG5Ta1pFT0dsMGVXazBjMDVUWkc5M1VrbHpURXRqYzJack5HUnhTM0IzZUVoVE1tSnFXV1Y2VUZkWFYzTjNhM1JMVjBWVlNsRmpRbFpZYWxSbGJYWndRamgyZW1kUFNuVnpTMDlYYm1WR015OXhaRmxJVjFreVVVUmFRMVZFUW1wSFdEUnNOV05HVkc1T1pHZDZkbk5JVWtWdFoxUlRlRzU2U1dkemNGbExWM2xHYzFnNWVIQjBjMFIxUkRCaE5YVk1XV3hsYzJGeFJ6SlNVamxTTTBFeFUyVlNTMXB2Ym5WU01EaGtOVmxETWxJemJWWnVjRlZwVmxsc01VVllLelZLYlhWeE5GQjRPR0pPYzJ4dWJtNUVVamNyV0RKT2JpOHhPRk5NZGxWMVJFOUVSbEV4VWk4dk9UbEtjR1pLTlVOMGNuYzJkems0TTAweWR5dHVkbFZxYUhoUFdXaFZaa1JFVlZWS1JHY3JhVVJLV1RWQ1VsVkdhV1F3Y0hoc1NEQkVNRnA2UW10aFdFRkRPVWxqVW5jNEswSXJlVVpPTDJKaFlVNHJiM3BTZEZGRFZrOWlPVVk1T0hKUVlsZ3hkV3RVZUhCRVFuQm5NMnR5UWpSNmFEZDVhVFF3S3k5Q1NrbzVRU3RHYmxSVWFFbG5iVzFaVWsxMVdVUkpZMFp0VGtsV05qaHpSMFZyUVhvM1VGTk9ORXAyU2xwbVJubG1VM2xZVTFSUFkwa3pjbE01ZGpWU2EzSnVhVUp6Um5Oa1RXUjBXa3RxZDJONFpYZDNXbmc0UW1kQlZ6VnBjakZLUVdNMmRrbzFXREY1Y21wWU5IbE1aMmxpVlVWNlVtaGtTRFJWVWxCdlJXaHpkWEp6YUZadVYybEhOWGxWVTBwek9FVlllRXQzYnpCUU5rbG9kR3BMVDFodGFrY3lSRFpxYmk4eU9GRjRka0Z1WVcwcmQySTNjbTEzV1RVdlVHcE1NbWhDSzFNMFpHTXdSa3hwY1ZCNGRteE5SRmxZZWpOUmFXUjRjM2hPVkRCdU9FdHZMMG94TVVSSFVFNDRTM0JQVTNOMU5URWlMQ0prWVhSaGEyVjVJam9pUVZGRlFrRklaMEZOWmt0RWJFbHZjRU0yZW5Nd1lrMWtVbkpaVTBoaEwwTXpPV3REY21OUU9HdFdjSEpGT1dZcmExRkJRVUZJTkhkbVFWbEtTMjlhU1doMlkwNUJVV05IYjBjNGQySlJTVUpCUkVKdlFtZHJjV2hyYVVjNWR6QkNRbmRGZDBobldVcFpTVnBKUVZkVlJFSkJSWFZOUWtWRlJFSktXbElyUlVvMmJIa3ljekEwWWs5blNVSkZTVUUzZDFWTGNtUTRTazVSS3k5aEsydHZORFYyWkhKUFIzSjFSRFJIVGpSaE1HUlpRbVVyUm5kdU9GWXhNV2d6Tm01RGJISnNhM2g0ZUZNdk5IVXhibTFQYzJKUlFYTkZRU3M0ZEdNeGJrMWpXVDBpTENKMlpYSnphVzl1SWpvaU1pSXNJblI1Y0dVaU9pSkVRVlJCWDB0RldTSXNJbVY0Y0dseVlYUnBiMjRpT2pFM016YzFNRGc0TkRCOQ==",
            "expires_at": "2025-01-22T01:20:40Z",
            "id": "ap-northeast-1",
            "password": "eyJwYXlsb2FkIjoidWJlbDNjVlphY1NIbnZ0V2FiQ3FGR1VWeFBJUUx3d1dVZGUvWTY4Vll3empaMS81ZERlQ1EvOVNjeWV1YnNSaDdCaGRka3NzSWRrbnEyZ21UekVHM1VTaDZGWnpHbjg3SFhMWFhkM2NUV0MrdXJFU3dNSUkvSll1ZFhPK0VRMWR6Ump3aTlqM0dpcHBVWnM1U1RFVkF4SEQ1VEhDaFdyYmMvdHZEWGRYbUhnT3ladlpOSnNtVm42bWFzSWQyMldWd1cyUHA5eHYvMHNvRUFzWVByREZWQUFqVFBZTXYyNHAyRUZzUUZZTWQxL3p3RkdPTXR4ei9pWWs2Q2g5RkJjakMzUVB4UU9Mb0dEMEltZ2o0UzZocnVac1VzSkthZjltdXlLNWZ6dVNjVTRnaERRZkovdkhhbDlIbG5MSWZzRlptcWZNK25RRWhjUnFFekJxS3pYMTZwR3QyMnRGajZxYndHZzZVOU1jUUtFSGM4eTlZY0ZTMmNhcjFxcXlJM2ZOdm5VdCtNRzZueWw2MkFZYUl0N0QwZU9JY3NYZW1aSkhlTFRuMDJ0Vkk5SThHY01BYW41c2ZCV0ZCRWFUamdBaklnSkZEOGl0eWk0c05TZG93UklzTEtjc2ZrNGRxS3B3eEhTMmJqWWV6UFdXV3N3a3RLV0VVSlFjQlZYalRlbXZwQjh2emdPSnVzS09XbmVGMy9xZFlIV1kyUURaQ1VEQmpHWDRsNWNGVG5OZGd6dnNIUkVtZ1RTeG56SWdzcFlLV3lGc1g5eHB0c0R1RDBhNXVMWWxlc2FxRzJSUjlSM0ExU2VSS1pvbnVSMDhkNVlDMlIzbVZucFVpVllsMUVYKzVKbXVxNFB4OGJOc2xubm5EUjcrWDJObi8xOFNMdlV1RE9ERlExUi8vOTlKcGZKNUN0cnc2dzk4M00ydytudlVqaHhPWWhVZkREVVVKRGcraURKWTVCUlVGaWQwcHhsSDBEMFp6QmthWEFDOUljUnc4K0IreUZOL2JhYU4rb3pSdFFDVk9iOUY5OHJQYlgxdWtUeHBEQnBnM2tyQjR6aDd5aTQwKy9CSko5QStGblRUaElnbW1ZUk11WURJY0ZtTklWNjhzR0VrQXo3UFNONEp2SlpmRnlmU3lYU1RPY0kzclM5djVSa3JuaUJzRnNkTWR0Wktqd2N4ZXd3Wng4QmdBVzVpcjFKQWM2dko1WDF5cmpYNHlMZ2liVUV6UmhkSDRVUlBvRWhzdXJzaFZuV2lHNXlVU0pzOEVYeEt3bzBQNklodGpLT1htakcyRDZqbi8yOFF4dkFuYW0rd2I3cm13WTUvUGpMMmhCK1M0ZGMwRkxpcVB4dmxNRFlYejNRaWR4c3hOVDBuOEtvL0oxMURHUE44S3BPU3N1NTEiLCJkYXRha2V5IjoiQVFFQkFIZ0FNZktEbElvcEM2enMwYk1kUnJZU0hhL0MzOWtDcmNQOGtWcHJFOWYra1FBQUFINHdmQVlKS29aSWh2Y05BUWNHb0c4d2JRSUJBREJvQmdrcWhraUc5dzBCQndFd0hnWUpZSVpJQVdVREJBRXVNQkVFREJKWlIrRUo2bHkyczA0Yk9nSUJFSUE3d1VLcmQ4Sk5RKy9hK2tvNDV2ZHJPR3J1RDRHTjRhMGRZQmUrRnduOFYxMWgzNm5DbHJsa3h4eFMvNHUxbm1Pc2JRQXNFQSs4dGMxbk1jWT0iLCJ2ZXJzaW9uIjoiMiIsInR5cGUiOiJEQVRBX0tFWSIsImV4cGlyYXRpb24iOjE3Mzc1MDg4NDB9",
            "proxy_endpoint": "https://381492289756.dkr.ecr.ap-northeast-1.amazonaws.com",
            "registry_id": null,
            "user_name": "AWS"
          },
          "sensitive_attributes": [
            [
              {
                "type": "get_attr",
                "value": "password"
              }
            ],
            [
              {
                "type": "get_attr",
                "value": "authorization_token"
              }
            ]
          ]
        }
      ]
    },
    {
      "mode": "managed",
      "type": "aws_dynamodb_table",
      "name": "pokemon_table",
      "provider": "provider[\"registry.terraform.io/hashicorp/aws\"]",
      "instances": [
        {
          "schema_version": 1,
          "attributes": {
            "arn": "arn:aws:dynamodb:ap-northeast-1:381492289756:table/pokemon_table",
            "attribute": [
              {
                "name": "ID",
                "type": "S"
              }
            ],
            "billing_mode": "PAY_PER_REQUEST",
            "deletion_protection_enabled": false,
            "global_secondary_index": [],
            "hash_key": "ID",
            "id": "pokemon_table",
            "import_table": [],
            "local_secondary_index": [],
            "name": "pokemon_table",
            "point_in_time_recovery": [
              {
                "enabled": false
              }
            ],
            "range_key": null,
            "read_capacity": 0,
            "replica": [],
            "restore_date_time": null,
            "restore_source_name": null,
            "restore_to_latest_time": null,
            "server_side_encryption": [],
            "stream_arn": "",
            "stream_enabled": false,
            "stream_label": "",
            "stream_view_type": "",
            "table_class": "STANDARD",
            "tags": {
              "Name": "Pokemon Master"
            },
            "tags_all": {
              "Name": "Pokemon Master",
              "Project": "Pokemon Master",
              "Terraform": "true"
            },
            "timeouts": null,
            "ttl": [
              {
                "attribute_name": "",
                "enabled": false
              }
            ],
            "write_capacity": 0
          },
          "sensitive_attributes": [],
          "private": "eyJlMmJmYjczMC1lY2FhLTExZTYtOGY4OC0zNDM2M2JjN2M0YzAiOnsiY3JlYXRlIjoxODAwMDAwMDAwMDAwLCJkZWxldGUiOjYwMDAwMDAwMDAwMCwidXBkYXRlIjozNjAwMDAwMDAwMDAwfSwic2NoZW1hX3ZlcnNpb24iOiIxIn0="
        }
      ]
    },
    {
      "mode": "managed",
      "type": "random_string",
      "name": "this",
      "provider": "provider[\"registry.terraform.io/hashicorp/random\"]",
      "instances": [
        {
          "schema_version": 2,
          "attributes": {
            "id": "3jyb",
            "keepers": null,
            "length": 4,
            "lower": true,
            "min_lower": 0,
            "min_numeric": 0,
            "min_special": 0,
            "min_upper": 0,
            "number": true,
            "numeric": true,
            "override_special": null,
            "result": "3jyb",
            "special": false,
            "upper": false
          },
          "sensitive_attributes": [],
          "create_before_destroy": true
        }
      ]
    },
    {
      "module": "module.api_gateway",
      "mode": "managed",
      "type": "aws_apigatewayv2_api",
      "name": "this",
      "provider": "provider[\"registry.terraform.io/hashicorp/aws\"]",
      "instances": [
        {
          "index_key": 0,
          "schema_version": 0,
          "attributes": {
            "api_endpoint": "https://nmrvguqda2.execute-api.ap-northeast-1.amazonaws.com",
            "api_key_selection_expression": "$request.header.x-api-key",
            "arn": "arn:aws:apigateway:ap-northeast-1::/apis/nmrvguqda2",
            "body": null,
            "cors_configuration": [
              {
                "allow_credentials": true,
                "allow_headers": [
                  "authorization",
                  "content-type",
                  "x-amz-date",
                  "x-amz-security-token",
                  "x-amz-user-agent",
                  "x-api-key"
                ],
                "allow_methods": [
                  "*"
                ],
                "allow_origins": [
                  "http://*",
                  "http://localhost:3000",
                  "http://localhost:5500",
                  "https://*"
                ],
                "expose_headers": [],
                "max_age": 0
              }
            ],
            "credentials_arn": null,
            "description": "Pokemon Master api gateway to lambda container image",
            "disable_execute_api_endpoint": false,
            "execution_arn": "arn:aws:execute-api:ap-northeast-1:381492289756:nmrvguqda2",
            "fail_on_warnings": false,
            "id": "nmrvguqda2",
            "name": "pokemon",
            "protocol_type": "HTTP",
            "route_key": null,
            "route_selection_expression": "$request.method $request.path",
            "tags": {
              "Service": "pokemon",
              "terraform-aws-modules": "apigateway-v2"
            },
            "tags_all": {
              "Project": "Pokemon Master",
              "Service": "pokemon",
              "Terraform": "true",
              "terraform-aws-modules": "apigateway-v2"
            },
            "target": null,
            "version": ""
          },
          "sensitive_attributes": [],
          "private": "bnVsbA==",
          "create_before_destroy": true
        }
      ]
    },
    {
      "module": "module.api_gateway",
      "mode": "managed",
      "type": "aws_apigatewayv2_integration",
      "name": "this",
      "provider": "provider[\"registry.terraform.io/hashicorp/aws\"]",
      "instances": [
        {
          "index_key": "GET /pokemons",
          "schema_version": 0,
          "attributes": {
            "api_id": "nmrvguqda2",
            "connection_id": "",
            "connection_type": "INTERNET",
            "content_handling_strategy": "",
            "credentials_arn": "",
            "description": "",
            "id": "2edyc2h",
            "integration_method": "POST",
            "integration_response_selection_expression": "",
            "integration_subtype": "",
            "integration_type": "AWS_PROXY",
            "integration_uri": "arn:aws:lambda:ap-northeast-1:381492289756:function:list_pokemons-3jyb",
            "passthrough_behavior": "",
            "payload_format_version": "1.0",
            "request_parameters": {},
            "request_templates": {},
            "response_parameters": [],
            "template_selection_expression": "",
            "timeout_milliseconds": 29000,
            "tls_config": []
          },
          "sensitive_attributes": [],
          "private": "bnVsbA==",
          "dependencies": [
            "data.aws_caller_identity.this",
            "data.aws_ecr_authorization_token.token",
            "module.api_gateway.aws_apigatewayv2_api.this",
            "module.api_gateway.aws_apigatewayv2_vpc_link.this",
            "module.list_pokemons_docker_image.aws_ecr_repository.this",
            "module.list_pokemons_docker_image.data.aws_caller_identity.this",
            "module.list_pokemons_docker_image.data.aws_region.current",
            "module.list_pokemons_docker_image.docker_image.this",
            "module.list_pokemons_docker_image.docker_registry_image.this",
            "module.list_pokemons_lambda.aws_cloudwatch_log_group.lambda",
            "module.list_pokemons_lambda.aws_iam_policy.additional_inline",
            "module.list_pokemons_lambda.aws_iam_policy.additional_json",
            "module.list_pokemons_lambda.aws_iam_policy.additional_jsons",
            "module.list_pokemons_lambda.aws_iam_policy.async",
            "module.list_pokemons_lambda.aws_iam_policy.dead_letter",
            "module.list_pokemons_lambda.aws_iam_policy.logs",
            "module.list_pokemons_lambda.aws_iam_policy.tracing",
            "module.list_pokemons_lambda.aws_iam_policy.vpc",
            "module.list_pokemons_lambda.aws_iam_role.lambda",
            "module.list_pokemons_lambda.aws_iam_role_policy_attachment.additional_inline",
            "module.list_pokemons_lambda.aws_iam_role_policy_attachment.additional_json",
            "module.list_pokemons_lambda.aws_iam_role_policy_attachment.additional_jsons",
            "module.list_pokemons_lambda.aws_iam_role_policy_attachment.additional_many",
            "module.list_pokemons_lambda.aws_iam_role_policy_attachment.additional_one",
            "module.list_pokemons_lambda.aws_iam_role_policy_attachment.async",
            "module.list_pokemons_lambda.aws_iam_role_policy_attachment.dead_letter",
            "module.list_pokemons_lambda.aws_iam_role_policy_attachment.logs",
            "module.list_pokemons_lambda.aws_iam_role_policy_attachment.tracing",
            "module.list_pokemons_lambda.aws_iam_role_policy_attachment.vpc",
            "module.list_pokemons_lambda.aws_lambda_function.this",
            "module.list_pokemons_lambda.aws_s3_object.lambda_package",
            "module.list_pokemons_lambda.data.aws_arn.log_group_arn",
            "module.list_pokemons_lambda.data.aws_cloudwatch_log_group.lambda",
            "module.list_pokemons_lambda.data.aws_iam_policy.tracing",
            "module.list_pokemons_lambda.data.aws_iam_policy.vpc",
            "module.list_pokemons_lambda.data.aws_iam_policy_document.additional_inline",
            "module.list_pokemons_lambda.data.aws_iam_policy_document.assume_role",
            "module.list_pokemons_lambda.data.aws_iam_policy_document.async",
            "module.list_pokemons_lambda.data.aws_iam_policy_document.dead_letter",
            "module.list_pokemons_lambda.data.aws_iam_policy_document.logs",
            "module.list_pokemons_lambda.data.aws_partition.current",
            "module.list_pokemons_lambda.data.external.archive_prepare",
            "module.list_pokemons_lambda.local_file.archive_plan",
            "module.list_pokemons_lambda.null_resource.archive",
            "module.search_pokemon_docker_image.aws_ecr_repository.this",
            "module.search_pokemon_docker_image.data.aws_caller_identity.this",
            "module.search_pokemon_docker_image.data.aws_region.current",
            "module.search_pokemon_docker_image.docker_image.this",
            "module.search_pokemon_docker_image.docker_registry_image.this",
            "module.search_pokemon_lambda.aws_cloudwatch_log_group.lambda",
            "module.search_pokemon_lambda.aws_iam_policy.additional_inline",
            "module.search_pokemon_lambda.aws_iam_policy.additional_json",
            "module.search_pokemon_lambda.aws_iam_policy.additional_jsons",
            "module.search_pokemon_lambda.aws_iam_policy.async",
            "module.search_pokemon_lambda.aws_iam_policy.dead_letter",
            "module.search_pokemon_lambda.aws_iam_policy.logs",
            "module.search_pokemon_lambda.aws_iam_policy.tracing",
            "module.search_pokemon_lambda.aws_iam_policy.vpc",
            "module.search_pokemon_lambda.aws_iam_role.lambda",
            "module.search_pokemon_lambda.aws_iam_role_policy_attachment.additional_inline",
            "module.search_pokemon_lambda.aws_iam_role_policy_attachment.additional_json",
            "module.search_pokemon_lambda.aws_iam_role_policy_attachment.additional_jsons",
            "module.search_pokemon_lambda.aws_iam_role_policy_attachment.additional_many",
            "module.search_pokemon_lambda.aws_iam_role_policy_attachment.additional_one",
            "module.search_pokemon_lambda.aws_iam_role_policy_attachment.async",
            "module.search_pokemon_lambda.aws_iam_role_policy_attachment.dead_letter",
            "module.search_pokemon_lambda.aws_iam_role_policy_attachment.logs",
            "module.search_pokemon_lambda.aws_iam_role_policy_attachment.tracing",
            "module.search_pokemon_lambda.aws_iam_role_policy_attachment.vpc",
            "module.search_pokemon_lambda.aws_lambda_function.this",
            "module.search_pokemon_lambda.aws_s3_object.lambda_package",
            "module.search_pokemon_lambda.data.aws_arn.log_group_arn",
            "module.search_pokemon_lambda.data.aws_cloudwatch_log_group.lambda",
            "module.search_pokemon_lambda.data.aws_iam_policy.tracing",
            "module.search_pokemon_lambda.data.aws_iam_policy.vpc",
            "module.search_pokemon_lambda.data.aws_iam_policy_document.additional_inline",
            "module.search_pokemon_lambda.data.aws_iam_policy_document.assume_role",
            "module.search_pokemon_lambda.data.aws_iam_policy_document.async",
            "module.search_pokemon_lambda.data.aws_iam_policy_document.dead_letter",
            "module.search_pokemon_lambda.data.aws_iam_policy_document.logs",
            "module.search_pokemon_lambda.data.aws_partition.current",
            "module.search_pokemon_lambda.data.external.archive_prepare",
            "module.search_pokemon_lambda.local_file.archive_plan",
            "module.search_pokemon_lambda.null_resource.archive",
            "random_string.this"
          ],
          "create_before_destroy": true
        },
        {
          "index_key": "POST /pokemon/{pokemon_name}",
          "schema_version": 0,
          "attributes": {
            "api_id": "nmrvguqda2",
            "connection_id": "",
            "connection_type": "INTERNET",
            "content_handling_strategy": "",
            "credentials_arn": "",
            "description": "",
            "id": "lj7mk2j",
            "integration_method": "POST",
            "integration_response_selection_expression": "",
            "integration_subtype": "",
            "integration_type": "AWS_PROXY",
            "integration_uri": "arn:aws:lambda:ap-northeast-1:381492289756:function:search_pokemon-3jyb",
            "passthrough_behavior": "",
            "payload_format_version": "1.0",
            "request_parameters": {},
            "request_templates": {},
            "response_parameters": [],
            "template_selection_expression": "",
            "timeout_milliseconds": 29000,
            "tls_config": []
          },
          "sensitive_attributes": [],
          "private": "bnVsbA==",
          "dependencies": [
            "data.aws_caller_identity.this",
            "data.aws_ecr_authorization_token.token",
            "module.api_gateway.aws_apigatewayv2_api.this",
            "module.api_gateway.aws_apigatewayv2_vpc_link.this",
            "module.list_pokemons_docker_image.aws_ecr_repository.this",
            "module.list_pokemons_docker_image.data.aws_caller_identity.this",
            "module.list_pokemons_docker_image.data.aws_region.current",
            "module.list_pokemons_docker_image.docker_image.this",
            "module.list_pokemons_docker_image.docker_registry_image.this",
            "module.list_pokemons_lambda.aws_cloudwatch_log_group.lambda",
            "module.list_pokemons_lambda.aws_iam_policy.additional_inline",
            "module.list_pokemons_lambda.aws_iam_policy.additional_json",
            "module.list_pokemons_lambda.aws_iam_policy.additional_jsons",
            "module.list_pokemons_lambda.aws_iam_policy.async",
            "module.list_pokemons_lambda.aws_iam_policy.dead_letter",
            "module.list_pokemons_lambda.aws_iam_policy.logs",
            "module.list_pokemons_lambda.aws_iam_policy.tracing",
            "module.list_pokemons_lambda.aws_iam_policy.vpc",
            "module.list_pokemons_lambda.aws_iam_role.lambda",
            "module.list_pokemons_lambda.aws_iam_role_policy_attachment.additional_inline",
            "module.list_pokemons_lambda.aws_iam_role_policy_attachment.additional_json",
            "module.list_pokemons_lambda.aws_iam_role_policy_attachment.additional_jsons",
            "module.list_pokemons_lambda.aws_iam_role_policy_attachment.additional_many",
            "module.list_pokemons_lambda.aws_iam_role_policy_attachment.additional_one",
            "module.list_pokemons_lambda.aws_iam_role_policy_attachment.async",
            "module.list_pokemons_lambda.aws_iam_role_policy_attachment.dead_letter",
            "module.list_pokemons_lambda.aws_iam_role_policy_attachment.logs",
            "module.list_pokemons_lambda.aws_iam_role_policy_attachment.tracing",
            "module.list_pokemons_lambda.aws_iam_role_policy_attachment.vpc",
            "module.list_pokemons_lambda.aws_lambda_function.this",
            "module.list_pokemons_lambda.aws_s3_object.lambda_package",
            "module.list_pokemons_lambda.data.aws_arn.log_group_arn",
            "module.list_pokemons_lambda.data.aws_cloudwatch_log_group.lambda",
            "module.list_pokemons_lambda.data.aws_iam_policy.tracing",
            "module.list_pokemons_lambda.data.aws_iam_policy.vpc",
            "module.list_pokemons_lambda.data.aws_iam_policy_document.additional_inline",
            "module.list_pokemons_lambda.data.aws_iam_policy_document.assume_role",
            "module.list_pokemons_lambda.data.aws_iam_policy_document.async",
            "module.list_pokemons_lambda.data.aws_iam_policy_document.dead_letter",
            "module.list_pokemons_lambda.data.aws_iam_policy_document.logs",
            "module.list_pokemons_lambda.data.aws_partition.current",
            "module.list_pokemons_lambda.data.external.archive_prepare",
            "module.list_pokemons_lambda.local_file.archive_plan",
            "module.list_pokemons_lambda.null_resource.archive",
            "module.search_pokemon_docker_image.aws_ecr_repository.this",
            "module.search_pokemon_docker_image.data.aws_caller_identity.this",
            "module.search_pokemon_docker_image.data.aws_region.current",
            "module.search_pokemon_docker_image.docker_image.this",
            "module.search_pokemon_docker_image.docker_registry_image.this",
            "module.search_pokemon_lambda.aws_cloudwatch_log_group.lambda",
            "module.search_pokemon_lambda.aws_iam_policy.additional_inline",
            "module.search_pokemon_lambda.aws_iam_policy.additional_json",
            "module.search_pokemon_lambda.aws_iam_policy.additional_jsons",
            "module.search_pokemon_lambda.aws_iam_policy.async",
            "module.search_pokemon_lambda.aws_iam_policy.dead_letter",
            "module.search_pokemon_lambda.aws_iam_policy.logs",
            "module.search_pokemon_lambda.aws_iam_policy.tracing",
            "module.search_pokemon_lambda.aws_iam_policy.vpc",
            "module.search_pokemon_lambda.aws_iam_role.lambda",
            "module.search_pokemon_lambda.aws_iam_role_policy_attachment.additional_inline",
            "module.search_pokemon_lambda.aws_iam_role_policy_attachment.additional_json",
            "module.search_pokemon_lambda.aws_iam_role_policy_attachment.additional_jsons",
            "module.search_pokemon_lambda.aws_iam_role_policy_attachment.additional_many",
            "module.search_pokemon_lambda.aws_iam_role_policy_attachment.additional_one",
            "module.search_pokemon_lambda.aws_iam_role_policy_attachment.async",
            "module.search_pokemon_lambda.aws_iam_role_policy_attachment.dead_letter",
            "module.search_pokemon_lambda.aws_iam_role_policy_attachment.logs",
            "module.search_pokemon_lambda.aws_iam_role_policy_attachment.tracing",
            "module.search_pokemon_lambda.aws_iam_role_policy_attachment.vpc",
            "module.search_pokemon_lambda.aws_lambda_function.this",
            "module.search_pokemon_lambda.aws_s3_object.lambda_package",
            "module.search_pokemon_lambda.data.aws_arn.log_group_arn",
            "module.search_pokemon_lambda.data.aws_cloudwatch_log_group.lambda",
            "module.search_pokemon_lambda.data.aws_iam_policy.tracing",
            "module.search_pokemon_lambda.data.aws_iam_policy.vpc",
            "module.search_pokemon_lambda.data.aws_iam_policy_document.additional_inline",
            "module.search_pokemon_lambda.data.aws_iam_policy_document.assume_role",
            "module.search_pokemon_lambda.data.aws_iam_policy_document.async",
            "module.search_pokemon_lambda.data.aws_iam_policy_document.dead_letter",
            "module.search_pokemon_lambda.data.aws_iam_policy_document.logs",
            "module.search_pokemon_lambda.data.aws_partition.current",
            "module.search_pokemon_lambda.data.external.archive_prepare",
            "module.search_pokemon_lambda.local_file.archive_plan",
            "module.search_pokemon_lambda.null_resource.archive",
            "random_string.this"
          ],
          "create_before_destroy": true
        }
      ]
    },
    {
      "module": "module.api_gateway",
      "mode": "managed",
      "type": "aws_apigatewayv2_route",
      "name": "this",
      "provider": "provider[\"registry.terraform.io/hashicorp/aws\"]",
      "instances": [
        {
          "index_key": "GET /pokemons",
          "schema_version": 0,
          "attributes": {
            "api_id": "nmrvguqda2",
            "api_key_required": false,
            "authorization_scopes": [],
            "authorization_type": "NONE",
            "authorizer_id": "",
            "id": "y74yx63",
            "model_selection_expression": "",
            "operation_name": "",
            "request_models": {},
            "request_parameter": [],
            "route_key": "GET /pokemons",
            "route_response_selection_expression": "",
            "target": "integrations/2edyc2h"
          },
          "sensitive_attributes": [],
          "private": "bnVsbA==",
          "dependencies": [
            "data.aws_caller_identity.this",
            "data.aws_ecr_authorization_token.token",
            "module.api_gateway.aws_apigatewayv2_api.this",
            "module.api_gateway.aws_apigatewayv2_authorizer.this",
            "module.api_gateway.aws_apigatewayv2_integration.this",
            "module.api_gateway.aws_apigatewayv2_vpc_link.this",
            "module.list_pokemons_docker_image.aws_ecr_repository.this",
            "module.list_pokemons_docker_image.data.aws_caller_identity.this",
            "module.list_pokemons_docker_image.data.aws_region.current",
            "module.list_pokemons_docker_image.docker_image.this",
            "module.list_pokemons_docker_image.docker_registry_image.this",
            "module.list_pokemons_lambda.aws_cloudwatch_log_group.lambda",
            "module.list_pokemons_lambda.aws_iam_policy.additional_inline",
            "module.list_pokemons_lambda.aws_iam_policy.additional_json",
            "module.list_pokemons_lambda.aws_iam_policy.additional_jsons",
            "module.list_pokemons_lambda.aws_iam_policy.async",
            "module.list_pokemons_lambda.aws_iam_policy.dead_letter",
            "module.list_pokemons_lambda.aws_iam_policy.logs",
            "module.list_pokemons_lambda.aws_iam_policy.tracing",
            "module.list_pokemons_lambda.aws_iam_policy.vpc",
            "module.list_pokemons_lambda.aws_iam_role.lambda",
            "module.list_pokemons_lambda.aws_iam_role_policy_attachment.additional_inline",
            "module.list_pokemons_lambda.aws_iam_role_policy_attachment.additional_json",
            "module.list_pokemons_lambda.aws_iam_role_policy_attachment.additional_jsons",
            "module.list_pokemons_lambda.aws_iam_role_policy_attachment.additional_many",
            "module.list_pokemons_lambda.aws_iam_role_policy_attachment.additional_one",
            "module.list_pokemons_lambda.aws_iam_role_policy_attachment.async",
            "module.list_pokemons_lambda.aws_iam_role_policy_attachment.dead_letter",
            "module.list_pokemons_lambda.aws_iam_role_policy_attachment.logs",
            "module.list_pokemons_lambda.aws_iam_role_policy_attachment.tracing",
            "module.list_pokemons_lambda.aws_iam_role_policy_attachment.vpc",
            "module.list_pokemons_lambda.aws_lambda_function.this",
            "module.list_pokemons_lambda.aws_s3_object.lambda_package",
            "module.list_pokemons_lambda.data.aws_arn.log_group_arn",
            "module.list_pokemons_lambda.data.aws_cloudwatch_log_group.lambda",
            "module.list_pokemons_lambda.data.aws_iam_policy.tracing",
            "module.list_pokemons_lambda.data.aws_iam_policy.vpc",
            "module.list_pokemons_lambda.data.aws_iam_policy_document.additional_inline",
            "module.list_pokemons_lambda.data.aws_iam_policy_document.assume_role",
            "module.list_pokemons_lambda.data.aws_iam_policy_document.async",
            "module.list_pokemons_lambda.data.aws_iam_policy_document.dead_letter",
            "module.list_pokemons_lambda.data.aws_iam_policy_document.logs",
            "module.list_pokemons_lambda.data.aws_partition.current",
            "module.list_pokemons_lambda.data.external.archive_prepare",
            "module.list_pokemons_lambda.local_file.archive_plan",
            "module.list_pokemons_lambda.null_resource.archive",
            "module.search_pokemon_docker_image.aws_ecr_repository.this",
            "module.search_pokemon_docker_image.data.aws_caller_identity.this",
            "module.search_pokemon_docker_image.data.aws_region.current",
            "module.search_pokemon_docker_image.docker_image.this",
            "module.search_pokemon_docker_image.docker_registry_image.this",
            "module.search_pokemon_lambda.aws_cloudwatch_log_group.lambda",
            "module.search_pokemon_lambda.aws_iam_policy.additional_inline",
            "module.search_pokemon_lambda.aws_iam_policy.additional_json",
            "module.search_pokemon_lambda.aws_iam_policy.additional_jsons",
            "module.search_pokemon_lambda.aws_iam_policy.async",
            "module.search_pokemon_lambda.aws_iam_policy.dead_letter",
            "module.search_pokemon_lambda.aws_iam_policy.logs",
            "module.search_pokemon_lambda.aws_iam_policy.tracing",
            "module.search_pokemon_lambda.aws_iam_policy.vpc",
            "module.search_pokemon_lambda.aws_iam_role.lambda",
            "module.search_pokemon_lambda.aws_iam_role_policy_attachment.additional_inline",
            "module.search_pokemon_lambda.aws_iam_role_policy_attachment.additional_json",
            "module.search_pokemon_lambda.aws_iam_role_policy_attachment.additional_jsons",
            "module.search_pokemon_lambda.aws_iam_role_policy_attachment.additional_many",
            "module.search_pokemon_lambda.aws_iam_role_policy_attachment.additional_one",
            "module.search_pokemon_lambda.aws_iam_role_policy_attachment.async",
            "module.search_pokemon_lambda.aws_iam_role_policy_attachment.dead_letter",
            "module.search_pokemon_lambda.aws_iam_role_policy_attachment.logs",
            "module.search_pokemon_lambda.aws_iam_role_policy_attachment.tracing",
            "module.search_pokemon_lambda.aws_iam_role_policy_attachment.vpc",
            "module.search_pokemon_lambda.aws_lambda_function.this",
            "module.search_pokemon_lambda.aws_s3_object.lambda_package",
            "module.search_pokemon_lambda.data.aws_arn.log_group_arn",
            "module.search_pokemon_lambda.data.aws_cloudwatch_log_group.lambda",
            "module.search_pokemon_lambda.data.aws_iam_policy.tracing",
            "module.search_pokemon_lambda.data.aws_iam_policy.vpc",
            "module.search_pokemon_lambda.data.aws_iam_policy_document.additional_inline",
            "module.search_pokemon_lambda.data.aws_iam_policy_document.assume_role",
            "module.search_pokemon_lambda.data.aws_iam_policy_document.async",
            "module.search_pokemon_lambda.data.aws_iam_policy_document.dead_letter",
            "module.search_pokemon_lambda.data.aws_iam_policy_document.logs",
            "module.search_pokemon_lambda.data.aws_partition.current",
            "module.search_pokemon_lambda.data.external.archive_prepare",
            "module.search_pokemon_lambda.local_file.archive_plan",
            "module.search_pokemon_lambda.null_resource.archive",
            "random_string.this"
          ],
          "create_before_destroy": true
        },
        {
          "index_key": "POST /pokemon/{pokemon_name}",
          "schema_version": 0,
          "attributes": {
            "api_id": "nmrvguqda2",
            "api_key_required": false,
            "authorization_scopes": [],
            "authorization_type": "NONE",
            "authorizer_id": "",
            "id": "gbvni63",
            "model_selection_expression": "",
            "operation_name": "",
            "request_models": {},
            "request_parameter": [],
            "route_key": "POST /pokemon/{pokemon_name}",
            "route_response_selection_expression": "",
            "target": "integrations/lj7mk2j"
          },
          "sensitive_attributes": [],
          "private": "bnVsbA==",
          "dependencies": [
            "data.aws_caller_identity.this",
            "data.aws_ecr_authorization_token.token",
            "module.api_gateway.aws_apigatewayv2_api.this",
            "module.api_gateway.aws_apigatewayv2_authorizer.this",
            "module.api_gateway.aws_apigatewayv2_integration.this",
            "module.api_gateway.aws_apigatewayv2_vpc_link.this",
            "module.list_pokemons_docker_image.aws_ecr_repository.this",
            "module.list_pokemons_docker_image.data.aws_caller_identity.this",
            "module.list_pokemons_docker_image.data.aws_region.current",
            "module.list_pokemons_docker_image.docker_image.this",
            "module.list_pokemons_docker_image.docker_registry_image.this",
            "module.list_pokemons_lambda.aws_cloudwatch_log_group.lambda",
            "module.list_pokemons_lambda.aws_iam_policy.additional_inline",
            "module.list_pokemons_lambda.aws_iam_policy.additional_json",
            "module.list_pokemons_lambda.aws_iam_policy.additional_jsons",
            "module.list_pokemons_lambda.aws_iam_policy.async",
            "module.list_pokemons_lambda.aws_iam_policy.dead_letter",
            "module.list_pokemons_lambda.aws_iam_policy.logs",
            "module.list_pokemons_lambda.aws_iam_policy.tracing",
            "module.list_pokemons_lambda.aws_iam_policy.vpc",
            "module.list_pokemons_lambda.aws_iam_role.lambda",
            "module.list_pokemons_lambda.aws_iam_role_policy_attachment.additional_inline",
            "module.list_pokemons_lambda.aws_iam_role_policy_attachment.additional_json",
            "module.list_pokemons_lambda.aws_iam_role_policy_attachment.additional_jsons",
            "module.list_pokemons_lambda.aws_iam_role_policy_attachment.additional_many",
            "module.list_pokemons_lambda.aws_iam_role_policy_attachment.additional_one",
            "module.list_pokemons_lambda.aws_iam_role_policy_attachment.async",
            "module.list_pokemons_lambda.aws_iam_role_policy_attachment.dead_letter",
            "module.list_pokemons_lambda.aws_iam_role_policy_attachment.logs",
            "module.list_pokemons_lambda.aws_iam_role_policy_attachment.tracing",
            "module.list_pokemons_lambda.aws_iam_role_policy_attachment.vpc",
            "module.list_pokemons_lambda.aws_lambda_function.this",
            "module.list_pokemons_lambda.aws_s3_object.lambda_package",
            "module.list_pokemons_lambda.data.aws_arn.log_group_arn",
            "module.list_pokemons_lambda.data.aws_cloudwatch_log_group.lambda",
            "module.list_pokemons_lambda.data.aws_iam_policy.tracing",
            "module.list_pokemons_lambda.data.aws_iam_policy.vpc",
            "module.list_pokemons_lambda.data.aws_iam_policy_document.additional_inline",
            "module.list_pokemons_lambda.data.aws_iam_policy_document.assume_role",
            "module.list_pokemons_lambda.data.aws_iam_policy_document.async",
            "module.list_pokemons_lambda.data.aws_iam_policy_document.dead_letter",
            "module.list_pokemons_lambda.data.aws_iam_policy_document.logs",
            "module.list_pokemons_lambda.data.aws_partition.current",
            "module.list_pokemons_lambda.data.external.archive_prepare",
            "module.list_pokemons_lambda.local_file.archive_plan",
            "module.list_pokemons_lambda.null_resource.archive",
            "module.search_pokemon_docker_image.aws_ecr_repository.this",
            "module.search_pokemon_docker_image.data.aws_caller_identity.this",
            "module.search_pokemon_docker_image.data.aws_region.current",
            "module.search_pokemon_docker_image.docker_image.this",
            "module.search_pokemon_docker_image.docker_registry_image.this",
            "module.search_pokemon_lambda.aws_cloudwatch_log_group.lambda",
            "module.search_pokemon_lambda.aws_iam_policy.additional_inline",
            "module.search_pokemon_lambda.aws_iam_policy.additional_json",
            "module.search_pokemon_lambda.aws_iam_policy.additional_jsons",
            "module.search_pokemon_lambda.aws_iam_policy.async",
            "module.search_pokemon_lambda.aws_iam_policy.dead_letter",
            "module.search_pokemon_lambda.aws_iam_policy.logs",
            "module.search_pokemon_lambda.aws_iam_policy.tracing",
            "module.search_pokemon_lambda.aws_iam_policy.vpc",
            "module.search_pokemon_lambda.aws_iam_role.lambda",
            "module.search_pokemon_lambda.aws_iam_role_policy_attachment.additional_inline",
            "module.search_pokemon_lambda.aws_iam_role_policy_attachment.additional_json",
            "module.search_pokemon_lambda.aws_iam_role_policy_attachment.additional_jsons",
            "module.search_pokemon_lambda.aws_iam_role_policy_attachment.additional_many",
            "module.search_pokemon_lambda.aws_iam_role_policy_attachment.additional_one",
            "module.search_pokemon_lambda.aws_iam_role_policy_attachment.async",
            "module.search_pokemon_lambda.aws_iam_role_policy_attachment.dead_letter",
            "module.search_pokemon_lambda.aws_iam_role_policy_attachment.logs",
            "module.search_pokemon_lambda.aws_iam_role_policy_attachment.tracing",
            "module.search_pokemon_lambda.aws_iam_role_policy_attachment.vpc",
            "module.search_pokemon_lambda.aws_lambda_function.this",
            "module.search_pokemon_lambda.aws_s3_object.lambda_package",
            "module.search_pokemon_lambda.data.aws_arn.log_group_arn",
            "module.search_pokemon_lambda.data.aws_cloudwatch_log_group.lambda",
            "module.search_pokemon_lambda.data.aws_iam_policy.tracing",
            "module.search_pokemon_lambda.data.aws_iam_policy.vpc",
            "module.search_pokemon_lambda.data.aws_iam_policy_document.additional_inline",
            "module.search_pokemon_lambda.data.aws_iam_policy_document.assume_role",
            "module.search_pokemon_lambda.data.aws_iam_policy_document.async",
            "module.search_pokemon_lambda.data.aws_iam_policy_document.dead_letter",
            "module.search_pokemon_lambda.data.aws_iam_policy_document.logs",
            "module.search_pokemon_lambda.data.aws_partition.current",
            "module.search_pokemon_lambda.data.external.archive_prepare",
            "module.search_pokemon_lambda.local_file.archive_plan",
            "module.search_pokemon_lambda.null_resource.archive",
            "random_string.this"
          ],
          "create_before_destroy": true
        }
      ]
    },
    {
      "module": "module.api_gateway",
      "mode": "managed",
      "type": "aws_apigatewayv2_stage",
      "name": "this",
      "provider": "provider[\"registry.terraform.io/hashicorp/aws\"]",
      "instances": [
        {
          "index_key": 0,
          "schema_version": 0,
          "attributes": {
            "access_log_settings": [
              {
                "destination_arn": "arn:aws:logs:ap-northeast-1:381492289756:log-group:/aws/apigateway/pokemon/default",
                "format": "{\"context\":{\"domainName\":\"$context.domainName\",\"error\":{\"message\":\"$context.error.message\",\"responseType\":\"$context.error.responseType\"},\"identity\":{\"sourceIP\":\"$context.identity.sourceIp\"},\"integration\":{\"error\":\"$context.integration.error\",\"integrationStatus\":\"$context.integration.integrationStatus\"},\"integrationErrorMessage\":\"$context.integrationErrorMessage\",\"protocol\":\"$context.protocol\",\"requestId\":\"$context.requestId\",\"requestTime\":\"$context.requestTime\",\"responseLength\":\"$context.responseLength\",\"routeKey\":\"$context.routeKey\",\"stage\":\"$context.stage\",\"status\":\"$context.status\"}}"
              }
            ],
            "api_id": "nmrvguqda2",
            "arn": "arn:aws:apigateway:ap-northeast-1::/apis/nmrvguqda2/stages/$default",
            "auto_deploy": true,
            "client_certificate_id": "",
            "default_route_settings": [
              {
                "data_trace_enabled": false,
                "detailed_metrics_enabled": true,
                "logging_level": "",
                "throttling_burst_limit": 100,
                "throttling_rate_limit": 100
              }
            ],
            "deployment_id": "755z9l",
            "description": "",
            "execution_arn": "arn:aws:execute-api:ap-northeast-1:381492289756:nmrvguqda2/$default",
            "id": "$default",
            "invoke_url": "https://nmrvguqda2.execute-api.ap-northeast-1.amazonaws.com/",
            "name": "$default",
            "route_settings": [
              {
                "data_trace_enabled": false,
                "detailed_metrics_enabled": true,
                "logging_level": "",
                "route_key": "GET /pokemons",
                "throttling_burst_limit": 40,
                "throttling_rate_limit": 80
              },
              {
                "data_trace_enabled": false,
                "detailed_metrics_enabled": true,
                "logging_level": "",
                "route_key": "POST /pokemon/{pokemon_name}",
                "throttling_burst_limit": 40,
                "throttling_rate_limit": 80
              }
            ],
            "stage_variables": {},
            "tags": {
              "Service": "pokemon"
            },
            "tags_all": {
              "Project": "Pokemon Master",
              "Service": "pokemon",
              "Terraform": "true"
            }
          },
          "sensitive_attributes": [],
          "private": "bnVsbA==",
          "dependencies": [
            "data.aws_caller_identity.this",
            "data.aws_ecr_authorization_token.token",
            "module.api_gateway.aws_apigatewayv2_api.this",
            "module.api_gateway.aws_apigatewayv2_authorizer.this",
            "module.api_gateway.aws_apigatewayv2_deployment.this",
            "module.api_gateway.aws_apigatewayv2_integration.this",
            "module.api_gateway.aws_apigatewayv2_route.this",
            "module.api_gateway.aws_apigatewayv2_route_response.this",
            "module.api_gateway.aws_apigatewayv2_vpc_link.this",
            "module.api_gateway.aws_cloudwatch_log_group.this",
            "module.list_pokemons_docker_image.aws_ecr_repository.this",
            "module.list_pokemons_docker_image.data.aws_caller_identity.this",
            "module.list_pokemons_docker_image.data.aws_region.current",
            "module.list_pokemons_docker_image.docker_image.this",
            "module.list_pokemons_docker_image.docker_registry_image.this",
            "module.list_pokemons_lambda.aws_cloudwatch_log_group.lambda",
            "module.list_pokemons_lambda.aws_iam_policy.additional_inline",
            "module.list_pokemons_lambda.aws_iam_policy.additional_json",
            "module.list_pokemons_lambda.aws_iam_policy.additional_jsons",
            "module.list_pokemons_lambda.aws_iam_policy.async",
            "module.list_pokemons_lambda.aws_iam_policy.dead_letter",
            "module.list_pokemons_lambda.aws_iam_policy.logs",
            "module.list_pokemons_lambda.aws_iam_policy.tracing",
            "module.list_pokemons_lambda.aws_iam_policy.vpc",
            "module.list_pokemons_lambda.aws_iam_role.lambda",
            "module.list_pokemons_lambda.aws_iam_role_policy_attachment.additional_inline",
            "module.list_pokemons_lambda.aws_iam_role_policy_attachment.additional_json",
            "module.list_pokemons_lambda.aws_iam_role_policy_attachment.additional_jsons",
            "module.list_pokemons_lambda.aws_iam_role_policy_attachment.additional_many",
            "module.list_pokemons_lambda.aws_iam_role_policy_attachment.additional_one",
            "module.list_pokemons_lambda.aws_iam_role_policy_attachment.async",
            "module.list_pokemons_lambda.aws_iam_role_policy_attachment.dead_letter",
            "module.list_pokemons_lambda.aws_iam_role_policy_attachment.logs",
            "module.list_pokemons_lambda.aws_iam_role_policy_attachment.tracing",
            "module.list_pokemons_lambda.aws_iam_role_policy_attachment.vpc",
            "module.list_pokemons_lambda.aws_lambda_function.this",
            "module.list_pokemons_lambda.aws_s3_object.lambda_package",
            "module.list_pokemons_lambda.data.aws_arn.log_group_arn",
            "module.list_pokemons_lambda.data.aws_cloudwatch_log_group.lambda",
            "module.list_pokemons_lambda.data.aws_iam_policy.tracing",
            "module.list_pokemons_lambda.data.aws_iam_policy.vpc",
            "module.list_pokemons_lambda.data.aws_iam_policy_document.additional_inline",
            "module.list_pokemons_lambda.data.aws_iam_policy_document.assume_role",
            "module.list_pokemons_lambda.data.aws_iam_policy_document.async",
            "module.list_pokemons_lambda.data.aws_iam_policy_document.dead_letter",
            "module.list_pokemons_lambda.data.aws_iam_policy_document.logs",
            "module.list_pokemons_lambda.data.aws_partition.current",
            "module.list_pokemons_lambda.data.external.archive_prepare",
            "module.list_pokemons_lambda.local_file.archive_plan",
            "module.list_pokemons_lambda.null_resource.archive",
            "module.search_pokemon_docker_image.aws_ecr_repository.this",
            "module.search_pokemon_docker_image.data.aws_caller_identity.this",
            "module.search_pokemon_docker_image.data.aws_region.current",
            "module.search_pokemon_docker_image.docker_image.this",
            "module.search_pokemon_docker_image.docker_registry_image.this",
            "module.search_pokemon_lambda.aws_cloudwatch_log_group.lambda",
            "module.search_pokemon_lambda.aws_iam_policy.additional_inline",
            "module.search_pokemon_lambda.aws_iam_policy.additional_json",
            "module.search_pokemon_lambda.aws_iam_policy.additional_jsons",
            "module.search_pokemon_lambda.aws_iam_policy.async",
            "module.search_pokemon_lambda.aws_iam_policy.dead_letter",
            "module.search_pokemon_lambda.aws_iam_policy.logs",
            "module.search_pokemon_lambda.aws_iam_policy.tracing",
            "module.search_pokemon_lambda.aws_iam_policy.vpc",
            "module.search_pokemon_lambda.aws_iam_role.lambda",
            "module.search_pokemon_lambda.aws_iam_role_policy_attachment.additional_inline",
            "module.search_pokemon_lambda.aws_iam_role_policy_attachment.additional_json",
            "module.search_pokemon_lambda.aws_iam_role_policy_attachment.additional_jsons",
            "module.search_pokemon_lambda.aws_iam_role_policy_attachment.additional_many",
            "module.search_pokemon_lambda.aws_iam_role_policy_attachment.additional_one",
            "module.search_pokemon_lambda.aws_iam_role_policy_attachment.async",
            "module.search_pokemon_lambda.aws_iam_role_policy_attachment.dead_letter",
            "module.search_pokemon_lambda.aws_iam_role_policy_attachment.logs",
            "module.search_pokemon_lambda.aws_iam_role_policy_attachment.tracing",
            "module.search_pokemon_lambda.aws_iam_role_policy_attachment.vpc",
            "module.search_pokemon_lambda.aws_lambda_function.this",
            "module.search_pokemon_lambda.aws_s3_object.lambda_package",
            "module.search_pokemon_lambda.data.aws_arn.log_group_arn",
            "module.search_pokemon_lambda.data.aws_cloudwatch_log_group.lambda",
            "module.search_pokemon_lambda.data.aws_iam_policy.tracing",
            "module.search_pokemon_lambda.data.aws_iam_policy.vpc",
            "module.search_pokemon_lambda.data.aws_iam_policy_document.additional_inline",
            "module.search_pokemon_lambda.data.aws_iam_policy_document.assume_role",
            "module.search_pokemon_lambda.data.aws_iam_policy_document.async",
            "module.search_pokemon_lambda.data.aws_iam_policy_document.dead_letter",
            "module.search_pokemon_lambda.data.aws_iam_policy_document.logs",
            "module.search_pokemon_lambda.data.aws_partition.current",
            "module.search_pokemon_lambda.data.external.archive_prepare",
            "module.search_pokemon_lambda.local_file.archive_plan",
            "module.search_pokemon_lambda.null_resource.archive",
            "random_string.this"
          ]
        }
      ]
    },
    {
      "module": "module.api_gateway",
      "mode": "managed",
      "type": "aws_cloudwatch_log_group",
      "name": "this",
      "provider": "provider[\"registry.terraform.io/hashicorp/aws\"]",
      "instances": [
        {
          "index_key": "this",
          "schema_version": 0,
          "attributes": {
            "arn": "arn:aws:logs:ap-northeast-1:381492289756:log-group:/aws/apigateway/pokemon/default",
            "id": "/aws/apigateway/pokemon/default",
            "kms_key_id": "",
            "log_group_class": "STANDARD",
            "name": "/aws/apigateway/pokemon/default",
            "name_prefix": "",
            "retention_in_days": 7,
            "skip_destroy": false,
            "tags": {
              "Service": "pokemon"
            },
            "tags_all": {
              "Project": "Pokemon Master",
              "Service": "pokemon",
              "Terraform": "true"
            }
          },
          "sensitive_attributes": [],
          "private": "bnVsbA=="
        }
      ]
    },
    {
      "module": "module.list_pokemons_docker_image",
      "mode": "data",
      "type": "aws_caller_identity",
      "name": "this",
      "provider": "provider[\"registry.terraform.io/hashicorp/aws\"]",
      "instances": [
        {
          "schema_version": 0,
          "attributes": {
            "account_id": "381492289756",
            "arn": "arn:aws:iam::381492289756:user/cch1006Admin",
            "id": "381492289756",
            "user_id": "AIDAVRUVWMDOLHIFZHZFA"
          },
          "sensitive_attributes": []
        }
      ]
    },
    {
      "module": "module.list_pokemons_docker_image",
      "mode": "data",
      "type": "aws_region",
      "name": "current",
      "provider": "provider[\"registry.terraform.io/hashicorp/aws\"]",
      "instances": [
        {
          "schema_version": 0,
          "attributes": {
            "description": "Asia Pacific (Tokyo)",
            "endpoint": "ec2.ap-northeast-1.amazonaws.com",
            "id": "ap-northeast-1",
            "name": "ap-northeast-1"
          },
          "sensitive_attributes": []
        }
      ]
    },
    {
      "module": "module.list_pokemons_docker_image",
      "mode": "managed",
      "type": "aws_ecr_lifecycle_policy",
      "name": "this",
      "provider": "provider[\"registry.terraform.io/hashicorp/aws\"]",
      "instances": [
        {
          "index_key": 0,
          "schema_version": 0,
          "attributes": {
            "id": "list_pokemons-3jyb",
            "policy": "{\"rules\":[{\"action\":{\"type\":\"expire\"},\"description\":\"Keep only the last 10 images\",\"rulePriority\":1,\"selection\":{\"countNumber\":10,\"countType\":\"imageCountMoreThan\",\"tagStatus\":\"any\"}}]}",
            "registry_id": "381492289756",
            "repository": "list_pokemons-3jyb"
          },
          "sensitive_attributes": [],
          "private": "bnVsbA==",
          "dependencies": [
            "module.list_pokemons_docker_image.aws_ecr_repository.this",
            "random_string.this"
          ]
        }
      ]
    },
    {
      "module": "module.list_pokemons_docker_image",
      "mode": "managed",
      "type": "aws_ecr_repository",
      "name": "this",
      "provider": "provider[\"registry.terraform.io/hashicorp/aws\"]",
      "instances": [
        {
          "index_key": 0,
          "schema_version": 0,
          "attributes": {
            "arn": "arn:aws:ecr:ap-northeast-1:381492289756:repository/list_pokemons-3jyb",
            "encryption_configuration": [
              {
                "encryption_type": "AES256",
                "kms_key": ""
              }
            ],
            "force_delete": true,
            "id": "list_pokemons-3jyb",
            "image_scanning_configuration": [
              {
                "scan_on_push": false
              }
            ],
            "image_tag_mutability": "MUTABLE",
            "name": "list_pokemons-3jyb",
            "registry_id": "381492289756",
            "repository_url": "381492289756.dkr.ecr.ap-northeast-1.amazonaws.com/list_pokemons-3jyb",
            "tags": {},
            "tags_all": {
              "Project": "Pokemon Master",
              "Terraform": "true"
            },
            "timeouts": null
          },
          "sensitive_attributes": [],
          "private": "eyJlMmJmYjczMC1lY2FhLTExZTYtOGY4OC0zNDM2M2JjN2M0YzAiOnsiZGVsZXRlIjoxMjAwMDAwMDAwMDAwfX0=",
          "dependencies": [
            "random_string.this"
          ],
          "create_before_destroy": true
        }
      ]
    },
    {
      "module": "module.list_pokemons_docker_image",
      "mode": "managed",
      "type": "docker_image",
      "name": "this",
      "provider": "provider[\"registry.terraform.io/kreuzwerker/docker\"]",
      "instances": [
        {
          "schema_version": 0,
          "attributes": {
            "build": [
              {
                "auth_config": [],
                "build_arg": null,
                "build_args": null,
                "build_id": "",
                "cache_from": [],
                "cgroup_parent": "",
                "context": "./../list_pokemons/",
                "cpu_period": null,
                "cpu_quota": null,
                "cpu_set_cpus": "",
                "cpu_set_mems": "",
                "cpu_shares": null,
                "dockerfile": "Dockerfile",
                "extra_hosts": [],
                "force_remove": null,
                "isolation": "",
                "label": null,
                "labels": null,
                "memory": null,
                "memory_swap": null,
                "network_mode": "",
                "no_cache": null,
                "platform": "",
                "pull_parent": null,
                "remote_context": "",
                "remove": true,
                "security_opt": [],
                "session_id": "",
                "shm_size": null,
                "squash": null,
                "suppress_output": null,
                "tag": [],
                "target": "",
                "ulimit": [],
                "version": ""
              }
            ],
            "force_remove": false,
            "id": "sha256:09d3ae660aab7336ce1ba5a2c63cf4b0a076dcba392c12445555ecf3f56028cd381492289756.dkr.ecr.ap-northeast-1.amazonaws.com/list_pokemons-3jyb",
            "image_id": "sha256:09d3ae660aab7336ce1ba5a2c63cf4b0a076dcba392c12445555ecf3f56028cd",
            "keep_locally": false,
            "name": "381492289756.dkr.ecr.ap-northeast-1.amazonaws.com/list_pokemons-3jyb",
            "platform": null,
            "pull_triggers": null,
            "repo_digest": "",
            "triggers": {
              "dir_sha": "e01c232acbf5cc1db18639a9b98ad8fc6f709a6f"
            }
          },
          "sensitive_attributes": [],
          "private": "bnVsbA==",
          "dependencies": [
            "data.aws_caller_identity.this",
            "data.aws_ecr_authorization_token.token",
            "module.list_pokemons_docker_image.aws_ecr_repository.this",
            "module.list_pokemons_docker_image.data.aws_caller_identity.this",
            "module.list_pokemons_docker_image.data.aws_region.current",
            "random_string.this"
          ],
          "create_before_destroy": true
        }
      ]
    },
    {
      "module": "module.list_pokemons_docker_image",
      "mode": "managed",
      "type": "docker_registry_image",
      "name": "this",
      "provider": "provider[\"registry.terraform.io/kreuzwerker/docker\"]",
      "instances": [
        {
          "schema_version": 0,
          "attributes": {
            "id": "sha256:6902b213e4054157288df368b28f727f00c8d90b59256cb319dd4946d4460a20",
            "insecure_skip_verify": false,
            "keep_remotely": true,
            "name": "381492289756.dkr.ecr.ap-northeast-1.amazonaws.com/list_pokemons-3jyb",
            "sha256_digest": "sha256:6902b213e4054157288df368b28f727f00c8d90b59256cb319dd4946d4460a20",
            "triggers": {
              "dir_sha": "e01c232acbf5cc1db18639a9b98ad8fc6f709a6f"
            }
          },
          "sensitive_attributes": [],
          "private": "bnVsbA==",
          "dependencies": [
            "data.aws_caller_identity.this",
            "data.aws_ecr_authorization_token.token",
            "module.list_pokemons_docker_image.aws_ecr_repository.this",
            "module.list_pokemons_docker_image.data.aws_caller_identity.this",
            "module.list_pokemons_docker_image.data.aws_region.current",
            "module.list_pokemons_docker_image.docker_image.this",
            "random_string.this"
          ],
          "create_before_destroy": true
        }
      ]
    },
    {
      "module": "module.list_pokemons_lambda",
      "mode": "data",
      "type": "aws_caller_identity",
      "name": "current",
      "provider": "provider[\"registry.terraform.io/hashicorp/aws\"]",
      "instances": [
        {
          "schema_version": 0,
          "attributes": {
            "account_id": "381492289756",
            "arn": "arn:aws:iam::381492289756:user/cch1006Admin",
            "id": "381492289756",
            "user_id": "AIDAVRUVWMDOLHIFZHZFA"
          },
          "sensitive_attributes": []
        }
      ]
    },
    {
      "module": "module.list_pokemons_lambda",
      "mode": "data",
      "type": "aws_iam_policy_document",
      "name": "additional_inline",
      "provider": "provider[\"registry.terraform.io/hashicorp/aws\"]",
      "instances": [
        {
          "index_key": 0,
          "schema_version": 0,
          "attributes": {
            "id": "180282574",
            "json": "{\n  \"Version\": \"2012-10-17\",\n  \"Statement\": [\n    {\n      \"Sid\": \"dynamodbcrud\",\n      \"Effect\": \"Allow\",\n      \"Action\": [\n        \"dynamodb:UpdateItem\",\n        \"dynamodb:Scan\",\n        \"dynamodb:Query\",\n        \"dynamodb:PutItem\",\n        \"dynamodb:GetItem\",\n        \"dynamodb:DeleteItem\",\n        \"dynamodb:BatchWriteItem\",\n        \"dynamodb:BatchGetItem\"\n      ],\n      \"Resource\": \"arn:aws:dynamodb:ap-northeast-1:381492289756:table/pokemon_table\"\n    }\n  ]\n}",
            "minified_json": "{\"Version\":\"2012-10-17\",\"Statement\":[{\"Sid\":\"dynamodbcrud\",\"Effect\":\"Allow\",\"Action\":[\"dynamodb:UpdateItem\",\"dynamodb:Scan\",\"dynamodb:Query\",\"dynamodb:PutItem\",\"dynamodb:GetItem\",\"dynamodb:DeleteItem\",\"dynamodb:BatchWriteItem\",\"dynamodb:BatchGetItem\"],\"Resource\":\"arn:aws:dynamodb:ap-northeast-1:381492289756:table/pokemon_table\"}]}",
            "override_json": null,
            "override_policy_documents": null,
            "policy_id": null,
            "source_json": null,
            "source_policy_documents": null,
            "statement": [
              {
                "actions": [
                  "dynamodb:BatchGetItem",
                  "dynamodb:BatchWriteItem",
                  "dynamodb:DeleteItem",
                  "dynamodb:GetItem",
                  "dynamodb:PutItem",
                  "dynamodb:Query",
                  "dynamodb:Scan",
                  "dynamodb:UpdateItem"
                ],
                "condition": [],
                "effect": "Allow",
                "not_actions": [],
                "not_principals": [],
                "not_resources": [],
                "principals": [],
                "resources": [
                  "arn:aws:dynamodb:ap-northeast-1:381492289756:table/pokemon_table"
                ],
                "sid": "dynamodbcrud"
              }
            ],
            "version": "2012-10-17"
          },
          "sensitive_attributes": []
        }
      ]
    },
    {
      "module": "module.list_pokemons_lambda",
      "mode": "data",
      "type": "aws_iam_policy_document",
      "name": "assume_role",
      "provider": "provider[\"registry.terraform.io/hashicorp/aws\"]",
      "instances": [
        {
          "index_key": 0,
          "schema_version": 0,
          "attributes": {
            "id": "2690255455",
            "json": "{\n  \"Version\": \"2012-10-17\",\n  \"Statement\": [\n    {\n      \"Effect\": \"Allow\",\n      \"Action\": \"sts:AssumeRole\",\n      \"Principal\": {\n        \"Service\": \"lambda.amazonaws.com\"\n      }\n    }\n  ]\n}",
            "minified_json": "{\"Version\":\"2012-10-17\",\"Statement\":[{\"Effect\":\"Allow\",\"Action\":\"sts:AssumeRole\",\"Principal\":{\"Service\":\"lambda.amazonaws.com\"}}]}",
            "override_json": null,
            "override_policy_documents": null,
            "policy_id": null,
            "source_json": null,
            "source_policy_documents": null,
            "statement": [
              {
                "actions": [
                  "sts:AssumeRole"
                ],
                "condition": [],
                "effect": "Allow",
                "not_actions": [],
                "not_principals": [],
                "not_resources": [],
                "principals": [
                  {
                    "identifiers": [
                      "lambda.amazonaws.com"
                    ],
                    "type": "Service"
                  }
                ],
                "resources": [],
                "sid": ""
              }
            ],
            "version": "2012-10-17"
          },
          "sensitive_attributes": []
        }
      ]
    },
    {
      "module": "module.list_pokemons_lambda",
      "mode": "data",
      "type": "aws_iam_policy_document",
      "name": "logs",
      "provider": "provider[\"registry.terraform.io/hashicorp/aws\"]",
      "instances": [
        {
          "index_key": 0,
          "schema_version": 0,
          "attributes": {
            "id": "811140634",
            "json": "{\n  \"Version\": \"2012-10-17\",\n  \"Statement\": [\n    {\n      \"Effect\": \"Allow\",\n      \"Action\": [\n        \"logs:PutLogEvents\",\n        \"logs:CreateLogStream\",\n        \"logs:CreateLogGroup\"\n      ],\n      \"Resource\": [\n        \"arn:aws:logs:ap-northeast-1:381492289756:log-group:/aws/lambda/list_pokemons-3jyb:*:*\",\n        \"arn:aws:logs:ap-northeast-1:381492289756:log-group:/aws/lambda/list_pokemons-3jyb:*\"\n      ]\n    }\n  ]\n}",
            "minified_json": "{\"Version\":\"2012-10-17\",\"Statement\":[{\"Effect\":\"Allow\",\"Action\":[\"logs:PutLogEvents\",\"logs:CreateLogStream\",\"logs:CreateLogGroup\"],\"Resource\":[\"arn:aws:logs:ap-northeast-1:381492289756:log-group:/aws/lambda/list_pokemons-3jyb:*:*\",\"arn:aws:logs:ap-northeast-1:381492289756:log-group:/aws/lambda/list_pokemons-3jyb:*\"]}]}",
            "override_json": null,
            "override_policy_documents": null,
            "policy_id": null,
            "source_json": null,
            "source_policy_documents": null,
            "statement": [
              {
                "actions": [
                  "logs:CreateLogGroup",
                  "logs:CreateLogStream",
                  "logs:PutLogEvents"
                ],
                "condition": [],
                "effect": "Allow",
                "not_actions": [],
                "not_principals": [],
                "not_resources": [],
                "principals": [],
                "resources": [
                  "arn:aws:logs:ap-northeast-1:381492289756:log-group:/aws/lambda/list_pokemons-3jyb:*",
                  "arn:aws:logs:ap-northeast-1:381492289756:log-group:/aws/lambda/list_pokemons-3jyb:*:*"
                ],
                "sid": ""
              }
            ],
            "version": "2012-10-17"
          },
          "sensitive_attributes": []
        }
      ]
    },
    {
      "module": "module.list_pokemons_lambda",
      "mode": "data",
      "type": "aws_partition",
      "name": "current",
      "provider": "provider[\"registry.terraform.io/hashicorp/aws\"]",
      "instances": [
        {
          "schema_version": 0,
          "attributes": {
            "dns_suffix": "amazonaws.com",
            "id": "aws",
            "partition": "aws",
            "reverse_dns_prefix": "com.amazonaws"
          },
          "sensitive_attributes": []
        }
      ]
    },
    {
      "module": "module.list_pokemons_lambda",
      "mode": "data",
      "type": "aws_region",
      "name": "current",
      "provider": "provider[\"registry.terraform.io/hashicorp/aws\"]",
      "instances": [
        {
          "schema_version": 0,
          "attributes": {
            "description": "Asia Pacific (Tokyo)",
            "endpoint": "ec2.ap-northeast-1.amazonaws.com",
            "id": "ap-northeast-1",
            "name": "ap-northeast-1"
          },
          "sensitive_attributes": []
        }
      ]
    },
    {
      "module": "module.list_pokemons_lambda",
      "mode": "managed",
      "type": "aws_cloudwatch_log_group",
      "name": "lambda",
      "provider": "provider[\"registry.terraform.io/hashicorp/aws\"]",
      "instances": [
        {
          "index_key": 0,
          "schema_version": 0,
          "attributes": {
            "arn": "arn:aws:logs:ap-northeast-1:381492289756:log-group:/aws/lambda/list_pokemons-3jyb",
            "id": "/aws/lambda/list_pokemons-3jyb",
            "kms_key_id": "",
            "log_group_class": "STANDARD",
            "name": "/aws/lambda/list_pokemons-3jyb",
            "name_prefix": "",
            "retention_in_days": 0,
            "skip_destroy": false,
            "tags": {
              "Terraform": "true"
            },
            "tags_all": {
              "Project": "Pokemon Master",
              "Terraform": "true"
            }
          },
          "sensitive_attributes": [],
          "private": "bnVsbA==",
          "dependencies": [
            "random_string.this"
          ],
          "create_before_destroy": true
        }
      ]
    },
    {
      "module": "module.list_pokemons_lambda",
      "mode": "managed",
      "type": "aws_iam_policy",
      "name": "additional_inline",
      "provider": "provider[\"registry.terraform.io/hashicorp/aws\"]",
      "instances": [
        {
          "index_key": 0,
          "schema_version": 0,
          "attributes": {
            "arn": "arn:aws:iam::381492289756:policy/list_pokemons-3jyb-inline",
            "attachment_count": 1,
            "description": "",
            "id": "arn:aws:iam::381492289756:policy/list_pokemons-3jyb-inline",
            "name": "list_pokemons-3jyb-inline",
            "name_prefix": "",
            "path": "/",
            "policy": "{\"Statement\":[{\"Action\":[\"dynamodb:UpdateItem\",\"dynamodb:Scan\",\"dynamodb:Query\",\"dynamodb:PutItem\",\"dynamodb:GetItem\",\"dynamodb:DeleteItem\",\"dynamodb:BatchWriteItem\",\"dynamodb:BatchGetItem\"],\"Effect\":\"Allow\",\"Resource\":\"arn:aws:dynamodb:ap-northeast-1:381492289756:table/pokemon_table\",\"Sid\":\"dynamodbcrud\"}],\"Version\":\"2012-10-17\"}",
            "policy_id": "ANPAVRUVWMDOPP2XOS3EY",
            "tags": {
              "Terraform": "true"
            },
            "tags_all": {
              "Project": "Pokemon Master",
              "Terraform": "true"
            }
          },
          "sensitive_attributes": [],
          "private": "bnVsbA==",
          "dependencies": [
            "data.aws_caller_identity.this",
            "module.list_pokemons_lambda.data.aws_iam_policy_document.additional_inline",
            "random_string.this"
          ],
          "create_before_destroy": true
        }
      ]
    },
    {
      "module": "module.list_pokemons_lambda",
      "mode": "managed",
      "type": "aws_iam_policy",
      "name": "logs",
      "provider": "provider[\"registry.terraform.io/hashicorp/aws\"]",
      "instances": [
        {
          "index_key": 0,
          "schema_version": 0,
          "attributes": {
            "arn": "arn:aws:iam::381492289756:policy/list_pokemons-3jyb-logs",
            "attachment_count": 1,
            "description": "",
            "id": "arn:aws:iam::381492289756:policy/list_pokemons-3jyb-logs",
            "name": "list_pokemons-3jyb-logs",
            "name_prefix": "",
            "path": "/",
            "policy": "{\"Statement\":[{\"Action\":[\"logs:PutLogEvents\",\"logs:CreateLogStream\",\"logs:CreateLogGroup\"],\"Effect\":\"Allow\",\"Resource\":[\"arn:aws:logs:ap-northeast-1:381492289756:log-group:/aws/lambda/list_pokemons-3jyb:*:*\",\"arn:aws:logs:ap-northeast-1:381492289756:log-group:/aws/lambda/list_pokemons-3jyb:*\"]}],\"Version\":\"2012-10-17\"}",
            "policy_id": "ANPAVRUVWMDOIFFK3WUOE",
            "tags": {
              "Terraform": "true"
            },
            "tags_all": {
              "Project": "Pokemon Master",
              "Terraform": "true"
            }
          },
          "sensitive_attributes": [],
          "private": "bnVsbA==",
          "dependencies": [
            "module.list_pokemons_lambda.aws_cloudwatch_log_group.lambda",
            "module.list_pokemons_lambda.data.aws_arn.log_group_arn",
            "module.list_pokemons_lambda.data.aws_cloudwatch_log_group.lambda",
            "module.list_pokemons_lambda.data.aws_iam_policy_document.logs",
            "random_string.this"
          ],
          "create_before_destroy": true
        }
      ]
    },
    {
      "module": "module.list_pokemons_lambda",
      "mode": "managed",
      "type": "aws_iam_role",
      "name": "lambda",
      "provider": "provider[\"registry.terraform.io/hashicorp/aws\"]",
      "instances": [
        {
          "index_key": 0,
          "schema_version": 0,
          "attributes": {
            "arn": "arn:aws:iam::381492289756:role/list_pokemons-3jyb",
            "assume_role_policy": "{\"Statement\":[{\"Action\":\"sts:AssumeRole\",\"Effect\":\"Allow\",\"Principal\":{\"Service\":\"lambda.amazonaws.com\"}}],\"Version\":\"2012-10-17\"}",
            "create_date": "2025-01-19T13:27:00Z",
            "description": "",
            "force_detach_policies": true,
            "id": "list_pokemons-3jyb",
            "inline_policy": [],
            "managed_policy_arns": [
              "arn:aws:iam::381492289756:policy/list_pokemons-3jyb-inline",
              "arn:aws:iam::381492289756:policy/list_pokemons-3jyb-logs"
            ],
            "max_session_duration": 3600,
            "name": "list_pokemons-3jyb",
            "name_prefix": "",
            "path": "/",
            "permissions_boundary": "",
            "tags": {
              "Terraform": "true"
            },
            "tags_all": {
              "Project": "Pokemon Master",
              "Terraform": "true"
            },
            "unique_id": "AROAVRUVWMDOKWI33MML2"
          },
          "sensitive_attributes": [],
          "private": "bnVsbA==",
          "dependencies": [
            "module.list_pokemons_lambda.data.aws_iam_policy_document.assume_role",
            "random_string.this"
          ],
          "create_before_destroy": true
        }
      ]
    },
    {
      "module": "module.list_pokemons_lambda",
      "mode": "managed",
      "type": "aws_iam_role_policy_attachment",
      "name": "additional_inline",
      "provider": "provider[\"registry.terraform.io/hashicorp/aws\"]",
      "instances": [
        {
          "index_key": 0,
          "schema_version": 0,
          "attributes": {
            "id": "list_pokemons-3jyb-20250119132701826400000002",
            "policy_arn": "arn:aws:iam::381492289756:policy/list_pokemons-3jyb-inline",
            "role": "list_pokemons-3jyb"
          },
          "sensitive_attributes": [],
          "private": "bnVsbA==",
          "dependencies": [
            "data.aws_caller_identity.this",
            "module.list_pokemons_lambda.aws_iam_policy.additional_inline",
            "module.list_pokemons_lambda.aws_iam_role.lambda",
            "module.list_pokemons_lambda.data.aws_iam_policy_document.additional_inline",
            "module.list_pokemons_lambda.data.aws_iam_policy_document.assume_role",
            "random_string.this"
          ],
          "create_before_destroy": true
        }
      ]
    },
    {
      "module": "module.list_pokemons_lambda",
      "mode": "managed",
      "type": "aws_iam_role_policy_attachment",
      "name": "logs",
      "provider": "provider[\"registry.terraform.io/hashicorp/aws\"]",
      "instances": [
        {
          "index_key": 0,
          "schema_version": 0,
          "attributes": {
            "id": "list_pokemons-3jyb-20250119132701819000000001",
            "policy_arn": "arn:aws:iam::381492289756:policy/list_pokemons-3jyb-logs",
            "role": "list_pokemons-3jyb"
          },
          "sensitive_attributes": [],
          "private": "bnVsbA==",
          "dependencies": [
            "module.list_pokemons_lambda.aws_cloudwatch_log_group.lambda",
            "module.list_pokemons_lambda.aws_iam_policy.logs",
            "module.list_pokemons_lambda.aws_iam_role.lambda",
            "module.list_pokemons_lambda.data.aws_arn.log_group_arn",
            "module.list_pokemons_lambda.data.aws_cloudwatch_log_group.lambda",
            "module.list_pokemons_lambda.data.aws_iam_policy_document.assume_role",
            "module.list_pokemons_lambda.data.aws_iam_policy_document.logs",
            "random_string.this"
          ],
          "create_before_destroy": true
        }
      ]
    },
    {
      "module": "module.list_pokemons_lambda",
      "mode": "managed",
      "type": "aws_lambda_function",
      "name": "this",
      "provider": "provider[\"registry.terraform.io/hashicorp/aws\"]",
      "instances": [
        {
          "index_key": 0,
          "schema_version": 0,
          "attributes": {
            "architectures": [
              "arm64"
            ],
            "arn": "arn:aws:lambda:ap-northeast-1:381492289756:function:list_pokemons-3jyb",
            "code_sha256": "6902b213e4054157288df368b28f727f00c8d90b59256cb319dd4946d4460a20",
            "code_signing_config_arn": "",
            "dead_letter_config": [],
            "description": "Pokemon Master: GET /pokemons ",
            "environment": [
              {
                "variables": {
                  "DYNAMODB_TABLE": "pokemon_table"
                }
              }
            ],
            "ephemeral_storage": [
              {
                "size": 512
              }
            ],
            "file_system_config": [],
            "filename": null,
            "function_name": "list_pokemons-3jyb",
            "handler": "",
            "id": "list_pokemons-3jyb",
            "image_config": [],
            "image_uri": "381492289756.dkr.ecr.ap-northeast-1.amazonaws.com/list_pokemons-3jyb@sha256:6902b213e4054157288df368b28f727f00c8d90b59256cb319dd4946d4460a20",
            "invoke_arn": "arn:aws:apigateway:ap-northeast-1:lambda:path/2015-03-31/functions/arn:aws:lambda:ap-northeast-1:381492289756:function:list_pokemons-3jyb/invocations",
            "kms_key_arn": "",
            "last_modified": "2025-01-19T13:41:40.000+0000",
            "layers": [],
            "logging_config": [
              {
                "application_log_level": "",
                "log_format": "Text",
                "log_group": "/aws/lambda/list_pokemons-3jyb",
                "system_log_level": ""
              }
            ],
            "memory_size": 128,
            "package_type": "Image",
            "publish": true,
            "qualified_arn": "arn:aws:lambda:ap-northeast-1:381492289756:function:list_pokemons-3jyb:2",
            "qualified_invoke_arn": "arn:aws:apigateway:ap-northeast-1:lambda:path/2015-03-31/functions/arn:aws:lambda:ap-northeast-1:381492289756:function:list_pokemons-3jyb:2/invocations",
            "replace_security_groups_on_destroy": null,
            "replacement_security_group_ids": null,
            "reserved_concurrent_executions": -1,
            "role": "arn:aws:iam::381492289756:role/list_pokemons-3jyb",
            "runtime": "",
            "s3_bucket": null,
            "s3_key": null,
            "s3_object_version": null,
            "signing_job_arn": "",
            "signing_profile_version_arn": "",
            "skip_destroy": false,
            "snap_start": [],
            "source_code_hash": "",
            "source_code_size": 0,
            "tags": {
              "Terraform": "true",
              "terraform-aws-modules": "lambda"
            },
            "tags_all": {
              "Project": "Pokemon Master",
              "Terraform": "true",
              "terraform-aws-modules": "lambda"
            },
            "timeout": 30,
            "timeouts": null,
            "tracing_config": [
              {
                "mode": "PassThrough"
              }
            ],
            "version": "2",
            "vpc_config": []
          },
          "sensitive_attributes": [],
          "private": "eyJlMmJmYjczMC1lY2FhLTExZTYtOGY4OC0zNDM2M2JjN2M0YzAiOnsiY3JlYXRlIjo2MDAwMDAwMDAwMDAsImRlbGV0ZSI6NjAwMDAwMDAwMDAwLCJ1cGRhdGUiOjYwMDAwMDAwMDAwMH19",
          "dependencies": [
            "data.aws_caller_identity.this",
            "data.aws_ecr_authorization_token.token",
            "module.list_pokemons_docker_image.aws_ecr_repository.this",
            "module.list_pokemons_docker_image.data.aws_caller_identity.this",
            "module.list_pokemons_docker_image.data.aws_region.current",
            "module.list_pokemons_docker_image.docker_image.this",
            "module.list_pokemons_docker_image.docker_registry_image.this",
            "module.list_pokemons_lambda.aws_cloudwatch_log_group.lambda",
            "module.list_pokemons_lambda.aws_iam_policy.additional_inline",
            "module.list_pokemons_lambda.aws_iam_policy.additional_json",
            "module.list_pokemons_lambda.aws_iam_policy.additional_jsons",
            "module.list_pokemons_lambda.aws_iam_policy.async",
            "module.list_pokemons_lambda.aws_iam_policy.dead_letter",
            "module.list_pokemons_lambda.aws_iam_policy.logs",
            "module.list_pokemons_lambda.aws_iam_policy.tracing",
            "module.list_pokemons_lambda.aws_iam_policy.vpc",
            "module.list_pokemons_lambda.aws_iam_role.lambda",
            "module.list_pokemons_lambda.aws_iam_role_policy_attachment.additional_inline",
            "module.list_pokemons_lambda.aws_iam_role_policy_attachment.additional_json",
            "module.list_pokemons_lambda.aws_iam_role_policy_attachment.additional_jsons",
            "module.list_pokemons_lambda.aws_iam_role_policy_attachment.additional_many",
            "module.list_pokemons_lambda.aws_iam_role_policy_attachment.additional_one",
            "module.list_pokemons_lambda.aws_iam_role_policy_attachment.async",
            "module.list_pokemons_lambda.aws_iam_role_policy_attachment.dead_letter",
            "module.list_pokemons_lambda.aws_iam_role_policy_attachment.logs",
            "module.list_pokemons_lambda.aws_iam_role_policy_attachment.tracing",
            "module.list_pokemons_lambda.aws_iam_role_policy_attachment.vpc",
            "module.list_pokemons_lambda.aws_s3_object.lambda_package",
            "module.list_pokemons_lambda.data.aws_arn.log_group_arn",
            "module.list_pokemons_lambda.data.aws_cloudwatch_log_group.lambda",
            "module.list_pokemons_lambda.data.aws_iam_policy.tracing",
            "module.list_pokemons_lambda.data.aws_iam_policy.vpc",
            "module.list_pokemons_lambda.data.aws_iam_policy_document.additional_inline",
            "module.list_pokemons_lambda.data.aws_iam_policy_document.assume_role",
            "module.list_pokemons_lambda.data.aws_iam_policy_document.async",
            "module.list_pokemons_lambda.data.aws_iam_policy_document.dead_letter",
            "module.list_pokemons_lambda.data.aws_iam_policy_document.logs",
            "module.list_pokemons_lambda.data.aws_partition.current",
            "module.list_pokemons_lambda.data.external.archive_prepare",
            "module.list_pokemons_lambda.local_file.archive_plan",
            "module.list_pokemons_lambda.null_resource.archive",
            "random_string.this"
          ],
          "create_before_destroy": true
        }
      ]
    },
    {
      "module": "module.list_pokemons_lambda",
      "mode": "managed",
      "type": "aws_lambda_permission",
      "name": "current_version_triggers",
      "provider": "provider[\"registry.terraform.io/hashicorp/aws\"]",
      "instances": [
        {
          "index_key": "AllowExecutionFromAPIGateway",
          "schema_version": 0,
          "attributes": {
            "action": "lambda:InvokeFunction",
            "event_source_token": null,
            "function_name": "list_pokemons-3jyb",
            "function_url_auth_type": null,
            "id": "AllowExecutionFromAPIGateway20250121132048134800000001",
            "principal": "apigateway.amazonaws.com",
            "principal_org_id": null,
            "qualifier": "2",
            "source_account": null,
            "source_arn": "arn:aws:execute-api:ap-northeast-1:381492289756:nmrvguqda2/*/*",
            "statement_id": "AllowExecutionFromAPIGateway20250121132048134800000001",
            "statement_id_prefix": "AllowExecutionFromAPIGateway"
          },
          "sensitive_attributes": [],
          "private": "bnVsbA==",
          "dependencies": [
            "data.aws_caller_identity.this",
            "data.aws_ecr_authorization_token.token",
            "module.api_gateway.aws_apigatewayv2_api.this",
            "module.list_pokemons_docker_image.aws_ecr_repository.this",
            "module.list_pokemons_docker_image.data.aws_caller_identity.this",
            "module.list_pokemons_docker_image.data.aws_region.current",
            "module.list_pokemons_docker_image.docker_image.this",
            "module.list_pokemons_docker_image.docker_registry_image.this",
            "module.list_pokemons_lambda.aws_cloudwatch_log_group.lambda",
            "module.list_pokemons_lambda.aws_iam_policy.additional_inline",
            "module.list_pokemons_lambda.aws_iam_policy.additional_json",
            "module.list_pokemons_lambda.aws_iam_policy.additional_jsons",
            "module.list_pokemons_lambda.aws_iam_policy.async",
            "module.list_pokemons_lambda.aws_iam_policy.dead_letter",
            "module.list_pokemons_lambda.aws_iam_policy.logs",
            "module.list_pokemons_lambda.aws_iam_policy.tracing",
            "module.list_pokemons_lambda.aws_iam_policy.vpc",
            "module.list_pokemons_lambda.aws_iam_role.lambda",
            "module.list_pokemons_lambda.aws_iam_role_policy_attachment.additional_inline",
            "module.list_pokemons_lambda.aws_iam_role_policy_attachment.additional_json",
            "module.list_pokemons_lambda.aws_iam_role_policy_attachment.additional_jsons",
            "module.list_pokemons_lambda.aws_iam_role_policy_attachment.additional_many",
            "module.list_pokemons_lambda.aws_iam_role_policy_attachment.additional_one",
            "module.list_pokemons_lambda.aws_iam_role_policy_attachment.async",
            "module.list_pokemons_lambda.aws_iam_role_policy_attachment.dead_letter",
            "module.list_pokemons_lambda.aws_iam_role_policy_attachment.logs",
            "module.list_pokemons_lambda.aws_iam_role_policy_attachment.tracing",
            "module.list_pokemons_lambda.aws_iam_role_policy_attachment.vpc",
            "module.list_pokemons_lambda.aws_lambda_function.this",
            "module.list_pokemons_lambda.aws_s3_object.lambda_package",
            "module.list_pokemons_lambda.data.aws_arn.log_group_arn",
            "module.list_pokemons_lambda.data.aws_cloudwatch_log_group.lambda",
            "module.list_pokemons_lambda.data.aws_iam_policy.tracing",
            "module.list_pokemons_lambda.data.aws_iam_policy.vpc",
            "module.list_pokemons_lambda.data.aws_iam_policy_document.additional_inline",
            "module.list_pokemons_lambda.data.aws_iam_policy_document.assume_role",
            "module.list_pokemons_lambda.data.aws_iam_policy_document.async",
            "module.list_pokemons_lambda.data.aws_iam_policy_document.dead_letter",
            "module.list_pokemons_lambda.data.aws_iam_policy_document.logs",
            "module.list_pokemons_lambda.data.aws_partition.current",
            "module.list_pokemons_lambda.data.external.archive_prepare",
            "module.list_pokemons_lambda.local_file.archive_plan",
            "module.list_pokemons_lambda.null_resource.archive",
            "random_string.this"
          ],
          "create_before_destroy": true
        }
      ]
    },
    {
      "module": "module.list_pokemons_lambda",
      "mode": "managed",
      "type": "aws_lambda_permission",
      "name": "unqualified_alias_triggers",
      "provider": "provider[\"registry.terraform.io/hashicorp/aws\"]",
      "instances": [
        {
          "index_key": "AllowExecutionFromAPIGateway",
          "schema_version": 0,
          "attributes": {
            "action": "lambda:InvokeFunction",
            "event_source_token": null,
            "function_name": "list_pokemons-3jyb",
            "function_url_auth_type": null,
            "id": "AllowExecutionFromAPIGateway20250119132806571300000003",
            "principal": "apigateway.amazonaws.com",
            "principal_org_id": null,
            "qualifier": "",
            "source_account": null,
            "source_arn": "arn:aws:execute-api:ap-northeast-1:381492289756:nmrvguqda2/*/*",
            "statement_id": "AllowExecutionFromAPIGateway20250119132806571300000003",
            "statement_id_prefix": "AllowExecutionFromAPIGateway"
          },
          "sensitive_attributes": [],
          "private": "bnVsbA==",
          "dependencies": [
            "data.aws_caller_identity.this",
            "data.aws_ecr_authorization_token.token",
            "module.api_gateway.aws_apigatewayv2_api.this",
            "module.list_pokemons_docker_image.aws_ecr_repository.this",
            "module.list_pokemons_docker_image.data.aws_caller_identity.this",
            "module.list_pokemons_docker_image.data.aws_region.current",
            "module.list_pokemons_docker_image.docker_image.this",
            "module.list_pokemons_docker_image.docker_registry_image.this",
            "module.list_pokemons_lambda.aws_cloudwatch_log_group.lambda",
            "module.list_pokemons_lambda.aws_iam_policy.additional_inline",
            "module.list_pokemons_lambda.aws_iam_policy.additional_json",
            "module.list_pokemons_lambda.aws_iam_policy.additional_jsons",
            "module.list_pokemons_lambda.aws_iam_policy.async",
            "module.list_pokemons_lambda.aws_iam_policy.dead_letter",
            "module.list_pokemons_lambda.aws_iam_policy.logs",
            "module.list_pokemons_lambda.aws_iam_policy.tracing",
            "module.list_pokemons_lambda.aws_iam_policy.vpc",
            "module.list_pokemons_lambda.aws_iam_role.lambda",
            "module.list_pokemons_lambda.aws_iam_role_policy_attachment.additional_inline",
            "module.list_pokemons_lambda.aws_iam_role_policy_attachment.additional_json",
            "module.list_pokemons_lambda.aws_iam_role_policy_attachment.additional_jsons",
            "module.list_pokemons_lambda.aws_iam_role_policy_attachment.additional_many",
            "module.list_pokemons_lambda.aws_iam_role_policy_attachment.additional_one",
            "module.list_pokemons_lambda.aws_iam_role_policy_attachment.async",
            "module.list_pokemons_lambda.aws_iam_role_policy_attachment.dead_letter",
            "module.list_pokemons_lambda.aws_iam_role_policy_attachment.logs",
            "module.list_pokemons_lambda.aws_iam_role_policy_attachment.tracing",
            "module.list_pokemons_lambda.aws_iam_role_policy_attachment.vpc",
            "module.list_pokemons_lambda.aws_lambda_function.this",
            "module.list_pokemons_lambda.aws_s3_object.lambda_package",
            "module.list_pokemons_lambda.data.aws_arn.log_group_arn",
            "module.list_pokemons_lambda.data.aws_cloudwatch_log_group.lambda",
            "module.list_pokemons_lambda.data.aws_iam_policy.tracing",
            "module.list_pokemons_lambda.data.aws_iam_policy.vpc",
            "module.list_pokemons_lambda.data.aws_iam_policy_document.additional_inline",
            "module.list_pokemons_lambda.data.aws_iam_policy_document.assume_role",
            "module.list_pokemons_lambda.data.aws_iam_policy_document.async",
            "module.list_pokemons_lambda.data.aws_iam_policy_document.dead_letter",
            "module.list_pokemons_lambda.data.aws_iam_policy_document.logs",
            "module.list_pokemons_lambda.data.aws_partition.current",
            "module.list_pokemons_lambda.data.external.archive_prepare",
            "module.list_pokemons_lambda.local_file.archive_plan",
            "module.list_pokemons_lambda.null_resource.archive",
            "random_string.this"
          ],
          "create_before_destroy": true
        }
      ]
    },
    {
      "module": "module.search_pokemon_docker_image",
      "mode": "data",
      "type": "aws_caller_identity",
      "name": "this",
      "provider": "provider[\"registry.terraform.io/hashicorp/aws\"]",
      "instances": [
        {
          "schema_version": 0,
          "attributes": {
            "account_id": "381492289756",
            "arn": "arn:aws:iam::381492289756:user/cch1006Admin",
            "id": "381492289756",
            "user_id": "AIDAVRUVWMDOLHIFZHZFA"
          },
          "sensitive_attributes": []
        }
      ]
    },
    {
      "module": "module.search_pokemon_docker_image",
      "mode": "data",
      "type": "aws_region",
      "name": "current",
      "provider": "provider[\"registry.terraform.io/hashicorp/aws\"]",
      "instances": [
        {
          "schema_version": 0,
          "attributes": {
            "description": "Asia Pacific (Tokyo)",
            "endpoint": "ec2.ap-northeast-1.amazonaws.com",
            "id": "ap-northeast-1",
            "name": "ap-northeast-1"
          },
          "sensitive_attributes": []
        }
      ]
    },
    {
      "module": "module.search_pokemon_docker_image",
      "mode": "managed",
      "type": "aws_ecr_lifecycle_policy",
      "name": "this",
      "provider": "provider[\"registry.terraform.io/hashicorp/aws\"]",
      "instances": [
        {
          "index_key": 0,
          "schema_version": 0,
          "attributes": {
            "id": "search_pokemon-3jyb",
            "policy": "{\"rules\":[{\"action\":{\"type\":\"expire\"},\"description\":\"Keep only the last 10 images\",\"rulePriority\":1,\"selection\":{\"countNumber\":10,\"countType\":\"imageCountMoreThan\",\"tagStatus\":\"any\"}}]}",
            "registry_id": "381492289756",
            "repository": "search_pokemon-3jyb"
          },
          "sensitive_attributes": [],
          "private": "bnVsbA==",
          "dependencies": [
            "module.search_pokemon_docker_image.aws_ecr_repository.this",
            "random_string.this"
          ]
        }
      ]
    },
    {
      "module": "module.search_pokemon_docker_image",
      "mode": "managed",
      "type": "aws_ecr_repository",
      "name": "this",
      "provider": "provider[\"registry.terraform.io/hashicorp/aws\"]",
      "instances": [
        {
          "index_key": 0,
          "schema_version": 0,
          "attributes": {
            "arn": "arn:aws:ecr:ap-northeast-1:381492289756:repository/search_pokemon-3jyb",
            "encryption_configuration": [
              {
                "encryption_type": "AES256",
                "kms_key": ""
              }
            ],
            "force_delete": true,
            "id": "search_pokemon-3jyb",
            "image_scanning_configuration": [
              {
                "scan_on_push": false
              }
            ],
            "image_tag_mutability": "MUTABLE",
            "name": "search_pokemon-3jyb",
            "registry_id": "381492289756",
            "repository_url": "381492289756.dkr.ecr.ap-northeast-1.amazonaws.com/search_pokemon-3jyb",
            "tags": {},
            "tags_all": {
              "Project": "Pokemon Master",
              "Terraform": "true"
            },
            "timeouts": null
          },
          "sensitive_attributes": [],
          "private": "eyJlMmJmYjczMC1lY2FhLTExZTYtOGY4OC0zNDM2M2JjN2M0YzAiOnsiZGVsZXRlIjoxMjAwMDAwMDAwMDAwfX0=",
          "dependencies": [
            "random_string.this"
          ],
          "create_before_destroy": true
        }
      ]
    },
    {
      "module": "module.search_pokemon_docker_image",
      "mode": "managed",
      "type": "docker_image",
      "name": "this",
      "provider": "provider[\"registry.terraform.io/kreuzwerker/docker\"]",
      "instances": [
        {
          "schema_version": 0,
          "attributes": {
            "build": [
              {
                "auth_config": [],
                "build_arg": null,
                "build_args": null,
                "build_id": "",
                "cache_from": [],
                "cgroup_parent": "",
                "context": "./../search_pokemon/",
                "cpu_period": null,
                "cpu_quota": null,
                "cpu_set_cpus": "",
                "cpu_set_mems": "",
                "cpu_shares": null,
                "dockerfile": "Dockerfile",
                "extra_hosts": [],
                "force_remove": null,
                "isolation": "",
                "label": null,
                "labels": null,
                "memory": null,
                "memory_swap": null,
                "network_mode": "",
                "no_cache": null,
                "platform": "",
                "pull_parent": null,
                "remote_context": "",
                "remove": true,
                "security_opt": [],
                "session_id": "",
                "shm_size": null,
                "squash": null,
                "suppress_output": null,
                "tag": [],
                "target": "",
                "ulimit": [],
                "version": ""
              }
            ],
            "force_remove": false,
            "id": "sha256:0885a9a6583f6b3367e893ea0b73406773f92e8e02a0c83cc6003a0b9bdab287381492289756.dkr.ecr.ap-northeast-1.amazonaws.com/search_pokemon-3jyb",
            "image_id": "sha256:0885a9a6583f6b3367e893ea0b73406773f92e8e02a0c83cc6003a0b9bdab287",
            "keep_locally": false,
            "name": "381492289756.dkr.ecr.ap-northeast-1.amazonaws.com/search_pokemon-3jyb",
            "platform": null,
            "pull_triggers": null,
            "repo_digest": "381492289756.dkr.ecr.ap-northeast-1.amazonaws.com/search_pokemon-3jyb@sha256:3ca343d04f43fb0e574954e85335e54f675223efda00d1b0daa0939560e2d568",
            "triggers": {
              "dir_sha": "e01c232acbf5cc1db18639a9b98ad8fc6f709a6f"
            }
          },
          "sensitive_attributes": [],
          "private": "bnVsbA==",
          "dependencies": [
            "data.aws_caller_identity.this",
            "data.aws_ecr_authorization_token.token",
            "module.search_pokemon_docker_image.aws_ecr_repository.this",
            "module.search_pokemon_docker_image.data.aws_caller_identity.this",
            "module.search_pokemon_docker_image.data.aws_region.current",
            "random_string.this"
          ],
          "create_before_destroy": true
        }
      ]
    },
    {
      "module": "module.search_pokemon_docker_image",
      "mode": "managed",
      "type": "docker_registry_image",
      "name": "this",
      "provider": "provider[\"registry.terraform.io/kreuzwerker/docker\"]",
      "instances": [
        {
          "schema_version": 0,
          "attributes": {
            "id": "sha256:3ca343d04f43fb0e574954e85335e54f675223efda00d1b0daa0939560e2d568",
            "insecure_skip_verify": false,
            "keep_remotely": true,
            "name": "381492289756.dkr.ecr.ap-northeast-1.amazonaws.com/search_pokemon-3jyb",
            "sha256_digest": "sha256:3ca343d04f43fb0e574954e85335e54f675223efda00d1b0daa0939560e2d568",
            "triggers": {
              "dir_sha": "e01c232acbf5cc1db18639a9b98ad8fc6f709a6f"
            }
          },
          "sensitive_attributes": [],
          "private": "bnVsbA==",
          "dependencies": [
            "data.aws_caller_identity.this",
            "data.aws_ecr_authorization_token.token",
            "module.search_pokemon_docker_image.aws_ecr_repository.this",
            "module.search_pokemon_docker_image.data.aws_caller_identity.this",
            "module.search_pokemon_docker_image.data.aws_region.current",
            "module.search_pokemon_docker_image.docker_image.this",
            "random_string.this"
          ],
          "create_before_destroy": true
        }
      ]
    },
    {
      "module": "module.search_pokemon_lambda",
      "mode": "data",
      "type": "aws_caller_identity",
      "name": "current",
      "provider": "provider[\"registry.terraform.io/hashicorp/aws\"]",
      "instances": [
        {
          "schema_version": 0,
          "attributes": {
            "account_id": "381492289756",
            "arn": "arn:aws:iam::381492289756:user/cch1006Admin",
            "id": "381492289756",
            "user_id": "AIDAVRUVWMDOLHIFZHZFA"
          },
          "sensitive_attributes": []
        }
      ]
    },
    {
      "module": "module.search_pokemon_lambda",
      "mode": "data",
      "type": "aws_iam_policy_document",
      "name": "additional_inline",
      "provider": "provider[\"registry.terraform.io/hashicorp/aws\"]",
      "instances": [
        {
          "index_key": 0,
          "schema_version": 0,
          "attributes": {
            "id": "180282574",
            "json": "{\n  \"Version\": \"2012-10-17\",\n  \"Statement\": [\n    {\n      \"Sid\": \"dynamodbcrud\",\n      \"Effect\": \"Allow\",\n      \"Action\": [\n        \"dynamodb:UpdateItem\",\n        \"dynamodb:Scan\",\n        \"dynamodb:Query\",\n        \"dynamodb:PutItem\",\n        \"dynamodb:GetItem\",\n        \"dynamodb:DeleteItem\",\n        \"dynamodb:BatchWriteItem\",\n        \"dynamodb:BatchGetItem\"\n      ],\n      \"Resource\": \"arn:aws:dynamodb:ap-northeast-1:381492289756:table/pokemon_table\"\n    }\n  ]\n}",
            "minified_json": "{\"Version\":\"2012-10-17\",\"Statement\":[{\"Sid\":\"dynamodbcrud\",\"Effect\":\"Allow\",\"Action\":[\"dynamodb:UpdateItem\",\"dynamodb:Scan\",\"dynamodb:Query\",\"dynamodb:PutItem\",\"dynamodb:GetItem\",\"dynamodb:DeleteItem\",\"dynamodb:BatchWriteItem\",\"dynamodb:BatchGetItem\"],\"Resource\":\"arn:aws:dynamodb:ap-northeast-1:381492289756:table/pokemon_table\"}]}",
            "override_json": null,
            "override_policy_documents": null,
            "policy_id": null,
            "source_json": null,
            "source_policy_documents": null,
            "statement": [
              {
                "actions": [
                  "dynamodb:BatchGetItem",
                  "dynamodb:BatchWriteItem",
                  "dynamodb:DeleteItem",
                  "dynamodb:GetItem",
                  "dynamodb:PutItem",
                  "dynamodb:Query",
                  "dynamodb:Scan",
                  "dynamodb:UpdateItem"
                ],
                "condition": [],
                "effect": "Allow",
                "not_actions": [],
                "not_principals": [],
                "not_resources": [],
                "principals": [],
                "resources": [
                  "arn:aws:dynamodb:ap-northeast-1:381492289756:table/pokemon_table"
                ],
                "sid": "dynamodbcrud"
              }
            ],
            "version": "2012-10-17"
          },
          "sensitive_attributes": []
        }
      ]
    },
    {
      "module": "module.search_pokemon_lambda",
      "mode": "data",
      "type": "aws_iam_policy_document",
      "name": "assume_role",
      "provider": "provider[\"registry.terraform.io/hashicorp/aws\"]",
      "instances": [
        {
          "index_key": 0,
          "schema_version": 0,
          "attributes": {
            "id": "2690255455",
            "json": "{\n  \"Version\": \"2012-10-17\",\n  \"Statement\": [\n    {\n      \"Effect\": \"Allow\",\n      \"Action\": \"sts:AssumeRole\",\n      \"Principal\": {\n        \"Service\": \"lambda.amazonaws.com\"\n      }\n    }\n  ]\n}",
            "minified_json": "{\"Version\":\"2012-10-17\",\"Statement\":[{\"Effect\":\"Allow\",\"Action\":\"sts:AssumeRole\",\"Principal\":{\"Service\":\"lambda.amazonaws.com\"}}]}",
            "override_json": null,
            "override_policy_documents": null,
            "policy_id": null,
            "source_json": null,
            "source_policy_documents": null,
            "statement": [
              {
                "actions": [
                  "sts:AssumeRole"
                ],
                "condition": [],
                "effect": "Allow",
                "not_actions": [],
                "not_principals": [],
                "not_resources": [],
                "principals": [
                  {
                    "identifiers": [
                      "lambda.amazonaws.com"
                    ],
                    "type": "Service"
                  }
                ],
                "resources": [],
                "sid": ""
              }
            ],
            "version": "2012-10-17"
          },
          "sensitive_attributes": []
        }
      ]
    },
    {
      "module": "module.search_pokemon_lambda",
      "mode": "data",
      "type": "aws_iam_policy_document",
      "name": "logs",
      "provider": "provider[\"registry.terraform.io/hashicorp/aws\"]",
      "instances": [
        {
          "index_key": 0,
          "schema_version": 0,
          "attributes": {
            "id": "1240780268",
            "json": "{\n  \"Version\": \"2012-10-17\",\n  \"Statement\": [\n    {\n      \"Effect\": \"Allow\",\n      \"Action\": [\n        \"logs:PutLogEvents\",\n        \"logs:CreateLogStream\",\n        \"logs:CreateLogGroup\"\n      ],\n      \"Resource\": [\n        \"arn:aws:logs:ap-northeast-1:381492289756:log-group:/aws/lambda/search_pokemon-3jyb:*:*\",\n        \"arn:aws:logs:ap-northeast-1:381492289756:log-group:/aws/lambda/search_pokemon-3jyb:*\"\n      ]\n    }\n  ]\n}",
            "minified_json": "{\"Version\":\"2012-10-17\",\"Statement\":[{\"Effect\":\"Allow\",\"Action\":[\"logs:PutLogEvents\",\"logs:CreateLogStream\",\"logs:CreateLogGroup\"],\"Resource\":[\"arn:aws:logs:ap-northeast-1:381492289756:log-group:/aws/lambda/search_pokemon-3jyb:*:*\",\"arn:aws:logs:ap-northeast-1:381492289756:log-group:/aws/lambda/search_pokemon-3jyb:*\"]}]}",
            "override_json": null,
            "override_policy_documents": null,
            "policy_id": null,
            "source_json": null,
            "source_policy_documents": null,
            "statement": [
              {
                "actions": [
                  "logs:CreateLogGroup",
                  "logs:CreateLogStream",
                  "logs:PutLogEvents"
                ],
                "condition": [],
                "effect": "Allow",
                "not_actions": [],
                "not_principals": [],
                "not_resources": [],
                "principals": [],
                "resources": [
                  "arn:aws:logs:ap-northeast-1:381492289756:log-group:/aws/lambda/search_pokemon-3jyb:*",
                  "arn:aws:logs:ap-northeast-1:381492289756:log-group:/aws/lambda/search_pokemon-3jyb:*:*"
                ],
                "sid": ""
              }
            ],
            "version": "2012-10-17"
          },
          "sensitive_attributes": []
        }
      ]
    },
    {
      "module": "module.search_pokemon_lambda",
      "mode": "data",
      "type": "aws_partition",
      "name": "current",
      "provider": "provider[\"registry.terraform.io/hashicorp/aws\"]",
      "instances": [
        {
          "schema_version": 0,
          "attributes": {
            "dns_suffix": "amazonaws.com",
            "id": "aws",
            "partition": "aws",
            "reverse_dns_prefix": "com.amazonaws"
          },
          "sensitive_attributes": []
        }
      ]
    },
    {
      "module": "module.search_pokemon_lambda",
      "mode": "data",
      "type": "aws_region",
      "name": "current",
      "provider": "provider[\"registry.terraform.io/hashicorp/aws\"]",
      "instances": [
        {
          "schema_version": 0,
          "attributes": {
            "description": "Asia Pacific (Tokyo)",
            "endpoint": "ec2.ap-northeast-1.amazonaws.com",
            "id": "ap-northeast-1",
            "name": "ap-northeast-1"
          },
          "sensitive_attributes": []
        }
      ]
    },
    {
      "module": "module.search_pokemon_lambda",
      "mode": "managed",
      "type": "aws_cloudwatch_log_group",
      "name": "lambda",
      "provider": "provider[\"registry.terraform.io/hashicorp/aws\"]",
      "instances": [
        {
          "index_key": 0,
          "schema_version": 0,
          "attributes": {
            "arn": "arn:aws:logs:ap-northeast-1:381492289756:log-group:/aws/lambda/search_pokemon-3jyb",
            "id": "/aws/lambda/search_pokemon-3jyb",
            "kms_key_id": "",
            "log_group_class": "STANDARD",
            "name": "/aws/lambda/search_pokemon-3jyb",
            "name_prefix": "",
            "retention_in_days": 0,
            "skip_destroy": false,
            "tags": {
              "Terraform": "true"
            },
            "tags_all": {
              "Project": "Pokemon Master",
              "Terraform": "true"
            }
          },
          "sensitive_attributes": [],
          "private": "bnVsbA==",
          "dependencies": [
            "random_string.this"
          ],
          "create_before_destroy": true
        }
      ]
    },
    {
      "module": "module.search_pokemon_lambda",
      "mode": "managed",
      "type": "aws_iam_policy",
      "name": "additional_inline",
      "provider": "provider[\"registry.terraform.io/hashicorp/aws\"]",
      "instances": [
        {
          "index_key": 0,
          "schema_version": 0,
          "attributes": {
            "arn": "arn:aws:iam::381492289756:policy/search_pokemon-3jyb-inline",
            "attachment_count": 1,
            "description": "",
            "id": "arn:aws:iam::381492289756:policy/search_pokemon-3jyb-inline",
            "name": "search_pokemon-3jyb-inline",
            "name_prefix": "",
            "path": "/",
            "policy": "{\"Statement\":[{\"Action\":[\"dynamodb:UpdateItem\",\"dynamodb:Scan\",\"dynamodb:Query\",\"dynamodb:PutItem\",\"dynamodb:GetItem\",\"dynamodb:DeleteItem\",\"dynamodb:BatchWriteItem\",\"dynamodb:BatchGetItem\"],\"Effect\":\"Allow\",\"Resource\":\"arn:aws:dynamodb:ap-northeast-1:381492289756:table/pokemon_table\",\"Sid\":\"dynamodbcrud\"}],\"Version\":\"2012-10-17\"}",
            "policy_id": "ANPAVRUVWMDONX6TTOLG3",
            "tags": {
              "Terraform": "true"
            },
            "tags_all": {
              "Project": "Pokemon Master",
              "Terraform": "true"
            }
          },
          "sensitive_attributes": [],
          "private": "bnVsbA==",
          "dependencies": [
            "data.aws_caller_identity.this",
            "module.search_pokemon_lambda.data.aws_iam_policy_document.additional_inline",
            "random_string.this"
          ],
          "create_before_destroy": true
        }
      ]
    },
    {
      "module": "module.search_pokemon_lambda",
      "mode": "managed",
      "type": "aws_iam_policy",
      "name": "logs",
      "provider": "provider[\"registry.terraform.io/hashicorp/aws\"]",
      "instances": [
        {
          "index_key": 0,
          "schema_version": 0,
          "attributes": {
            "arn": "arn:aws:iam::381492289756:policy/search_pokemon-3jyb-logs",
            "attachment_count": 1,
            "description": "",
            "id": "arn:aws:iam::381492289756:policy/search_pokemon-3jyb-logs",
            "name": "search_pokemon-3jyb-logs",
            "name_prefix": "",
            "path": "/",
            "policy": "{\"Statement\":[{\"Action\":[\"logs:PutLogEvents\",\"logs:CreateLogStream\",\"logs:CreateLogGroup\"],\"Effect\":\"Allow\",\"Resource\":[\"arn:aws:logs:ap-northeast-1:381492289756:log-group:/aws/lambda/search_pokemon-3jyb:*:*\",\"arn:aws:logs:ap-northeast-1:381492289756:log-group:/aws/lambda/search_pokemon-3jyb:*\"]}],\"Version\":\"2012-10-17\"}",
            "policy_id": "ANPAVRUVWMDOLXA7GB6PU",
            "tags": {
              "Terraform": "true"
            },
            "tags_all": {
              "Project": "Pokemon Master",
              "Terraform": "true"
            }
          },
          "sensitive_attributes": [],
          "private": "bnVsbA==",
          "dependencies": [
            "module.search_pokemon_lambda.aws_cloudwatch_log_group.lambda",
            "module.search_pokemon_lambda.data.aws_arn.log_group_arn",
            "module.search_pokemon_lambda.data.aws_cloudwatch_log_group.lambda",
            "module.search_pokemon_lambda.data.aws_iam_policy_document.logs",
            "random_string.this"
          ],
          "create_before_destroy": true
        }
      ]
    },
    {
      "module": "module.search_pokemon_lambda",
      "mode": "managed",
      "type": "aws_iam_role",
      "name": "lambda",
      "provider": "provider[\"registry.terraform.io/hashicorp/aws\"]",
      "instances": [
        {
          "index_key": 0,
          "schema_version": 0,
          "attributes": {
            "arn": "arn:aws:iam::381492289756:role/search_pokemon-3jyb",
            "assume_role_policy": "{\"Statement\":[{\"Action\":\"sts:AssumeRole\",\"Effect\":\"Allow\",\"Principal\":{\"Service\":\"lambda.amazonaws.com\"}}],\"Version\":\"2012-10-17\"}",
            "create_date": "2025-01-19T12:53:56Z",
            "description": "",
            "force_detach_policies": true,
            "id": "search_pokemon-3jyb",
            "inline_policy": [],
            "managed_policy_arns": [
              "arn:aws:iam::381492289756:policy/search_pokemon-3jyb-inline",
              "arn:aws:iam::381492289756:policy/search_pokemon-3jyb-logs"
            ],
            "max_session_duration": 3600,
            "name": "search_pokemon-3jyb",
            "name_prefix": "",
            "path": "/",
            "permissions_boundary": "",
            "tags": {
              "Terraform": "true"
            },
            "tags_all": {
              "Project": "Pokemon Master",
              "Terraform": "true"
            },
            "unique_id": "AROAVRUVWMDOMMPI4746Y"
          },
          "sensitive_attributes": [],
          "private": "bnVsbA==",
          "dependencies": [
            "module.search_pokemon_lambda.data.aws_iam_policy_document.assume_role",
            "random_string.this"
          ],
          "create_before_destroy": true
        }
      ]
    },
    {
      "module": "module.search_pokemon_lambda",
      "mode": "managed",
      "type": "aws_iam_role_policy_attachment",
      "name": "additional_inline",
      "provider": "provider[\"registry.terraform.io/hashicorp/aws\"]",
      "instances": [
        {
          "index_key": 0,
          "schema_version": 0,
          "attributes": {
            "id": "search_pokemon-3jyb-20250119125357511100000002",
            "policy_arn": "arn:aws:iam::381492289756:policy/search_pokemon-3jyb-inline",
            "role": "search_pokemon-3jyb"
          },
          "sensitive_attributes": [],
          "private": "bnVsbA==",
          "dependencies": [
            "data.aws_caller_identity.this",
            "module.search_pokemon_lambda.aws_iam_policy.additional_inline",
            "module.search_pokemon_lambda.aws_iam_role.lambda",
            "module.search_pokemon_lambda.data.aws_iam_policy_document.additional_inline",
            "module.search_pokemon_lambda.data.aws_iam_policy_document.assume_role",
            "random_string.this"
          ],
          "create_before_destroy": true
        }
      ]
    },
    {
      "module": "module.search_pokemon_lambda",
      "mode": "managed",
      "type": "aws_iam_role_policy_attachment",
      "name": "logs",
      "provider": "provider[\"registry.terraform.io/hashicorp/aws\"]",
      "instances": [
        {
          "index_key": 0,
          "schema_version": 0,
          "attributes": {
            "id": "search_pokemon-3jyb-20250119125357510600000001",
            "policy_arn": "arn:aws:iam::381492289756:policy/search_pokemon-3jyb-logs",
            "role": "search_pokemon-3jyb"
          },
          "sensitive_attributes": [],
          "private": "bnVsbA==",
          "dependencies": [
            "module.search_pokemon_lambda.aws_cloudwatch_log_group.lambda",
            "module.search_pokemon_lambda.aws_iam_policy.logs",
            "module.search_pokemon_lambda.aws_iam_role.lambda",
            "module.search_pokemon_lambda.data.aws_arn.log_group_arn",
            "module.search_pokemon_lambda.data.aws_cloudwatch_log_group.lambda",
            "module.search_pokemon_lambda.data.aws_iam_policy_document.assume_role",
            "module.search_pokemon_lambda.data.aws_iam_policy_document.logs",
            "random_string.this"
          ],
          "create_before_destroy": true
        }
      ]
    },
    {
      "module": "module.search_pokemon_lambda",
      "mode": "managed",
      "type": "aws_lambda_function",
      "name": "this",
      "provider": "provider[\"registry.terraform.io/hashicorp/aws\"]",
      "instances": [
        {
          "index_key": 0,
          "schema_version": 0,
          "attributes": {
            "architectures": [
              "arm64"
            ],
            "arn": "arn:aws:lambda:ap-northeast-1:381492289756:function:search_pokemon-3jyb",
            "code_sha256": "3ca343d04f43fb0e574954e85335e54f675223efda00d1b0daa0939560e2d568",
            "code_signing_config_arn": "",
            "dead_letter_config": [],
            "description": "Pokemon Master: POST /pokemon/{pokemon_name} ",
            "environment": [
              {
                "variables": {
                  "DYNAMODB_TABLE": "pokemon_table"
                }
              }
            ],
            "ephemeral_storage": [
              {
                "size": 512
              }
            ],
            "file_system_config": [],
            "filename": null,
            "function_name": "search_pokemon-3jyb",
            "handler": "",
            "id": "search_pokemon-3jyb",
            "image_config": [],
            "image_uri": "381492289756.dkr.ecr.ap-northeast-1.amazonaws.com/search_pokemon-3jyb@sha256:3ca343d04f43fb0e574954e85335e54f675223efda00d1b0daa0939560e2d568",
            "invoke_arn": "arn:aws:apigateway:ap-northeast-1:lambda:path/2015-03-31/functions/arn:aws:lambda:ap-northeast-1:381492289756:function:search_pokemon-3jyb/invocations",
            "kms_key_arn": "",
            "last_modified": "2025-01-19T13:41:43.000+0000",
            "layers": [],
            "logging_config": [
              {
                "application_log_level": "",
                "log_format": "Text",
                "log_group": "/aws/lambda/search_pokemon-3jyb",
                "system_log_level": ""
              }
            ],
            "memory_size": 128,
            "package_type": "Image",
            "publish": true,
            "qualified_arn": "arn:aws:lambda:ap-northeast-1:381492289756:function:search_pokemon-3jyb:6",
            "qualified_invoke_arn": "arn:aws:apigateway:ap-northeast-1:lambda:path/2015-03-31/functions/arn:aws:lambda:ap-northeast-1:381492289756:function:search_pokemon-3jyb:6/invocations",
            "replace_security_groups_on_destroy": null,
            "replacement_security_group_ids": null,
            "reserved_concurrent_executions": -1,
            "role": "arn:aws:iam::381492289756:role/search_pokemon-3jyb",
            "runtime": "",
            "s3_bucket": null,
            "s3_key": null,
            "s3_object_version": null,
            "signing_job_arn": "",
            "signing_profile_version_arn": "",
            "skip_destroy": false,
            "snap_start": [],
            "source_code_hash": "",
            "source_code_size": 0,
            "tags": {
              "Terraform": "true",
              "terraform-aws-modules": "lambda"
            },
            "tags_all": {
              "Project": "Pokemon Master",
              "Terraform": "true",
              "terraform-aws-modules": "lambda"
            },
            "timeout": 30,
            "timeouts": null,
            "tracing_config": [
              {
                "mode": "PassThrough"
              }
            ],
            "version": "6",
            "vpc_config": []
          },
          "sensitive_attributes": [],
          "private": "eyJlMmJmYjczMC1lY2FhLTExZTYtOGY4OC0zNDM2M2JjN2M0YzAiOnsiY3JlYXRlIjo2MDAwMDAwMDAwMDAsImRlbGV0ZSI6NjAwMDAwMDAwMDAwLCJ1cGRhdGUiOjYwMDAwMDAwMDAwMH19",
          "dependencies": [
            "data.aws_caller_identity.this",
            "data.aws_ecr_authorization_token.token",
            "module.search_pokemon_docker_image.aws_ecr_repository.this",
            "module.search_pokemon_docker_image.data.aws_caller_identity.this",
            "module.search_pokemon_docker_image.data.aws_region.current",
            "module.search_pokemon_docker_image.docker_image.this",
            "module.search_pokemon_docker_image.docker_registry_image.this",
            "module.search_pokemon_lambda.aws_cloudwatch_log_group.lambda",
            "module.search_pokemon_lambda.aws_iam_policy.additional_inline",
            "module.search_pokemon_lambda.aws_iam_policy.additional_json",
            "module.search_pokemon_lambda.aws_iam_policy.additional_jsons",
            "module.search_pokemon_lambda.aws_iam_policy.async",
            "module.search_pokemon_lambda.aws_iam_policy.dead_letter",
            "module.search_pokemon_lambda.aws_iam_policy.logs",
            "module.search_pokemon_lambda.aws_iam_policy.tracing",
            "module.search_pokemon_lambda.aws_iam_policy.vpc",
            "module.search_pokemon_lambda.aws_iam_role.lambda",
            "module.search_pokemon_lambda.aws_iam_role_policy_attachment.additional_inline",
            "module.search_pokemon_lambda.aws_iam_role_policy_attachment.additional_json",
            "module.search_pokemon_lambda.aws_iam_role_policy_attachment.additional_jsons",
            "module.search_pokemon_lambda.aws_iam_role_policy_attachment.additional_many",
            "module.search_pokemon_lambda.aws_iam_role_policy_attachment.additional_one",
            "module.search_pokemon_lambda.aws_iam_role_policy_attachment.async",
            "module.search_pokemon_lambda.aws_iam_role_policy_attachment.dead_letter",
            "module.search_pokemon_lambda.aws_iam_role_policy_attachment.logs",
            "module.search_pokemon_lambda.aws_iam_role_policy_attachment.tracing",
            "module.search_pokemon_lambda.aws_iam_role_policy_attachment.vpc",
            "module.search_pokemon_lambda.aws_s3_object.lambda_package",
            "module.search_pokemon_lambda.data.aws_arn.log_group_arn",
            "module.search_pokemon_lambda.data.aws_cloudwatch_log_group.lambda",
            "module.search_pokemon_lambda.data.aws_iam_policy.tracing",
            "module.search_pokemon_lambda.data.aws_iam_policy.vpc",
            "module.search_pokemon_lambda.data.aws_iam_policy_document.additional_inline",
            "module.search_pokemon_lambda.data.aws_iam_policy_document.assume_role",
            "module.search_pokemon_lambda.data.aws_iam_policy_document.async",
            "module.search_pokemon_lambda.data.aws_iam_policy_document.dead_letter",
            "module.search_pokemon_lambda.data.aws_iam_policy_document.logs",
            "module.search_pokemon_lambda.data.aws_partition.current",
            "module.search_pokemon_lambda.data.external.archive_prepare",
            "module.search_pokemon_lambda.local_file.archive_plan",
            "module.search_pokemon_lambda.null_resource.archive",
            "random_string.this"
          ],
          "create_before_destroy": true
        }
      ]
    },
    {
      "module": "module.search_pokemon_lambda",
      "mode": "managed",
      "type": "aws_lambda_permission",
      "name": "current_version_triggers",
      "provider": "provider[\"registry.terraform.io/hashicorp/aws\"]",
      "instances": [
        {
          "index_key": "AllowExecutionFromAPIGateway",
          "schema_version": 0,
          "attributes": {
            "action": "lambda:InvokeFunction",
            "event_source_token": null,
            "function_name": "search_pokemon-3jyb",
            "function_url_auth_type": null,
            "id": "AllowExecutionFromAPIGateway20250121132048638500000002",
            "principal": "apigateway.amazonaws.com",
            "principal_org_id": null,
            "qualifier": "6",
            "source_account": null,
            "source_arn": "arn:aws:execute-api:ap-northeast-1:381492289756:nmrvguqda2/*/*",
            "statement_id": "AllowExecutionFromAPIGateway20250121132048638500000002",
            "statement_id_prefix": "AllowExecutionFromAPIGateway"
          },
          "sensitive_attributes": [],
          "private": "bnVsbA==",
          "dependencies": [
            "data.aws_caller_identity.this",
            "data.aws_ecr_authorization_token.token",
            "module.api_gateway.aws_apigatewayv2_api.this",
            "module.search_pokemon_docker_image.aws_ecr_repository.this",
            "module.search_pokemon_docker_image.data.aws_caller_identity.this",
            "module.search_pokemon_docker_image.data.aws_region.current",
            "module.search_pokemon_docker_image.docker_image.this",
            "module.search_pokemon_docker_image.docker_registry_image.this",
            "module.search_pokemon_lambda.aws_cloudwatch_log_group.lambda",
            "module.search_pokemon_lambda.aws_iam_policy.additional_inline",
            "module.search_pokemon_lambda.aws_iam_policy.additional_json",
            "module.search_pokemon_lambda.aws_iam_policy.additional_jsons",
            "module.search_pokemon_lambda.aws_iam_policy.async",
            "module.search_pokemon_lambda.aws_iam_policy.dead_letter",
            "module.search_pokemon_lambda.aws_iam_policy.logs",
            "module.search_pokemon_lambda.aws_iam_policy.tracing",
            "module.search_pokemon_lambda.aws_iam_policy.vpc",
            "module.search_pokemon_lambda.aws_iam_role.lambda",
            "module.search_pokemon_lambda.aws_iam_role_policy_attachment.additional_inline",
            "module.search_pokemon_lambda.aws_iam_role_policy_attachment.additional_json",
            "module.search_pokemon_lambda.aws_iam_role_policy_attachment.additional_jsons",
            "module.search_pokemon_lambda.aws_iam_role_policy_attachment.additional_many",
            "module.search_pokemon_lambda.aws_iam_role_policy_attachment.additional_one",
            "module.search_pokemon_lambda.aws_iam_role_policy_attachment.async",
            "module.search_pokemon_lambda.aws_iam_role_policy_attachment.dead_letter",
            "module.search_pokemon_lambda.aws_iam_role_policy_attachment.logs",
            "module.search_pokemon_lambda.aws_iam_role_policy_attachment.tracing",
            "module.search_pokemon_lambda.aws_iam_role_policy_attachment.vpc",
            "module.search_pokemon_lambda.aws_lambda_function.this",
            "module.search_pokemon_lambda.aws_s3_object.lambda_package",
            "module.search_pokemon_lambda.data.aws_arn.log_group_arn",
            "module.search_pokemon_lambda.data.aws_cloudwatch_log_group.lambda",
            "module.search_pokemon_lambda.data.aws_iam_policy.tracing",
            "module.search_pokemon_lambda.data.aws_iam_policy.vpc",
            "module.search_pokemon_lambda.data.aws_iam_policy_document.additional_inline",
            "module.search_pokemon_lambda.data.aws_iam_policy_document.assume_role",
            "module.search_pokemon_lambda.data.aws_iam_policy_document.async",
            "module.search_pokemon_lambda.data.aws_iam_policy_document.dead_letter",
            "module.search_pokemon_lambda.data.aws_iam_policy_document.logs",
            "module.search_pokemon_lambda.data.aws_partition.current",
            "module.search_pokemon_lambda.data.external.archive_prepare",
            "module.search_pokemon_lambda.local_file.archive_plan",
            "module.search_pokemon_lambda.null_resource.archive",
            "random_string.this"
          ],
          "create_before_destroy": true
        }
      ]
    },
    {
      "module": "module.search_pokemon_lambda",
      "mode": "managed",
      "type": "aws_lambda_permission",
      "name": "unqualified_alias_triggers",
      "provider": "provider[\"registry.terraform.io/hashicorp/aws\"]",
      "instances": [
        {
          "index_key": "AllowExecutionFromAPIGateway",
          "schema_version": 0,
          "attributes": {
            "action": "lambda:InvokeFunction",
            "event_source_token": null,
            "function_name": "search_pokemon-3jyb",
            "function_url_auth_type": null,
            "id": "AllowExecutionFromAPIGateway20250119131011186500000001",
            "principal": "apigateway.amazonaws.com",
            "principal_org_id": null,
            "qualifier": "",
            "source_account": null,
            "source_arn": "arn:aws:execute-api:ap-northeast-1:381492289756:nmrvguqda2/*/*",
            "statement_id": "AllowExecutionFromAPIGateway20250119131011186500000001",
            "statement_id_prefix": "AllowExecutionFromAPIGateway"
          },
          "sensitive_attributes": [],
          "private": "bnVsbA==",
          "dependencies": [
            "data.aws_caller_identity.this",
            "data.aws_ecr_authorization_token.token",
            "module.api_gateway.aws_apigatewayv2_api.this",
            "module.search_pokemon_docker_image.aws_ecr_repository.this",
            "module.search_pokemon_docker_image.data.aws_caller_identity.this",
            "module.search_pokemon_docker_image.data.aws_region.current",
            "module.search_pokemon_docker_image.docker_image.this",
            "module.search_pokemon_docker_image.docker_registry_image.this",
            "module.search_pokemon_lambda.aws_cloudwatch_log_group.lambda",
            "module.search_pokemon_lambda.aws_iam_policy.additional_inline",
            "module.search_pokemon_lambda.aws_iam_policy.additional_json",
            "module.search_pokemon_lambda.aws_iam_policy.additional_jsons",
            "module.search_pokemon_lambda.aws_iam_policy.async",
            "module.search_pokemon_lambda.aws_iam_policy.dead_letter",
            "module.search_pokemon_lambda.aws_iam_policy.logs",
            "module.search_pokemon_lambda.aws_iam_policy.tracing",
            "module.search_pokemon_lambda.aws_iam_policy.vpc",
            "module.search_pokemon_lambda.aws_iam_role.lambda",
            "module.search_pokemon_lambda.aws_iam_role_policy_attachment.additional_inline",
            "module.search_pokemon_lambda.aws_iam_role_policy_attachment.additional_json",
            "module.search_pokemon_lambda.aws_iam_role_policy_attachment.additional_jsons",
            "module.search_pokemon_lambda.aws_iam_role_policy_attachment.additional_many",
            "module.search_pokemon_lambda.aws_iam_role_policy_attachment.additional_one",
            "module.search_pokemon_lambda.aws_iam_role_policy_attachment.async",
            "module.search_pokemon_lambda.aws_iam_role_policy_attachment.dead_letter",
            "module.search_pokemon_lambda.aws_iam_role_policy_attachment.logs",
            "module.search_pokemon_lambda.aws_iam_role_policy_attachment.tracing",
            "module.search_pokemon_lambda.aws_iam_role_policy_attachment.vpc",
            "module.search_pokemon_lambda.aws_lambda_function.this",
            "module.search_pokemon_lambda.aws_s3_object.lambda_package",
            "module.search_pokemon_lambda.data.aws_arn.log_group_arn",
            "module.search_pokemon_lambda.data.aws_cloudwatch_log_group.lambda",
            "module.search_pokemon_lambda.data.aws_iam_policy.tracing",
            "module.search_pokemon_lambda.data.aws_iam_policy.vpc",
            "module.search_pokemon_lambda.data.aws_iam_policy_document.additional_inline",
            "module.search_pokemon_lambda.data.aws_iam_policy_document.assume_role",
            "module.search_pokemon_lambda.data.aws_iam_policy_document.async",
            "module.search_pokemon_lambda.data.aws_iam_policy_document.dead_letter",
            "module.search_pokemon_lambda.data.aws_iam_policy_document.logs",
            "module.search_pokemon_lambda.data.aws_partition.current",
            "module.search_pokemon_lambda.data.external.archive_prepare",
            "module.search_pokemon_lambda.local_file.archive_plan",
            "module.search_pokemon_lambda.null_resource.archive",
            "random_string.this"
          ],
          "create_before_destroy": true
        }
      ]
    }
  ],
  "check_results": [
    {
      "object_kind": "var",
      "config_addr": "module.api_gateway.module.acm.var.validation_method",
      "status": "pass",
      "objects": [
        {
          "object_addr": "module.api_gateway.module.acm.var.validation_method",
          "status": "pass"
        }
      ]
    }
  ]
}
