{
  "version": 4,
  "terraform_version": "1.9.3",
  "serial": 96,
  "lineage": "de8409a6-0e03-2ecb-184e-0ef99554f9c6",
  "outputs": {},
  "resources": [
    {
      "mode": "data",
      "type": "aws_caller_identity",
      "name": "this",
      "provider": "provider[\"registry.terraform.io/hashicorp/aws\"]",
      "instances": [
        {
          "schema_version": 0,
          "attributes": {
            "account_id": "381492289756",
            "arn": "arn:aws:iam::381492289756:user/cch1006Admin",
            "id": "381492289756",
            "user_id": "AIDAVRUVWMDOLHIFZHZFA"
          },
          "sensitive_attributes": []
        }
      ]
    },
    {
      "mode": "data",
      "type": "aws_ecr_authorization_token",
      "name": "token",
      "provider": "provider[\"registry.terraform.io/hashicorp/aws\"]",
      "instances": [
        {
          "schema_version": 0,
          "attributes": {
            "authorization_token": "QVdTOmV5SndZWGxzYjJGa0lqb2lTVmxLUjFadU1GWTNURTh3WlhvM05EaDFZV0V6UVdkTFJGRlVjbU56YzI5Vk56bHNkQ3RNV1dKVFJWWkZkRk5PVVZkR1FVY3pOa04yZDJrelEzQTNURTlPUmxWMFNsZEJlRWxNWVRKUk5WUnZibmhZYjBOdVVrUmlWa296UTJWQlNFNTRNMWh3TlV0alltTlJOMWh0VVVKRWNYUmFNRTl3Wms1b2RtSlhSRkJxWVhwMFZXdzNXazVSYjB4TmJIUmpUVkpGWm1ReVMzQkhjREZtYzFGQ1ducFVOREU0ZDJKNlVUWndOa3RNZFRkcFowbFJTMDB4Ym1JMWNUWlBkVnA0Y1VjM2VqQnBiV3BEY1hoNlRtRmxkVGMzUVVSM09ITm9ibEUwU0habWVtMDFPRUpCUlZKTmJESlFXRVYwZEhkcFpHdGtkbGxFVFd0eGFHeERSRTFUVURoNlExSktTVTFxTDFoNWRFWk5TRk5MUlhvNVozWkhVRkZ3ZGxOWmNrUkJUVFZRVG1aNFpUY3JORFoyV0VwYWRreDNhMU5wYWlzcmVqaGtZU3RxT0VwSFdqVk5ZbWMwTUhKMVZXWk9WR0ZTTm1ReldrMVBSRGdyYUNzMFVrNVlVSEIzWnpGME1ITnhhVU5zSzJsSFNGQkxiMFpDVURGQ1VVOVFja1oxWXpKWVptOW5WbE42TUZwWFNraDZlbkVyZGtsRk9YVjZkVzFTYlZGWlRXUTNZVFZvU0VzcmNrbDFMMGxyVDJkd09ERndWblU1T1VZMFlVcGhiSGR2UWsxSVEwWlpXalF4S3pOVFFrWnNWMnh6TDJGUVVXbzRWMjU2U21ST1pIRk9jR3hVVTFjd2JubExaM2xQYVZSWFpIVm5Obm8xTlRreFJGWlVibkJoTUhjNU0xTm9TaTloWWpGSmFrbHFibk5UUzJjNFFYbFVla1pyTWs5U1kzVnViWGhRTW1JdlMyNVNMMEZIU0Vsd1ZIRm1PR2hWZG5rM1VtVjFaV1JQY21ka0szRnVTVWRKZVZwbFlUY3ZNbEpEVmpJNFNIbDZiV296Y2tSWGNtZHFaa3h6TlVJNWFIRlphMHRZZFRaR2FTczVXRzFVUWtndkt6SkZPVUl6YjNNdmJtdFBlalZqZDJWVWJsVnFhSEI0ZGxkQ2JVeG1TMndyWmpjeFlVZ3JabUpIT1haNGN6TXpNVlpRUWpOQllUaHJVWE15VUVsUlIwVlRSa2xGTkVSQ2VVRmFibE53WnpZME1rczNiVFZNYWpoelUycHlWMWhqSzBoTFMxaFZLMXBvV1ZjelRVZEZSVmRTU2xFeWVqRlhjRXBDV0dsaFZWZElZM1F3YzBkTmRrcDVhRzFCY1haWU9FVnJORFpzY0hkb1JGb3pSR3M0YVdkMVZHTnZPSE01YTFVdlExVnFXVmhQVTJVd2FrVlhiRkJCY1RNNWNGcEtNQzlxV25SS2IyZE9WVTFUVWpWcGMxbHdhR3h2VEZwS2FGZG5iSHBRTUVkNmEwWnBjbk4yWlhkeU1XRkJVbUpzTmtaV2FVaDRjV0ZPZGpFNGNEbEplbkl3VFVOWWVDOUVjbEpDWlVNdloxcFpOR0ZNYWxBeU0wNUdjRlZ3U2pKb1ZrYzNXRkJFTlRNeWFqSnphRXRaZVdoU1psTmxiMlphVjAxTmMxaEZhMWR3WWtKcVpIcDNZMGhUVm5OV05VSnhNSFZrV2tKbGEyWlhabGxwUTBrclFsSkhVREEwY0ZGNFlWaFhXakptTTNsb1UwVnhXa1JUUlZGSFNqZzJabEZNU0VGaGNEQm1hUzlJTkVkSFoxUmFhMjFKVEV0cU4zaEpja0poTjIxR1ZYVnRjSGhtU0ZaMVdFd2lMQ0prWVhSaGEyVjVJam9pUVZGRlFrRklaMEZOWmt0RWJFbHZjRU0yZW5Nd1lrMWtVbkpaVTBoaEwwTXpPV3REY21OUU9HdFdjSEpGT1dZcmExRkJRVUZJTkhkbVFWbEtTMjlhU1doMlkwNUJVV05IYjBjNGQySlJTVUpCUkVKdlFtZHJjV2hyYVVjNWR6QkNRbmRGZDBobldVcFpTVnBKUVZkVlJFSkJSWFZOUWtWRlJFdHZhalY2VVdSdFlUaE1PVWhaWjNGM1NVSkZTVUUzUWs4eGJIVjFSV0oxVlVGTGNITnFRVGN5YWtWT2J6Y3lVV05tU1V4bldVWkZSREZyVUZKM05tb3pSRlJMYjBwdVlrRXdUVmR5TjBsblNteHJSbkJPZURZMlJFNDFiamxhV1ZWcloyNVVjejBpTENKMlpYSnphVzl1SWpvaU1pSXNJblI1Y0dVaU9pSkVRVlJCWDB0RldTSXNJbVY0Y0dseVlYUnBiMjRpT2pFM016Y3pNelkwTVRWOQ==",
            "expires_at": "2025-01-20T01:26:55Z",
            "id": "ap-northeast-1",
            "password": "eyJwYXlsb2FkIjoiSVlKR1ZuMFY3TE8wZXo3NDh1YWEzQWdLRFFUcmNzc29VNzlsdCtMWWJTRVZFdFNOUVdGQUczNkN2d2kzQ3A3TE9ORlV0SldBeElMYTJRNVRvbnhYb0NuUkRiVkozQ2VBSE54M1hwNUtjYmNRN1htUUJEcXRaME9wZk5odmJXRFBqYXp0VWw3Wk5Rb0xNbHRjTVJFZmQyS3BHcDFmc1FCWnpUNDE4d2J6UTZwNktMdTdpZ0lRS00xbmI1cTZPdVp4cUc3ejBpbWpDcXh6TmFldTc3QUR3OHNoblE0SHZmem01OEJBRVJNbDJQWEV0dHdpZGtkdllETWtxaGxDRE1TUDh6Q1JKSU1qL1h5dEZNSFNLRXo5Z3ZHUFFwdlNZckRBTTVQTmZ4ZTcrNDZ2WEpadkx3a1NpaisrejhkYStqOEpHWjVNYmc0MHJ1VWZOVGFSNmQzWk1PRDgraCs0Uk5YUHB3ZzF0MHNxaUNsK2lHSFBLb0ZCUDFCUU9QckZ1YzJYZm9nVlN6MFpXSkh6enErdklFOXV6dW1SbVFZTWQ3YTVoSEsrckl1L0lrT2dwODFwVnU5OUY0YUphbHdvQk1IQ0ZZWjQxKzNTQkZsV2xzL2FQUWo4V256SmROZHFOcGxUU1cwbnlLZ3lPaVRXZHVnNno1NTkxRFZUbnBhMHc5M1NoSi9hYjFJaklqbnNTS2c4QXlUekZrMk9SY3VubXhQMmIvS25SL0FHSElwVHFmOGhVdnk3UmV1ZWRPcmdkK3FuSUdJeVplYTcvMlJDVjI4SHl6bWozckRXcmdqZkxzNUI5aHFZa0tYdTZGaSs5WG1UQkgvKzJFOUIzb3MvbmtPejVjd2VUblVqaHB4dldCbUxmS2wrZjcxYUgrZmJHOXZ4czMzMVZQQjNBYThrUXMyUElRR0VTRklFNERCeUFablNwZzY0Mks3bTVMajhzU2pyV1hjK0hLS1hVK1poWVczTUdFRVdSSlEyejFXcEpCWGlhVVdIY3Qwc0dNdkp5aG1BcXZYOEVrNDZscHdoRFozRGs4aWd1VGNvOHM5a1UvQ1VqWVhPU2UwakVXbFBBcTM5cFpKMC9qWnRKb2dOVU1TUjVpc1lwaGxvTFpKaFdnbHpQMEd6a0ZpcnN2ZXdyMWFBUmJsNkZWaUh4cWFOdjE4cDlJenIwTUNYeC9EclJCZUMvZ1pZNGFMalAyM05GcFVwSjJoVkc3WFBENTMyajJzaEtZeWhSZlNlb2ZaV01Nc1hFa1dwYkJqZHp3Y0hTVnNWNUJxMHVkWkJla2ZXZllpQ0krQlJHUDA0cFF4YVhXWjJmM3loU0VxWkRTRVFHSjg2ZlFMSEFhcDBmaS9INEdHZ1Raa21JTEtqN3hJckJhN21GVXVtcHhmSFZ1WEwiLCJkYXRha2V5IjoiQVFFQkFIZ0FNZktEbElvcEM2enMwYk1kUnJZU0hhL0MzOWtDcmNQOGtWcHJFOWYra1FBQUFINHdmQVlKS29aSWh2Y05BUWNHb0c4d2JRSUJBREJvQmdrcWhraUc5dzBCQndFd0hnWUpZSVpJQVdVREJBRXVNQkVFREtvajV6UWRtYThMOUhZZ3F3SUJFSUE3Qk8xbHV1RWJ1VUFLcHNqQTcyakVObzcyUWNmSUxnWUZFRDFrUFJ3NmozRFRLb0puYkEwTVdyN0lnSmxrRnBOeDY2RE41bjlaWVVrZ25Ucz0iLCJ2ZXJzaW9uIjoiMiIsInR5cGUiOiJEQVRBX0tFWSIsImV4cGlyYXRpb24iOjE3MzczMzY0MTV9",
            "proxy_endpoint": "https://381492289756.dkr.ecr.ap-northeast-1.amazonaws.com",
            "registry_id": null,
            "user_name": "AWS"
          },
          "sensitive_attributes": [
            [
              {
                "type": "get_attr",
                "value": "authorization_token"
              }
            ],
            [
              {
                "type": "get_attr",
                "value": "password"
              }
            ]
          ]
        }
      ]
    },
    {
      "mode": "managed",
      "type": "aws_dynamodb_table",
      "name": "pokemon_table",
      "provider": "provider[\"registry.terraform.io/hashicorp/aws\"]",
      "instances": [
        {
          "schema_version": 1,
          "attributes": {
            "arn": "arn:aws:dynamodb:ap-northeast-1:381492289756:table/pokemon_table",
            "attribute": [
              {
                "name": "ID",
                "type": "S"
              }
            ],
            "billing_mode": "PAY_PER_REQUEST",
            "deletion_protection_enabled": false,
            "global_secondary_index": [],
            "hash_key": "ID",
            "id": "pokemon_table",
            "import_table": [],
            "local_secondary_index": [],
            "name": "pokemon_table",
            "point_in_time_recovery": [
              {
                "enabled": false
              }
            ],
            "range_key": null,
            "read_capacity": 0,
            "replica": [],
            "restore_date_time": null,
            "restore_source_name": null,
            "restore_to_latest_time": null,
            "server_side_encryption": [],
            "stream_arn": "",
            "stream_enabled": false,
            "stream_label": "",
            "stream_view_type": "",
            "table_class": "STANDARD",
            "tags": {
              "Name": "Pokemon Master"
            },
            "tags_all": {
              "Name": "Pokemon Master",
              "Project": "Pokemon Master",
              "Terraform": "true"
            },
            "timeouts": null,
            "ttl": [
              {
                "attribute_name": "",
                "enabled": false
              }
            ],
            "write_capacity": 0
          },
          "sensitive_attributes": [],
          "private": "eyJlMmJmYjczMC1lY2FhLTExZTYtOGY4OC0zNDM2M2JjN2M0YzAiOnsiY3JlYXRlIjoxODAwMDAwMDAwMDAwLCJkZWxldGUiOjYwMDAwMDAwMDAwMCwidXBkYXRlIjozNjAwMDAwMDAwMDAwfSwic2NoZW1hX3ZlcnNpb24iOiIxIn0="
        }
      ]
    },
    {
      "mode": "managed",
      "type": "random_string",
      "name": "this",
      "provider": "provider[\"registry.terraform.io/hashicorp/random\"]",
      "instances": [
        {
          "schema_version": 2,
          "attributes": {
            "id": "3jyb",
            "keepers": null,
            "length": 4,
            "lower": true,
            "min_lower": 0,
            "min_numeric": 0,
            "min_special": 0,
            "min_upper": 0,
            "number": true,
            "numeric": true,
            "override_special": null,
            "result": "3jyb",
            "special": false,
            "upper": false
          },
          "sensitive_attributes": [],
          "create_before_destroy": true
        }
      ]
    },
    {
      "module": "module.api_gateway",
      "mode": "managed",
      "type": "aws_apigatewayv2_api",
      "name": "this",
      "provider": "provider[\"registry.terraform.io/hashicorp/aws\"]",
      "instances": [
        {
          "index_key": 0,
          "schema_version": 0,
          "attributes": {
            "api_endpoint": "https://nmrvguqda2.execute-api.ap-northeast-1.amazonaws.com",
            "api_key_selection_expression": "$request.header.x-api-key",
            "arn": "arn:aws:apigateway:ap-northeast-1::/apis/nmrvguqda2",
            "body": null,
            "cors_configuration": [
              {
                "allow_credentials": true,
                "allow_headers": [
                  "authorization",
                  "content-type",
                  "x-amz-date",
                  "x-amz-security-token",
                  "x-amz-user-agent",
                  "x-api-key"
                ],
                "allow_methods": [
                  "*"
                ],
                "allow_origins": [
                  "http://localhost:3000",
                  "http://localhost:5500",
                  "https://*"
                ],
                "expose_headers": [],
                "max_age": 0
              }
            ],
            "credentials_arn": null,
            "description": "Pokemon Master api gateway to lambda container image",
            "disable_execute_api_endpoint": false,
            "execution_arn": "arn:aws:execute-api:ap-northeast-1:381492289756:nmrvguqda2",
            "fail_on_warnings": false,
            "id": "nmrvguqda2",
            "name": "pokemon",
            "protocol_type": "HTTP",
            "route_key": null,
            "route_selection_expression": "$request.method $request.path",
            "tags": {
              "Service": "pokemon",
              "terraform-aws-modules": "apigateway-v2"
            },
            "tags_all": {
              "Project": "Pokemon Master",
              "Service": "pokemon",
              "Terraform": "true",
              "terraform-aws-modules": "apigateway-v2"
            },
            "target": null,
            "version": ""
          },
          "sensitive_attributes": [],
          "private": "bnVsbA==",
          "create_before_destroy": true
        }
      ]
    },
    {
      "module": "module.api_gateway",
      "mode": "managed",
      "type": "aws_apigatewayv2_integration",
      "name": "this",
      "provider": "provider[\"registry.terraform.io/hashicorp/aws\"]",
      "instances": [
        {
          "index_key": "GET /pokemons",
          "schema_version": 0,
          "attributes": {
            "api_id": "nmrvguqda2",
            "connection_id": "",
            "connection_type": "INTERNET",
            "content_handling_strategy": "",
            "credentials_arn": "",
            "description": "",
            "id": "2edyc2h",
            "integration_method": "POST",
            "integration_response_selection_expression": "",
            "integration_subtype": "",
            "integration_type": "AWS_PROXY",
            "integration_uri": "arn:aws:lambda:ap-northeast-1:381492289756:function:list_pokemons-3jyb",
            "passthrough_behavior": "",
            "payload_format_version": "1.0",
            "request_parameters": null,
            "request_templates": null,
            "response_parameters": [],
            "template_selection_expression": "",
            "timeout_milliseconds": 29000,
            "tls_config": []
          },
          "sensitive_attributes": [],
          "private": "bnVsbA==",
          "dependencies": [
            "data.aws_caller_identity.this",
            "data.aws_ecr_authorization_token.token",
            "module.api_gateway.aws_apigatewayv2_api.this",
            "module.api_gateway.aws_apigatewayv2_vpc_link.this",
            "module.list_pokemons_lambda.aws_cloudwatch_log_group.lambda",
            "module.list_pokemons_lambda.aws_iam_policy.additional_inline",
            "module.list_pokemons_lambda.aws_iam_policy.additional_json",
            "module.list_pokemons_lambda.aws_iam_policy.additional_jsons",
            "module.list_pokemons_lambda.aws_iam_policy.async",
            "module.list_pokemons_lambda.aws_iam_policy.dead_letter",
            "module.list_pokemons_lambda.aws_iam_policy.logs",
            "module.list_pokemons_lambda.aws_iam_policy.tracing",
            "module.list_pokemons_lambda.aws_iam_policy.vpc",
            "module.list_pokemons_lambda.aws_iam_role.lambda",
            "module.list_pokemons_lambda.aws_iam_role_policy_attachment.additional_inline",
            "module.list_pokemons_lambda.aws_iam_role_policy_attachment.additional_json",
            "module.list_pokemons_lambda.aws_iam_role_policy_attachment.additional_jsons",
            "module.list_pokemons_lambda.aws_iam_role_policy_attachment.additional_many",
            "module.list_pokemons_lambda.aws_iam_role_policy_attachment.additional_one",
            "module.list_pokemons_lambda.aws_iam_role_policy_attachment.async",
            "module.list_pokemons_lambda.aws_iam_role_policy_attachment.dead_letter",
            "module.list_pokemons_lambda.aws_iam_role_policy_attachment.logs",
            "module.list_pokemons_lambda.aws_iam_role_policy_attachment.tracing",
            "module.list_pokemons_lambda.aws_iam_role_policy_attachment.vpc",
            "module.list_pokemons_lambda.aws_lambda_function.this",
            "module.list_pokemons_lambda.aws_s3_object.lambda_package",
            "module.list_pokemons_lambda.data.aws_arn.log_group_arn",
            "module.list_pokemons_lambda.data.aws_cloudwatch_log_group.lambda",
            "module.list_pokemons_lambda.data.aws_iam_policy.tracing",
            "module.list_pokemons_lambda.data.aws_iam_policy.vpc",
            "module.list_pokemons_lambda.data.aws_iam_policy_document.additional_inline",
            "module.list_pokemons_lambda.data.aws_iam_policy_document.assume_role",
            "module.list_pokemons_lambda.data.aws_iam_policy_document.async",
            "module.list_pokemons_lambda.data.aws_iam_policy_document.dead_letter",
            "module.list_pokemons_lambda.data.aws_iam_policy_document.logs",
            "module.list_pokemons_lambda.data.aws_partition.current",
            "module.list_pokemons_lambda.data.external.archive_prepare",
            "module.list_pokemons_lambda.local_file.archive_plan",
            "module.list_pokemons_lambda.null_resource.archive",
            "module.search_pokemon_docker_image.aws_ecr_repository.this",
            "module.search_pokemon_docker_image.data.aws_caller_identity.this",
            "module.search_pokemon_docker_image.data.aws_region.current",
            "module.search_pokemon_docker_image.docker_image.this",
            "module.search_pokemon_docker_image.docker_registry_image.this",
            "module.search_pokemon_lambda.aws_cloudwatch_log_group.lambda",
            "module.search_pokemon_lambda.aws_iam_policy.additional_inline",
            "module.search_pokemon_lambda.aws_iam_policy.additional_json",
            "module.search_pokemon_lambda.aws_iam_policy.additional_jsons",
            "module.search_pokemon_lambda.aws_iam_policy.async",
            "module.search_pokemon_lambda.aws_iam_policy.dead_letter",
            "module.search_pokemon_lambda.aws_iam_policy.logs",
            "module.search_pokemon_lambda.aws_iam_policy.tracing",
            "module.search_pokemon_lambda.aws_iam_policy.vpc",
            "module.search_pokemon_lambda.aws_iam_role.lambda",
            "module.search_pokemon_lambda.aws_iam_role_policy_attachment.additional_inline",
            "module.search_pokemon_lambda.aws_iam_role_policy_attachment.additional_json",
            "module.search_pokemon_lambda.aws_iam_role_policy_attachment.additional_jsons",
            "module.search_pokemon_lambda.aws_iam_role_policy_attachment.additional_many",
            "module.search_pokemon_lambda.aws_iam_role_policy_attachment.additional_one",
            "module.search_pokemon_lambda.aws_iam_role_policy_attachment.async",
            "module.search_pokemon_lambda.aws_iam_role_policy_attachment.dead_letter",
            "module.search_pokemon_lambda.aws_iam_role_policy_attachment.logs",
            "module.search_pokemon_lambda.aws_iam_role_policy_attachment.tracing",
            "module.search_pokemon_lambda.aws_iam_role_policy_attachment.vpc",
            "module.search_pokemon_lambda.aws_lambda_function.this",
            "module.search_pokemon_lambda.aws_s3_object.lambda_package",
            "module.search_pokemon_lambda.data.aws_arn.log_group_arn",
            "module.search_pokemon_lambda.data.aws_cloudwatch_log_group.lambda",
            "module.search_pokemon_lambda.data.aws_iam_policy.tracing",
            "module.search_pokemon_lambda.data.aws_iam_policy.vpc",
            "module.search_pokemon_lambda.data.aws_iam_policy_document.additional_inline",
            "module.search_pokemon_lambda.data.aws_iam_policy_document.assume_role",
            "module.search_pokemon_lambda.data.aws_iam_policy_document.async",
            "module.search_pokemon_lambda.data.aws_iam_policy_document.dead_letter",
            "module.search_pokemon_lambda.data.aws_iam_policy_document.logs",
            "module.search_pokemon_lambda.data.aws_partition.current",
            "module.search_pokemon_lambda.data.external.archive_prepare",
            "module.search_pokemon_lambda.local_file.archive_plan",
            "module.search_pokemon_lambda.null_resource.archive",
            "random_string.this"
          ],
          "create_before_destroy": true
        },
        {
          "index_key": "POST /pokemon/{pokemon_name}",
          "schema_version": 0,
          "attributes": {
            "api_id": "nmrvguqda2",
            "connection_id": "",
            "connection_type": "INTERNET",
            "content_handling_strategy": "",
            "credentials_arn": "",
            "description": "",
            "id": "lj7mk2j",
            "integration_method": "POST",
            "integration_response_selection_expression": "",
            "integration_subtype": "",
            "integration_type": "AWS_PROXY",
            "integration_uri": "arn:aws:lambda:ap-northeast-1:381492289756:function:search_pokemon-3jyb",
            "passthrough_behavior": "",
            "payload_format_version": "1.0",
            "request_parameters": {},
            "request_templates": {},
            "response_parameters": [],
            "template_selection_expression": "",
            "timeout_milliseconds": 29000,
            "tls_config": []
          },
          "sensitive_attributes": [],
          "private": "bnVsbA==",
          "dependencies": [
            "data.aws_caller_identity.this",
            "data.aws_ecr_authorization_token.token",
            "module.api_gateway.aws_apigatewayv2_api.this",
            "module.api_gateway.aws_apigatewayv2_vpc_link.this",
            "module.list_pokemons_lambda.aws_cloudwatch_log_group.lambda",
            "module.list_pokemons_lambda.aws_iam_policy.additional_inline",
            "module.list_pokemons_lambda.aws_iam_policy.additional_json",
            "module.list_pokemons_lambda.aws_iam_policy.additional_jsons",
            "module.list_pokemons_lambda.aws_iam_policy.async",
            "module.list_pokemons_lambda.aws_iam_policy.dead_letter",
            "module.list_pokemons_lambda.aws_iam_policy.logs",
            "module.list_pokemons_lambda.aws_iam_policy.tracing",
            "module.list_pokemons_lambda.aws_iam_policy.vpc",
            "module.list_pokemons_lambda.aws_iam_role.lambda",
            "module.list_pokemons_lambda.aws_iam_role_policy_attachment.additional_inline",
            "module.list_pokemons_lambda.aws_iam_role_policy_attachment.additional_json",
            "module.list_pokemons_lambda.aws_iam_role_policy_attachment.additional_jsons",
            "module.list_pokemons_lambda.aws_iam_role_policy_attachment.additional_many",
            "module.list_pokemons_lambda.aws_iam_role_policy_attachment.additional_one",
            "module.list_pokemons_lambda.aws_iam_role_policy_attachment.async",
            "module.list_pokemons_lambda.aws_iam_role_policy_attachment.dead_letter",
            "module.list_pokemons_lambda.aws_iam_role_policy_attachment.logs",
            "module.list_pokemons_lambda.aws_iam_role_policy_attachment.tracing",
            "module.list_pokemons_lambda.aws_iam_role_policy_attachment.vpc",
            "module.list_pokemons_lambda.aws_lambda_function.this",
            "module.list_pokemons_lambda.aws_s3_object.lambda_package",
            "module.list_pokemons_lambda.data.aws_arn.log_group_arn",
            "module.list_pokemons_lambda.data.aws_cloudwatch_log_group.lambda",
            "module.list_pokemons_lambda.data.aws_iam_policy.tracing",
            "module.list_pokemons_lambda.data.aws_iam_policy.vpc",
            "module.list_pokemons_lambda.data.aws_iam_policy_document.additional_inline",
            "module.list_pokemons_lambda.data.aws_iam_policy_document.assume_role",
            "module.list_pokemons_lambda.data.aws_iam_policy_document.async",
            "module.list_pokemons_lambda.data.aws_iam_policy_document.dead_letter",
            "module.list_pokemons_lambda.data.aws_iam_policy_document.logs",
            "module.list_pokemons_lambda.data.aws_partition.current",
            "module.list_pokemons_lambda.data.external.archive_prepare",
            "module.list_pokemons_lambda.local_file.archive_plan",
            "module.list_pokemons_lambda.null_resource.archive",
            "module.search_pokemon_docker_image.aws_ecr_repository.this",
            "module.search_pokemon_docker_image.data.aws_caller_identity.this",
            "module.search_pokemon_docker_image.data.aws_region.current",
            "module.search_pokemon_docker_image.docker_image.this",
            "module.search_pokemon_docker_image.docker_registry_image.this",
            "module.search_pokemon_lambda.aws_cloudwatch_log_group.lambda",
            "module.search_pokemon_lambda.aws_iam_policy.additional_inline",
            "module.search_pokemon_lambda.aws_iam_policy.additional_json",
            "module.search_pokemon_lambda.aws_iam_policy.additional_jsons",
            "module.search_pokemon_lambda.aws_iam_policy.async",
            "module.search_pokemon_lambda.aws_iam_policy.dead_letter",
            "module.search_pokemon_lambda.aws_iam_policy.logs",
            "module.search_pokemon_lambda.aws_iam_policy.tracing",
            "module.search_pokemon_lambda.aws_iam_policy.vpc",
            "module.search_pokemon_lambda.aws_iam_role.lambda",
            "module.search_pokemon_lambda.aws_iam_role_policy_attachment.additional_inline",
            "module.search_pokemon_lambda.aws_iam_role_policy_attachment.additional_json",
            "module.search_pokemon_lambda.aws_iam_role_policy_attachment.additional_jsons",
            "module.search_pokemon_lambda.aws_iam_role_policy_attachment.additional_many",
            "module.search_pokemon_lambda.aws_iam_role_policy_attachment.additional_one",
            "module.search_pokemon_lambda.aws_iam_role_policy_attachment.async",
            "module.search_pokemon_lambda.aws_iam_role_policy_attachment.dead_letter",
            "module.search_pokemon_lambda.aws_iam_role_policy_attachment.logs",
            "module.search_pokemon_lambda.aws_iam_role_policy_attachment.tracing",
            "module.search_pokemon_lambda.aws_iam_role_policy_attachment.vpc",
            "module.search_pokemon_lambda.aws_lambda_function.this",
            "module.search_pokemon_lambda.aws_s3_object.lambda_package",
            "module.search_pokemon_lambda.data.aws_arn.log_group_arn",
            "module.search_pokemon_lambda.data.aws_cloudwatch_log_group.lambda",
            "module.search_pokemon_lambda.data.aws_iam_policy.tracing",
            "module.search_pokemon_lambda.data.aws_iam_policy.vpc",
            "module.search_pokemon_lambda.data.aws_iam_policy_document.additional_inline",
            "module.search_pokemon_lambda.data.aws_iam_policy_document.assume_role",
            "module.search_pokemon_lambda.data.aws_iam_policy_document.async",
            "module.search_pokemon_lambda.data.aws_iam_policy_document.dead_letter",
            "module.search_pokemon_lambda.data.aws_iam_policy_document.logs",
            "module.search_pokemon_lambda.data.aws_partition.current",
            "module.search_pokemon_lambda.data.external.archive_prepare",
            "module.search_pokemon_lambda.local_file.archive_plan",
            "module.search_pokemon_lambda.null_resource.archive",
            "random_string.this"
          ],
          "create_before_destroy": true
        }
      ]
    },
    {
      "module": "module.api_gateway",
      "mode": "managed",
      "type": "aws_apigatewayv2_route",
      "name": "this",
      "provider": "provider[\"registry.terraform.io/hashicorp/aws\"]",
      "instances": [
        {
          "index_key": "GET /pokemons",
          "schema_version": 0,
          "attributes": {
            "api_id": "nmrvguqda2",
            "api_key_required": false,
            "authorization_scopes": null,
            "authorization_type": "NONE",
            "authorizer_id": "",
            "id": "y74yx63",
            "model_selection_expression": "",
            "operation_name": "",
            "request_models": null,
            "request_parameter": [],
            "route_key": "GET /pokemons",
            "route_response_selection_expression": "",
            "target": "integrations/2edyc2h"
          },
          "sensitive_attributes": [],
          "private": "bnVsbA==",
          "dependencies": [
            "data.aws_caller_identity.this",
            "data.aws_ecr_authorization_token.token",
            "module.api_gateway.aws_apigatewayv2_api.this",
            "module.api_gateway.aws_apigatewayv2_authorizer.this",
            "module.api_gateway.aws_apigatewayv2_integration.this",
            "module.api_gateway.aws_apigatewayv2_vpc_link.this",
            "module.list_pokemons_lambda.aws_cloudwatch_log_group.lambda",
            "module.list_pokemons_lambda.aws_iam_policy.additional_inline",
            "module.list_pokemons_lambda.aws_iam_policy.additional_json",
            "module.list_pokemons_lambda.aws_iam_policy.additional_jsons",
            "module.list_pokemons_lambda.aws_iam_policy.async",
            "module.list_pokemons_lambda.aws_iam_policy.dead_letter",
            "module.list_pokemons_lambda.aws_iam_policy.logs",
            "module.list_pokemons_lambda.aws_iam_policy.tracing",
            "module.list_pokemons_lambda.aws_iam_policy.vpc",
            "module.list_pokemons_lambda.aws_iam_role.lambda",
            "module.list_pokemons_lambda.aws_iam_role_policy_attachment.additional_inline",
            "module.list_pokemons_lambda.aws_iam_role_policy_attachment.additional_json",
            "module.list_pokemons_lambda.aws_iam_role_policy_attachment.additional_jsons",
            "module.list_pokemons_lambda.aws_iam_role_policy_attachment.additional_many",
            "module.list_pokemons_lambda.aws_iam_role_policy_attachment.additional_one",
            "module.list_pokemons_lambda.aws_iam_role_policy_attachment.async",
            "module.list_pokemons_lambda.aws_iam_role_policy_attachment.dead_letter",
            "module.list_pokemons_lambda.aws_iam_role_policy_attachment.logs",
            "module.list_pokemons_lambda.aws_iam_role_policy_attachment.tracing",
            "module.list_pokemons_lambda.aws_iam_role_policy_attachment.vpc",
            "module.list_pokemons_lambda.aws_lambda_function.this",
            "module.list_pokemons_lambda.aws_s3_object.lambda_package",
            "module.list_pokemons_lambda.data.aws_arn.log_group_arn",
            "module.list_pokemons_lambda.data.aws_cloudwatch_log_group.lambda",
            "module.list_pokemons_lambda.data.aws_iam_policy.tracing",
            "module.list_pokemons_lambda.data.aws_iam_policy.vpc",
            "module.list_pokemons_lambda.data.aws_iam_policy_document.additional_inline",
            "module.list_pokemons_lambda.data.aws_iam_policy_document.assume_role",
            "module.list_pokemons_lambda.data.aws_iam_policy_document.async",
            "module.list_pokemons_lambda.data.aws_iam_policy_document.dead_letter",
            "module.list_pokemons_lambda.data.aws_iam_policy_document.logs",
            "module.list_pokemons_lambda.data.aws_partition.current",
            "module.list_pokemons_lambda.data.external.archive_prepare",
            "module.list_pokemons_lambda.local_file.archive_plan",
            "module.list_pokemons_lambda.null_resource.archive",
            "module.search_pokemon_docker_image.aws_ecr_repository.this",
            "module.search_pokemon_docker_image.data.aws_caller_identity.this",
            "module.search_pokemon_docker_image.data.aws_region.current",
            "module.search_pokemon_docker_image.docker_image.this",
            "module.search_pokemon_docker_image.docker_registry_image.this",
            "module.search_pokemon_lambda.aws_cloudwatch_log_group.lambda",
            "module.search_pokemon_lambda.aws_iam_policy.additional_inline",
            "module.search_pokemon_lambda.aws_iam_policy.additional_json",
            "module.search_pokemon_lambda.aws_iam_policy.additional_jsons",
            "module.search_pokemon_lambda.aws_iam_policy.async",
            "module.search_pokemon_lambda.aws_iam_policy.dead_letter",
            "module.search_pokemon_lambda.aws_iam_policy.logs",
            "module.search_pokemon_lambda.aws_iam_policy.tracing",
            "module.search_pokemon_lambda.aws_iam_policy.vpc",
            "module.search_pokemon_lambda.aws_iam_role.lambda",
            "module.search_pokemon_lambda.aws_iam_role_policy_attachment.additional_inline",
            "module.search_pokemon_lambda.aws_iam_role_policy_attachment.additional_json",
            "module.search_pokemon_lambda.aws_iam_role_policy_attachment.additional_jsons",
            "module.search_pokemon_lambda.aws_iam_role_policy_attachment.additional_many",
            "module.search_pokemon_lambda.aws_iam_role_policy_attachment.additional_one",
            "module.search_pokemon_lambda.aws_iam_role_policy_attachment.async",
            "module.search_pokemon_lambda.aws_iam_role_policy_attachment.dead_letter",
            "module.search_pokemon_lambda.aws_iam_role_policy_attachment.logs",
            "module.search_pokemon_lambda.aws_iam_role_policy_attachment.tracing",
            "module.search_pokemon_lambda.aws_iam_role_policy_attachment.vpc",
            "module.search_pokemon_lambda.aws_lambda_function.this",
            "module.search_pokemon_lambda.aws_s3_object.lambda_package",
            "module.search_pokemon_lambda.data.aws_arn.log_group_arn",
            "module.search_pokemon_lambda.data.aws_cloudwatch_log_group.lambda",
            "module.search_pokemon_lambda.data.aws_iam_policy.tracing",
            "module.search_pokemon_lambda.data.aws_iam_policy.vpc",
            "module.search_pokemon_lambda.data.aws_iam_policy_document.additional_inline",
            "module.search_pokemon_lambda.data.aws_iam_policy_document.assume_role",
            "module.search_pokemon_lambda.data.aws_iam_policy_document.async",
            "module.search_pokemon_lambda.data.aws_iam_policy_document.dead_letter",
            "module.search_pokemon_lambda.data.aws_iam_policy_document.logs",
            "module.search_pokemon_lambda.data.aws_partition.current",
            "module.search_pokemon_lambda.data.external.archive_prepare",
            "module.search_pokemon_lambda.local_file.archive_plan",
            "module.search_pokemon_lambda.null_resource.archive",
            "random_string.this"
          ]
        },
        {
          "index_key": "POST /pokemon/{pokemon_name}",
          "schema_version": 0,
          "attributes": {
            "api_id": "nmrvguqda2",
            "api_key_required": false,
            "authorization_scopes": [],
            "authorization_type": "NONE",
            "authorizer_id": "",
            "id": "gbvni63",
            "model_selection_expression": "",
            "operation_name": "",
            "request_models": {},
            "request_parameter": [],
            "route_key": "POST /pokemon/{pokemon_name}",
            "route_response_selection_expression": "",
            "target": "integrations/lj7mk2j"
          },
          "sensitive_attributes": [],
          "private": "bnVsbA==",
          "dependencies": [
            "data.aws_caller_identity.this",
            "data.aws_ecr_authorization_token.token",
            "module.api_gateway.aws_apigatewayv2_api.this",
            "module.api_gateway.aws_apigatewayv2_authorizer.this",
            "module.api_gateway.aws_apigatewayv2_integration.this",
            "module.api_gateway.aws_apigatewayv2_vpc_link.this",
            "module.list_pokemons_lambda.aws_cloudwatch_log_group.lambda",
            "module.list_pokemons_lambda.aws_iam_policy.additional_inline",
            "module.list_pokemons_lambda.aws_iam_policy.additional_json",
            "module.list_pokemons_lambda.aws_iam_policy.additional_jsons",
            "module.list_pokemons_lambda.aws_iam_policy.async",
            "module.list_pokemons_lambda.aws_iam_policy.dead_letter",
            "module.list_pokemons_lambda.aws_iam_policy.logs",
            "module.list_pokemons_lambda.aws_iam_policy.tracing",
            "module.list_pokemons_lambda.aws_iam_policy.vpc",
            "module.list_pokemons_lambda.aws_iam_role.lambda",
            "module.list_pokemons_lambda.aws_iam_role_policy_attachment.additional_inline",
            "module.list_pokemons_lambda.aws_iam_role_policy_attachment.additional_json",
            "module.list_pokemons_lambda.aws_iam_role_policy_attachment.additional_jsons",
            "module.list_pokemons_lambda.aws_iam_role_policy_attachment.additional_many",
            "module.list_pokemons_lambda.aws_iam_role_policy_attachment.additional_one",
            "module.list_pokemons_lambda.aws_iam_role_policy_attachment.async",
            "module.list_pokemons_lambda.aws_iam_role_policy_attachment.dead_letter",
            "module.list_pokemons_lambda.aws_iam_role_policy_attachment.logs",
            "module.list_pokemons_lambda.aws_iam_role_policy_attachment.tracing",
            "module.list_pokemons_lambda.aws_iam_role_policy_attachment.vpc",
            "module.list_pokemons_lambda.aws_lambda_function.this",
            "module.list_pokemons_lambda.aws_s3_object.lambda_package",
            "module.list_pokemons_lambda.data.aws_arn.log_group_arn",
            "module.list_pokemons_lambda.data.aws_cloudwatch_log_group.lambda",
            "module.list_pokemons_lambda.data.aws_iam_policy.tracing",
            "module.list_pokemons_lambda.data.aws_iam_policy.vpc",
            "module.list_pokemons_lambda.data.aws_iam_policy_document.additional_inline",
            "module.list_pokemons_lambda.data.aws_iam_policy_document.assume_role",
            "module.list_pokemons_lambda.data.aws_iam_policy_document.async",
            "module.list_pokemons_lambda.data.aws_iam_policy_document.dead_letter",
            "module.list_pokemons_lambda.data.aws_iam_policy_document.logs",
            "module.list_pokemons_lambda.data.aws_partition.current",
            "module.list_pokemons_lambda.data.external.archive_prepare",
            "module.list_pokemons_lambda.local_file.archive_plan",
            "module.list_pokemons_lambda.null_resource.archive",
            "module.search_pokemon_docker_image.aws_ecr_repository.this",
            "module.search_pokemon_docker_image.data.aws_caller_identity.this",
            "module.search_pokemon_docker_image.data.aws_region.current",
            "module.search_pokemon_docker_image.docker_image.this",
            "module.search_pokemon_docker_image.docker_registry_image.this",
            "module.search_pokemon_lambda.aws_cloudwatch_log_group.lambda",
            "module.search_pokemon_lambda.aws_iam_policy.additional_inline",
            "module.search_pokemon_lambda.aws_iam_policy.additional_json",
            "module.search_pokemon_lambda.aws_iam_policy.additional_jsons",
            "module.search_pokemon_lambda.aws_iam_policy.async",
            "module.search_pokemon_lambda.aws_iam_policy.dead_letter",
            "module.search_pokemon_lambda.aws_iam_policy.logs",
            "module.search_pokemon_lambda.aws_iam_policy.tracing",
            "module.search_pokemon_lambda.aws_iam_policy.vpc",
            "module.search_pokemon_lambda.aws_iam_role.lambda",
            "module.search_pokemon_lambda.aws_iam_role_policy_attachment.additional_inline",
            "module.search_pokemon_lambda.aws_iam_role_policy_attachment.additional_json",
            "module.search_pokemon_lambda.aws_iam_role_policy_attachment.additional_jsons",
            "module.search_pokemon_lambda.aws_iam_role_policy_attachment.additional_many",
            "module.search_pokemon_lambda.aws_iam_role_policy_attachment.additional_one",
            "module.search_pokemon_lambda.aws_iam_role_policy_attachment.async",
            "module.search_pokemon_lambda.aws_iam_role_policy_attachment.dead_letter",
            "module.search_pokemon_lambda.aws_iam_role_policy_attachment.logs",
            "module.search_pokemon_lambda.aws_iam_role_policy_attachment.tracing",
            "module.search_pokemon_lambda.aws_iam_role_policy_attachment.vpc",
            "module.search_pokemon_lambda.aws_lambda_function.this",
            "module.search_pokemon_lambda.aws_s3_object.lambda_package",
            "module.search_pokemon_lambda.data.aws_arn.log_group_arn",
            "module.search_pokemon_lambda.data.aws_cloudwatch_log_group.lambda",
            "module.search_pokemon_lambda.data.aws_iam_policy.tracing",
            "module.search_pokemon_lambda.data.aws_iam_policy.vpc",
            "module.search_pokemon_lambda.data.aws_iam_policy_document.additional_inline",
            "module.search_pokemon_lambda.data.aws_iam_policy_document.assume_role",
            "module.search_pokemon_lambda.data.aws_iam_policy_document.async",
            "module.search_pokemon_lambda.data.aws_iam_policy_document.dead_letter",
            "module.search_pokemon_lambda.data.aws_iam_policy_document.logs",
            "module.search_pokemon_lambda.data.aws_partition.current",
            "module.search_pokemon_lambda.data.external.archive_prepare",
            "module.search_pokemon_lambda.local_file.archive_plan",
            "module.search_pokemon_lambda.null_resource.archive",
            "random_string.this"
          ],
          "create_before_destroy": true
        }
      ]
    },
    {
      "module": "module.api_gateway",
      "mode": "managed",
      "type": "aws_apigatewayv2_stage",
      "name": "this",
      "provider": "provider[\"registry.terraform.io/hashicorp/aws\"]",
      "instances": [
        {
          "index_key": 0,
          "schema_version": 0,
          "attributes": {
            "access_log_settings": [
              {
                "destination_arn": "arn:aws:logs:ap-northeast-1:381492289756:log-group:/aws/apigateway/pokemon/default",
                "format": "{\"context\":{\"domainName\":\"$context.domainName\",\"error\":{\"message\":\"$context.error.message\",\"responseType\":\"$context.error.responseType\"},\"identity\":{\"sourceIP\":\"$context.identity.sourceIp\"},\"integration\":{\"error\":\"$context.integration.error\",\"integrationStatus\":\"$context.integration.integrationStatus\"},\"integrationErrorMessage\":\"$context.integrationErrorMessage\",\"protocol\":\"$context.protocol\",\"requestId\":\"$context.requestId\",\"requestTime\":\"$context.requestTime\",\"responseLength\":\"$context.responseLength\",\"routeKey\":\"$context.routeKey\",\"stage\":\"$context.stage\",\"status\":\"$context.status\"}}"
              }
            ],
            "api_id": "nmrvguqda2",
            "arn": "arn:aws:apigateway:ap-northeast-1::/apis/nmrvguqda2/stages/$default",
            "auto_deploy": true,
            "client_certificate_id": "",
            "default_route_settings": [
              {
                "data_trace_enabled": false,
                "detailed_metrics_enabled": true,
                "logging_level": "",
                "throttling_burst_limit": 100,
                "throttling_rate_limit": 100
              }
            ],
            "deployment_id": "u4c326",
            "description": "",
            "execution_arn": "arn:aws:execute-api:ap-northeast-1:381492289756:nmrvguqda2/$default",
            "id": "$default",
            "invoke_url": "https://nmrvguqda2.execute-api.ap-northeast-1.amazonaws.com/",
            "name": "$default",
            "route_settings": [
              {
                "data_trace_enabled": false,
                "detailed_metrics_enabled": true,
                "logging_level": "",
                "route_key": "GET /pokemons",
                "throttling_burst_limit": 40,
                "throttling_rate_limit": 80
              },
              {
                "data_trace_enabled": false,
                "detailed_metrics_enabled": true,
                "logging_level": "",
                "route_key": "POST /pokemon/{pokemon_name}",
                "throttling_burst_limit": 40,
                "throttling_rate_limit": 80
              }
            ],
            "stage_variables": {},
            "tags": {
              "Service": "pokemon"
            },
            "tags_all": {
              "Project": "Pokemon Master",
              "Service": "pokemon",
              "Terraform": "true"
            }
          },
          "sensitive_attributes": [],
          "private": "bnVsbA==",
          "dependencies": [
            "data.aws_caller_identity.this",
            "data.aws_ecr_authorization_token.token",
            "module.api_gateway.aws_apigatewayv2_api.this",
            "module.api_gateway.aws_apigatewayv2_authorizer.this",
            "module.api_gateway.aws_apigatewayv2_deployment.this",
            "module.api_gateway.aws_apigatewayv2_integration.this",
            "module.api_gateway.aws_apigatewayv2_route.this",
            "module.api_gateway.aws_apigatewayv2_route_response.this",
            "module.api_gateway.aws_apigatewayv2_vpc_link.this",
            "module.api_gateway.aws_cloudwatch_log_group.this",
            "module.list_pokemons_lambda.aws_cloudwatch_log_group.lambda",
            "module.list_pokemons_lambda.aws_iam_policy.additional_inline",
            "module.list_pokemons_lambda.aws_iam_policy.additional_json",
            "module.list_pokemons_lambda.aws_iam_policy.additional_jsons",
            "module.list_pokemons_lambda.aws_iam_policy.async",
            "module.list_pokemons_lambda.aws_iam_policy.dead_letter",
            "module.list_pokemons_lambda.aws_iam_policy.logs",
            "module.list_pokemons_lambda.aws_iam_policy.tracing",
            "module.list_pokemons_lambda.aws_iam_policy.vpc",
            "module.list_pokemons_lambda.aws_iam_role.lambda",
            "module.list_pokemons_lambda.aws_iam_role_policy_attachment.additional_inline",
            "module.list_pokemons_lambda.aws_iam_role_policy_attachment.additional_json",
            "module.list_pokemons_lambda.aws_iam_role_policy_attachment.additional_jsons",
            "module.list_pokemons_lambda.aws_iam_role_policy_attachment.additional_many",
            "module.list_pokemons_lambda.aws_iam_role_policy_attachment.additional_one",
            "module.list_pokemons_lambda.aws_iam_role_policy_attachment.async",
            "module.list_pokemons_lambda.aws_iam_role_policy_attachment.dead_letter",
            "module.list_pokemons_lambda.aws_iam_role_policy_attachment.logs",
            "module.list_pokemons_lambda.aws_iam_role_policy_attachment.tracing",
            "module.list_pokemons_lambda.aws_iam_role_policy_attachment.vpc",
            "module.list_pokemons_lambda.aws_lambda_function.this",
            "module.list_pokemons_lambda.aws_s3_object.lambda_package",
            "module.list_pokemons_lambda.data.aws_arn.log_group_arn",
            "module.list_pokemons_lambda.data.aws_cloudwatch_log_group.lambda",
            "module.list_pokemons_lambda.data.aws_iam_policy.tracing",
            "module.list_pokemons_lambda.data.aws_iam_policy.vpc",
            "module.list_pokemons_lambda.data.aws_iam_policy_document.additional_inline",
            "module.list_pokemons_lambda.data.aws_iam_policy_document.assume_role",
            "module.list_pokemons_lambda.data.aws_iam_policy_document.async",
            "module.list_pokemons_lambda.data.aws_iam_policy_document.dead_letter",
            "module.list_pokemons_lambda.data.aws_iam_policy_document.logs",
            "module.list_pokemons_lambda.data.aws_partition.current",
            "module.list_pokemons_lambda.data.external.archive_prepare",
            "module.list_pokemons_lambda.local_file.archive_plan",
            "module.list_pokemons_lambda.null_resource.archive",
            "module.search_pokemon_docker_image.aws_ecr_repository.this",
            "module.search_pokemon_docker_image.data.aws_caller_identity.this",
            "module.search_pokemon_docker_image.data.aws_region.current",
            "module.search_pokemon_docker_image.docker_image.this",
            "module.search_pokemon_docker_image.docker_registry_image.this",
            "module.search_pokemon_lambda.aws_cloudwatch_log_group.lambda",
            "module.search_pokemon_lambda.aws_iam_policy.additional_inline",
            "module.search_pokemon_lambda.aws_iam_policy.additional_json",
            "module.search_pokemon_lambda.aws_iam_policy.additional_jsons",
            "module.search_pokemon_lambda.aws_iam_policy.async",
            "module.search_pokemon_lambda.aws_iam_policy.dead_letter",
            "module.search_pokemon_lambda.aws_iam_policy.logs",
            "module.search_pokemon_lambda.aws_iam_policy.tracing",
            "module.search_pokemon_lambda.aws_iam_policy.vpc",
            "module.search_pokemon_lambda.aws_iam_role.lambda",
            "module.search_pokemon_lambda.aws_iam_role_policy_attachment.additional_inline",
            "module.search_pokemon_lambda.aws_iam_role_policy_attachment.additional_json",
            "module.search_pokemon_lambda.aws_iam_role_policy_attachment.additional_jsons",
            "module.search_pokemon_lambda.aws_iam_role_policy_attachment.additional_many",
            "module.search_pokemon_lambda.aws_iam_role_policy_attachment.additional_one",
            "module.search_pokemon_lambda.aws_iam_role_policy_attachment.async",
            "module.search_pokemon_lambda.aws_iam_role_policy_attachment.dead_letter",
            "module.search_pokemon_lambda.aws_iam_role_policy_attachment.logs",
            "module.search_pokemon_lambda.aws_iam_role_policy_attachment.tracing",
            "module.search_pokemon_lambda.aws_iam_role_policy_attachment.vpc",
            "module.search_pokemon_lambda.aws_lambda_function.this",
            "module.search_pokemon_lambda.aws_s3_object.lambda_package",
            "module.search_pokemon_lambda.data.aws_arn.log_group_arn",
            "module.search_pokemon_lambda.data.aws_cloudwatch_log_group.lambda",
            "module.search_pokemon_lambda.data.aws_iam_policy.tracing",
            "module.search_pokemon_lambda.data.aws_iam_policy.vpc",
            "module.search_pokemon_lambda.data.aws_iam_policy_document.additional_inline",
            "module.search_pokemon_lambda.data.aws_iam_policy_document.assume_role",
            "module.search_pokemon_lambda.data.aws_iam_policy_document.async",
            "module.search_pokemon_lambda.data.aws_iam_policy_document.dead_letter",
            "module.search_pokemon_lambda.data.aws_iam_policy_document.logs",
            "module.search_pokemon_lambda.data.aws_partition.current",
            "module.search_pokemon_lambda.data.external.archive_prepare",
            "module.search_pokemon_lambda.local_file.archive_plan",
            "module.search_pokemon_lambda.null_resource.archive",
            "random_string.this"
          ]
        }
      ]
    },
    {
      "module": "module.api_gateway",
      "mode": "managed",
      "type": "aws_cloudwatch_log_group",
      "name": "this",
      "provider": "provider[\"registry.terraform.io/hashicorp/aws\"]",
      "instances": [
        {
          "index_key": "this",
          "schema_version": 0,
          "attributes": {
            "arn": "arn:aws:logs:ap-northeast-1:381492289756:log-group:/aws/apigateway/pokemon/default",
            "id": "/aws/apigateway/pokemon/default",
            "kms_key_id": "",
            "log_group_class": "STANDARD",
            "name": "/aws/apigateway/pokemon/default",
            "name_prefix": "",
            "retention_in_days": 7,
            "skip_destroy": false,
            "tags": {
              "Service": "pokemon"
            },
            "tags_all": {
              "Project": "Pokemon Master",
              "Service": "pokemon",
              "Terraform": "true"
            }
          },
          "sensitive_attributes": [],
          "private": "bnVsbA=="
        }
      ]
    },
    {
      "module": "module.list_pokemons_docker_image",
      "mode": "data",
      "type": "aws_caller_identity",
      "name": "this",
      "provider": "provider[\"registry.terraform.io/hashicorp/aws\"]",
      "instances": [
        {
          "schema_version": 0,
          "attributes": {
            "account_id": "381492289756",
            "arn": "arn:aws:iam::381492289756:user/cch1006Admin",
            "id": "381492289756",
            "user_id": "AIDAVRUVWMDOLHIFZHZFA"
          },
          "sensitive_attributes": []
        }
      ]
    },
    {
      "module": "module.list_pokemons_docker_image",
      "mode": "data",
      "type": "aws_region",
      "name": "current",
      "provider": "provider[\"registry.terraform.io/hashicorp/aws\"]",
      "instances": [
        {
          "schema_version": 0,
          "attributes": {
            "description": "Asia Pacific (Tokyo)",
            "endpoint": "ec2.ap-northeast-1.amazonaws.com",
            "id": "ap-northeast-1",
            "name": "ap-northeast-1"
          },
          "sensitive_attributes": []
        }
      ]
    },
    {
      "module": "module.list_pokemons_docker_image",
      "mode": "managed",
      "type": "aws_ecr_lifecycle_policy",
      "name": "this",
      "provider": "provider[\"registry.terraform.io/hashicorp/aws\"]",
      "instances": [
        {
          "index_key": 0,
          "schema_version": 0,
          "attributes": {
            "id": "list_pokemons-3jyb",
            "policy": "{\"rules\":[{\"action\":{\"type\":\"expire\"},\"description\":\"Keep only the last 10 images\",\"rulePriority\":1,\"selection\":{\"countNumber\":10,\"countType\":\"imageCountMoreThan\",\"tagStatus\":\"any\"}}]}",
            "registry_id": "381492289756",
            "repository": "list_pokemons-3jyb"
          },
          "sensitive_attributes": [],
          "private": "bnVsbA==",
          "dependencies": [
            "module.list_pokemons_docker_image.aws_ecr_repository.this",
            "random_string.this"
          ]
        }
      ]
    },
    {
      "module": "module.list_pokemons_docker_image",
      "mode": "managed",
      "type": "aws_ecr_repository",
      "name": "this",
      "provider": "provider[\"registry.terraform.io/hashicorp/aws\"]",
      "instances": [
        {
          "index_key": 0,
          "schema_version": 0,
          "attributes": {
            "arn": "arn:aws:ecr:ap-northeast-1:381492289756:repository/list_pokemons-3jyb",
            "encryption_configuration": [
              {
                "encryption_type": "AES256",
                "kms_key": ""
              }
            ],
            "force_delete": true,
            "id": "list_pokemons-3jyb",
            "image_scanning_configuration": [
              {
                "scan_on_push": false
              }
            ],
            "image_tag_mutability": "MUTABLE",
            "name": "list_pokemons-3jyb",
            "registry_id": "381492289756",
            "repository_url": "381492289756.dkr.ecr.ap-northeast-1.amazonaws.com/list_pokemons-3jyb",
            "tags": null,
            "tags_all": {
              "Project": "Pokemon Master",
              "Terraform": "true"
            },
            "timeouts": null
          },
          "sensitive_attributes": [],
          "private": "eyJlMmJmYjczMC1lY2FhLTExZTYtOGY4OC0zNDM2M2JjN2M0YzAiOnsiZGVsZXRlIjoxMjAwMDAwMDAwMDAwfX0=",
          "dependencies": [
            "random_string.this"
          ]
        }
      ]
    },
    {
      "module": "module.list_pokemons_docker_image",
      "mode": "managed",
      "type": "docker_image",
      "name": "this",
      "provider": "provider[\"registry.terraform.io/kreuzwerker/docker\"]",
      "instances": [
        {
          "schema_version": 0,
          "attributes": {
            "build": [
              {
                "auth_config": [],
                "build_arg": null,
                "build_args": null,
                "build_id": "",
                "cache_from": [],
                "cgroup_parent": "",
                "context": "./../list_pokemons/",
                "cpu_period": null,
                "cpu_quota": null,
                "cpu_set_cpus": "",
                "cpu_set_mems": "",
                "cpu_shares": null,
                "dockerfile": "Dockerfile",
                "extra_hosts": [],
                "force_remove": null,
                "isolation": "",
                "label": null,
                "labels": null,
                "memory": null,
                "memory_swap": null,
                "network_mode": "",
                "no_cache": null,
                "platform": "",
                "pull_parent": null,
                "remote_context": "",
                "remove": true,
                "security_opt": [],
                "session_id": "",
                "shm_size": null,
                "squash": null,
                "suppress_output": null,
                "tag": [],
                "target": "",
                "ulimit": [],
                "version": ""
              }
            ],
            "force_remove": false,
            "id": "sha256:09d3ae660aab7336ce1ba5a2c63cf4b0a076dcba392c12445555ecf3f56028cd381492289756.dkr.ecr.ap-northeast-1.amazonaws.com/list_pokemons-3jyb",
            "image_id": "sha256:09d3ae660aab7336ce1ba5a2c63cf4b0a076dcba392c12445555ecf3f56028cd",
            "keep_locally": false,
            "name": "381492289756.dkr.ecr.ap-northeast-1.amazonaws.com/list_pokemons-3jyb",
            "platform": null,
            "pull_triggers": null,
            "repo_digest": "",
            "triggers": {
              "dir_sha": "9259f6f107d8e190e68ee3f9121a03387c01cd1c"
            }
          },
          "sensitive_attributes": [],
          "private": "bnVsbA==",
          "dependencies": [
            "data.aws_caller_identity.this",
            "data.aws_ecr_authorization_token.token",
            "module.list_pokemons_docker_image.aws_ecr_repository.this",
            "module.list_pokemons_docker_image.data.aws_caller_identity.this",
            "module.list_pokemons_docker_image.data.aws_region.current",
            "random_string.this"
          ]
        }
      ]
    },
    {
      "module": "module.list_pokemons_docker_image",
      "mode": "managed",
      "type": "docker_registry_image",
      "name": "this",
      "provider": "provider[\"registry.terraform.io/kreuzwerker/docker\"]",
      "instances": [
        {
          "schema_version": 0,
          "attributes": {
            "id": "sha256:6902b213e4054157288df368b28f727f00c8d90b59256cb319dd4946d4460a20",
            "insecure_skip_verify": false,
            "keep_remotely": true,
            "name": "381492289756.dkr.ecr.ap-northeast-1.amazonaws.com/list_pokemons-3jyb",
            "sha256_digest": "sha256:6902b213e4054157288df368b28f727f00c8d90b59256cb319dd4946d4460a20",
            "triggers": {
              "dir_sha": "9259f6f107d8e190e68ee3f9121a03387c01cd1c"
            }
          },
          "sensitive_attributes": [],
          "private": "bnVsbA==",
          "dependencies": [
            "data.aws_caller_identity.this",
            "data.aws_ecr_authorization_token.token",
            "module.list_pokemons_docker_image.aws_ecr_repository.this",
            "module.list_pokemons_docker_image.data.aws_caller_identity.this",
            "module.list_pokemons_docker_image.data.aws_region.current",
            "module.list_pokemons_docker_image.docker_image.this",
            "random_string.this"
          ]
        }
      ]
    },
    {
      "module": "module.list_pokemons_lambda",
      "mode": "data",
      "type": "aws_caller_identity",
      "name": "current",
      "provider": "provider[\"registry.terraform.io/hashicorp/aws\"]",
      "instances": [
        {
          "schema_version": 0,
          "attributes": {
            "account_id": "381492289756",
            "arn": "arn:aws:iam::381492289756:user/cch1006Admin",
            "id": "381492289756",
            "user_id": "AIDAVRUVWMDOLHIFZHZFA"
          },
          "sensitive_attributes": []
        }
      ]
    },
    {
      "module": "module.list_pokemons_lambda",
      "mode": "data",
      "type": "aws_iam_policy_document",
      "name": "additional_inline",
      "provider": "provider[\"registry.terraform.io/hashicorp/aws\"]",
      "instances": [
        {
          "index_key": 0,
          "schema_version": 0,
          "attributes": {
            "id": "180282574",
            "json": "{\n  \"Version\": \"2012-10-17\",\n  \"Statement\": [\n    {\n      \"Sid\": \"dynamodbcrud\",\n      \"Effect\": \"Allow\",\n      \"Action\": [\n        \"dynamodb:UpdateItem\",\n        \"dynamodb:Scan\",\n        \"dynamodb:Query\",\n        \"dynamodb:PutItem\",\n        \"dynamodb:GetItem\",\n        \"dynamodb:DeleteItem\",\n        \"dynamodb:BatchWriteItem\",\n        \"dynamodb:BatchGetItem\"\n      ],\n      \"Resource\": \"arn:aws:dynamodb:ap-northeast-1:381492289756:table/pokemon_table\"\n    }\n  ]\n}",
            "minified_json": "{\"Version\":\"2012-10-17\",\"Statement\":[{\"Sid\":\"dynamodbcrud\",\"Effect\":\"Allow\",\"Action\":[\"dynamodb:UpdateItem\",\"dynamodb:Scan\",\"dynamodb:Query\",\"dynamodb:PutItem\",\"dynamodb:GetItem\",\"dynamodb:DeleteItem\",\"dynamodb:BatchWriteItem\",\"dynamodb:BatchGetItem\"],\"Resource\":\"arn:aws:dynamodb:ap-northeast-1:381492289756:table/pokemon_table\"}]}",
            "override_json": null,
            "override_policy_documents": null,
            "policy_id": null,
            "source_json": null,
            "source_policy_documents": null,
            "statement": [
              {
                "actions": [
                  "dynamodb:BatchGetItem",
                  "dynamodb:BatchWriteItem",
                  "dynamodb:DeleteItem",
                  "dynamodb:GetItem",
                  "dynamodb:PutItem",
                  "dynamodb:Query",
                  "dynamodb:Scan",
                  "dynamodb:UpdateItem"
                ],
                "condition": [],
                "effect": "Allow",
                "not_actions": [],
                "not_principals": [],
                "not_resources": [],
                "principals": [],
                "resources": [
                  "arn:aws:dynamodb:ap-northeast-1:381492289756:table/pokemon_table"
                ],
                "sid": "dynamodbcrud"
              }
            ],
            "version": "2012-10-17"
          },
          "sensitive_attributes": []
        }
      ]
    },
    {
      "module": "module.list_pokemons_lambda",
      "mode": "data",
      "type": "aws_iam_policy_document",
      "name": "assume_role",
      "provider": "provider[\"registry.terraform.io/hashicorp/aws\"]",
      "instances": [
        {
          "index_key": 0,
          "schema_version": 0,
          "attributes": {
            "id": "2690255455",
            "json": "{\n  \"Version\": \"2012-10-17\",\n  \"Statement\": [\n    {\n      \"Effect\": \"Allow\",\n      \"Action\": \"sts:AssumeRole\",\n      \"Principal\": {\n        \"Service\": \"lambda.amazonaws.com\"\n      }\n    }\n  ]\n}",
            "minified_json": "{\"Version\":\"2012-10-17\",\"Statement\":[{\"Effect\":\"Allow\",\"Action\":\"sts:AssumeRole\",\"Principal\":{\"Service\":\"lambda.amazonaws.com\"}}]}",
            "override_json": null,
            "override_policy_documents": null,
            "policy_id": null,
            "source_json": null,
            "source_policy_documents": null,
            "statement": [
              {
                "actions": [
                  "sts:AssumeRole"
                ],
                "condition": [],
                "effect": "Allow",
                "not_actions": [],
                "not_principals": [],
                "not_resources": [],
                "principals": [
                  {
                    "identifiers": [
                      "lambda.amazonaws.com"
                    ],
                    "type": "Service"
                  }
                ],
                "resources": [],
                "sid": ""
              }
            ],
            "version": "2012-10-17"
          },
          "sensitive_attributes": []
        }
      ]
    },
    {
      "module": "module.list_pokemons_lambda",
      "mode": "data",
      "type": "aws_iam_policy_document",
      "name": "logs",
      "provider": "provider[\"registry.terraform.io/hashicorp/aws\"]",
      "instances": [
        {
          "index_key": 0,
          "schema_version": 0,
          "attributes": {
            "id": "811140634",
            "json": "{\n  \"Version\": \"2012-10-17\",\n  \"Statement\": [\n    {\n      \"Effect\": \"Allow\",\n      \"Action\": [\n        \"logs:PutLogEvents\",\n        \"logs:CreateLogStream\",\n        \"logs:CreateLogGroup\"\n      ],\n      \"Resource\": [\n        \"arn:aws:logs:ap-northeast-1:381492289756:log-group:/aws/lambda/list_pokemons-3jyb:*:*\",\n        \"arn:aws:logs:ap-northeast-1:381492289756:log-group:/aws/lambda/list_pokemons-3jyb:*\"\n      ]\n    }\n  ]\n}",
            "minified_json": "{\"Version\":\"2012-10-17\",\"Statement\":[{\"Effect\":\"Allow\",\"Action\":[\"logs:PutLogEvents\",\"logs:CreateLogStream\",\"logs:CreateLogGroup\"],\"Resource\":[\"arn:aws:logs:ap-northeast-1:381492289756:log-group:/aws/lambda/list_pokemons-3jyb:*:*\",\"arn:aws:logs:ap-northeast-1:381492289756:log-group:/aws/lambda/list_pokemons-3jyb:*\"]}]}",
            "override_json": null,
            "override_policy_documents": null,
            "policy_id": null,
            "source_json": null,
            "source_policy_documents": null,
            "statement": [
              {
                "actions": [
                  "logs:CreateLogGroup",
                  "logs:CreateLogStream",
                  "logs:PutLogEvents"
                ],
                "condition": [],
                "effect": "Allow",
                "not_actions": [],
                "not_principals": [],
                "not_resources": [],
                "principals": [],
                "resources": [
                  "arn:aws:logs:ap-northeast-1:381492289756:log-group:/aws/lambda/list_pokemons-3jyb:*",
                  "arn:aws:logs:ap-northeast-1:381492289756:log-group:/aws/lambda/list_pokemons-3jyb:*:*"
                ],
                "sid": ""
              }
            ],
            "version": "2012-10-17"
          },
          "sensitive_attributes": []
        }
      ]
    },
    {
      "module": "module.list_pokemons_lambda",
      "mode": "data",
      "type": "aws_partition",
      "name": "current",
      "provider": "provider[\"registry.terraform.io/hashicorp/aws\"]",
      "instances": [
        {
          "schema_version": 0,
          "attributes": {
            "dns_suffix": "amazonaws.com",
            "id": "aws",
            "partition": "aws",
            "reverse_dns_prefix": "com.amazonaws"
          },
          "sensitive_attributes": []
        }
      ]
    },
    {
      "module": "module.list_pokemons_lambda",
      "mode": "data",
      "type": "aws_region",
      "name": "current",
      "provider": "provider[\"registry.terraform.io/hashicorp/aws\"]",
      "instances": [
        {
          "schema_version": 0,
          "attributes": {
            "description": "Asia Pacific (Tokyo)",
            "endpoint": "ec2.ap-northeast-1.amazonaws.com",
            "id": "ap-northeast-1",
            "name": "ap-northeast-1"
          },
          "sensitive_attributes": []
        }
      ]
    },
    {
      "module": "module.list_pokemons_lambda",
      "mode": "managed",
      "type": "aws_cloudwatch_log_group",
      "name": "lambda",
      "provider": "provider[\"registry.terraform.io/hashicorp/aws\"]",
      "instances": [
        {
          "index_key": 0,
          "schema_version": 0,
          "attributes": {
            "arn": "arn:aws:logs:ap-northeast-1:381492289756:log-group:/aws/lambda/list_pokemons-3jyb",
            "id": "/aws/lambda/list_pokemons-3jyb",
            "kms_key_id": "",
            "log_group_class": "STANDARD",
            "name": "/aws/lambda/list_pokemons-3jyb",
            "name_prefix": "",
            "retention_in_days": 0,
            "skip_destroy": false,
            "tags": {
              "Terraform": "true"
            },
            "tags_all": {
              "Project": "Pokemon Master",
              "Terraform": "true"
            }
          },
          "sensitive_attributes": [],
          "private": "bnVsbA==",
          "dependencies": [
            "random_string.this"
          ],
          "create_before_destroy": true
        }
      ]
    },
    {
      "module": "module.list_pokemons_lambda",
      "mode": "managed",
      "type": "aws_iam_policy",
      "name": "additional_inline",
      "provider": "provider[\"registry.terraform.io/hashicorp/aws\"]",
      "instances": [
        {
          "index_key": 0,
          "schema_version": 0,
          "attributes": {
            "arn": "arn:aws:iam::381492289756:policy/list_pokemons-3jyb-inline",
            "attachment_count": 0,
            "description": "",
            "id": "arn:aws:iam::381492289756:policy/list_pokemons-3jyb-inline",
            "name": "list_pokemons-3jyb-inline",
            "name_prefix": "",
            "path": "/",
            "policy": "{\"Statement\":[{\"Action\":[\"dynamodb:UpdateItem\",\"dynamodb:Scan\",\"dynamodb:Query\",\"dynamodb:PutItem\",\"dynamodb:GetItem\",\"dynamodb:DeleteItem\",\"dynamodb:BatchWriteItem\",\"dynamodb:BatchGetItem\"],\"Effect\":\"Allow\",\"Resource\":\"arn:aws:dynamodb:ap-northeast-1:381492289756:table/pokemon_table\",\"Sid\":\"dynamodbcrud\"}],\"Version\":\"2012-10-17\"}",
            "policy_id": "ANPAVRUVWMDOPP2XOS3EY",
            "tags": {
              "Terraform": "true"
            },
            "tags_all": {
              "Project": "Pokemon Master",
              "Terraform": "true"
            }
          },
          "sensitive_attributes": [],
          "private": "bnVsbA==",
          "dependencies": [
            "data.aws_caller_identity.this",
            "module.list_pokemons_lambda.data.aws_iam_policy_document.additional_inline",
            "random_string.this"
          ],
          "create_before_destroy": true
        }
      ]
    },
    {
      "module": "module.list_pokemons_lambda",
      "mode": "managed",
      "type": "aws_iam_policy",
      "name": "logs",
      "provider": "provider[\"registry.terraform.io/hashicorp/aws\"]",
      "instances": [
        {
          "index_key": 0,
          "schema_version": 0,
          "attributes": {
            "arn": "arn:aws:iam::381492289756:policy/list_pokemons-3jyb-logs",
            "attachment_count": 0,
            "description": "",
            "id": "arn:aws:iam::381492289756:policy/list_pokemons-3jyb-logs",
            "name": "list_pokemons-3jyb-logs",
            "name_prefix": "",
            "path": "/",
            "policy": "{\"Statement\":[{\"Action\":[\"logs:PutLogEvents\",\"logs:CreateLogStream\",\"logs:CreateLogGroup\"],\"Effect\":\"Allow\",\"Resource\":[\"arn:aws:logs:ap-northeast-1:381492289756:log-group:/aws/lambda/list_pokemons-3jyb:*:*\",\"arn:aws:logs:ap-northeast-1:381492289756:log-group:/aws/lambda/list_pokemons-3jyb:*\"]}],\"Version\":\"2012-10-17\"}",
            "policy_id": "ANPAVRUVWMDOIFFK3WUOE",
            "tags": {
              "Terraform": "true"
            },
            "tags_all": {
              "Project": "Pokemon Master",
              "Terraform": "true"
            }
          },
          "sensitive_attributes": [],
          "private": "bnVsbA==",
          "dependencies": [
            "module.list_pokemons_lambda.aws_cloudwatch_log_group.lambda",
            "module.list_pokemons_lambda.data.aws_arn.log_group_arn",
            "module.list_pokemons_lambda.data.aws_cloudwatch_log_group.lambda",
            "module.list_pokemons_lambda.data.aws_iam_policy_document.logs",
            "random_string.this"
          ],
          "create_before_destroy": true
        }
      ]
    },
    {
      "module": "module.list_pokemons_lambda",
      "mode": "managed",
      "type": "aws_iam_role",
      "name": "lambda",
      "provider": "provider[\"registry.terraform.io/hashicorp/aws\"]",
      "instances": [
        {
          "index_key": 0,
          "schema_version": 0,
          "attributes": {
            "arn": "arn:aws:iam::381492289756:role/list_pokemons-3jyb",
            "assume_role_policy": "{\"Statement\":[{\"Action\":\"sts:AssumeRole\",\"Effect\":\"Allow\",\"Principal\":{\"Service\":\"lambda.amazonaws.com\"}}],\"Version\":\"2012-10-17\"}",
            "create_date": "2025-01-19T13:27:00Z",
            "description": "",
            "force_detach_policies": true,
            "id": "list_pokemons-3jyb",
            "inline_policy": [],
            "managed_policy_arns": [],
            "max_session_duration": 3600,
            "name": "list_pokemons-3jyb",
            "name_prefix": "",
            "path": "/",
            "permissions_boundary": "",
            "tags": {
              "Terraform": "true"
            },
            "tags_all": {
              "Project": "Pokemon Master",
              "Terraform": "true"
            },
            "unique_id": "AROAVRUVWMDOKWI33MML2"
          },
          "sensitive_attributes": [],
          "private": "bnVsbA==",
          "dependencies": [
            "module.list_pokemons_lambda.data.aws_iam_policy_document.assume_role",
            "random_string.this"
          ],
          "create_before_destroy": true
        }
      ]
    },
    {
      "module": "module.list_pokemons_lambda",
      "mode": "managed",
      "type": "aws_iam_role_policy_attachment",
      "name": "additional_inline",
      "provider": "provider[\"registry.terraform.io/hashicorp/aws\"]",
      "instances": [
        {
          "index_key": 0,
          "schema_version": 0,
          "attributes": {
            "id": "list_pokemons-3jyb-20250119132701826400000002",
            "policy_arn": "arn:aws:iam::381492289756:policy/list_pokemons-3jyb-inline",
            "role": "list_pokemons-3jyb"
          },
          "sensitive_attributes": [],
          "private": "bnVsbA==",
          "dependencies": [
            "data.aws_caller_identity.this",
            "module.list_pokemons_lambda.aws_iam_policy.additional_inline",
            "module.list_pokemons_lambda.aws_iam_role.lambda",
            "module.list_pokemons_lambda.data.aws_iam_policy_document.additional_inline",
            "module.list_pokemons_lambda.data.aws_iam_policy_document.assume_role",
            "random_string.this"
          ],
          "create_before_destroy": true
        }
      ]
    },
    {
      "module": "module.list_pokemons_lambda",
      "mode": "managed",
      "type": "aws_iam_role_policy_attachment",
      "name": "logs",
      "provider": "provider[\"registry.terraform.io/hashicorp/aws\"]",
      "instances": [
        {
          "index_key": 0,
          "schema_version": 0,
          "attributes": {
            "id": "list_pokemons-3jyb-20250119132701819000000001",
            "policy_arn": "arn:aws:iam::381492289756:policy/list_pokemons-3jyb-logs",
            "role": "list_pokemons-3jyb"
          },
          "sensitive_attributes": [],
          "private": "bnVsbA==",
          "dependencies": [
            "module.list_pokemons_lambda.aws_cloudwatch_log_group.lambda",
            "module.list_pokemons_lambda.aws_iam_policy.logs",
            "module.list_pokemons_lambda.aws_iam_role.lambda",
            "module.list_pokemons_lambda.data.aws_arn.log_group_arn",
            "module.list_pokemons_lambda.data.aws_cloudwatch_log_group.lambda",
            "module.list_pokemons_lambda.data.aws_iam_policy_document.assume_role",
            "module.list_pokemons_lambda.data.aws_iam_policy_document.logs",
            "random_string.this"
          ],
          "create_before_destroy": true
        }
      ]
    },
    {
      "module": "module.list_pokemons_lambda",
      "mode": "managed",
      "type": "aws_lambda_function",
      "name": "this",
      "provider": "provider[\"registry.terraform.io/hashicorp/aws\"]",
      "instances": [
        {
          "index_key": 0,
          "schema_version": 0,
          "attributes": {
            "architectures": [
              "arm64"
            ],
            "arn": "arn:aws:lambda:ap-northeast-1:381492289756:function:list_pokemons-3jyb",
            "code_sha256": "1669c2c2489a17b15f31ca19b9fdd84add0cde88c3a7ecb59de902983e4d8925",
            "code_signing_config_arn": "",
            "dead_letter_config": [],
            "description": "Pokemon Master: GET /pokemons ",
            "environment": [
              {
                "variables": {
                  "DYNAMODB_TABLE": "pokemon_table"
                }
              }
            ],
            "ephemeral_storage": [
              {
                "size": 512
              }
            ],
            "file_system_config": [],
            "filename": null,
            "function_name": "list_pokemons-3jyb",
            "handler": "",
            "id": "list_pokemons-3jyb",
            "image_config": [],
            "image_uri": "381492289756.dkr.ecr.ap-northeast-1.amazonaws.com/search_pokemon-3jyb@sha256:1669c2c2489a17b15f31ca19b9fdd84add0cde88c3a7ecb59de902983e4d8925",
            "invoke_arn": "arn:aws:apigateway:ap-northeast-1:lambda:path/2015-03-31/functions/arn:aws:lambda:ap-northeast-1:381492289756:function:list_pokemons-3jyb/invocations",
            "kms_key_arn": "",
            "last_modified": "2025-01-19T13:27:46.597+0000",
            "layers": null,
            "logging_config": [
              {
                "application_log_level": "",
                "log_format": "Text",
                "log_group": "/aws/lambda/list_pokemons-3jyb",
                "system_log_level": ""
              }
            ],
            "memory_size": 128,
            "package_type": "Image",
            "publish": true,
            "qualified_arn": "arn:aws:lambda:ap-northeast-1:381492289756:function:list_pokemons-3jyb:1",
            "qualified_invoke_arn": "arn:aws:apigateway:ap-northeast-1:lambda:path/2015-03-31/functions/arn:aws:lambda:ap-northeast-1:381492289756:function:list_pokemons-3jyb:1/invocations",
            "replace_security_groups_on_destroy": null,
            "replacement_security_group_ids": null,
            "reserved_concurrent_executions": -1,
            "role": "arn:aws:iam::381492289756:role/list_pokemons-3jyb",
            "runtime": "",
            "s3_bucket": null,
            "s3_key": null,
            "s3_object_version": null,
            "signing_job_arn": "",
            "signing_profile_version_arn": "",
            "skip_destroy": false,
            "snap_start": [],
            "source_code_hash": "",
            "source_code_size": 0,
            "tags": {
              "Terraform": "true",
              "terraform-aws-modules": "lambda"
            },
            "tags_all": {
              "Project": "Pokemon Master",
              "Terraform": "true",
              "terraform-aws-modules": "lambda"
            },
            "timeout": 30,
            "timeouts": null,
            "tracing_config": [
              {
                "mode": "PassThrough"
              }
            ],
            "version": "1",
            "vpc_config": []
          },
          "sensitive_attributes": [],
          "private": "eyJlMmJmYjczMC1lY2FhLTExZTYtOGY4OC0zNDM2M2JjN2M0YzAiOnsiY3JlYXRlIjo2MDAwMDAwMDAwMDAsImRlbGV0ZSI6NjAwMDAwMDAwMDAwLCJ1cGRhdGUiOjYwMDAwMDAwMDAwMH19",
          "dependencies": [
            "data.aws_caller_identity.this",
            "data.aws_ecr_authorization_token.token",
            "module.list_pokemons_lambda.aws_cloudwatch_log_group.lambda",
            "module.list_pokemons_lambda.aws_iam_policy.additional_inline",
            "module.list_pokemons_lambda.aws_iam_policy.additional_json",
            "module.list_pokemons_lambda.aws_iam_policy.additional_jsons",
            "module.list_pokemons_lambda.aws_iam_policy.async",
            "module.list_pokemons_lambda.aws_iam_policy.dead_letter",
            "module.list_pokemons_lambda.aws_iam_policy.logs",
            "module.list_pokemons_lambda.aws_iam_policy.tracing",
            "module.list_pokemons_lambda.aws_iam_policy.vpc",
            "module.list_pokemons_lambda.aws_iam_role.lambda",
            "module.list_pokemons_lambda.aws_iam_role_policy_attachment.additional_inline",
            "module.list_pokemons_lambda.aws_iam_role_policy_attachment.additional_json",
            "module.list_pokemons_lambda.aws_iam_role_policy_attachment.additional_jsons",
            "module.list_pokemons_lambda.aws_iam_role_policy_attachment.additional_many",
            "module.list_pokemons_lambda.aws_iam_role_policy_attachment.additional_one",
            "module.list_pokemons_lambda.aws_iam_role_policy_attachment.async",
            "module.list_pokemons_lambda.aws_iam_role_policy_attachment.dead_letter",
            "module.list_pokemons_lambda.aws_iam_role_policy_attachment.logs",
            "module.list_pokemons_lambda.aws_iam_role_policy_attachment.tracing",
            "module.list_pokemons_lambda.aws_iam_role_policy_attachment.vpc",
            "module.list_pokemons_lambda.aws_s3_object.lambda_package",
            "module.list_pokemons_lambda.data.aws_arn.log_group_arn",
            "module.list_pokemons_lambda.data.aws_cloudwatch_log_group.lambda",
            "module.list_pokemons_lambda.data.aws_iam_policy.tracing",
            "module.list_pokemons_lambda.data.aws_iam_policy.vpc",
            "module.list_pokemons_lambda.data.aws_iam_policy_document.additional_inline",
            "module.list_pokemons_lambda.data.aws_iam_policy_document.assume_role",
            "module.list_pokemons_lambda.data.aws_iam_policy_document.async",
            "module.list_pokemons_lambda.data.aws_iam_policy_document.dead_letter",
            "module.list_pokemons_lambda.data.aws_iam_policy_document.logs",
            "module.list_pokemons_lambda.data.aws_partition.current",
            "module.list_pokemons_lambda.data.external.archive_prepare",
            "module.list_pokemons_lambda.local_file.archive_plan",
            "module.list_pokemons_lambda.null_resource.archive",
            "module.search_pokemon_docker_image.aws_ecr_repository.this",
            "module.search_pokemon_docker_image.data.aws_caller_identity.this",
            "module.search_pokemon_docker_image.data.aws_region.current",
            "module.search_pokemon_docker_image.docker_image.this",
            "module.search_pokemon_docker_image.docker_registry_image.this",
            "random_string.this"
          ],
          "create_before_destroy": true
        }
      ]
    },
    {
      "module": "module.list_pokemons_lambda",
      "mode": "managed",
      "type": "aws_lambda_permission",
      "name": "current_version_triggers",
      "provider": "provider[\"registry.terraform.io/hashicorp/aws\"]",
      "instances": [
        {
          "index_key": "AllowExecutionFromAPIGateway",
          "schema_version": 0,
          "attributes": {
            "action": "lambda:InvokeFunction",
            "event_source_token": null,
            "function_name": "list_pokemons-3jyb",
            "function_url_auth_type": null,
            "id": "AllowExecutionFromAPIGateway20250119132806571500000004",
            "principal": "apigateway.amazonaws.com",
            "principal_org_id": null,
            "qualifier": "1",
            "source_account": null,
            "source_arn": "arn:aws:execute-api:ap-northeast-1:381492289756:nmrvguqda2/*/*",
            "statement_id": "AllowExecutionFromAPIGateway20250119132806571500000004",
            "statement_id_prefix": "AllowExecutionFromAPIGateway"
          },
          "sensitive_attributes": [],
          "private": "bnVsbA==",
          "dependencies": [
            "data.aws_caller_identity.this",
            "data.aws_ecr_authorization_token.token",
            "module.api_gateway.aws_apigatewayv2_api.this",
            "module.list_pokemons_lambda.aws_cloudwatch_log_group.lambda",
            "module.list_pokemons_lambda.aws_iam_policy.additional_inline",
            "module.list_pokemons_lambda.aws_iam_policy.additional_json",
            "module.list_pokemons_lambda.aws_iam_policy.additional_jsons",
            "module.list_pokemons_lambda.aws_iam_policy.async",
            "module.list_pokemons_lambda.aws_iam_policy.dead_letter",
            "module.list_pokemons_lambda.aws_iam_policy.logs",
            "module.list_pokemons_lambda.aws_iam_policy.tracing",
            "module.list_pokemons_lambda.aws_iam_policy.vpc",
            "module.list_pokemons_lambda.aws_iam_role.lambda",
            "module.list_pokemons_lambda.aws_iam_role_policy_attachment.additional_inline",
            "module.list_pokemons_lambda.aws_iam_role_policy_attachment.additional_json",
            "module.list_pokemons_lambda.aws_iam_role_policy_attachment.additional_jsons",
            "module.list_pokemons_lambda.aws_iam_role_policy_attachment.additional_many",
            "module.list_pokemons_lambda.aws_iam_role_policy_attachment.additional_one",
            "module.list_pokemons_lambda.aws_iam_role_policy_attachment.async",
            "module.list_pokemons_lambda.aws_iam_role_policy_attachment.dead_letter",
            "module.list_pokemons_lambda.aws_iam_role_policy_attachment.logs",
            "module.list_pokemons_lambda.aws_iam_role_policy_attachment.tracing",
            "module.list_pokemons_lambda.aws_iam_role_policy_attachment.vpc",
            "module.list_pokemons_lambda.aws_lambda_function.this",
            "module.list_pokemons_lambda.aws_s3_object.lambda_package",
            "module.list_pokemons_lambda.data.aws_arn.log_group_arn",
            "module.list_pokemons_lambda.data.aws_cloudwatch_log_group.lambda",
            "module.list_pokemons_lambda.data.aws_iam_policy.tracing",
            "module.list_pokemons_lambda.data.aws_iam_policy.vpc",
            "module.list_pokemons_lambda.data.aws_iam_policy_document.additional_inline",
            "module.list_pokemons_lambda.data.aws_iam_policy_document.assume_role",
            "module.list_pokemons_lambda.data.aws_iam_policy_document.async",
            "module.list_pokemons_lambda.data.aws_iam_policy_document.dead_letter",
            "module.list_pokemons_lambda.data.aws_iam_policy_document.logs",
            "module.list_pokemons_lambda.data.aws_partition.current",
            "module.list_pokemons_lambda.data.external.archive_prepare",
            "module.list_pokemons_lambda.local_file.archive_plan",
            "module.list_pokemons_lambda.null_resource.archive",
            "module.search_pokemon_docker_image.aws_ecr_repository.this",
            "module.search_pokemon_docker_image.data.aws_caller_identity.this",
            "module.search_pokemon_docker_image.data.aws_region.current",
            "module.search_pokemon_docker_image.docker_image.this",
            "module.search_pokemon_docker_image.docker_registry_image.this",
            "random_string.this"
          ],
          "create_before_destroy": true
        }
      ]
    },
    {
      "module": "module.list_pokemons_lambda",
      "mode": "managed",
      "type": "aws_lambda_permission",
      "name": "unqualified_alias_triggers",
      "provider": "provider[\"registry.terraform.io/hashicorp/aws\"]",
      "instances": [
        {
          "index_key": "AllowExecutionFromAPIGateway",
          "schema_version": 0,
          "attributes": {
            "action": "lambda:InvokeFunction",
            "event_source_token": null,
            "function_name": "list_pokemons-3jyb",
            "function_url_auth_type": null,
            "id": "AllowExecutionFromAPIGateway20250119132806571300000003",
            "principal": "apigateway.amazonaws.com",
            "principal_org_id": null,
            "qualifier": "",
            "source_account": null,
            "source_arn": "arn:aws:execute-api:ap-northeast-1:381492289756:nmrvguqda2/*/*",
            "statement_id": "AllowExecutionFromAPIGateway20250119132806571300000003",
            "statement_id_prefix": "AllowExecutionFromAPIGateway"
          },
          "sensitive_attributes": [],
          "private": "bnVsbA==",
          "dependencies": [
            "data.aws_caller_identity.this",
            "data.aws_ecr_authorization_token.token",
            "module.api_gateway.aws_apigatewayv2_api.this",
            "module.list_pokemons_lambda.aws_cloudwatch_log_group.lambda",
            "module.list_pokemons_lambda.aws_iam_policy.additional_inline",
            "module.list_pokemons_lambda.aws_iam_policy.additional_json",
            "module.list_pokemons_lambda.aws_iam_policy.additional_jsons",
            "module.list_pokemons_lambda.aws_iam_policy.async",
            "module.list_pokemons_lambda.aws_iam_policy.dead_letter",
            "module.list_pokemons_lambda.aws_iam_policy.logs",
            "module.list_pokemons_lambda.aws_iam_policy.tracing",
            "module.list_pokemons_lambda.aws_iam_policy.vpc",
            "module.list_pokemons_lambda.aws_iam_role.lambda",
            "module.list_pokemons_lambda.aws_iam_role_policy_attachment.additional_inline",
            "module.list_pokemons_lambda.aws_iam_role_policy_attachment.additional_json",
            "module.list_pokemons_lambda.aws_iam_role_policy_attachment.additional_jsons",
            "module.list_pokemons_lambda.aws_iam_role_policy_attachment.additional_many",
            "module.list_pokemons_lambda.aws_iam_role_policy_attachment.additional_one",
            "module.list_pokemons_lambda.aws_iam_role_policy_attachment.async",
            "module.list_pokemons_lambda.aws_iam_role_policy_attachment.dead_letter",
            "module.list_pokemons_lambda.aws_iam_role_policy_attachment.logs",
            "module.list_pokemons_lambda.aws_iam_role_policy_attachment.tracing",
            "module.list_pokemons_lambda.aws_iam_role_policy_attachment.vpc",
            "module.list_pokemons_lambda.aws_lambda_function.this",
            "module.list_pokemons_lambda.aws_s3_object.lambda_package",
            "module.list_pokemons_lambda.data.aws_arn.log_group_arn",
            "module.list_pokemons_lambda.data.aws_cloudwatch_log_group.lambda",
            "module.list_pokemons_lambda.data.aws_iam_policy.tracing",
            "module.list_pokemons_lambda.data.aws_iam_policy.vpc",
            "module.list_pokemons_lambda.data.aws_iam_policy_document.additional_inline",
            "module.list_pokemons_lambda.data.aws_iam_policy_document.assume_role",
            "module.list_pokemons_lambda.data.aws_iam_policy_document.async",
            "module.list_pokemons_lambda.data.aws_iam_policy_document.dead_letter",
            "module.list_pokemons_lambda.data.aws_iam_policy_document.logs",
            "module.list_pokemons_lambda.data.aws_partition.current",
            "module.list_pokemons_lambda.data.external.archive_prepare",
            "module.list_pokemons_lambda.local_file.archive_plan",
            "module.list_pokemons_lambda.null_resource.archive",
            "module.search_pokemon_docker_image.aws_ecr_repository.this",
            "module.search_pokemon_docker_image.data.aws_caller_identity.this",
            "module.search_pokemon_docker_image.data.aws_region.current",
            "module.search_pokemon_docker_image.docker_image.this",
            "module.search_pokemon_docker_image.docker_registry_image.this",
            "random_string.this"
          ],
          "create_before_destroy": true
        }
      ]
    },
    {
      "module": "module.search_pokemon_docker_image",
      "mode": "data",
      "type": "aws_caller_identity",
      "name": "this",
      "provider": "provider[\"registry.terraform.io/hashicorp/aws\"]",
      "instances": [
        {
          "schema_version": 0,
          "attributes": {
            "account_id": "381492289756",
            "arn": "arn:aws:iam::381492289756:user/cch1006Admin",
            "id": "381492289756",
            "user_id": "AIDAVRUVWMDOLHIFZHZFA"
          },
          "sensitive_attributes": []
        }
      ]
    },
    {
      "module": "module.search_pokemon_docker_image",
      "mode": "data",
      "type": "aws_region",
      "name": "current",
      "provider": "provider[\"registry.terraform.io/hashicorp/aws\"]",
      "instances": [
        {
          "schema_version": 0,
          "attributes": {
            "description": "Asia Pacific (Tokyo)",
            "endpoint": "ec2.ap-northeast-1.amazonaws.com",
            "id": "ap-northeast-1",
            "name": "ap-northeast-1"
          },
          "sensitive_attributes": []
        }
      ]
    },
    {
      "module": "module.search_pokemon_docker_image",
      "mode": "managed",
      "type": "aws_ecr_lifecycle_policy",
      "name": "this",
      "provider": "provider[\"registry.terraform.io/hashicorp/aws\"]",
      "instances": [
        {
          "index_key": 0,
          "schema_version": 0,
          "attributes": {
            "id": "search_pokemon-3jyb",
            "policy": "{\"rules\":[{\"action\":{\"type\":\"expire\"},\"description\":\"Keep only the last 10 images\",\"rulePriority\":1,\"selection\":{\"countNumber\":10,\"countType\":\"imageCountMoreThan\",\"tagStatus\":\"any\"}}]}",
            "registry_id": "381492289756",
            "repository": "search_pokemon-3jyb"
          },
          "sensitive_attributes": [],
          "private": "bnVsbA==",
          "dependencies": [
            "module.search_pokemon_docker_image.aws_ecr_repository.this",
            "random_string.this"
          ]
        }
      ]
    },
    {
      "module": "module.search_pokemon_docker_image",
      "mode": "managed",
      "type": "aws_ecr_repository",
      "name": "this",
      "provider": "provider[\"registry.terraform.io/hashicorp/aws\"]",
      "instances": [
        {
          "index_key": 0,
          "schema_version": 0,
          "attributes": {
            "arn": "arn:aws:ecr:ap-northeast-1:381492289756:repository/search_pokemon-3jyb",
            "encryption_configuration": [
              {
                "encryption_type": "AES256",
                "kms_key": ""
              }
            ],
            "force_delete": true,
            "id": "search_pokemon-3jyb",
            "image_scanning_configuration": [
              {
                "scan_on_push": false
              }
            ],
            "image_tag_mutability": "MUTABLE",
            "name": "search_pokemon-3jyb",
            "registry_id": "381492289756",
            "repository_url": "381492289756.dkr.ecr.ap-northeast-1.amazonaws.com/search_pokemon-3jyb",
            "tags": {},
            "tags_all": {
              "Project": "Pokemon Master",
              "Terraform": "true"
            },
            "timeouts": null
          },
          "sensitive_attributes": [],
          "private": "eyJlMmJmYjczMC1lY2FhLTExZTYtOGY4OC0zNDM2M2JjN2M0YzAiOnsiZGVsZXRlIjoxMjAwMDAwMDAwMDAwfX0=",
          "dependencies": [
            "random_string.this"
          ],
          "create_before_destroy": true
        }
      ]
    },
    {
      "module": "module.search_pokemon_docker_image",
      "mode": "managed",
      "type": "docker_image",
      "name": "this",
      "provider": "provider[\"registry.terraform.io/kreuzwerker/docker\"]",
      "instances": [
        {
          "schema_version": 0,
          "attributes": {
            "build": [
              {
                "auth_config": [],
                "build_arg": null,
                "build_args": null,
                "build_id": "",
                "cache_from": [],
                "cgroup_parent": "",
                "context": "./../search_pokemon/",
                "cpu_period": null,
                "cpu_quota": null,
                "cpu_set_cpus": "",
                "cpu_set_mems": "",
                "cpu_shares": null,
                "dockerfile": "Dockerfile",
                "extra_hosts": [],
                "force_remove": null,
                "isolation": "",
                "label": null,
                "labels": null,
                "memory": null,
                "memory_swap": null,
                "network_mode": "",
                "no_cache": null,
                "platform": "",
                "pull_parent": null,
                "remote_context": "",
                "remove": true,
                "security_opt": [],
                "session_id": "",
                "shm_size": null,
                "squash": null,
                "suppress_output": null,
                "tag": [],
                "target": "",
                "ulimit": [],
                "version": ""
              }
            ],
            "force_remove": false,
            "id": "sha256:6504f1b28cca7d053455ce7e0078d4131c781ad94ece1d1a230c1a1348096643381492289756.dkr.ecr.ap-northeast-1.amazonaws.com/search_pokemon-3jyb",
            "image_id": "sha256:6504f1b28cca7d053455ce7e0078d4131c781ad94ece1d1a230c1a1348096643",
            "keep_locally": false,
            "name": "381492289756.dkr.ecr.ap-northeast-1.amazonaws.com/search_pokemon-3jyb",
            "platform": null,
            "pull_triggers": null,
            "repo_digest": "",
            "triggers": {
              "dir_sha": "9259f6f107d8e190e68ee3f9121a03387c01cd1c"
            }
          },
          "sensitive_attributes": [],
          "private": "bnVsbA==",
          "dependencies": [
            "data.aws_caller_identity.this",
            "data.aws_ecr_authorization_token.token",
            "module.search_pokemon_docker_image.aws_ecr_repository.this",
            "module.search_pokemon_docker_image.data.aws_caller_identity.this",
            "module.search_pokemon_docker_image.data.aws_region.current",
            "random_string.this"
          ],
          "create_before_destroy": true
        }
      ]
    },
    {
      "module": "module.search_pokemon_docker_image",
      "mode": "managed",
      "type": "docker_registry_image",
      "name": "this",
      "provider": "provider[\"registry.terraform.io/kreuzwerker/docker\"]",
      "instances": [
        {
          "schema_version": 0,
          "attributes": {
            "id": "sha256:1669c2c2489a17b15f31ca19b9fdd84add0cde88c3a7ecb59de902983e4d8925",
            "insecure_skip_verify": false,
            "keep_remotely": true,
            "name": "381492289756.dkr.ecr.ap-northeast-1.amazonaws.com/search_pokemon-3jyb",
            "sha256_digest": "sha256:1669c2c2489a17b15f31ca19b9fdd84add0cde88c3a7ecb59de902983e4d8925",
            "triggers": {
              "dir_sha": "9259f6f107d8e190e68ee3f9121a03387c01cd1c"
            }
          },
          "sensitive_attributes": [],
          "private": "bnVsbA==",
          "dependencies": [
            "data.aws_caller_identity.this",
            "data.aws_ecr_authorization_token.token",
            "module.search_pokemon_docker_image.aws_ecr_repository.this",
            "module.search_pokemon_docker_image.data.aws_caller_identity.this",
            "module.search_pokemon_docker_image.data.aws_region.current",
            "module.search_pokemon_docker_image.docker_image.this",
            "random_string.this"
          ],
          "create_before_destroy": true
        }
      ]
    },
    {
      "module": "module.search_pokemon_lambda",
      "mode": "data",
      "type": "aws_caller_identity",
      "name": "current",
      "provider": "provider[\"registry.terraform.io/hashicorp/aws\"]",
      "instances": [
        {
          "schema_version": 0,
          "attributes": {
            "account_id": "381492289756",
            "arn": "arn:aws:iam::381492289756:user/cch1006Admin",
            "id": "381492289756",
            "user_id": "AIDAVRUVWMDOLHIFZHZFA"
          },
          "sensitive_attributes": []
        }
      ]
    },
    {
      "module": "module.search_pokemon_lambda",
      "mode": "data",
      "type": "aws_iam_policy_document",
      "name": "additional_inline",
      "provider": "provider[\"registry.terraform.io/hashicorp/aws\"]",
      "instances": [
        {
          "index_key": 0,
          "schema_version": 0,
          "attributes": {
            "id": "180282574",
            "json": "{\n  \"Version\": \"2012-10-17\",\n  \"Statement\": [\n    {\n      \"Sid\": \"dynamodbcrud\",\n      \"Effect\": \"Allow\",\n      \"Action\": [\n        \"dynamodb:UpdateItem\",\n        \"dynamodb:Scan\",\n        \"dynamodb:Query\",\n        \"dynamodb:PutItem\",\n        \"dynamodb:GetItem\",\n        \"dynamodb:DeleteItem\",\n        \"dynamodb:BatchWriteItem\",\n        \"dynamodb:BatchGetItem\"\n      ],\n      \"Resource\": \"arn:aws:dynamodb:ap-northeast-1:381492289756:table/pokemon_table\"\n    }\n  ]\n}",
            "minified_json": "{\"Version\":\"2012-10-17\",\"Statement\":[{\"Sid\":\"dynamodbcrud\",\"Effect\":\"Allow\",\"Action\":[\"dynamodb:UpdateItem\",\"dynamodb:Scan\",\"dynamodb:Query\",\"dynamodb:PutItem\",\"dynamodb:GetItem\",\"dynamodb:DeleteItem\",\"dynamodb:BatchWriteItem\",\"dynamodb:BatchGetItem\"],\"Resource\":\"arn:aws:dynamodb:ap-northeast-1:381492289756:table/pokemon_table\"}]}",
            "override_json": null,
            "override_policy_documents": null,
            "policy_id": null,
            "source_json": null,
            "source_policy_documents": null,
            "statement": [
              {
                "actions": [
                  "dynamodb:BatchGetItem",
                  "dynamodb:BatchWriteItem",
                  "dynamodb:DeleteItem",
                  "dynamodb:GetItem",
                  "dynamodb:PutItem",
                  "dynamodb:Query",
                  "dynamodb:Scan",
                  "dynamodb:UpdateItem"
                ],
                "condition": [],
                "effect": "Allow",
                "not_actions": [],
                "not_principals": [],
                "not_resources": [],
                "principals": [],
                "resources": [
                  "arn:aws:dynamodb:ap-northeast-1:381492289756:table/pokemon_table"
                ],
                "sid": "dynamodbcrud"
              }
            ],
            "version": "2012-10-17"
          },
          "sensitive_attributes": []
        }
      ]
    },
    {
      "module": "module.search_pokemon_lambda",
      "mode": "data",
      "type": "aws_iam_policy_document",
      "name": "assume_role",
      "provider": "provider[\"registry.terraform.io/hashicorp/aws\"]",
      "instances": [
        {
          "index_key": 0,
          "schema_version": 0,
          "attributes": {
            "id": "2690255455",
            "json": "{\n  \"Version\": \"2012-10-17\",\n  \"Statement\": [\n    {\n      \"Effect\": \"Allow\",\n      \"Action\": \"sts:AssumeRole\",\n      \"Principal\": {\n        \"Service\": \"lambda.amazonaws.com\"\n      }\n    }\n  ]\n}",
            "minified_json": "{\"Version\":\"2012-10-17\",\"Statement\":[{\"Effect\":\"Allow\",\"Action\":\"sts:AssumeRole\",\"Principal\":{\"Service\":\"lambda.amazonaws.com\"}}]}",
            "override_json": null,
            "override_policy_documents": null,
            "policy_id": null,
            "source_json": null,
            "source_policy_documents": null,
            "statement": [
              {
                "actions": [
                  "sts:AssumeRole"
                ],
                "condition": [],
                "effect": "Allow",
                "not_actions": [],
                "not_principals": [],
                "not_resources": [],
                "principals": [
                  {
                    "identifiers": [
                      "lambda.amazonaws.com"
                    ],
                    "type": "Service"
                  }
                ],
                "resources": [],
                "sid": ""
              }
            ],
            "version": "2012-10-17"
          },
          "sensitive_attributes": []
        }
      ]
    },
    {
      "module": "module.search_pokemon_lambda",
      "mode": "data",
      "type": "aws_iam_policy_document",
      "name": "logs",
      "provider": "provider[\"registry.terraform.io/hashicorp/aws\"]",
      "instances": [
        {
          "index_key": 0,
          "schema_version": 0,
          "attributes": {
            "id": "1240780268",
            "json": "{\n  \"Version\": \"2012-10-17\",\n  \"Statement\": [\n    {\n      \"Effect\": \"Allow\",\n      \"Action\": [\n        \"logs:PutLogEvents\",\n        \"logs:CreateLogStream\",\n        \"logs:CreateLogGroup\"\n      ],\n      \"Resource\": [\n        \"arn:aws:logs:ap-northeast-1:381492289756:log-group:/aws/lambda/search_pokemon-3jyb:*:*\",\n        \"arn:aws:logs:ap-northeast-1:381492289756:log-group:/aws/lambda/search_pokemon-3jyb:*\"\n      ]\n    }\n  ]\n}",
            "minified_json": "{\"Version\":\"2012-10-17\",\"Statement\":[{\"Effect\":\"Allow\",\"Action\":[\"logs:PutLogEvents\",\"logs:CreateLogStream\",\"logs:CreateLogGroup\"],\"Resource\":[\"arn:aws:logs:ap-northeast-1:381492289756:log-group:/aws/lambda/search_pokemon-3jyb:*:*\",\"arn:aws:logs:ap-northeast-1:381492289756:log-group:/aws/lambda/search_pokemon-3jyb:*\"]}]}",
            "override_json": null,
            "override_policy_documents": null,
            "policy_id": null,
            "source_json": null,
            "source_policy_documents": null,
            "statement": [
              {
                "actions": [
                  "logs:CreateLogGroup",
                  "logs:CreateLogStream",
                  "logs:PutLogEvents"
                ],
                "condition": [],
                "effect": "Allow",
                "not_actions": [],
                "not_principals": [],
                "not_resources": [],
                "principals": [],
                "resources": [
                  "arn:aws:logs:ap-northeast-1:381492289756:log-group:/aws/lambda/search_pokemon-3jyb:*",
                  "arn:aws:logs:ap-northeast-1:381492289756:log-group:/aws/lambda/search_pokemon-3jyb:*:*"
                ],
                "sid": ""
              }
            ],
            "version": "2012-10-17"
          },
          "sensitive_attributes": []
        }
      ]
    },
    {
      "module": "module.search_pokemon_lambda",
      "mode": "data",
      "type": "aws_partition",
      "name": "current",
      "provider": "provider[\"registry.terraform.io/hashicorp/aws\"]",
      "instances": [
        {
          "schema_version": 0,
          "attributes": {
            "dns_suffix": "amazonaws.com",
            "id": "aws",
            "partition": "aws",
            "reverse_dns_prefix": "com.amazonaws"
          },
          "sensitive_attributes": []
        }
      ]
    },
    {
      "module": "module.search_pokemon_lambda",
      "mode": "data",
      "type": "aws_region",
      "name": "current",
      "provider": "provider[\"registry.terraform.io/hashicorp/aws\"]",
      "instances": [
        {
          "schema_version": 0,
          "attributes": {
            "description": "Asia Pacific (Tokyo)",
            "endpoint": "ec2.ap-northeast-1.amazonaws.com",
            "id": "ap-northeast-1",
            "name": "ap-northeast-1"
          },
          "sensitive_attributes": []
        }
      ]
    },
    {
      "module": "module.search_pokemon_lambda",
      "mode": "managed",
      "type": "aws_cloudwatch_log_group",
      "name": "lambda",
      "provider": "provider[\"registry.terraform.io/hashicorp/aws\"]",
      "instances": [
        {
          "index_key": 0,
          "schema_version": 0,
          "attributes": {
            "arn": "arn:aws:logs:ap-northeast-1:381492289756:log-group:/aws/lambda/search_pokemon-3jyb",
            "id": "/aws/lambda/search_pokemon-3jyb",
            "kms_key_id": "",
            "log_group_class": "STANDARD",
            "name": "/aws/lambda/search_pokemon-3jyb",
            "name_prefix": "",
            "retention_in_days": 0,
            "skip_destroy": false,
            "tags": {
              "Terraform": "true"
            },
            "tags_all": {
              "Project": "Pokemon Master",
              "Terraform": "true"
            }
          },
          "sensitive_attributes": [],
          "private": "bnVsbA==",
          "dependencies": [
            "random_string.this"
          ],
          "create_before_destroy": true
        }
      ]
    },
    {
      "module": "module.search_pokemon_lambda",
      "mode": "managed",
      "type": "aws_iam_policy",
      "name": "additional_inline",
      "provider": "provider[\"registry.terraform.io/hashicorp/aws\"]",
      "instances": [
        {
          "index_key": 0,
          "schema_version": 0,
          "attributes": {
            "arn": "arn:aws:iam::381492289756:policy/search_pokemon-3jyb-inline",
            "attachment_count": 1,
            "description": "",
            "id": "arn:aws:iam::381492289756:policy/search_pokemon-3jyb-inline",
            "name": "search_pokemon-3jyb-inline",
            "name_prefix": "",
            "path": "/",
            "policy": "{\"Statement\":[{\"Action\":[\"dynamodb:UpdateItem\",\"dynamodb:Scan\",\"dynamodb:Query\",\"dynamodb:PutItem\",\"dynamodb:GetItem\",\"dynamodb:DeleteItem\",\"dynamodb:BatchWriteItem\",\"dynamodb:BatchGetItem\"],\"Effect\":\"Allow\",\"Resource\":\"arn:aws:dynamodb:ap-northeast-1:381492289756:table/pokemon_table\",\"Sid\":\"dynamodbcrud\"}],\"Version\":\"2012-10-17\"}",
            "policy_id": "ANPAVRUVWMDONX6TTOLG3",
            "tags": {
              "Terraform": "true"
            },
            "tags_all": {
              "Project": "Pokemon Master",
              "Terraform": "true"
            }
          },
          "sensitive_attributes": [],
          "private": "bnVsbA==",
          "dependencies": [
            "data.aws_caller_identity.this",
            "module.search_pokemon_lambda.data.aws_iam_policy_document.additional_inline",
            "random_string.this"
          ],
          "create_before_destroy": true
        }
      ]
    },
    {
      "module": "module.search_pokemon_lambda",
      "mode": "managed",
      "type": "aws_iam_policy",
      "name": "logs",
      "provider": "provider[\"registry.terraform.io/hashicorp/aws\"]",
      "instances": [
        {
          "index_key": 0,
          "schema_version": 0,
          "attributes": {
            "arn": "arn:aws:iam::381492289756:policy/search_pokemon-3jyb-logs",
            "attachment_count": 1,
            "description": "",
            "id": "arn:aws:iam::381492289756:policy/search_pokemon-3jyb-logs",
            "name": "search_pokemon-3jyb-logs",
            "name_prefix": "",
            "path": "/",
            "policy": "{\"Statement\":[{\"Action\":[\"logs:PutLogEvents\",\"logs:CreateLogStream\",\"logs:CreateLogGroup\"],\"Effect\":\"Allow\",\"Resource\":[\"arn:aws:logs:ap-northeast-1:381492289756:log-group:/aws/lambda/search_pokemon-3jyb:*:*\",\"arn:aws:logs:ap-northeast-1:381492289756:log-group:/aws/lambda/search_pokemon-3jyb:*\"]}],\"Version\":\"2012-10-17\"}",
            "policy_id": "ANPAVRUVWMDOLXA7GB6PU",
            "tags": {
              "Terraform": "true"
            },
            "tags_all": {
              "Project": "Pokemon Master",
              "Terraform": "true"
            }
          },
          "sensitive_attributes": [],
          "private": "bnVsbA==",
          "dependencies": [
            "module.search_pokemon_lambda.aws_cloudwatch_log_group.lambda",
            "module.search_pokemon_lambda.data.aws_arn.log_group_arn",
            "module.search_pokemon_lambda.data.aws_cloudwatch_log_group.lambda",
            "module.search_pokemon_lambda.data.aws_iam_policy_document.logs",
            "random_string.this"
          ],
          "create_before_destroy": true
        }
      ]
    },
    {
      "module": "module.search_pokemon_lambda",
      "mode": "managed",
      "type": "aws_iam_role",
      "name": "lambda",
      "provider": "provider[\"registry.terraform.io/hashicorp/aws\"]",
      "instances": [
        {
          "index_key": 0,
          "schema_version": 0,
          "attributes": {
            "arn": "arn:aws:iam::381492289756:role/search_pokemon-3jyb",
            "assume_role_policy": "{\"Statement\":[{\"Action\":\"sts:AssumeRole\",\"Effect\":\"Allow\",\"Principal\":{\"Service\":\"lambda.amazonaws.com\"}}],\"Version\":\"2012-10-17\"}",
            "create_date": "2025-01-19T12:53:56Z",
            "description": "",
            "force_detach_policies": true,
            "id": "search_pokemon-3jyb",
            "inline_policy": [],
            "managed_policy_arns": [
              "arn:aws:iam::381492289756:policy/search_pokemon-3jyb-inline",
              "arn:aws:iam::381492289756:policy/search_pokemon-3jyb-logs"
            ],
            "max_session_duration": 3600,
            "name": "search_pokemon-3jyb",
            "name_prefix": "",
            "path": "/",
            "permissions_boundary": "",
            "tags": {
              "Terraform": "true"
            },
            "tags_all": {
              "Project": "Pokemon Master",
              "Terraform": "true"
            },
            "unique_id": "AROAVRUVWMDOMMPI4746Y"
          },
          "sensitive_attributes": [],
          "private": "bnVsbA==",
          "dependencies": [
            "module.search_pokemon_lambda.data.aws_iam_policy_document.assume_role",
            "random_string.this"
          ],
          "create_before_destroy": true
        }
      ]
    },
    {
      "module": "module.search_pokemon_lambda",
      "mode": "managed",
      "type": "aws_iam_role_policy_attachment",
      "name": "additional_inline",
      "provider": "provider[\"registry.terraform.io/hashicorp/aws\"]",
      "instances": [
        {
          "index_key": 0,
          "schema_version": 0,
          "attributes": {
            "id": "search_pokemon-3jyb-20250119125357511100000002",
            "policy_arn": "arn:aws:iam::381492289756:policy/search_pokemon-3jyb-inline",
            "role": "search_pokemon-3jyb"
          },
          "sensitive_attributes": [],
          "private": "bnVsbA==",
          "dependencies": [
            "data.aws_caller_identity.this",
            "module.search_pokemon_lambda.aws_iam_policy.additional_inline",
            "module.search_pokemon_lambda.aws_iam_role.lambda",
            "module.search_pokemon_lambda.data.aws_iam_policy_document.additional_inline",
            "module.search_pokemon_lambda.data.aws_iam_policy_document.assume_role",
            "random_string.this"
          ],
          "create_before_destroy": true
        }
      ]
    },
    {
      "module": "module.search_pokemon_lambda",
      "mode": "managed",
      "type": "aws_iam_role_policy_attachment",
      "name": "logs",
      "provider": "provider[\"registry.terraform.io/hashicorp/aws\"]",
      "instances": [
        {
          "index_key": 0,
          "schema_version": 0,
          "attributes": {
            "id": "search_pokemon-3jyb-20250119125357510600000001",
            "policy_arn": "arn:aws:iam::381492289756:policy/search_pokemon-3jyb-logs",
            "role": "search_pokemon-3jyb"
          },
          "sensitive_attributes": [],
          "private": "bnVsbA==",
          "dependencies": [
            "module.search_pokemon_lambda.aws_cloudwatch_log_group.lambda",
            "module.search_pokemon_lambda.aws_iam_policy.logs",
            "module.search_pokemon_lambda.aws_iam_role.lambda",
            "module.search_pokemon_lambda.data.aws_arn.log_group_arn",
            "module.search_pokemon_lambda.data.aws_cloudwatch_log_group.lambda",
            "module.search_pokemon_lambda.data.aws_iam_policy_document.assume_role",
            "module.search_pokemon_lambda.data.aws_iam_policy_document.logs",
            "random_string.this"
          ],
          "create_before_destroy": true
        }
      ]
    },
    {
      "module": "module.search_pokemon_lambda",
      "mode": "managed",
      "type": "aws_lambda_function",
      "name": "this",
      "provider": "provider[\"registry.terraform.io/hashicorp/aws\"]",
      "instances": [
        {
          "index_key": 0,
          "schema_version": 0,
          "attributes": {
            "architectures": [
              "arm64"
            ],
            "arn": "arn:aws:lambda:ap-northeast-1:381492289756:function:search_pokemon-3jyb",
            "code_sha256": "1669c2c2489a17b15f31ca19b9fdd84add0cde88c3a7ecb59de902983e4d8925",
            "code_signing_config_arn": "",
            "dead_letter_config": [],
            "description": "Pokemon Master: POST /pokemon/{pokemon_name} ",
            "environment": [
              {
                "variables": {
                  "DYNAMODB_TABLE": "pokemon_table"
                }
              }
            ],
            "ephemeral_storage": [
              {
                "size": 512
              }
            ],
            "file_system_config": [],
            "filename": null,
            "function_name": "search_pokemon-3jyb",
            "handler": "",
            "id": "search_pokemon-3jyb",
            "image_config": [],
            "image_uri": "381492289756.dkr.ecr.ap-northeast-1.amazonaws.com/search_pokemon-3jyb@sha256:1669c2c2489a17b15f31ca19b9fdd84add0cde88c3a7ecb59de902983e4d8925",
            "invoke_arn": "arn:aws:apigateway:ap-northeast-1:lambda:path/2015-03-31/functions/arn:aws:lambda:ap-northeast-1:381492289756:function:search_pokemon-3jyb/invocations",
            "kms_key_arn": "",
            "last_modified": "2025-01-19T13:27:47.000+0000",
            "layers": [],
            "logging_config": [
              {
                "application_log_level": "",
                "log_format": "Text",
                "log_group": "/aws/lambda/search_pokemon-3jyb",
                "system_log_level": ""
              }
            ],
            "memory_size": 128,
            "package_type": "Image",
            "publish": true,
            "qualified_arn": "arn:aws:lambda:ap-northeast-1:381492289756:function:search_pokemon-3jyb:5",
            "qualified_invoke_arn": "arn:aws:apigateway:ap-northeast-1:lambda:path/2015-03-31/functions/arn:aws:lambda:ap-northeast-1:381492289756:function:search_pokemon-3jyb:5/invocations",
            "replace_security_groups_on_destroy": null,
            "replacement_security_group_ids": null,
            "reserved_concurrent_executions": -1,
            "role": "arn:aws:iam::381492289756:role/search_pokemon-3jyb",
            "runtime": "",
            "s3_bucket": null,
            "s3_key": null,
            "s3_object_version": null,
            "signing_job_arn": "",
            "signing_profile_version_arn": "",
            "skip_destroy": false,
            "snap_start": [],
            "source_code_hash": "",
            "source_code_size": 0,
            "tags": {
              "Terraform": "true",
              "terraform-aws-modules": "lambda"
            },
            "tags_all": {
              "Project": "Pokemon Master",
              "Terraform": "true",
              "terraform-aws-modules": "lambda"
            },
            "timeout": 30,
            "timeouts": null,
            "tracing_config": [
              {
                "mode": "PassThrough"
              }
            ],
            "version": "5",
            "vpc_config": []
          },
          "sensitive_attributes": [],
          "private": "eyJlMmJmYjczMC1lY2FhLTExZTYtOGY4OC0zNDM2M2JjN2M0YzAiOnsiY3JlYXRlIjo2MDAwMDAwMDAwMDAsImRlbGV0ZSI6NjAwMDAwMDAwMDAwLCJ1cGRhdGUiOjYwMDAwMDAwMDAwMH19",
          "dependencies": [
            "data.aws_caller_identity.this",
            "data.aws_ecr_authorization_token.token",
            "module.search_pokemon_docker_image.aws_ecr_repository.this",
            "module.search_pokemon_docker_image.data.aws_caller_identity.this",
            "module.search_pokemon_docker_image.data.aws_region.current",
            "module.search_pokemon_docker_image.docker_image.this",
            "module.search_pokemon_docker_image.docker_registry_image.this",
            "module.search_pokemon_lambda.aws_cloudwatch_log_group.lambda",
            "module.search_pokemon_lambda.aws_iam_policy.additional_inline",
            "module.search_pokemon_lambda.aws_iam_policy.additional_json",
            "module.search_pokemon_lambda.aws_iam_policy.additional_jsons",
            "module.search_pokemon_lambda.aws_iam_policy.async",
            "module.search_pokemon_lambda.aws_iam_policy.dead_letter",
            "module.search_pokemon_lambda.aws_iam_policy.logs",
            "module.search_pokemon_lambda.aws_iam_policy.tracing",
            "module.search_pokemon_lambda.aws_iam_policy.vpc",
            "module.search_pokemon_lambda.aws_iam_role.lambda",
            "module.search_pokemon_lambda.aws_iam_role_policy_attachment.additional_inline",
            "module.search_pokemon_lambda.aws_iam_role_policy_attachment.additional_json",
            "module.search_pokemon_lambda.aws_iam_role_policy_attachment.additional_jsons",
            "module.search_pokemon_lambda.aws_iam_role_policy_attachment.additional_many",
            "module.search_pokemon_lambda.aws_iam_role_policy_attachment.additional_one",
            "module.search_pokemon_lambda.aws_iam_role_policy_attachment.async",
            "module.search_pokemon_lambda.aws_iam_role_policy_attachment.dead_letter",
            "module.search_pokemon_lambda.aws_iam_role_policy_attachment.logs",
            "module.search_pokemon_lambda.aws_iam_role_policy_attachment.tracing",
            "module.search_pokemon_lambda.aws_iam_role_policy_attachment.vpc",
            "module.search_pokemon_lambda.aws_s3_object.lambda_package",
            "module.search_pokemon_lambda.data.aws_arn.log_group_arn",
            "module.search_pokemon_lambda.data.aws_cloudwatch_log_group.lambda",
            "module.search_pokemon_lambda.data.aws_iam_policy.tracing",
            "module.search_pokemon_lambda.data.aws_iam_policy.vpc",
            "module.search_pokemon_lambda.data.aws_iam_policy_document.additional_inline",
            "module.search_pokemon_lambda.data.aws_iam_policy_document.assume_role",
            "module.search_pokemon_lambda.data.aws_iam_policy_document.async",
            "module.search_pokemon_lambda.data.aws_iam_policy_document.dead_letter",
            "module.search_pokemon_lambda.data.aws_iam_policy_document.logs",
            "module.search_pokemon_lambda.data.aws_partition.current",
            "module.search_pokemon_lambda.data.external.archive_prepare",
            "module.search_pokemon_lambda.local_file.archive_plan",
            "module.search_pokemon_lambda.null_resource.archive",
            "random_string.this"
          ],
          "create_before_destroy": true
        }
      ]
    },
    {
      "module": "module.search_pokemon_lambda",
      "mode": "managed",
      "type": "aws_lambda_permission",
      "name": "current_version_triggers",
      "provider": "provider[\"registry.terraform.io/hashicorp/aws\"]",
      "instances": [
        {
          "index_key": "AllowExecutionFromAPIGateway",
          "schema_version": 0,
          "attributes": {
            "action": "lambda:InvokeFunction",
            "event_source_token": null,
            "function_name": "search_pokemon-3jyb",
            "function_url_auth_type": null,
            "id": "AllowExecutionFromAPIGateway20250119132808719200000005",
            "principal": "apigateway.amazonaws.com",
            "principal_org_id": null,
            "qualifier": "5",
            "source_account": null,
            "source_arn": "arn:aws:execute-api:ap-northeast-1:381492289756:nmrvguqda2/*/*",
            "statement_id": "AllowExecutionFromAPIGateway20250119132808719200000005",
            "statement_id_prefix": "AllowExecutionFromAPIGateway"
          },
          "sensitive_attributes": [],
          "private": "bnVsbA==",
          "dependencies": [
            "data.aws_caller_identity.this",
            "data.aws_ecr_authorization_token.token",
            "module.api_gateway.aws_apigatewayv2_api.this",
            "module.search_pokemon_docker_image.aws_ecr_repository.this",
            "module.search_pokemon_docker_image.data.aws_caller_identity.this",
            "module.search_pokemon_docker_image.data.aws_region.current",
            "module.search_pokemon_docker_image.docker_image.this",
            "module.search_pokemon_docker_image.docker_registry_image.this",
            "module.search_pokemon_lambda.aws_cloudwatch_log_group.lambda",
            "module.search_pokemon_lambda.aws_iam_policy.additional_inline",
            "module.search_pokemon_lambda.aws_iam_policy.additional_json",
            "module.search_pokemon_lambda.aws_iam_policy.additional_jsons",
            "module.search_pokemon_lambda.aws_iam_policy.async",
            "module.search_pokemon_lambda.aws_iam_policy.dead_letter",
            "module.search_pokemon_lambda.aws_iam_policy.logs",
            "module.search_pokemon_lambda.aws_iam_policy.tracing",
            "module.search_pokemon_lambda.aws_iam_policy.vpc",
            "module.search_pokemon_lambda.aws_iam_role.lambda",
            "module.search_pokemon_lambda.aws_iam_role_policy_attachment.additional_inline",
            "module.search_pokemon_lambda.aws_iam_role_policy_attachment.additional_json",
            "module.search_pokemon_lambda.aws_iam_role_policy_attachment.additional_jsons",
            "module.search_pokemon_lambda.aws_iam_role_policy_attachment.additional_many",
            "module.search_pokemon_lambda.aws_iam_role_policy_attachment.additional_one",
            "module.search_pokemon_lambda.aws_iam_role_policy_attachment.async",
            "module.search_pokemon_lambda.aws_iam_role_policy_attachment.dead_letter",
            "module.search_pokemon_lambda.aws_iam_role_policy_attachment.logs",
            "module.search_pokemon_lambda.aws_iam_role_policy_attachment.tracing",
            "module.search_pokemon_lambda.aws_iam_role_policy_attachment.vpc",
            "module.search_pokemon_lambda.aws_lambda_function.this",
            "module.search_pokemon_lambda.aws_s3_object.lambda_package",
            "module.search_pokemon_lambda.data.aws_arn.log_group_arn",
            "module.search_pokemon_lambda.data.aws_cloudwatch_log_group.lambda",
            "module.search_pokemon_lambda.data.aws_iam_policy.tracing",
            "module.search_pokemon_lambda.data.aws_iam_policy.vpc",
            "module.search_pokemon_lambda.data.aws_iam_policy_document.additional_inline",
            "module.search_pokemon_lambda.data.aws_iam_policy_document.assume_role",
            "module.search_pokemon_lambda.data.aws_iam_policy_document.async",
            "module.search_pokemon_lambda.data.aws_iam_policy_document.dead_letter",
            "module.search_pokemon_lambda.data.aws_iam_policy_document.logs",
            "module.search_pokemon_lambda.data.aws_partition.current",
            "module.search_pokemon_lambda.data.external.archive_prepare",
            "module.search_pokemon_lambda.local_file.archive_plan",
            "module.search_pokemon_lambda.null_resource.archive",
            "random_string.this"
          ],
          "create_before_destroy": true
        }
      ]
    },
    {
      "module": "module.search_pokemon_lambda",
      "mode": "managed",
      "type": "aws_lambda_permission",
      "name": "unqualified_alias_triggers",
      "provider": "provider[\"registry.terraform.io/hashicorp/aws\"]",
      "instances": [
        {
          "index_key": "AllowExecutionFromAPIGateway",
          "schema_version": 0,
          "attributes": {
            "action": "lambda:InvokeFunction",
            "event_source_token": null,
            "function_name": "search_pokemon-3jyb",
            "function_url_auth_type": null,
            "id": "AllowExecutionFromAPIGateway20250119131011186500000001",
            "principal": "apigateway.amazonaws.com",
            "principal_org_id": null,
            "qualifier": "",
            "source_account": null,
            "source_arn": "arn:aws:execute-api:ap-northeast-1:381492289756:nmrvguqda2/*/*",
            "statement_id": "AllowExecutionFromAPIGateway20250119131011186500000001",
            "statement_id_prefix": "AllowExecutionFromAPIGateway"
          },
          "sensitive_attributes": [],
          "private": "bnVsbA==",
          "dependencies": [
            "data.aws_caller_identity.this",
            "data.aws_ecr_authorization_token.token",
            "module.api_gateway.aws_apigatewayv2_api.this",
            "module.search_pokemon_docker_image.aws_ecr_repository.this",
            "module.search_pokemon_docker_image.data.aws_caller_identity.this",
            "module.search_pokemon_docker_image.data.aws_region.current",
            "module.search_pokemon_docker_image.docker_image.this",
            "module.search_pokemon_docker_image.docker_registry_image.this",
            "module.search_pokemon_lambda.aws_cloudwatch_log_group.lambda",
            "module.search_pokemon_lambda.aws_iam_policy.additional_inline",
            "module.search_pokemon_lambda.aws_iam_policy.additional_json",
            "module.search_pokemon_lambda.aws_iam_policy.additional_jsons",
            "module.search_pokemon_lambda.aws_iam_policy.async",
            "module.search_pokemon_lambda.aws_iam_policy.dead_letter",
            "module.search_pokemon_lambda.aws_iam_policy.logs",
            "module.search_pokemon_lambda.aws_iam_policy.tracing",
            "module.search_pokemon_lambda.aws_iam_policy.vpc",
            "module.search_pokemon_lambda.aws_iam_role.lambda",
            "module.search_pokemon_lambda.aws_iam_role_policy_attachment.additional_inline",
            "module.search_pokemon_lambda.aws_iam_role_policy_attachment.additional_json",
            "module.search_pokemon_lambda.aws_iam_role_policy_attachment.additional_jsons",
            "module.search_pokemon_lambda.aws_iam_role_policy_attachment.additional_many",
            "module.search_pokemon_lambda.aws_iam_role_policy_attachment.additional_one",
            "module.search_pokemon_lambda.aws_iam_role_policy_attachment.async",
            "module.search_pokemon_lambda.aws_iam_role_policy_attachment.dead_letter",
            "module.search_pokemon_lambda.aws_iam_role_policy_attachment.logs",
            "module.search_pokemon_lambda.aws_iam_role_policy_attachment.tracing",
            "module.search_pokemon_lambda.aws_iam_role_policy_attachment.vpc",
            "module.search_pokemon_lambda.aws_lambda_function.this",
            "module.search_pokemon_lambda.aws_s3_object.lambda_package",
            "module.search_pokemon_lambda.data.aws_arn.log_group_arn",
            "module.search_pokemon_lambda.data.aws_cloudwatch_log_group.lambda",
            "module.search_pokemon_lambda.data.aws_iam_policy.tracing",
            "module.search_pokemon_lambda.data.aws_iam_policy.vpc",
            "module.search_pokemon_lambda.data.aws_iam_policy_document.additional_inline",
            "module.search_pokemon_lambda.data.aws_iam_policy_document.assume_role",
            "module.search_pokemon_lambda.data.aws_iam_policy_document.async",
            "module.search_pokemon_lambda.data.aws_iam_policy_document.dead_letter",
            "module.search_pokemon_lambda.data.aws_iam_policy_document.logs",
            "module.search_pokemon_lambda.data.aws_partition.current",
            "module.search_pokemon_lambda.data.external.archive_prepare",
            "module.search_pokemon_lambda.local_file.archive_plan",
            "module.search_pokemon_lambda.null_resource.archive",
            "random_string.this"
          ],
          "create_before_destroy": true
        }
      ]
    }
  ],
  "check_results": [
    {
      "object_kind": "var",
      "config_addr": "module.api_gateway.module.acm.var.validation_method",
      "status": "pass",
      "objects": [
        {
          "object_addr": "module.api_gateway.module.acm.var.validation_method",
          "status": "pass"
        }
      ]
    }
  ]
}
