{
  "version": 4,
  "terraform_version": "1.9.3",
  "serial": 26,
  "lineage": "a6e366ba-0e84-4a3f-467f-b13f9729f65a",
  "outputs": {},
  "resources": [
    {
      "mode": "data",
      "type": "aws_caller_identity",
      "name": "this",
      "provider": "provider[\"registry.terraform.io/hashicorp/aws\"]",
      "instances": [
        {
          "schema_version": 0,
          "attributes": {
            "account_id": "381492289756",
            "arn": "arn:aws:iam::381492289756:user/cch1006Admin",
            "id": "381492289756",
            "user_id": "AIDAVRUVWMDOLHIFZHZFA"
          },
          "sensitive_attributes": []
        }
      ]
    },
    {
      "mode": "data",
      "type": "aws_ecr_authorization_token",
      "name": "token",
      "provider": "provider[\"registry.terraform.io/hashicorp/aws\"]",
      "instances": [
        {
          "schema_version": 0,
          "attributes": {
            "authorization_token": "QVdTOmV5SndZWGxzYjJGa0lqb2lOVVl5V2pSQlkxTkxiRU5NY0hWM00wMUZkRkp2T0cwdlpYSnBTamw2V0U5elpFRk9NblFyVDJSeGNUSTBiVnBCUTFGWFQxbHZabFZYWVdwVGJuazVjM2Q1Y1VOTFdETmpNSGxhVURKaU5qbDBhSEExWVhwcVpWYzVaVXMyWmtzd1NEaG9RakppV1ZaTk5VRjRMMkkwUlRkMVkyOVhVa2NyTUZwWlowSjBjV0p3U2sxR1dHTlhORGg2YUVabk9UTlFOa3RQY0hOWWVXdHJhMGRoU214R2EycFlSVTVaYXk5aEsyUlZZell4ZVRZd00ybzNaalJ6ZUZCRk5WQlVhRzl5TVRFMlNqVlJaWEZSUTJWM2FuYzBWblpDV1RaSGVFVXhhbFoyV1VKNFUyNUlVV0ZxVlV4dEx6UTNjekU0WlhObVlYRlRUMlpEU25OMGNubFZNa1JSVVZwUldXcDJXbGwxV21KSmR6VnFSV1EzT0hOck0yTlFUVEpHYVcxS05FUnhlRlZ5TUVGTldFSnFlVTQwTDNCNVJtNVBibWhuTXk5WFREZENTMDFyYmxoWVVXOTVhRVZpWldaeGFqVlNhVlJ6WTNkR1lsY3hVV1YxTkN0aFFYRk9iSEoxTDBaWGJsSlJNVFU1YlRkTE5FdGtUVnBzT1hGS2RuTkRVRGhJZDJkcGFuUlFWM1ZZTkdWaVRXSm5hV3hpUTFacFRIRjRRMnBpUmpKWVJuVkxja3R0TDBOM05VUlBhRFJPUWtGR2VsUnhObkE0VTJrd1dtVnFlazFFWVVZMk5UVnlabXA2TTNSTGRtNHZVa2d5VkhkSlJXTTBhR0ZDWW5KSksyRjVVMjV0Wm5oMWRuZExUamwzZGt0b1drZ3hZa1JtVkhFMFQwb3ZhRXBoVG5SdU0zaDVjSGx0UlhCdllrUTRiRXhoVDBWTmFsUnFhbFJwSzFKMlYwNUhORzFwWW5OdFNFd3dkMFZ5YlZkelpVbFFLM1ZrU2xaTWFtWkNZVWwxVkZkc09FNHlZVE5tU0doNmNXUnVVRzAzZERGUWFtMXNiMlpNVFVoR1NXdHdWMlZPYkZCRmRVaGlZMFpqT1U4eGJtNXNiV2RxUTNkbWEzTkxWWFZYZG1kd1FtWTNRbFpzSzFKTU9VOTVVVU5YVEROVVVVOUpPSGR3ZEhsbVExUTVWRXBoZHk5TE5GTkdkM0ZDU21KVVRYZFVOVkpFTTNGeFYyOXBRemg0UkZsR1RtOVNhV3BKYnpCUWVFaEdjMDF3VlU1Mll5OUpWR3RRWjFoTmFqaHFWVnBKTmxWR05qTXhVV1ZyWTNsNVNUaHhVR3gzUTBwQ2J6SjRUMXB5ZURCRFp5dERTa0ZGZVZVclRtRjZOa1l6YW1OcU0zQjBXamRhS3pSWlZrNWphbkEwVkhoNlRHRjFPRmR3U0doTFlWY3hhR0pwTTNKMEwwODJSREZqTm5vMWRsbzRiblE0UkdKbmIxcEdkVmRaVkRWb1JGaEVZVFJVYTJORVpHSmpjV2MyV0ZkM1NWZG5NemhzTDNGelYweGhRVWd2TVVseVpIVkxla3hxTjNoc1ZsUmFVWE0yVDNWUmFXOU1lR042UzNsSFNrNXpVRXhEYmt4VmNuZHhTRmhtYVdGRlMxVkdOblYxYlZOME4yNTJNMjB3Y1dOeVp6WjRNVnB1ZFdab2REbHBXVlJQTW5wV2FITmtSa04zYzFSTWN6VkVVaXRRZWxCMWQxaEpXbEZYZUV0WGRtcGpjRzk2Y0c1SmQwbHlhek5UTjNSWk5FWTNSRlZaVVVWd01FSkZXVmRqZUdWdUsyMW9iV3AyUXpCSWNGTmhiM2xCWWxNeWMzRjZNRkVyY2pGWlMwMGlMQ0prWVhSaGEyVjVJam9pUVZGRlFrRklaMEZOWmt0RWJFbHZjRU0yZW5Nd1lrMWtVbkpaVTBoaEwwTXpPV3REY21OUU9HdFdjSEpGT1dZcmExRkJRVUZJTkhkbVFWbEtTMjlhU1doMlkwNUJVV05IYjBjNGQySlJTVUpCUkVKdlFtZHJjV2hyYVVjNWR6QkNRbmRGZDBobldVcFpTVnBKUVZkVlJFSkJSWFZOUWtWRlJFOU1RVkpuU25oVU5FOVNWRGRDYm5wM1NVSkZTVUUzYWsxbmIweDRTU3R2WWpWekwxUk5OV05PYmpoYWMyNVJlV294WnpkbFNHcEJOVmRVWVZaNVRUQnlUVkpUZEhNMUsxbHVTbWt4U0RaUlEwdzRZazlJUkhSdkwwTmhVM1V3UVhSb2IySlNhejBpTENKMlpYSnphVzl1SWpvaU1pSXNJblI1Y0dVaU9pSkVRVlJCWDB0RldTSXNJbVY0Y0dseVlYUnBiMjRpT2pFM016Y3pNekV3TWpkOQ==",
            "expires_at": "2025-01-19T23:57:07Z",
            "id": "ap-northeast-1",
            "password": "eyJwYXlsb2FkIjoiNUYyWjRBY1NLbENMcHV3M01FdFJvOG0vZXJpSjl6WE9zZEFOMnQrT2RxcTI0bVpBQ1FXT1lvZlVXYWpTbnk5c3d5cUNLWDNjMHlaUDJiNjl0aHA1YXpqZVc5ZUs2ZkswSDhoQjJiWVZNNUF4L2I0RTd1Y29XUkcrMFpZZ0J0cWJwSk1GWGNXNDh6aEZnOTNQNktPcHNYeWtra0dhSmxGa2pYRU5Zay9hK2RVYzYxeTYwM2o3ZjRzeFBFNVBUaG9yMTE2SjVRZXFRQ2V3anc0VnZCWTZHeEUxalZ2WUJ4U25IUWFqVUxtLzQ3czE4ZXNmYXFTT2ZDSnN0cnlVMkRRUVpRWWp2Wll1WmJJdzVqRWQ3OHNrM2NQTTJGaW1KNERxeFVyMEFNWEJqeU40L3B5Rm5PbmhnMy9XTDdCS01rblhYUW95aEViZWZxajVSaVRzY3dGYlcxUWV1NCthQXFObHJ1L0ZXblJRMTU5bTdLNEtkTVpsOXFKdnNDUDhId2dpanRQV3VYNGViTWJnaWxiQ1ZpTHF4Q2piRjJYRnVLckttL0N3NURPaDROQkFGelRxNnA4U2kwWmVqek1EYUY2NTVyZmp6M3RLdm4vUkgyVHdJRWM0aGFCYnJJK2F5U25tZnh1dndLTjl3dktoWkgxYkRmVHE0T0ovaEphTnRuM3h5cHltRXBvYkQ4bExhT0VNalRqalRpK1J2V05HNG1pYnNtSEwwd0VybVdzZUlQK3VkSlZMamZCYUl1VFdsOE4yYTNmSGh6cWRuUG03dDFQam1sb2ZMTUhGSWtwV2VObFBFdUhiY0ZjOU8xbm5sbWdqQ3dma3NLVXVXdmdwQmY3QlZsK1JMOU95UUNXTDNUUU9JOHdwdHlmQ1Q5VEphdy9LNFNGd3FCSmJUTXdUNVJEM3FxV29pQzh4RFlGTm9SaWpJbzBQeEhGc01wVU52Yy9JVGtQZ1hNajhqVVpJNlVGNjMxUWVrY3l5SThxUGx3Q0pCbzJ4T1pyeDBDZytDSkFFeVUrTmF6NkYzamNqM3B0WjdaKzRZVk5janA0VHh6TGF1OFdwSGhLYVcxaGJpM3J0L082RDFjNno1dlo4bnQ4RGJnb1pGdVdZVDVoRFhEYTRUa2NEZGJjcWc2WFd3SVdnMzhsL3FzV0xhQUgvMUlyZHVLekxqN3hsVlRaUXM2T3VRaW9MeGN6S3lHSk5zUExDbkxVcndxSFhmaWFFS1VGNnV1bVN0N252M20wcWNyZzZ4MVpudWZodDlpWVRPMnpWaHNkRkN3c1RMczVEUitQelB1d1hJWlFXeEtXdmpjcG96cG5Jd0lyazNTN3RZNEY3RFVZUUVwMEJFWVdjeGVuK21obWp2QzBIcFNhb3lBYlMyc3F6MFErcjFZS00iLCJkYXRha2V5IjoiQVFFQkFIZ0FNZktEbElvcEM2enMwYk1kUnJZU0hhL0MzOWtDcmNQOGtWcHJFOWYra1FBQUFINHdmQVlKS29aSWh2Y05BUWNHb0c4d2JRSUJBREJvQmdrcWhraUc5dzBCQndFd0hnWUpZSVpJQVdVREJBRXVNQkVFRE9MQVJnSnhUNE9SVDdCbnp3SUJFSUE3ak1nb0x4SStvYjVzL1RNNWNObjhac25ReWoxZzdlSGpBNVdUYVZ5TTByTVJTdHM1K1luSmkxSDZRQ0w4Yk9IRHRvL0NhU3UwQXRob2JSaz0iLCJ2ZXJzaW9uIjoiMiIsInR5cGUiOiJEQVRBX0tFWSIsImV4cGlyYXRpb24iOjE3MzczMzEwMjd9",
            "proxy_endpoint": "https://381492289756.dkr.ecr.ap-northeast-1.amazonaws.com",
            "registry_id": null,
            "user_name": "AWS"
          },
          "sensitive_attributes": [
            [
              {
                "type": "get_attr",
                "value": "authorization_token"
              }
            ],
            [
              {
                "type": "get_attr",
                "value": "password"
              }
            ]
          ]
        }
      ]
    },
    {
      "mode": "managed",
      "type": "aws_dynamodb_table",
      "name": "pokemon_table",
      "provider": "provider[\"registry.terraform.io/hashicorp/aws\"]",
      "instances": [
        {
          "schema_version": 1,
          "attributes": {
            "arn": "arn:aws:dynamodb:ap-northeast-1:381492289756:table/pokemon_table",
            "attribute": [
              {
                "name": "ID",
                "type": "S"
              }
            ],
            "billing_mode": "PAY_PER_REQUEST",
            "deletion_protection_enabled": false,
            "global_secondary_index": [],
            "hash_key": "ID",
            "id": "pokemon_table",
            "import_table": [],
            "local_secondary_index": [],
            "name": "pokemon_table",
            "point_in_time_recovery": [
              {
                "enabled": false
              }
            ],
            "range_key": null,
            "read_capacity": 0,
            "replica": [],
            "restore_date_time": null,
            "restore_source_name": null,
            "restore_to_latest_time": null,
            "server_side_encryption": [],
            "stream_arn": "",
            "stream_enabled": false,
            "stream_label": "",
            "stream_view_type": "",
            "table_class": "STANDARD",
            "tags": {
              "Name": "Pokemon Master"
            },
            "tags_all": {
              "Name": "Pokemon Master",
              "Project": "Pokemon Master",
              "Terraform": "true"
            },
            "timeouts": null,
            "ttl": [
              {
                "attribute_name": "",
                "enabled": false
              }
            ],
            "write_capacity": 0
          },
          "sensitive_attributes": [],
          "private": "eyJlMmJmYjczMC1lY2FhLTExZTYtOGY4OC0zNDM2M2JjN2M0YzAiOnsiY3JlYXRlIjoxODAwMDAwMDAwMDAwLCJkZWxldGUiOjYwMDAwMDAwMDAwMCwidXBkYXRlIjozNjAwMDAwMDAwMDAwfSwic2NoZW1hX3ZlcnNpb24iOiIxIn0="
        }
      ]
    },
    {
      "mode": "managed",
      "type": "random_string",
      "name": "this",
      "provider": "provider[\"registry.terraform.io/hashicorp/random\"]",
      "instances": [
        {
          "schema_version": 2,
          "attributes": {
            "id": "tch3",
            "keepers": null,
            "length": 4,
            "lower": true,
            "min_lower": 0,
            "min_numeric": 0,
            "min_special": 0,
            "min_upper": 0,
            "number": true,
            "numeric": true,
            "override_special": null,
            "result": "tch3",
            "special": false,
            "upper": false
          },
          "sensitive_attributes": [],
          "create_before_destroy": true
        }
      ]
    },
    {
      "module": "module.search_pokemon_docker_image",
      "mode": "data",
      "type": "aws_caller_identity",
      "name": "this",
      "provider": "provider[\"registry.terraform.io/hashicorp/aws\"]",
      "instances": [
        {
          "schema_version": 0,
          "attributes": {
            "account_id": "381492289756",
            "arn": "arn:aws:iam::381492289756:user/cch1006Admin",
            "id": "381492289756",
            "user_id": "AIDAVRUVWMDOLHIFZHZFA"
          },
          "sensitive_attributes": []
        }
      ]
    },
    {
      "module": "module.search_pokemon_docker_image",
      "mode": "data",
      "type": "aws_region",
      "name": "current",
      "provider": "provider[\"registry.terraform.io/hashicorp/aws\"]",
      "instances": [
        {
          "schema_version": 0,
          "attributes": {
            "description": "Asia Pacific (Tokyo)",
            "endpoint": "ec2.ap-northeast-1.amazonaws.com",
            "id": "ap-northeast-1",
            "name": "ap-northeast-1"
          },
          "sensitive_attributes": []
        }
      ]
    },
    {
      "module": "module.search_pokemon_docker_image",
      "mode": "managed",
      "type": "aws_ecr_lifecycle_policy",
      "name": "this",
      "provider": "provider[\"registry.terraform.io/hashicorp/aws\"]",
      "instances": [
        {
          "index_key": 0,
          "schema_version": 0,
          "attributes": {
            "id": "search_pokemon-tch3",
            "policy": "{\"rules\":[{\"action\":{\"type\":\"expire\"},\"description\":\"Keep only the last 10 images\",\"rulePriority\":1,\"selection\":{\"countNumber\":10,\"countType\":\"imageCountMoreThan\",\"tagStatus\":\"any\"}}]}",
            "registry_id": "381492289756",
            "repository": "search_pokemon-tch3"
          },
          "sensitive_attributes": [],
          "private": "bnVsbA==",
          "dependencies": [
            "module.search_pokemon_docker_image.aws_ecr_repository.this",
            "random_string.this"
          ]
        }
      ]
    },
    {
      "module": "module.search_pokemon_docker_image",
      "mode": "managed",
      "type": "aws_ecr_repository",
      "name": "this",
      "provider": "provider[\"registry.terraform.io/hashicorp/aws\"]",
      "instances": [
        {
          "index_key": 0,
          "schema_version": 0,
          "attributes": {
            "arn": "arn:aws:ecr:ap-northeast-1:381492289756:repository/search_pokemon-tch3",
            "encryption_configuration": [
              {
                "encryption_type": "AES256",
                "kms_key": ""
              }
            ],
            "force_delete": true,
            "id": "search_pokemon-tch3",
            "image_scanning_configuration": [
              {
                "scan_on_push": false
              }
            ],
            "image_tag_mutability": "MUTABLE",
            "name": "search_pokemon-tch3",
            "registry_id": "381492289756",
            "repository_url": "381492289756.dkr.ecr.ap-northeast-1.amazonaws.com/search_pokemon-tch3",
            "tags": {},
            "tags_all": {
              "Project": "Pokemon Master",
              "Terraform": "true"
            },
            "timeouts": null
          },
          "sensitive_attributes": [],
          "private": "eyJlMmJmYjczMC1lY2FhLTExZTYtOGY4OC0zNDM2M2JjN2M0YzAiOnsiZGVsZXRlIjoxMjAwMDAwMDAwMDAwfX0=",
          "dependencies": [
            "random_string.this"
          ],
          "create_before_destroy": true
        }
      ]
    },
    {
      "module": "module.search_pokemon_docker_image",
      "mode": "managed",
      "type": "docker_image",
      "name": "this",
      "provider": "provider[\"registry.terraform.io/kreuzwerker/docker\"]",
      "instances": [
        {
          "schema_version": 0,
          "attributes": {
            "build": [
              {
                "auth_config": [],
                "build_arg": null,
                "build_args": null,
                "build_id": "",
                "cache_from": [],
                "cgroup_parent": "",
                "context": "./../search_pokemon/",
                "cpu_period": null,
                "cpu_quota": null,
                "cpu_set_cpus": "",
                "cpu_set_mems": "",
                "cpu_shares": null,
                "dockerfile": "Dockerfile",
                "extra_hosts": [],
                "force_remove": null,
                "isolation": "",
                "label": null,
                "labels": null,
                "memory": null,
                "memory_swap": null,
                "network_mode": "",
                "no_cache": null,
                "platform": "",
                "pull_parent": null,
                "remote_context": "",
                "remove": true,
                "security_opt": [],
                "session_id": "",
                "shm_size": null,
                "squash": null,
                "suppress_output": null,
                "tag": [],
                "target": "",
                "ulimit": [],
                "version": ""
              }
            ],
            "force_remove": false,
            "id": "sha256:dd5c40bdf77ef20e4b8b252b02249ba9fe405b121c0200b4131f4aab6a1097bf381492289756.dkr.ecr.ap-northeast-1.amazonaws.com/search_pokemon-tch3",
            "image_id": "sha256:dd5c40bdf77ef20e4b8b252b02249ba9fe405b121c0200b4131f4aab6a1097bf",
            "keep_locally": false,
            "name": "381492289756.dkr.ecr.ap-northeast-1.amazonaws.com/search_pokemon-tch3",
            "platform": null,
            "pull_triggers": null,
            "repo_digest": "",
            "triggers": {
              "dir_sha": "83f529acb63dd3b305625cf1f0c959dd16e0ca05"
            }
          },
          "sensitive_attributes": [],
          "private": "bnVsbA==",
          "dependencies": [
            "data.aws_caller_identity.this",
            "data.aws_ecr_authorization_token.token",
            "module.search_pokemon_docker_image.aws_ecr_repository.this",
            "module.search_pokemon_docker_image.data.aws_caller_identity.this",
            "module.search_pokemon_docker_image.data.aws_region.current",
            "random_string.this"
          ]
        }
      ]
    },
    {
      "module": "module.search_pokemon_docker_image",
      "mode": "managed",
      "type": "docker_registry_image",
      "name": "this",
      "provider": "provider[\"registry.terraform.io/kreuzwerker/docker\"]",
      "instances": [
        {
          "schema_version": 0,
          "attributes": {
            "id": "sha256:57548ceba14106793bc3fc35e675b3e3b5c573c3a31e3d358cbc9ad2d2d91373",
            "insecure_skip_verify": false,
            "keep_remotely": true,
            "name": "381492289756.dkr.ecr.ap-northeast-1.amazonaws.com/search_pokemon-tch3",
            "sha256_digest": "sha256:57548ceba14106793bc3fc35e675b3e3b5c573c3a31e3d358cbc9ad2d2d91373",
            "triggers": {
              "dir_sha": "83f529acb63dd3b305625cf1f0c959dd16e0ca05"
            }
          },
          "sensitive_attributes": [],
          "private": "bnVsbA==",
          "dependencies": [
            "data.aws_caller_identity.this",
            "data.aws_ecr_authorization_token.token",
            "module.search_pokemon_docker_image.aws_ecr_repository.this",
            "module.search_pokemon_docker_image.data.aws_caller_identity.this",
            "module.search_pokemon_docker_image.data.aws_region.current",
            "module.search_pokemon_docker_image.docker_image.this",
            "random_string.this"
          ]
        }
      ]
    },
    {
      "module": "module.search_pokemon_lambda",
      "mode": "data",
      "type": "aws_caller_identity",
      "name": "current",
      "provider": "provider[\"registry.terraform.io/hashicorp/aws\"]",
      "instances": [
        {
          "schema_version": 0,
          "attributes": {
            "account_id": "381492289756",
            "arn": "arn:aws:iam::381492289756:user/cch1006Admin",
            "id": "381492289756",
            "user_id": "AIDAVRUVWMDOLHIFZHZFA"
          },
          "sensitive_attributes": []
        }
      ]
    },
    {
      "module": "module.search_pokemon_lambda",
      "mode": "data",
      "type": "aws_iam_policy_document",
      "name": "additional_inline",
      "provider": "provider[\"registry.terraform.io/hashicorp/aws\"]",
      "instances": [
        {
          "index_key": 0,
          "schema_version": 0,
          "attributes": {
            "id": "180282574",
            "json": "{\n  \"Version\": \"2012-10-17\",\n  \"Statement\": [\n    {\n      \"Sid\": \"dynamodbcrud\",\n      \"Effect\": \"Allow\",\n      \"Action\": [\n        \"dynamodb:UpdateItem\",\n        \"dynamodb:Scan\",\n        \"dynamodb:Query\",\n        \"dynamodb:PutItem\",\n        \"dynamodb:GetItem\",\n        \"dynamodb:DeleteItem\",\n        \"dynamodb:BatchWriteItem\",\n        \"dynamodb:BatchGetItem\"\n      ],\n      \"Resource\": \"arn:aws:dynamodb:ap-northeast-1:381492289756:table/pokemon_table\"\n    }\n  ]\n}",
            "minified_json": "{\"Version\":\"2012-10-17\",\"Statement\":[{\"Sid\":\"dynamodbcrud\",\"Effect\":\"Allow\",\"Action\":[\"dynamodb:UpdateItem\",\"dynamodb:Scan\",\"dynamodb:Query\",\"dynamodb:PutItem\",\"dynamodb:GetItem\",\"dynamodb:DeleteItem\",\"dynamodb:BatchWriteItem\",\"dynamodb:BatchGetItem\"],\"Resource\":\"arn:aws:dynamodb:ap-northeast-1:381492289756:table/pokemon_table\"}]}",
            "override_json": null,
            "override_policy_documents": null,
            "policy_id": null,
            "source_json": null,
            "source_policy_documents": null,
            "statement": [
              {
                "actions": [
                  "dynamodb:BatchGetItem",
                  "dynamodb:BatchWriteItem",
                  "dynamodb:DeleteItem",
                  "dynamodb:GetItem",
                  "dynamodb:PutItem",
                  "dynamodb:Query",
                  "dynamodb:Scan",
                  "dynamodb:UpdateItem"
                ],
                "condition": [],
                "effect": "Allow",
                "not_actions": [],
                "not_principals": [],
                "not_resources": [],
                "principals": [],
                "resources": [
                  "arn:aws:dynamodb:ap-northeast-1:381492289756:table/pokemon_table"
                ],
                "sid": "dynamodbcrud"
              }
            ],
            "version": "2012-10-17"
          },
          "sensitive_attributes": []
        }
      ]
    },
    {
      "module": "module.search_pokemon_lambda",
      "mode": "data",
      "type": "aws_iam_policy_document",
      "name": "assume_role",
      "provider": "provider[\"registry.terraform.io/hashicorp/aws\"]",
      "instances": [
        {
          "index_key": 0,
          "schema_version": 0,
          "attributes": {
            "id": "2690255455",
            "json": "{\n  \"Version\": \"2012-10-17\",\n  \"Statement\": [\n    {\n      \"Effect\": \"Allow\",\n      \"Action\": \"sts:AssumeRole\",\n      \"Principal\": {\n        \"Service\": \"lambda.amazonaws.com\"\n      }\n    }\n  ]\n}",
            "minified_json": "{\"Version\":\"2012-10-17\",\"Statement\":[{\"Effect\":\"Allow\",\"Action\":\"sts:AssumeRole\",\"Principal\":{\"Service\":\"lambda.amazonaws.com\"}}]}",
            "override_json": null,
            "override_policy_documents": null,
            "policy_id": null,
            "source_json": null,
            "source_policy_documents": null,
            "statement": [
              {
                "actions": [
                  "sts:AssumeRole"
                ],
                "condition": [],
                "effect": "Allow",
                "not_actions": [],
                "not_principals": [],
                "not_resources": [],
                "principals": [
                  {
                    "identifiers": [
                      "lambda.amazonaws.com"
                    ],
                    "type": "Service"
                  }
                ],
                "resources": [],
                "sid": ""
              }
            ],
            "version": "2012-10-17"
          },
          "sensitive_attributes": []
        }
      ]
    },
    {
      "module": "module.search_pokemon_lambda",
      "mode": "data",
      "type": "aws_iam_policy_document",
      "name": "logs",
      "provider": "provider[\"registry.terraform.io/hashicorp/aws\"]",
      "instances": [
        {
          "index_key": 0,
          "schema_version": 0,
          "attributes": {
            "id": "3259856856",
            "json": "{\n  \"Version\": \"2012-10-17\",\n  \"Statement\": [\n    {\n      \"Effect\": \"Allow\",\n      \"Action\": [\n        \"logs:PutLogEvents\",\n        \"logs:CreateLogStream\",\n        \"logs:CreateLogGroup\"\n      ],\n      \"Resource\": [\n        \"arn:aws:logs:ap-northeast-1:381492289756:log-group:/aws/lambda/search_pokemon-tch3:*:*\",\n        \"arn:aws:logs:ap-northeast-1:381492289756:log-group:/aws/lambda/search_pokemon-tch3:*\"\n      ]\n    }\n  ]\n}",
            "minified_json": "{\"Version\":\"2012-10-17\",\"Statement\":[{\"Effect\":\"Allow\",\"Action\":[\"logs:PutLogEvents\",\"logs:CreateLogStream\",\"logs:CreateLogGroup\"],\"Resource\":[\"arn:aws:logs:ap-northeast-1:381492289756:log-group:/aws/lambda/search_pokemon-tch3:*:*\",\"arn:aws:logs:ap-northeast-1:381492289756:log-group:/aws/lambda/search_pokemon-tch3:*\"]}]}",
            "override_json": null,
            "override_policy_documents": null,
            "policy_id": null,
            "source_json": null,
            "source_policy_documents": null,
            "statement": [
              {
                "actions": [
                  "logs:CreateLogGroup",
                  "logs:CreateLogStream",
                  "logs:PutLogEvents"
                ],
                "condition": [],
                "effect": "Allow",
                "not_actions": [],
                "not_principals": [],
                "not_resources": [],
                "principals": [],
                "resources": [
                  "arn:aws:logs:ap-northeast-1:381492289756:log-group:/aws/lambda/search_pokemon-tch3:*",
                  "arn:aws:logs:ap-northeast-1:381492289756:log-group:/aws/lambda/search_pokemon-tch3:*:*"
                ],
                "sid": ""
              }
            ],
            "version": "2012-10-17"
          },
          "sensitive_attributes": []
        }
      ]
    },
    {
      "module": "module.search_pokemon_lambda",
      "mode": "data",
      "type": "aws_partition",
      "name": "current",
      "provider": "provider[\"registry.terraform.io/hashicorp/aws\"]",
      "instances": [
        {
          "schema_version": 0,
          "attributes": {
            "dns_suffix": "amazonaws.com",
            "id": "aws",
            "partition": "aws",
            "reverse_dns_prefix": "com.amazonaws"
          },
          "sensitive_attributes": []
        }
      ]
    },
    {
      "module": "module.search_pokemon_lambda",
      "mode": "data",
      "type": "aws_region",
      "name": "current",
      "provider": "provider[\"registry.terraform.io/hashicorp/aws\"]",
      "instances": [
        {
          "schema_version": 0,
          "attributes": {
            "description": "Asia Pacific (Tokyo)",
            "endpoint": "ec2.ap-northeast-1.amazonaws.com",
            "id": "ap-northeast-1",
            "name": "ap-northeast-1"
          },
          "sensitive_attributes": []
        }
      ]
    },
    {
      "module": "module.search_pokemon_lambda",
      "mode": "managed",
      "type": "aws_cloudwatch_log_group",
      "name": "lambda",
      "provider": "provider[\"registry.terraform.io/hashicorp/aws\"]",
      "instances": [
        {
          "index_key": 0,
          "schema_version": 0,
          "attributes": {
            "arn": "arn:aws:logs:ap-northeast-1:381492289756:log-group:/aws/lambda/search_pokemon-tch3",
            "id": "/aws/lambda/search_pokemon-tch3",
            "kms_key_id": "",
            "log_group_class": "STANDARD",
            "name": "/aws/lambda/search_pokemon-tch3",
            "name_prefix": "",
            "retention_in_days": 0,
            "skip_destroy": false,
            "tags": {
              "Terraform": "true"
            },
            "tags_all": {
              "Project": "Pokemon Master",
              "Terraform": "true"
            }
          },
          "sensitive_attributes": [],
          "private": "bnVsbA==",
          "dependencies": [
            "random_string.this"
          ],
          "create_before_destroy": true
        }
      ]
    },
    {
      "module": "module.search_pokemon_lambda",
      "mode": "managed",
      "type": "aws_iam_policy",
      "name": "additional_inline",
      "provider": "provider[\"registry.terraform.io/hashicorp/aws\"]",
      "instances": [
        {
          "index_key": 0,
          "schema_version": 0,
          "attributes": {
            "arn": "arn:aws:iam::381492289756:policy/search_pokemon-tch3-inline",
            "attachment_count": 1,
            "description": "",
            "id": "arn:aws:iam::381492289756:policy/search_pokemon-tch3-inline",
            "name": "search_pokemon-tch3-inline",
            "name_prefix": "",
            "path": "/",
            "policy": "{\"Statement\":[{\"Action\":[\"dynamodb:UpdateItem\",\"dynamodb:Scan\",\"dynamodb:Query\",\"dynamodb:PutItem\",\"dynamodb:GetItem\",\"dynamodb:DeleteItem\",\"dynamodb:BatchWriteItem\",\"dynamodb:BatchGetItem\"],\"Effect\":\"Allow\",\"Resource\":\"arn:aws:dynamodb:ap-northeast-1:381492289756:table/pokemon_table\",\"Sid\":\"dynamodbcrud\"}],\"Version\":\"2012-10-17\"}",
            "policy_id": "ANPAVRUVWMDOBSLQERIW3",
            "tags": {
              "Terraform": "true"
            },
            "tags_all": {
              "Project": "Pokemon Master",
              "Terraform": "true"
            }
          },
          "sensitive_attributes": [],
          "private": "bnVsbA==",
          "dependencies": [
            "data.aws_caller_identity.this",
            "module.search_pokemon_lambda.data.aws_iam_policy_document.additional_inline",
            "random_string.this"
          ],
          "create_before_destroy": true
        }
      ]
    },
    {
      "module": "module.search_pokemon_lambda",
      "mode": "managed",
      "type": "aws_iam_policy",
      "name": "logs",
      "provider": "provider[\"registry.terraform.io/hashicorp/aws\"]",
      "instances": [
        {
          "index_key": 0,
          "schema_version": 0,
          "attributes": {
            "arn": "arn:aws:iam::381492289756:policy/search_pokemon-tch3-logs",
            "attachment_count": 1,
            "description": "",
            "id": "arn:aws:iam::381492289756:policy/search_pokemon-tch3-logs",
            "name": "search_pokemon-tch3-logs",
            "name_prefix": "",
            "path": "/",
            "policy": "{\"Statement\":[{\"Action\":[\"logs:PutLogEvents\",\"logs:CreateLogStream\",\"logs:CreateLogGroup\"],\"Effect\":\"Allow\",\"Resource\":[\"arn:aws:logs:ap-northeast-1:381492289756:log-group:/aws/lambda/search_pokemon-tch3:*:*\",\"arn:aws:logs:ap-northeast-1:381492289756:log-group:/aws/lambda/search_pokemon-tch3:*\"]}],\"Version\":\"2012-10-17\"}",
            "policy_id": "ANPAVRUVWMDOFSL63IWXX",
            "tags": {
              "Terraform": "true"
            },
            "tags_all": {
              "Project": "Pokemon Master",
              "Terraform": "true"
            }
          },
          "sensitive_attributes": [],
          "private": "bnVsbA==",
          "dependencies": [
            "module.search_pokemon_lambda.aws_cloudwatch_log_group.lambda",
            "module.search_pokemon_lambda.data.aws_arn.log_group_arn",
            "module.search_pokemon_lambda.data.aws_cloudwatch_log_group.lambda",
            "module.search_pokemon_lambda.data.aws_iam_policy_document.logs",
            "random_string.this"
          ],
          "create_before_destroy": true
        }
      ]
    },
    {
      "module": "module.search_pokemon_lambda",
      "mode": "managed",
      "type": "aws_iam_role",
      "name": "lambda",
      "provider": "provider[\"registry.terraform.io/hashicorp/aws\"]",
      "instances": [
        {
          "index_key": 0,
          "schema_version": 0,
          "attributes": {
            "arn": "arn:aws:iam::381492289756:role/search_pokemon-tch3",
            "assume_role_policy": "{\"Statement\":[{\"Action\":\"sts:AssumeRole\",\"Effect\":\"Allow\",\"Principal\":{\"Service\":\"lambda.amazonaws.com\"}}],\"Version\":\"2012-10-17\"}",
            "create_date": "2025-01-19T11:48:12Z",
            "description": "",
            "force_detach_policies": true,
            "id": "search_pokemon-tch3",
            "inline_policy": [],
            "managed_policy_arns": [
              "arn:aws:iam::381492289756:policy/search_pokemon-tch3-inline",
              "arn:aws:iam::381492289756:policy/search_pokemon-tch3-logs"
            ],
            "max_session_duration": 3600,
            "name": "search_pokemon-tch3",
            "name_prefix": "",
            "path": "/",
            "permissions_boundary": "",
            "tags": {
              "Terraform": "true"
            },
            "tags_all": {
              "Project": "Pokemon Master",
              "Terraform": "true"
            },
            "unique_id": "AROAVRUVWMDOLYZWPJFTY"
          },
          "sensitive_attributes": [],
          "private": "bnVsbA==",
          "dependencies": [
            "module.search_pokemon_lambda.data.aws_iam_policy_document.assume_role",
            "random_string.this"
          ],
          "create_before_destroy": true
        }
      ]
    },
    {
      "module": "module.search_pokemon_lambda",
      "mode": "managed",
      "type": "aws_iam_role_policy_attachment",
      "name": "additional_inline",
      "provider": "provider[\"registry.terraform.io/hashicorp/aws\"]",
      "instances": [
        {
          "index_key": 0,
          "schema_version": 0,
          "attributes": {
            "id": "search_pokemon-tch3-20250119114814109900000001",
            "policy_arn": "arn:aws:iam::381492289756:policy/search_pokemon-tch3-inline",
            "role": "search_pokemon-tch3"
          },
          "sensitive_attributes": [],
          "private": "bnVsbA==",
          "dependencies": [
            "data.aws_caller_identity.this",
            "module.search_pokemon_lambda.aws_iam_policy.additional_inline",
            "module.search_pokemon_lambda.aws_iam_role.lambda",
            "module.search_pokemon_lambda.data.aws_iam_policy_document.additional_inline",
            "module.search_pokemon_lambda.data.aws_iam_policy_document.assume_role",
            "random_string.this"
          ],
          "create_before_destroy": true
        }
      ]
    },
    {
      "module": "module.search_pokemon_lambda",
      "mode": "managed",
      "type": "aws_iam_role_policy_attachment",
      "name": "logs",
      "provider": "provider[\"registry.terraform.io/hashicorp/aws\"]",
      "instances": [
        {
          "index_key": 0,
          "schema_version": 0,
          "attributes": {
            "id": "search_pokemon-tch3-20250119114814135800000002",
            "policy_arn": "arn:aws:iam::381492289756:policy/search_pokemon-tch3-logs",
            "role": "search_pokemon-tch3"
          },
          "sensitive_attributes": [],
          "private": "bnVsbA==",
          "dependencies": [
            "module.search_pokemon_lambda.aws_cloudwatch_log_group.lambda",
            "module.search_pokemon_lambda.aws_iam_policy.logs",
            "module.search_pokemon_lambda.aws_iam_role.lambda",
            "module.search_pokemon_lambda.data.aws_arn.log_group_arn",
            "module.search_pokemon_lambda.data.aws_cloudwatch_log_group.lambda",
            "module.search_pokemon_lambda.data.aws_iam_policy_document.assume_role",
            "module.search_pokemon_lambda.data.aws_iam_policy_document.logs",
            "random_string.this"
          ],
          "create_before_destroy": true
        }
      ]
    },
    {
      "module": "module.search_pokemon_lambda",
      "mode": "managed",
      "type": "aws_lambda_function",
      "name": "this",
      "provider": "provider[\"registry.terraform.io/hashicorp/aws\"]",
      "instances": [
        {
          "index_key": 0,
          "schema_version": 0,
          "attributes": {
            "architectures": [
              "arm64"
            ],
            "arn": "arn:aws:lambda:ap-northeast-1:381492289756:function:search_pokemon-tch3",
            "code_sha256": "57548ceba14106793bc3fc35e675b3e3b5c573c3a31e3d358cbc9ad2d2d91373",
            "code_signing_config_arn": "",
            "dead_letter_config": [],
            "description": "Pokemon Master: POST /pokemon/{pokemon_name} ",
            "environment": [
              {
                "variables": {
                  "DYNAMODB_TABLE": "pokemon_table"
                }
              }
            ],
            "ephemeral_storage": [
              {
                "size": 512
              }
            ],
            "file_system_config": [],
            "filename": null,
            "function_name": "search_pokemon-tch3",
            "handler": "",
            "id": "search_pokemon-tch3",
            "image_config": [],
            "image_uri": "381492289756.dkr.ecr.ap-northeast-1.amazonaws.com/search_pokemon-tch3@sha256:57548ceba14106793bc3fc35e675b3e3b5c573c3a31e3d358cbc9ad2d2d91373",
            "invoke_arn": "arn:aws:apigateway:ap-northeast-1:lambda:path/2015-03-31/functions/arn:aws:lambda:ap-northeast-1:381492289756:function:search_pokemon-tch3/invocations",
            "kms_key_arn": "",
            "last_modified": "2025-01-19T11:57:22.000+0000",
            "layers": [],
            "logging_config": [
              {
                "application_log_level": "",
                "log_format": "Text",
                "log_group": "/aws/lambda/search_pokemon-tch3",
                "system_log_level": ""
              }
            ],
            "memory_size": 128,
            "package_type": "Image",
            "publish": true,
            "qualified_arn": "arn:aws:lambda:ap-northeast-1:381492289756:function:search_pokemon-tch3:2",
            "qualified_invoke_arn": "arn:aws:apigateway:ap-northeast-1:lambda:path/2015-03-31/functions/arn:aws:lambda:ap-northeast-1:381492289756:function:search_pokemon-tch3:2/invocations",
            "replace_security_groups_on_destroy": null,
            "replacement_security_group_ids": null,
            "reserved_concurrent_executions": -1,
            "role": "arn:aws:iam::381492289756:role/search_pokemon-tch3",
            "runtime": "",
            "s3_bucket": null,
            "s3_key": null,
            "s3_object_version": null,
            "signing_job_arn": "",
            "signing_profile_version_arn": "",
            "skip_destroy": false,
            "snap_start": [],
            "source_code_hash": "",
            "source_code_size": 0,
            "tags": {
              "Terraform": "true",
              "terraform-aws-modules": "lambda"
            },
            "tags_all": {
              "Project": "Pokemon Master",
              "Terraform": "true",
              "terraform-aws-modules": "lambda"
            },
            "timeout": 30,
            "timeouts": null,
            "tracing_config": [
              {
                "mode": "PassThrough"
              }
            ],
            "version": "2",
            "vpc_config": []
          },
          "sensitive_attributes": [],
          "private": "eyJlMmJmYjczMC1lY2FhLTExZTYtOGY4OC0zNDM2M2JjN2M0YzAiOnsiY3JlYXRlIjo2MDAwMDAwMDAwMDAsImRlbGV0ZSI6NjAwMDAwMDAwMDAwLCJ1cGRhdGUiOjYwMDAwMDAwMDAwMH19",
          "dependencies": [
            "data.aws_caller_identity.this",
            "data.aws_ecr_authorization_token.token",
            "module.search_pokemon_docker_image.aws_ecr_repository.this",
            "module.search_pokemon_docker_image.data.aws_caller_identity.this",
            "module.search_pokemon_docker_image.data.aws_region.current",
            "module.search_pokemon_docker_image.docker_image.this",
            "module.search_pokemon_docker_image.docker_registry_image.this",
            "module.search_pokemon_lambda.aws_cloudwatch_log_group.lambda",
            "module.search_pokemon_lambda.aws_iam_policy.additional_inline",
            "module.search_pokemon_lambda.aws_iam_policy.additional_json",
            "module.search_pokemon_lambda.aws_iam_policy.additional_jsons",
            "module.search_pokemon_lambda.aws_iam_policy.async",
            "module.search_pokemon_lambda.aws_iam_policy.dead_letter",
            "module.search_pokemon_lambda.aws_iam_policy.logs",
            "module.search_pokemon_lambda.aws_iam_policy.tracing",
            "module.search_pokemon_lambda.aws_iam_policy.vpc",
            "module.search_pokemon_lambda.aws_iam_role.lambda",
            "module.search_pokemon_lambda.aws_iam_role_policy_attachment.additional_inline",
            "module.search_pokemon_lambda.aws_iam_role_policy_attachment.additional_json",
            "module.search_pokemon_lambda.aws_iam_role_policy_attachment.additional_jsons",
            "module.search_pokemon_lambda.aws_iam_role_policy_attachment.additional_many",
            "module.search_pokemon_lambda.aws_iam_role_policy_attachment.additional_one",
            "module.search_pokemon_lambda.aws_iam_role_policy_attachment.async",
            "module.search_pokemon_lambda.aws_iam_role_policy_attachment.dead_letter",
            "module.search_pokemon_lambda.aws_iam_role_policy_attachment.logs",
            "module.search_pokemon_lambda.aws_iam_role_policy_attachment.tracing",
            "module.search_pokemon_lambda.aws_iam_role_policy_attachment.vpc",
            "module.search_pokemon_lambda.aws_s3_object.lambda_package",
            "module.search_pokemon_lambda.data.aws_arn.log_group_arn",
            "module.search_pokemon_lambda.data.aws_cloudwatch_log_group.lambda",
            "module.search_pokemon_lambda.data.aws_iam_policy.tracing",
            "module.search_pokemon_lambda.data.aws_iam_policy.vpc",
            "module.search_pokemon_lambda.data.aws_iam_policy_document.additional_inline",
            "module.search_pokemon_lambda.data.aws_iam_policy_document.assume_role",
            "module.search_pokemon_lambda.data.aws_iam_policy_document.async",
            "module.search_pokemon_lambda.data.aws_iam_policy_document.dead_letter",
            "module.search_pokemon_lambda.data.aws_iam_policy_document.logs",
            "module.search_pokemon_lambda.data.aws_partition.current",
            "module.search_pokemon_lambda.data.external.archive_prepare",
            "module.search_pokemon_lambda.local_file.archive_plan",
            "module.search_pokemon_lambda.null_resource.archive",
            "random_string.this"
          ]
        }
      ]
    }
  ],
  "check_results": null
}
